[0m[1mRefreshing Terraform state in-memory prior to plan...[0m
The refreshed state will be used to calculate this plan, but will not be
persisted to local or remote state storage.
[0m

------------------------------------------------------------------------

An execution plan has been generated and is shown below.
Resource actions are indicated with the following symbols:
  [32m+[0m create
[0m
Terraform will perform the following actions:

[1m  # aws_cloudwatch_event_rule.cron_minute[0m will be created[0m[0m
[0m  [32m+[0m[0m resource "aws_cloudwatch_event_rule" "cron_minute" {
      [32m+[0m [0m[1m[0marn[0m[0m                 = (known after apply)
      [32m+[0m [0m[1m[0mid[0m[0m                  = (known after apply)
      [32m+[0m [0m[1m[0mis_enabled[0m[0m          = true
      [32m+[0m [0m[1m[0mname[0m[0m                = "cron-minute-lambda"
      [32m+[0m [0m[1m[0mschedule_expression[0m[0m = "rate(1 minute)"
    }

[1m  # aws_iam_role.static_lb_lambda[0m will be created[0m[0m
[0m  [32m+[0m[0m resource "aws_iam_role" "static_lb_lambda" {
      [32m+[0m [0m[1m[0marn[0m[0m                   = (known after apply)
      [32m+[0m [0m[1m[0massume_role_policy[0m[0m    = jsonencode(
            {
              [32m+[0m [0mStatement = [
                  [32m+[0m [0m{
                      [32m+[0m [0mAction    = "sts:AssumeRole"
                      [32m+[0m [0mEffect    = "Allow"
                      [32m+[0m [0mPrincipal = {
                          [32m+[0m [0mService = "lambda.amazonaws.com"
                        }
                      [32m+[0m [0mSid       = ""
                    },
                ]
              [32m+[0m [0mVersion   = "2012-10-17"
            }
        )
      [32m+[0m [0m[1m[0mcreate_date[0m[0m           = (known after apply)
      [32m+[0m [0m[1m[0mdescription[0m[0m           = "For lamba function NLB-to-ALB"
      [32m+[0m [0m[1m[0mforce_detach_policies[0m[0m = false
      [32m+[0m [0m[1m[0mid[0m[0m                    = (known after apply)
      [32m+[0m [0m[1m[0mmax_session_duration[0m[0m  = 3600
      [32m+[0m [0m[1m[0mname[0m[0m                  = "lambdaFunction-NLB-to-ALB-role"
      [32m+[0m [0m[1m[0mpath[0m[0m                  = "/"
      [32m+[0m [0m[1m[0munique_id[0m[0m             = (known after apply)
    }

[1m  # aws_iam_role_policy.static_lb_lambda[0m will be created[0m[0m
[0m  [32m+[0m[0m resource "aws_iam_role_policy" "static_lb_lambda" {
      [32m+[0m [0m[1m[0mid[0m[0m     = (known after apply)
      [32m+[0m [0m[1m[0mname[0m[0m   = "lambdaFunction-NLB-to-ALB-policy"
      [32m+[0m [0m[1m[0mpolicy[0m[0m = jsonencode(
            {
              [32m+[0m [0mStatement = [
                  [32m+[0m [0m{
                      [32m+[0m [0mAction   = [
                          [32m+[0m [0m"logs:CreateLogGroup",
                          [32m+[0m [0m"logs:CreateLogStream",
                          [32m+[0m [0m"logs:PutLogEvents",
                        ]
                      [32m+[0m [0mEffect   = "Allow"
                      [32m+[0m [0mResource = [
                          [32m+[0m [0m"arn:aws:logs:*:*:*",
                        ]
                      [32m+[0m [0mSid      = "LambdaLogging"
                    },
                  [32m+[0m [0m{
                      [32m+[0m [0mAction   = [
                          [32m+[0m [0m"s3:GetObject",
                          [32m+[0m [0m"s3:PutObject",
                        ]
                      [32m+[0m [0mEffect   = "Allow"
                      [32m+[0m [0mResource = "*"
                      [32m+[0m [0mSid      = "S3"
                    },
                  [32m+[0m [0m{
                      [32m+[0m [0mAction   = [
                          [32m+[0m [0m"elasticloadbalancing:RegisterTargets",
                          [32m+[0m [0m"elasticloadbalancing:DeregisterTargets",
                        ]
                      [32m+[0m [0mEffect   = "Allow"
                      [32m+[0m [0mResource = "*"
                      [32m+[0m [0mSid      = "ChangeTargetGroups"
                    },
                  [32m+[0m [0m{
                      [32m+[0m [0mAction   = [
                          [32m+[0m [0m"elasticloadbalancing:DescribeTargetHealth",
                        ]
                      [32m+[0m [0mEffect   = "Allow"
                      [32m+[0m [0mResource = "*"
                      [32m+[0m [0mSid      = "DescribeTargetGroups"
                    },
                  [32m+[0m [0m{
                      [32m+[0m [0mAction   = [
                          [32m+[0m [0m"cloudwatch:putMetricData",
                        ]
                      [32m+[0m [0mEffect   = "Allow"
                      [32m+[0m [0mResource = "*"
                      [32m+[0m [0mSid      = "CloudWatch"
                    },
                ]
              [32m+[0m [0mVersion   = "2012-10-17"
            }
        )
      [32m+[0m [0m[1m[0mrole[0m[0m   = (known after apply)
    }

[1m  # aws_s3_bucket.static_lb[0m will be created[0m[0m
[0m  [32m+[0m[0m resource "aws_s3_bucket" "static_lb" {
      [32m+[0m [0m[1m[0macceleration_status[0m[0m         = (known after apply)
      [32m+[0m [0m[1m[0macl[0m[0m                         = "private"
      [32m+[0m [0m[1m[0marn[0m[0m                         = (known after apply)
      [32m+[0m [0m[1m[0mbucket[0m[0m                      = "sym-kan-nlb-us-east-1"
      [32m+[0m [0m[1m[0mbucket_domain_name[0m[0m          = (known after apply)
      [32m+[0m [0m[1m[0mbucket_regional_domain_name[0m[0m = (known after apply)
      [32m+[0m [0m[1m[0mforce_destroy[0m[0m               = false
      [32m+[0m [0m[1m[0mhosted_zone_id[0m[0m              = (known after apply)
      [32m+[0m [0m[1m[0mid[0m[0m                          = (known after apply)
      [32m+[0m [0m[1m[0mregion[0m[0m                      = "us-east-1"
      [32m+[0m [0m[1m[0mrequest_payer[0m[0m               = (known after apply)
      [32m+[0m [0m[1m[0mwebsite_domain[0m[0m              = (known after apply)
      [32m+[0m [0m[1m[0mwebsite_endpoint[0m[0m            = (known after apply)

      [32m+[0m [0mversioning {
          [32m+[0m [0m[1m[0menabled[0m[0m    = true
          [32m+[0m [0m[1m[0mmfa_delete[0m[0m = false
        }
    }

[0m[1mPlan:[0m 4 to add, 0 to change, 0 to destroy.[0m

------------------------------------------------------------------------

Note: You didn't specify an "-out" parameter to save this plan, so Terraform
can't guarantee that exactly these actions will be performed if
"terraform apply" is subsequently run.

