[0m[1mRefreshing Terraform state in-memory prior to plan...[0m
The refreshed state will be used to calculate this plan, but will not be
persisted to local or remote state storage.
[0m

------------------------------------------------------------------------

An execution plan has been generated and is shown below.
Resource actions are indicated with the following symbols:
  [32m+[0m create
[0m
Terraform will perform the following actions:

[1m  # aws_elasticache_cluster.symkanecprd[0][0m will be created[0m[0m
[0m  [32m+[0m[0m resource "aws_elasticache_cluster" "symkanecprd" {
      [32m+[0m [0m[1m[0mapply_immediately[0m[0m      = (known after apply)
      [32m+[0m [0m[1m[0marn[0m[0m                    = (known after apply)
      [32m+[0m [0m[1m[0mavailability_zone[0m[0m      = (known after apply)
      [32m+[0m [0m[1m[0maz_mode[0m[0m                = (known after apply)
      [32m+[0m [0m[1m[0mcache_nodes[0m[0m            = (known after apply)
      [32m+[0m [0m[1m[0mcluster_address[0m[0m        = (known after apply)
      [32m+[0m [0m[1m[0mcluster_id[0m[0m             = "symkanecprd-0"
      [32m+[0m [0m[1m[0mconfiguration_endpoint[0m[0m = (known after apply)
      [32m+[0m [0m[1m[0mengine[0m[0m                 = (known after apply)
      [32m+[0m [0m[1m[0mengine_version[0m[0m         = (known after apply)
      [32m+[0m [0m[1m[0mid[0m[0m                     = (known after apply)
      [32m+[0m [0m[1m[0mmaintenance_window[0m[0m     = (known after apply)
      [32m+[0m [0m[1m[0mnode_type[0m[0m              = (known after apply)
      [32m+[0m [0m[1m[0mnum_cache_nodes[0m[0m        = (known after apply)
      [32m+[0m [0m[1m[0mparameter_group_name[0m[0m   = (known after apply)
      [32m+[0m [0m[1m[0mport[0m[0m                   = (known after apply)
      [32m+[0m [0m[1m[0mreplication_group_id[0m[0m   = (known after apply)
      [32m+[0m [0m[1m[0msecurity_group_ids[0m[0m     = (known after apply)
      [32m+[0m [0m[1m[0msecurity_group_names[0m[0m   = (known after apply)
      [32m+[0m [0m[1m[0msnapshot_window[0m[0m        = (known after apply)
      [32m+[0m [0m[1m[0msubnet_group_name[0m[0m      = (known after apply)
      [32m+[0m [0m[1m[0mtags[0m[0m                   = {
          [32m+[0m [0m"Client"      = "Kansas"
          [32m+[0m [0m"Environment" = "Production"
          [32m+[0m [0m"Name"        = "symkanecprd"
          [32m+[0m [0m"Project"     = "Symphony"
          [32m+[0m [0m"Zone"        = "Trusted"
        }
    }

[1m  # aws_elasticache_replication_group.symkanecprd[0m will be created[0m[0m
[0m  [32m+[0m[0m resource "aws_elasticache_replication_group" "symkanecprd" {
      [32m+[0m [0m[1m[0mapply_immediately[0m[0m              = (known after apply)
      [32m+[0m [0m[1m[0mat_rest_encryption_enabled[0m[0m     = true
      [32m+[0m [0m[1m[0mauto_minor_version_upgrade[0m[0m     = true
      [32m+[0m [0m[1m[0mautomatic_failover_enabled[0m[0m     = true
      [32m+[0m [0m[1m[0mavailability_zones[0m[0m             = [
          [32m+[0m [0m"us-east-1a",
          [32m+[0m [0m"us-east-1b",
        ]
      [32m+[0m [0m[1m[0mconfiguration_endpoint_address[0m[0m = (known after apply)
      [32m+[0m [0m[1m[0mengine[0m[0m                         = "redis"
      [32m+[0m [0m[1m[0mengine_version[0m[0m                 = "5.0.0"
      [32m+[0m [0m[1m[0mid[0m[0m                             = (known after apply)
      [32m+[0m [0m[1m[0mmaintenance_window[0m[0m             = "tue:09:30-tue:10:30"
      [32m+[0m [0m[1m[0mmember_clusters[0m[0m                = (known after apply)
      [32m+[0m [0m[1m[0mnode_type[0m[0m                      = "cache.r5.large"
      [32m+[0m [0m[1m[0mnumber_cache_clusters[0m[0m          = 2
      [32m+[0m [0m[1m[0mparameter_group_name[0m[0m           = "default.redis5.0"
      [32m+[0m [0m[1m[0mport[0m[0m                           = 6379
      [32m+[0m [0m[1m[0mprimary_endpoint_address[0m[0m       = (known after apply)
      [32m+[0m [0m[1m[0mreplication_group_description[0m[0m  = "Replication group for Symphony Kansas"
      [32m+[0m [0m[1m[0mreplication_group_id[0m[0m           = "symkanecprd-replication-group"
      [32m+[0m [0m[1m[0msecurity_group_ids[0m[0m             = (known after apply)
      [32m+[0m [0m[1m[0msecurity_group_names[0m[0m           = (known after apply)
      [32m+[0m [0m[1m[0msnapshot_retention_limit[0m[0m       = 7
      [32m+[0m [0m[1m[0msnapshot_window[0m[0m                = "04:30-05:30"
      [32m+[0m [0m[1m[0msubnet_group_name[0m[0m              = "symkanecprd-subnet-group"
      [32m+[0m [0m[1m[0mtransit_encryption_enabled[0m[0m     = true

      [32m+[0m [0mcluster_mode {
          [32m+[0m [0m[1m[0mnum_node_groups[0m[0m         = (known after apply)
          [32m+[0m [0m[1m[0mreplicas_per_node_group[0m[0m = (known after apply)
        }
    }

[1m  # aws_elasticache_subnet_group.symkanecprd[0m will be created[0m[0m
[0m  [32m+[0m[0m resource "aws_elasticache_subnet_group" "symkanecprd" {
      [32m+[0m [0m[1m[0mdescription[0m[0m = "Managed by Terraform"
      [32m+[0m [0m[1m[0mid[0m[0m          = (known after apply)
      [32m+[0m [0m[1m[0mname[0m[0m        = "symkanecprd-subnet-group"
      [32m+[0m [0m[1m[0msubnet_ids[0m[0m  = [
          [32m+[0m [0m"subnet-01990fdba952e6896",
          [32m+[0m [0m"subnet-0f4e8b039336531a1",
        ]
    }

[1m  # aws_security_group.symkanecprd[0m will be created[0m[0m
[0m  [32m+[0m[0m resource "aws_security_group" "symkanecprd" {
      [32m+[0m [0m[1m[0marn[0m[0m                    = (known after apply)
      [32m+[0m [0m[1m[0mdescription[0m[0m            = "Managed by Terraform"
      [32m+[0m [0m[1m[0megress[0m[0m                 = [
          [32m+[0m [0m{
              [32m+[0m [0mcidr_blocks      = [
                  [32m+[0m [0m"0.0.0.0/0",
                ]
              [32m+[0m [0mdescription      = ""
              [32m+[0m [0mfrom_port        = 0
              [32m+[0m [0mipv6_cidr_blocks = []
              [32m+[0m [0mprefix_list_ids  = []
              [32m+[0m [0mprotocol         = "-1"
              [32m+[0m [0msecurity_groups  = []
              [32m+[0m [0mself             = false
              [32m+[0m [0mto_port          = 0
            },
        ]
      [32m+[0m [0m[1m[0mid[0m[0m                     = (known after apply)
      [32m+[0m [0m[1m[0mingress[0m[0m                = [
          [32m+[0m [0m{
              [32m+[0m [0mcidr_blocks      = [
                  [32m+[0m [0m"0.0.0.0/0",
                ]
              [32m+[0m [0mdescription      = ""
              [32m+[0m [0mfrom_port        = 0
              [32m+[0m [0mipv6_cidr_blocks = []
              [32m+[0m [0mprefix_list_ids  = []
              [32m+[0m [0mprotocol         = "-1"
              [32m+[0m [0msecurity_groups  = []
              [32m+[0m [0mself             = false
              [32m+[0m [0mto_port          = 0
            },
        ]
      [32m+[0m [0m[1m[0mname[0m[0m                   = (known after apply)
      [32m+[0m [0m[1m[0mname_prefix[0m[0m            = "Symphony_Kansas_ElastiCache_Production_SG"
      [32m+[0m [0m[1m[0mowner_id[0m[0m               = (known after apply)
      [32m+[0m [0m[1m[0mrevoke_rules_on_delete[0m[0m = false
      [32m+[0m [0m[1m[0mtags[0m[0m                   = {
          [32m+[0m [0m"Client"      = "Kansas"
          [32m+[0m [0m"Environment" = "Production"
          [32m+[0m [0m"Name"        = "Symphony_Kansas_ElastiCache_Production_SG"
          [32m+[0m [0m"Project"     = "Symphony"
          [32m+[0m [0m"Zone"        = "Trusted"
        }
      [32m+[0m [0m[1m[0mvpc_id[0m[0m                 = "vpc-0f8dffb441db4a3b7"
    }

[0m[1mPlan:[0m 4 to add, 0 to change, 0 to destroy.[0m

------------------------------------------------------------------------

Note: You didn't specify an "-out" parameter to save this plan, so Terraform
can't guarantee that exactly these actions will be performed if
"terraform apply" is subsequently run.

