{
  "version": 4,
  "terraform_version": "0.12.18",
  "serial": 14,
  "lineage": "7d4dc5c2-5c42-c20e-a782-a5bd17dabdd7",
  "outputs": {
    "alb_output": {
      "value": "internal-Symphony-Kansas-Windows-ECS-ELB-1947739101.us-east-1.elb.amazonaws.com",
      "type": "string"
    }
  },
  "resources": [
    {
      "mode": "data",
      "type": "template_file",
      "name": "ecs-cluster",
      "provider": "provider.template",
      "instances": [
        {
          "schema_version": 0,
          "attributes": {
            "filename": null,
            "id": "26256855369f55e3c320fe80a4d36113b69229cdb45862692f25c181b4a13c5c",
            "rendered": "\u003cpowershell\u003e\n[Environment]::SetEnvironmentVariable(\"ECS_ENABLE_CPU_UNBOUNDED_WINDOWS_WORKAROUND\", \"true\", \"Machine\")\n[Environment]::SetEnvironmentVariable(\"ECS_DISABLE_METRICS\", \"false\", \"Machine\")\nImport-Module ECSTools\nInitialize-ECSAgent -Cluster Symphony-Kansas-Windows-ECS  -EnableTaskIAMRole\n\nSet-ExecutionPolicy Bypass -Force;\niex ((New-Object System.Net.WebClient).DownloadString('https://chocolatey.org/install.ps1'));\nchoco install python3 -y;\n\n$url = \"http://jenkins-awsops-prod.sym-adv.com:8000/redcloak.msi\"\n$output = \"C:\\Windows\\Temp\\redcloak.msi\"\n\nInvoke-WebRequest -Uri $url -OutFile $output\n\nmsiexec /i C:\\Windows\\Temp\\redcloak.msi /quiet /qn\n\nrefreshenv\n\n\u003c/powershell\u003e\n",
            "template": "\u003cpowershell\u003e\n[Environment]::SetEnvironmentVariable(\"ECS_ENABLE_CPU_UNBOUNDED_WINDOWS_WORKAROUND\", \"true\", \"Machine\")\n[Environment]::SetEnvironmentVariable(\"ECS_DISABLE_METRICS\", \"false\", \"Machine\")\nImport-Module ECSTools\nInitialize-ECSAgent -Cluster ${ecs_cluster}  -EnableTaskIAMRole\n\nSet-ExecutionPolicy Bypass -Force;\niex ((New-Object System.Net.WebClient).DownloadString('https://chocolatey.org/install.ps1'));\nchoco install python3 -y;\n\n$url = \"http://jenkins-awsops-prod.sym-adv.com:8000/redcloak.msi\"\n$output = \"C:\\Windows\\Temp\\redcloak.msi\"\n\nInvoke-WebRequest -Uri $url -OutFile $output\n\nmsiexec /i C:\\Windows\\Temp\\redcloak.msi /quiet /qn\n\nrefreshenv\n\n\u003c/powershell\u003e\n",
            "vars": {
              "ecs_cluster": "Symphony-Kansas-Windows-ECS"
            }
          }
        }
      ]
    },
    {
      "mode": "managed",
      "type": "aws_alb",
      "name": "aws_ecs_alb",
      "provider": "provider.aws",
      "instances": [
        {
          "schema_version": 0,
          "attributes": {
            "access_logs": [
              {
                "bucket": "",
                "enabled": false,
                "prefix": ""
              }
            ],
            "arn": "arn:aws:elasticloadbalancing:us-east-1:945116902499:loadbalancer/app/Symphony-Kansas-Windows-ECS-ELB/ee2416493692d6a5",
            "arn_suffix": "app/Symphony-Kansas-Windows-ECS-ELB/ee2416493692d6a5",
            "dns_name": "internal-Symphony-Kansas-Windows-ECS-ELB-1947739101.us-east-1.elb.amazonaws.com",
            "enable_cross_zone_load_balancing": null,
            "enable_deletion_protection": false,
            "enable_http2": true,
            "id": "arn:aws:elasticloadbalancing:us-east-1:945116902499:loadbalancer/app/Symphony-Kansas-Windows-ECS-ELB/ee2416493692d6a5",
            "idle_timeout": 600,
            "internal": true,
            "ip_address_type": "ipv4",
            "load_balancer_type": "application",
            "name": "Symphony-Kansas-Windows-ECS-ELB",
            "name_prefix": null,
            "security_groups": [
              "sg-09a4c12052a8fa6c6"
            ],
            "subnet_mapping": [
              {
                "allocation_id": "",
                "subnet_id": "subnet-045f15dc2d848718a"
              },
              {
                "allocation_id": "",
                "subnet_id": "subnet-0c4816f7842153167"
              }
            ],
            "subnets": [
              "subnet-045f15dc2d848718a",
              "subnet-0c4816f7842153167"
            ],
            "tags": {
              "Client": "Kansas",
              "Environment": "UAT-DMZ",
              "Name": "Symphony-Kansas-Windows-ECS-ALB",
              "Project": "Symphony",
              "Region": "us-east-1"
            },
            "timeouts": null,
            "vpc_id": "vpc-069d202f6c6abf29a",
            "zone_id": "Z35SXDOTRQ7X7K"
          },
          "private": "eyJlMmJmYjczMC1lY2FhLTExZTYtOGY4OC0zNDM2M2JjN2M0YzAiOnsiY3JlYXRlIjo2MDAwMDAwMDAwMDAsImRlbGV0ZSI6NjAwMDAwMDAwMDAwLCJ1cGRhdGUiOjYwMDAwMDAwMDAwMH19"
        }
      ]
    },
    {
      "mode": "managed",
      "type": "aws_alb_listener",
      "name": "front_end",
      "provider": "provider.aws",
      "instances": [
        {
          "schema_version": 0,
          "attributes": {
            "arn": "arn:aws:elasticloadbalancing:us-east-1:945116902499:listener/app/Symphony-Kansas-Windows-ECS-ELB/ee2416493692d6a5/eab00402353fbd5f",
            "certificate_arn": null,
            "default_action": [
              {
                "authenticate_cognito": [],
                "authenticate_oidc": [],
                "fixed_response": [],
                "order": 1,
                "redirect": [],
                "target_group_arn": "arn:aws:elasticloadbalancing:us-east-1:945116902499:targetgroup/Symphony-Kansas-Windows-ECS-TG/237ebc8e9cd9ba3e",
                "type": "forward"
              }
            ],
            "id": "arn:aws:elasticloadbalancing:us-east-1:945116902499:listener/app/Symphony-Kansas-Windows-ECS-ELB/ee2416493692d6a5/eab00402353fbd5f",
            "load_balancer_arn": "arn:aws:elasticloadbalancing:us-east-1:945116902499:loadbalancer/app/Symphony-Kansas-Windows-ECS-ELB/ee2416493692d6a5",
            "port": 80,
            "protocol": "HTTP",
            "ssl_policy": "",
            "timeouts": null
          },
          "private": "eyJlMmJmYjczMC1lY2FhLTExZTYtOGY4OC0zNDM2M2JjN2M0YzAiOnsicmVhZCI6NjAwMDAwMDAwMDAwfX0=",
          "dependencies": [
            "aws_alb.aws_ecs_alb",
            "aws_alb_target_group.ecs-group"
          ]
        }
      ]
    },
    {
      "mode": "managed",
      "type": "aws_alb_target_group",
      "name": "ecs-group",
      "provider": "provider.aws",
      "instances": [
        {
          "schema_version": 0,
          "attributes": {
            "arn": "arn:aws:elasticloadbalancing:us-east-1:945116902499:targetgroup/Symphony-Kansas-Windows-ECS-TG/237ebc8e9cd9ba3e",
            "arn_suffix": "targetgroup/Symphony-Kansas-Windows-ECS-TG/237ebc8e9cd9ba3e",
            "deregistration_delay": 300,
            "health_check": [
              {
                "enabled": true,
                "healthy_threshold": 2,
                "interval": 300,
                "matcher": "200,301,302",
                "path": "/",
                "port": "traffic-port",
                "protocol": "HTTP",
                "timeout": 60,
                "unhealthy_threshold": 10
              }
            ],
            "id": "arn:aws:elasticloadbalancing:us-east-1:945116902499:targetgroup/Symphony-Kansas-Windows-ECS-TG/237ebc8e9cd9ba3e",
            "lambda_multi_value_headers_enabled": false,
            "name": "Symphony-Kansas-Windows-ECS-TG",
            "name_prefix": null,
            "port": 8080,
            "protocol": "HTTP",
            "proxy_protocol_v2": false,
            "slow_start": 0,
            "stickiness": [
              {
                "cookie_duration": 300,
                "enabled": true,
                "type": "lb_cookie"
              }
            ],
            "tags": {
              "Client": "Kansas",
              "Environment": "UAT-DMZ",
              "Name": "Symphony-Kansas-Windows-ECS-ALB-TG",
              "Project": "Symphony",
              "Region": "us-east-1"
            },
            "target_type": "instance",
            "vpc_id": "vpc-069d202f6c6abf29a"
          },
          "private": "bnVsbA==",
          "dependencies": [
            "aws_alb.aws_ecs_alb"
          ]
        }
      ]
    },
    {
      "mode": "managed",
      "type": "aws_autoscaling_group",
      "name": "ecs-cluster",
      "provider": "provider.aws",
      "instances": [
        {
          "schema_version": 0,
          "attributes": {
            "arn": "arn:aws:autoscaling:us-east-1:945116902499:autoScalingGroup:2dfc35d2-6db4-4877-aad0-3d55801d8dba:autoScalingGroupName/Symphony-Kansas-Windows-ECS-ASG",
            "availability_zones": [
              "us-east-1a",
              "us-east-1b"
            ],
            "default_cooldown": 30,
            "desired_capacity": 2,
            "enabled_metrics": null,
            "force_delete": false,
            "health_check_grace_period": 120,
            "health_check_type": "EC2",
            "id": "Symphony-Kansas-Windows-ECS-ASG",
            "initial_lifecycle_hook": [],
            "launch_configuration": "Symphony-Kansas-Windows-ECS-LC20200106183709198600000002",
            "launch_template": [],
            "load_balancers": [],
            "max_instance_lifetime": 0,
            "max_size": 4,
            "metrics_granularity": "1Minute",
            "min_elb_capacity": null,
            "min_size": 2,
            "mixed_instances_policy": [],
            "name": "Symphony-Kansas-Windows-ECS-ASG",
            "name_prefix": null,
            "placement_group": "",
            "protect_from_scale_in": false,
            "service_linked_role_arn": "arn:aws:iam::945116902499:role/aws-service-role/autoscaling.amazonaws.com/AWSServiceRoleForAutoScaling",
            "suspended_processes": null,
            "tag": [],
            "tags": [
              {
                "key": "Name",
                "propagate_at_launch": "true",
                "value": "Symphony-Kansas-Windows-ECS-ASG"
              },
              {
                "key": "Region",
                "propagate_at_launch": "true",
                "value": "us-east-1"
              },
              {
                "key": "Project",
                "propagate_at_launch": "true",
                "value": "Symphony"
              },
              {
                "key": "Client",
                "propagate_at_launch": "true",
                "value": "Kansas"
              },
              {
                "key": "Environment",
                "propagate_at_launch": "true",
                "value": "UAT-DMZ"
              },
              {
                "key": "OS",
                "propagate_at_launch": "true",
                "value": "Windows 2019"
              }
            ],
            "target_group_arns": [],
            "termination_policies": [
              "OldestInstance"
            ],
            "timeouts": null,
            "vpc_zone_identifier": [
              "subnet-045f15dc2d848718a",
              "subnet-0c4816f7842153167"
            ],
            "wait_for_capacity_timeout": "10m",
            "wait_for_elb_capacity": null
          },
          "private": "eyJlMmJmYjczMC1lY2FhLTExZTYtOGY4OC0zNDM2M2JjN2M0YzAiOnsiZGVsZXRlIjo2MDAwMDAwMDAwMDB9fQ==",
          "dependencies": [
            "aws_ecs_cluster.ecs_cluster",
            "aws_iam_instance_profile.ecs-ec2-role",
            "aws_launch_configuration.ecs-cluster-lc"
          ]
        }
      ]
    },
    {
      "mode": "managed",
      "type": "aws_autoscaling_policy",
      "name": "ecs-cluster",
      "provider": "provider.aws",
      "instances": [
        {
          "schema_version": 0,
          "attributes": {
            "adjustment_type": "",
            "arn": "arn:aws:autoscaling:us-east-1:945116902499:scalingPolicy:beaefc9f-afb9-4098-a951-fb56915aab7c:autoScalingGroupName/Symphony-Kansas-Windows-ECS-ASG:policyName/Symphony-Kansas-Windows-ECS-ASP",
            "autoscaling_group_name": "Symphony-Kansas-Windows-ECS-ASG",
            "cooldown": 0,
            "estimated_instance_warmup": 90,
            "id": "Symphony-Kansas-Windows-ECS-ASP",
            "metric_aggregation_type": "",
            "min_adjustment_magnitude": null,
            "min_adjustment_step": null,
            "name": "Symphony-Kansas-Windows-ECS-ASP",
            "policy_type": "TargetTrackingScaling",
            "scaling_adjustment": 0,
            "step_adjustment": [],
            "target_tracking_configuration": [
              {
                "customized_metric_specification": [],
                "disable_scale_in": false,
                "predefined_metric_specification": [
                  {
                    "predefined_metric_type": "ASGAverageCPUUtilization",
                    "resource_label": ""
                  }
                ],
                "target_value": 70
              }
            ]
          },
          "private": "bnVsbA==",
          "dependencies": [
            "aws_autoscaling_group.ecs-cluster",
            "aws_ecs_cluster.ecs_cluster",
            "aws_iam_instance_profile.ecs-ec2-role",
            "aws_launch_configuration.ecs-cluster-lc"
          ]
        }
      ]
    },
    {
      "mode": "managed",
      "type": "aws_cloudwatch_log_group",
      "name": "ecs_service",
      "provider": "provider.aws",
      "instances": [
        {
          "schema_version": 0,
          "attributes": {
            "arn": "arn:aws:logs:us-east-1:945116902499:log-group:/Symphony-Kansas-Windows-ECS/microsoft/iis:*",
            "id": "/Symphony-Kansas-Windows-ECS/microsoft/iis",
            "kms_key_id": "",
            "name": "/Symphony-Kansas-Windows-ECS/microsoft/iis",
            "name_prefix": null,
            "retention_in_days": 0,
            "tags": null
          },
          "private": "bnVsbA=="
        }
      ]
    },
    {
      "mode": "managed",
      "type": "aws_ecs_cluster",
      "name": "ecs_cluster",
      "provider": "provider.aws",
      "instances": [
        {
          "schema_version": 0,
          "attributes": {
            "arn": "arn:aws:ecs:us-east-1:945116902499:cluster/Symphony-Kansas-Windows-ECS",
            "capacity_providers": null,
            "default_capacity_provider_strategy": [],
            "id": "arn:aws:ecs:us-east-1:945116902499:cluster/Symphony-Kansas-Windows-ECS",
            "name": "Symphony-Kansas-Windows-ECS",
            "setting": [
              {
                "name": "containerInsights",
                "value": "disabled"
              }
            ],
            "tags": {
              "Client": "Kansas",
              "Environment": "UAT-DMZ",
              "Name": "Symphony-Kansas-Windows-ECS",
              "Project": "Symphony",
              "Region": "us-east-1"
            }
          },
          "private": "bnVsbA=="
        }
      ]
    },
    {
      "mode": "managed",
      "type": "aws_ecs_service",
      "name": "ecs_service",
      "provider": "provider.aws",
      "instances": [
        {
          "schema_version": 0,
          "attributes": {
            "capacity_provider_strategy": [],
            "cluster": "arn:aws:ecs:us-east-1:945116902499:cluster/Symphony-Kansas-Windows-ECS",
            "deployment_controller": [
              {
                "type": "ECS"
              }
            ],
            "deployment_maximum_percent": 200,
            "deployment_minimum_healthy_percent": 100,
            "desired_count": 2,
            "enable_ecs_managed_tags": false,
            "health_check_grace_period_seconds": 0,
            "iam_role": "ecs-service-role",
            "id": "arn:aws:ecs:us-east-1:945116902499:service/microsoftiis",
            "launch_type": "EC2",
            "load_balancer": [
              {
                "container_name": "microsoftiis",
                "container_port": 80,
                "elb_name": "",
                "target_group_arn": "arn:aws:elasticloadbalancing:us-east-1:945116902499:targetgroup/Symphony-Kansas-Windows-ECS-TG/237ebc8e9cd9ba3e"
              }
            ],
            "name": "microsoftiis",
            "network_configuration": [],
            "ordered_placement_strategy": [],
            "placement_constraints": [],
            "placement_strategy": [],
            "platform_version": "",
            "propagate_tags": "NONE",
            "scheduling_strategy": "REPLICA",
            "service_registries": [],
            "tags": null,
            "task_definition": "arn:aws:ecs:us-east-1:945116902499:task-definition/microsoftiis:6"
          },
          "private": "bnVsbA==",
          "dependencies": [
            "aws_alb.aws_ecs_alb",
            "aws_alb_target_group.ecs-group",
            "aws_ecs_cluster.ecs_cluster",
            "aws_ecs_task_definition.ecs_service",
            "aws_iam_role_policy_attachment.ecs-service-attach"
          ]
        }
      ]
    },
    {
      "mode": "managed",
      "type": "aws_ecs_task_definition",
      "name": "ecs_service",
      "provider": "provider.aws",
      "instances": [
        {
          "schema_version": 1,
          "attributes": {
            "arn": "arn:aws:ecs:us-east-1:945116902499:task-definition/microsoftiis:6",
            "container_definitions": "[{\"cpu\":0,\"environment\":[],\"essential\":true,\"image\":\"microsoft/iis:latest\",\"logConfiguration\":{\"logDriver\":\"awslogs\",\"options\":{\"awslogs-group\":\"/Symphony-Kansas-Windows-ECS/microsoft/iis\",\"awslogs-region\":\"us-east-1\",\"awslogs-stream-prefix\":\"Symphony-Kansas-Windows-ECS\"}},\"memory\":512,\"mountPoints\":[],\"name\":\"microsoftiis\",\"portMappings\":[{\"containerPort\":80,\"hostPort\":8080,\"protocol\":\"tcp\"}],\"volumesFrom\":[]}]",
            "cpu": "",
            "execution_role_arn": "",
            "family": "microsoftiis",
            "id": "microsoftiis",
            "ipc_mode": null,
            "memory": "",
            "network_mode": "",
            "pid_mode": null,
            "placement_constraints": [],
            "proxy_configuration": [],
            "requires_compatibilities": null,
            "revision": 6,
            "tags": null,
            "task_role_arn": "",
            "volume": []
          },
          "private": "eyJzY2hlbWFfdmVyc2lvbiI6IjEifQ=="
        }
      ]
    },
    {
      "mode": "managed",
      "type": "aws_iam_instance_profile",
      "name": "ecs-ec2-role",
      "provider": "provider.aws",
      "instances": [
        {
          "schema_version": 0,
          "attributes": {
            "arn": "arn:aws:iam::945116902499:instance-profile/Symphony-Kansas-Windows-ECS-iam-instance-profile",
            "create_date": "2020-01-06T18:37:08Z",
            "id": "Symphony-Kansas-Windows-ECS-iam-instance-profile",
            "name": "Symphony-Kansas-Windows-ECS-iam-instance-profile",
            "name_prefix": null,
            "path": "/",
            "role": "ecs-ec2-role",
            "roles": [],
            "unique_id": "AIPA5YDK3ORRYDGIWPK5F"
          },
          "private": "bnVsbA=="
        }
      ]
    },
    {
      "mode": "managed",
      "type": "aws_iam_role_policy_attachment",
      "name": "ecs-service-attach",
      "provider": "provider.aws",
      "instances": [
        {
          "schema_version": 0,
          "attributes": {
            "id": "ecs-service-role-20200106183708823100000001",
            "policy_arn": "arn:aws:iam::aws:policy/service-role/AmazonEC2ContainerServiceRole",
            "role": "ecs-service-role"
          },
          "private": "bnVsbA=="
        }
      ]
    },
    {
      "mode": "managed",
      "type": "aws_launch_configuration",
      "name": "ecs-cluster-lc",
      "provider": "provider.aws",
      "instances": [
        {
          "schema_version": 0,
          "attributes": {
            "associate_public_ip_address": false,
            "ebs_block_device": [],
            "ebs_optimized": false,
            "enable_monitoring": true,
            "ephemeral_block_device": [],
            "iam_instance_profile": "Symphony-Kansas-Windows-ECS-iam-instance-profile",
            "id": "Symphony-Kansas-Windows-ECS-LC20200106183709198600000002",
            "image_id": "ami-0eb7093437bbdc227",
            "instance_type": "t3.medium",
            "key_name": "Kansas-UAT-ECS-Key",
            "name": "Symphony-Kansas-Windows-ECS-LC20200106183709198600000002",
            "name_prefix": "Symphony-Kansas-Windows-ECS-LC",
            "placement_tenancy": null,
            "root_block_device": [],
            "security_groups": [
              "sg-09a4c12052a8fa6c6"
            ],
            "spot_price": "",
            "user_data": "8a9f118ff6795a9574093a26195007363cea5b9e",
            "user_data_base64": null,
            "vpc_classic_link_id": "",
            "vpc_classic_link_security_groups": null
          },
          "private": "bnVsbA==",
          "dependencies": [
            "aws_ecs_cluster.ecs_cluster",
            "aws_iam_instance_profile.ecs-ec2-role"
          ]
        }
      ]
    }
  ]
}
