{
  "version": 4,
  "terraform_version": "0.12.18",
  "serial": 24,
  "lineage": "4fd4093c-e868-91f9-f6df-f709b14efb78",
  "outputs": {
    "alb_output": {
      "value": "internal-Kan-Sym-PRD-WebApp-ELB-113457530.us-east-1.elb.amazonaws.com",
      "type": "string"
    }
  },
  "resources": [
    {
      "mode": "data",
      "type": "template_file",
      "name": "ecs-cluster",
      "provider": "provider.template",
      "instances": [
        {
          "schema_version": 0,
          "attributes": {
            "filename": null,
            "id": "6f570c7c5174e30e026537868d4c03e17d2c210819cded603b65655ba0e9e2ea",
            "rendered": "#!/bin/bash\nsudo mkdir -p /etc/ecs\necho ECS_CLUSTER=Kan-Sym-PRD-WebApp \u003e\u003e /etc/ecs/ecs.config\n\nsudo yum install -y wget unzip zip\n\necho -e \"INFO: Downloading RedCloak Agent ... \\c\"\nsudo wget -q http://jenkins-awsops-prod.sym-adv.com:8000/redcloak-1.2.8.0-0.x86_64.rpm\n[ $? -ne 0 ] \u0026\u0026 echo \"Failed.\" || echo \"Success.\"\n\necho -e \"INFO: Installing RedCloak Agent ... \\c\"\nsudo yum localinstall -y redcloak-1.2.8.0-0.x86_64.rpm \u003e/tmp/redcloak-1.2.8.0-0.x86_64.log 2\u003e\u00261\n[ $? -ne 0 ] \u0026\u0026 echo \"Failed.\" || echo \"Success.\"\nsudo cat /tmp/redcloak-1.2.8.0-0.x86_64.log\n\nsudo service redcloak status\nsudo /var/opt/secureworks/redcloak/bin/redcloak --check\n\n",
            "template": "#!/bin/bash\nsudo mkdir -p /etc/ecs\necho ECS_CLUSTER=${ecs_cluster} \u003e\u003e /etc/ecs/ecs.config\n\nsudo yum install -y wget unzip zip\n\necho -e \"INFO: Downloading RedCloak Agent ... \\c\"\nsudo wget -q http://jenkins-awsops-prod.sym-adv.com:8000/redcloak-1.2.8.0-0.x86_64.rpm\n[ $? -ne 0 ] \u0026\u0026 echo \"Failed.\" || echo \"Success.\"\n\necho -e \"INFO: Installing RedCloak Agent ... \\c\"\nsudo yum localinstall -y redcloak-1.2.8.0-0.x86_64.rpm \u003e/tmp/redcloak-1.2.8.0-0.x86_64.log 2\u003e\u00261\n[ $? -ne 0 ] \u0026\u0026 echo \"Failed.\" || echo \"Success.\"\nsudo cat /tmp/redcloak-1.2.8.0-0.x86_64.log\n\nsudo service redcloak status\nsudo /var/opt/secureworks/redcloak/bin/redcloak --check\n\n",
            "vars": {
              "ecs_cluster": "Kan-Sym-PRD-WebApp"
            }
          }
        }
      ]
    },
    {
      "mode": "data",
      "type": "template_file",
      "name": "ecs-cluster-2",
      "provider": "provider.template",
      "instances": [
        {
          "schema_version": 0,
          "attributes": {
            "filename": null,
            "id": "2521c46f65471ea19f0401f38bed8243c38b50a7e2e727746604801127f9617e",
            "rendered": "\u003cpowershell\u003e\n[Environment]::SetEnvironmentVariable(\"ECS_ENABLE_CPU_UNBOUNDED_WINDOWS_WORKAROUND\", \"true\", \"Machine\")\n[Environment]::SetEnvironmentVariable(\"ECS_DISABLE_METRICS\", \"false\", \"Machine\")\nImport-Module ECSTools\nInitialize-ECSAgent -Cluster Kan-Sym-PRD-WebApp  -EnableTaskIAMRole\n\nSet-ExecutionPolicy Bypass -Force;\niex ((New-Object System.Net.WebClient).DownloadString('https://chocolatey.org/install.ps1'));\nchoco install python3 -y;\n\n$url = \"http://jenkins-awsops-prod.sym-adv.com:8000/redcloak.msi\"\n$output = \"C:\\Windows\\Temp\\redcloak.msi\"\n\nInvoke-WebRequest -Uri $url -OutFile $output\n\nmsiexec /i C:\\Windows\\Temp\\redcloak.msi /quiet /qn\n\nrefreshenv\n\n\u003c/powershell\u003e\n",
            "template": "\u003cpowershell\u003e\n[Environment]::SetEnvironmentVariable(\"ECS_ENABLE_CPU_UNBOUNDED_WINDOWS_WORKAROUND\", \"true\", \"Machine\")\n[Environment]::SetEnvironmentVariable(\"ECS_DISABLE_METRICS\", \"false\", \"Machine\")\nImport-Module ECSTools\nInitialize-ECSAgent -Cluster ${ecs_cluster}  -EnableTaskIAMRole\n\nSet-ExecutionPolicy Bypass -Force;\niex ((New-Object System.Net.WebClient).DownloadString('https://chocolatey.org/install.ps1'));\nchoco install python3 -y;\n\n$url = \"http://jenkins-awsops-prod.sym-adv.com:8000/redcloak.msi\"\n$output = \"C:\\Windows\\Temp\\redcloak.msi\"\n\nInvoke-WebRequest -Uri $url -OutFile $output\n\nmsiexec /i C:\\Windows\\Temp\\redcloak.msi /quiet /qn\n\nrefreshenv\n\n\u003c/powershell\u003e\n",
            "vars": {
              "ecs_cluster": "Kan-Sym-PRD-WebApp"
            }
          }
        }
      ]
    },
    {
      "mode": "data",
      "type": "template_file",
      "name": "ecs-tasks",
      "each": "list",
      "provider": "provider.template",
      "instances": [
        {
          "index_key": 0,
          "schema_version": 0,
          "attributes": {
            "filename": null,
            "id": "23168f5ce8d3bb779a67d45e45546dfdab06a5a01d5b2205cfe429e38fa25634",
            "rendered": "[\n  {\n    \"name\": \"Kan-Sym-PRD-WebApp-trace\",\n    \"image\": \"945116902499.dkr.ecr.us-east-1.amazonaws.com/trace:1.1.1\",\n    \"essential\": true,\n    \"portMappings\": [\n      {\n        \"containerPort\": 443,\n        \"protocol\": \"tcp\",\n        \"hostPort\": 0\n      }\n    ],\n    \"environment\": [\n      {\n        \"name\": \"AppName\",\n        \"value\": \"prd\"\n      },\n      {\n        \"name\": \"ASPNETCORE_ENVIRONMENT\",\n        \"value\": \"Production\"\n      },\n      {\n        \"name\": \"ASPNETCORE_HTTPS_PORT\",\n        \"value\": \"443\"\n      },\n      {\n         \"name\": \"ASPNETCORE_URLS\",\n         \"value\": \"https://+\"\n      },\n      {\n        \"name\": \"ClientName\",\n        \"value\": \"kansas\"\n      }\n    ],\n    \"logConfiguration\": {\n      \"logDriver\": \"awslogs\",\n        \"options\": {\n          \"awslogs-group\": \"/Kan-Sym-PRD-WebApp/Kan-Sym-PRD-WebApp_logs\",\n          \"awslogs-region\": \"us-east-1\",\n          \"awslogs-stream-prefix\": \"ecs\"\n        }\n    }\n  }\n]\n",
            "template": "[\n  {\n    \"name\": \"${container_name}\",\n    \"image\": \"945116902499.dkr.ecr.us-east-1.amazonaws.com/trace:1.1.1\",\n    \"essential\": true,\n    \"portMappings\": [\n      {\n        \"containerPort\": 443,\n        \"protocol\": \"tcp\",\n        \"hostPort\": 0\n      }\n    ],\n    \"environment\": [\n      {\n        \"name\": \"AppName\",\n        \"value\": \"prd\"\n      },\n      {\n        \"name\": \"ASPNETCORE_ENVIRONMENT\",\n        \"value\": \"Production\"\n      },\n      {\n        \"name\": \"ASPNETCORE_HTTPS_PORT\",\n        \"value\": \"443\"\n      },\n      {\n         \"name\": \"ASPNETCORE_URLS\",\n         \"value\": \"https://+\"\n      },\n      {\n        \"name\": \"ClientName\",\n        \"value\": \"kansas\"\n      }\n    ],\n    \"logConfiguration\": {\n      \"logDriver\": \"awslogs\",\n        \"options\": {\n          \"awslogs-group\": \"/${Ecs_name}/${Ecs_name}_logs\",\n          \"awslogs-region\": \"us-east-1\",\n          \"awslogs-stream-prefix\": \"ecs\"\n        }\n    }\n  }\n]\n",
            "vars": {
              "Ecs_name": "Kan-Sym-PRD-WebApp",
              "container_name": "Kan-Sym-PRD-WebApp-trace",
              "myregion": "us-east-1"
            }
          }
        },
        {
          "index_key": 1,
          "schema_version": 0,
          "attributes": {
            "filename": null,
            "id": "facc22fe78e88c741a94ddd825a22eecdb64de496e4c9c4274c6be814c39e7ed",
            "rendered": "[\n  {\n    \"name\": \"Kan-Sym-PRD-WebApp-webapp\",\n    \"image\": \"945116902499.dkr.ecr.us-east-1.amazonaws.com/webapp:5.18.1.0.5\",\n    \"essential\": true,\n    \"portMappings\": [\n      {\n        \"containerPort\": 443,\n        \"protocol\": \"tcp\",\n        \"hostPort\": 0\n      }\n    ],\n    \"environment\": [\n      {\n        \"name\": \"AppName\",\n        \"value\": \"prd\"\n      },\n      {\n        \"name\": \"ASPNETCORE_ENVIRONMENT\",\n        \"value\": \"Production\"\n      },\n      {\n        \"name\": \"ClientName\",\n        \"value\": \"kansas\"\n      }\n    ],\n    \"placementConstraints\": [\n      {\n        \"type\": \"memberOf\",\n        \"expression\": \"attribute:ecs.os-type==windows\"\n      }\n    ]\n  }\n\n]\n",
            "template": "[\n  {\n    \"name\": \"${container_name}\",\n    \"image\": \"945116902499.dkr.ecr.us-east-1.amazonaws.com/webapp:5.18.1.0.5\",\n    \"essential\": true,\n    \"portMappings\": [\n      {\n        \"containerPort\": 443,\n        \"protocol\": \"tcp\",\n        \"hostPort\": 0\n      }\n    ],\n    \"environment\": [\n      {\n        \"name\": \"AppName\",\n        \"value\": \"prd\"\n      },\n      {\n        \"name\": \"ASPNETCORE_ENVIRONMENT\",\n        \"value\": \"Production\"\n      },\n      {\n        \"name\": \"ClientName\",\n        \"value\": \"kansas\"\n      }\n    ],\n    \"placementConstraints\": [\n      {\n        \"type\": \"memberOf\",\n        \"expression\": \"attribute:ecs.os-type==windows\"\n      }\n    ]\n  }\n\n]\n",
            "vars": {
              "Ecs_name": "Kan-Sym-PRD-WebApp",
              "container_name": "Kan-Sym-PRD-WebApp-webapp",
              "myregion": "us-east-1"
            }
          }
        }
      ]
    },
    {
      "mode": "data",
      "type": "template_file",
      "name": "ecs-tasks-noalb",
      "each": "list",
      "provider": "provider.template",
      "instances": [
        {
          "index_key": 0,
          "schema_version": 0,
          "attributes": {
            "filename": null,
            "id": "6230b3129e895d3a2718ec448acf3b34ec8308f42d229edf0e97fc2d3bcee1a3",
            "rendered": "[\n  {\n    \"name\": \"Kan-Sym-PRD-WebApp-sqlexecutor\",\n    \"essential\": true,\n    \"image\": \"945116902499.dkr.ecr.us-east-1.amazonaws.com/sqlexecutor:5.18.1.0.7\",\n    \"portMappings\": [],\n    \"command\": [\n      \"c:\\\\sqlexecutor\\\\PCS.SmartOrders.SQLExecutorRunner.exe\"\n    ],\n    \"environment\": [\n      {\n        \"name\": \"AppName\",\n        \"value\": \"prd\"\n      },\n      {\n\n        \"name\": \"ASPNETCORE_ENVIRONMENT\",\n        \"value\": \"Production\"\n      },\n      {\n        \"name\": \"AWS_REGION\",\n        \"value\": \"us-east-1\"\n      },\n      {\n        \"name\": \"ClientName\",\n        \"value\": \"kansas\"\n      },\n      {\n        \"name\": \"Customer\",\n        \"value\": \"kansas\"\n      },\n      {\n        \"name\": \"SQLScriptsFolder\",\n        \"value\": \"c:\\\\changescripts\"\n      }\n    ],\n    \"placementConstraints\": [\n      {\n        \"type\": \"memberOf\",\n        \"expression\": \"attribute:ecs.os-type==windows\"\n      }\n    ],\n    \"requiresAttributes\": [\n      {\n        \"targetId\": null,\n        \"targetType\": null,\n        \"value\": null,\n        \"name\": \"com.amazonaws.ecs.capability.ecr-auth\"\n      },\n      {\n        \"targetId\": null,\n        \"targetType\": null,\n        \"value\": null,\n        \"name\": \"com.amazonaws.ecs.capability.task-iam-role\"\n      },\n      {\n        \"targetId\": null,\n        \"targetType\": null,\n        \"value\": null,\n        \"name\": \"ecs.capability.execution-role-ecr-pull\"\n      }\n    ]\n  }\n]\n",
            "template": "[\n  {\n    \"name\": \"${container_name}\",\n    \"essential\": true,\n    \"image\": \"945116902499.dkr.ecr.us-east-1.amazonaws.com/sqlexecutor:5.18.1.0.7\",\n    \"portMappings\": [],\n    \"command\": [\n      \"c:\\\\sqlexecutor\\\\PCS.SmartOrders.SQLExecutorRunner.exe\"\n    ],\n    \"environment\": [\n      {\n        \"name\": \"AppName\",\n        \"value\": \"prd\"\n      },\n      {\n\n        \"name\": \"ASPNETCORE_ENVIRONMENT\",\n        \"value\": \"Production\"\n      },\n      {\n        \"name\": \"AWS_REGION\",\n        \"value\": \"us-east-1\"\n      },\n      {\n        \"name\": \"ClientName\",\n        \"value\": \"kansas\"\n      },\n      {\n        \"name\": \"Customer\",\n        \"value\": \"kansas\"\n      },\n      {\n        \"name\": \"SQLScriptsFolder\",\n        \"value\": \"c:\\\\changescripts\"\n      }\n    ],\n    \"placementConstraints\": [\n      {\n        \"type\": \"memberOf\",\n        \"expression\": \"attribute:ecs.os-type==windows\"\n      }\n    ],\n    \"requiresAttributes\": [\n      {\n        \"targetId\": null,\n        \"targetType\": null,\n        \"value\": null,\n        \"name\": \"com.amazonaws.ecs.capability.ecr-auth\"\n      },\n      {\n        \"targetId\": null,\n        \"targetType\": null,\n        \"value\": null,\n        \"name\": \"com.amazonaws.ecs.capability.task-iam-role\"\n      },\n      {\n        \"targetId\": null,\n        \"targetType\": null,\n        \"value\": null,\n        \"name\": \"ecs.capability.execution-role-ecr-pull\"\n      }\n    ]\n  }\n]\n",
            "vars": {
              "Ecs_name": "Kan-Sym-PRD-WebApp",
              "container_name": "Kan-Sym-PRD-WebApp-sqlexecutor",
              "myregion": "us-east-1"
            }
          }
        }
      ]
    },
    {
      "mode": "managed",
      "type": "aws_alb",
      "name": "aws_ecs_alb",
      "provider": "provider.aws",
      "instances": [
        {
          "schema_version": 0,
          "attributes": {
            "access_logs": [
              {
                "bucket": "",
                "enabled": false,
                "prefix": ""
              }
            ],
            "arn": "arn:aws:elasticloadbalancing:us-east-1:945116902499:loadbalancer/app/Kan-Sym-PRD-WebApp-ELB/267531fe225c79f2",
            "arn_suffix": "app/Kan-Sym-PRD-WebApp-ELB/267531fe225c79f2",
            "dns_name": "internal-Kan-Sym-PRD-WebApp-ELB-113457530.us-east-1.elb.amazonaws.com",
            "enable_cross_zone_load_balancing": null,
            "enable_deletion_protection": false,
            "enable_http2": true,
            "id": "arn:aws:elasticloadbalancing:us-east-1:945116902499:loadbalancer/app/Kan-Sym-PRD-WebApp-ELB/267531fe225c79f2",
            "idle_timeout": 600,
            "internal": true,
            "ip_address_type": "ipv4",
            "load_balancer_type": "application",
            "name": "Kan-Sym-PRD-WebApp-ELB",
            "name_prefix": null,
            "security_groups": [
              "sg-07c8f0478fc628959"
            ],
            "subnet_mapping": [
              {
                "allocation_id": "",
                "subnet_id": "subnet-002070de1ac1134d5"
              },
              {
                "allocation_id": "",
                "subnet_id": "subnet-03248a90e3e0be171"
              }
            ],
            "subnets": [
              "subnet-002070de1ac1134d5",
              "subnet-03248a90e3e0be171"
            ],
            "tags": null,
            "timeouts": null,
            "vpc_id": "vpc-07d6e088e8c0ac938",
            "zone_id": "Z35SXDOTRQ7X7K"
          },
          "private": "eyJlMmJmYjczMC1lY2FhLTExZTYtOGY4OC0zNDM2M2JjN2M0YzAiOnsiY3JlYXRlIjo2MDAwMDAwMDAwMDAsImRlbGV0ZSI6NjAwMDAwMDAwMDAwLCJ1cGRhdGUiOjYwMDAwMDAwMDAwMH19"
        }
      ]
    },
    {
      "mode": "managed",
      "type": "aws_alb_listener",
      "name": "front_end",
      "provider": "provider.aws",
      "instances": [
        {
          "schema_version": 0,
          "attributes": {
            "arn": "arn:aws:elasticloadbalancing:us-east-1:945116902499:listener/app/Kan-Sym-PRD-WebApp-ELB/267531fe225c79f2/d66255ad724549b3",
            "certificate_arn": "arn:aws:acm:us-east-1:945116902499:certificate/6a9617d6-4b80-4ead-b2c6-bd397db760f2",
            "default_action": [
              {
                "authenticate_cognito": [],
                "authenticate_oidc": [],
                "fixed_response": [],
                "order": 1,
                "redirect": [],
                "target_group_arn": "arn:aws:elasticloadbalancing:us-east-1:945116902499:targetgroup/Kan-Sym-PRD-WebApp-webapp/f0900f49a402d10d",
                "type": "forward"
              }
            ],
            "id": "arn:aws:elasticloadbalancing:us-east-1:945116902499:listener/app/Kan-Sym-PRD-WebApp-ELB/267531fe225c79f2/d66255ad724549b3",
            "load_balancer_arn": "arn:aws:elasticloadbalancing:us-east-1:945116902499:loadbalancer/app/Kan-Sym-PRD-WebApp-ELB/267531fe225c79f2",
            "port": 443,
            "protocol": "HTTPS",
            "ssl_policy": "ELBSecurityPolicy-2016-08",
            "timeouts": null
          },
          "private": "eyJlMmJmYjczMC1lY2FhLTExZTYtOGY4OC0zNDM2M2JjN2M0YzAiOnsicmVhZCI6NjAwMDAwMDAwMDAwfX0=",
          "dependencies": [
            "aws_alb.aws_ecs_alb",
            "aws_alb_target_group.ecs-group"
          ]
        }
      ]
    },
    {
      "mode": "managed",
      "type": "aws_alb_listener_rule",
      "name": "listener_rule",
      "each": "list",
      "provider": "provider.aws",
      "instances": [
        {
          "index_key": 0,
          "schema_version": 0,
          "attributes": {
            "action": [
              {
                "authenticate_cognito": [],
                "authenticate_oidc": [],
                "fixed_response": [],
                "order": 1,
                "redirect": [],
                "target_group_arn": "arn:aws:elasticloadbalancing:us-east-1:945116902499:targetgroup/Kan-Sym-PRD-WebApp-trace/39d28b7c4aae82a5",
                "type": "forward"
              }
            ],
            "arn": "arn:aws:elasticloadbalancing:us-east-1:945116902499:listener-rule/app/Kan-Sym-PRD-WebApp-ELB/267531fe225c79f2/d66255ad724549b3/13fc287d4cf42791",
            "condition": [
              {
                "field": "path-pattern",
                "host_header": [],
                "http_header": [],
                "http_request_method": [],
                "path_pattern": [
                  {
                    "values": [
                      "/traceapi*"
                    ]
                  }
                ],
                "query_string": [],
                "source_ip": [],
                "values": [
                  "/traceapi*"
                ]
              }
            ],
            "id": "arn:aws:elasticloadbalancing:us-east-1:945116902499:listener-rule/app/Kan-Sym-PRD-WebApp-ELB/267531fe225c79f2/d66255ad724549b3/13fc287d4cf42791",
            "listener_arn": "arn:aws:elasticloadbalancing:us-east-1:945116902499:listener/app/Kan-Sym-PRD-WebApp-ELB/267531fe225c79f2/d66255ad724549b3",
            "priority": 1
          },
          "private": "bnVsbA==",
          "dependencies": [
            "aws_alb.aws_ecs_alb",
            "aws_alb_listener.front_end",
            "aws_alb_target_group.ecs-group"
          ]
        }
      ]
    },
    {
      "mode": "managed",
      "type": "aws_alb_target_group",
      "name": "ecs-group",
      "each": "list",
      "provider": "provider.aws",
      "instances": [
        {
          "index_key": 0,
          "schema_version": 0,
          "attributes": {
            "arn": "arn:aws:elasticloadbalancing:us-east-1:945116902499:targetgroup/Kan-Sym-PRD-WebApp-trace/39d28b7c4aae82a5",
            "arn_suffix": "targetgroup/Kan-Sym-PRD-WebApp-trace/39d28b7c4aae82a5",
            "deregistration_delay": 300,
            "health_check": [
              {
                "enabled": true,
                "healthy_threshold": 5,
                "interval": 30,
                "matcher": "200",
                "path": "/traceapi/healthz",
                "port": "traffic-port",
                "protocol": "HTTPS",
                "timeout": 5,
                "unhealthy_threshold": 2
              }
            ],
            "id": "arn:aws:elasticloadbalancing:us-east-1:945116902499:targetgroup/Kan-Sym-PRD-WebApp-trace/39d28b7c4aae82a5",
            "lambda_multi_value_headers_enabled": false,
            "name": "Kan-Sym-PRD-WebApp-trace",
            "name_prefix": null,
            "port": 443,
            "protocol": "HTTPS",
            "proxy_protocol_v2": false,
            "slow_start": 0,
            "stickiness": [
              {
                "cookie_duration": 86400,
                "enabled": false,
                "type": "lb_cookie"
              }
            ],
            "tags": null,
            "target_type": "instance",
            "vpc_id": "vpc-07d6e088e8c0ac938"
          },
          "private": "bnVsbA==",
          "dependencies": [
            "aws_alb.aws_ecs_alb"
          ]
        },
        {
          "index_key": 1,
          "schema_version": 0,
          "attributes": {
            "arn": "arn:aws:elasticloadbalancing:us-east-1:945116902499:targetgroup/Kan-Sym-PRD-WebApp-webapp/f0900f49a402d10d",
            "arn_suffix": "targetgroup/Kan-Sym-PRD-WebApp-webapp/f0900f49a402d10d",
            "deregistration_delay": 300,
            "health_check": [
              {
                "enabled": true,
                "healthy_threshold": 5,
                "interval": 30,
                "matcher": "302",
                "path": "/",
                "port": "traffic-port",
                "protocol": "HTTPS",
                "timeout": 5,
                "unhealthy_threshold": 2
              }
            ],
            "id": "arn:aws:elasticloadbalancing:us-east-1:945116902499:targetgroup/Kan-Sym-PRD-WebApp-webapp/f0900f49a402d10d",
            "lambda_multi_value_headers_enabled": false,
            "name": "Kan-Sym-PRD-WebApp-webapp",
            "name_prefix": null,
            "port": 443,
            "protocol": "HTTPS",
            "proxy_protocol_v2": false,
            "slow_start": 0,
            "stickiness": [
              {
                "cookie_duration": 86400,
                "enabled": false,
                "type": "lb_cookie"
              }
            ],
            "tags": null,
            "target_type": "instance",
            "vpc_id": "vpc-07d6e088e8c0ac938"
          },
          "private": "bnVsbA==",
          "dependencies": [
            "aws_alb.aws_ecs_alb"
          ]
        }
      ]
    },
    {
      "mode": "managed",
      "type": "aws_autoscaling_group",
      "name": "ecs-cluster",
      "provider": "provider.aws",
      "instances": [
        {
          "schema_version": 0,
          "attributes": {
            "arn": "arn:aws:autoscaling:us-east-1:945116902499:autoScalingGroup:9cc88ff7-837c-42a2-8eba-f8bc989a9217:autoScalingGroupName/Kan-Sym-PRD-WebApp_asg_Linux",
            "availability_zones": [
              "us-east-1a",
              "us-east-1b"
            ],
            "default_cooldown": 30,
            "desired_capacity": 2,
            "enabled_metrics": null,
            "force_delete": false,
            "health_check_grace_period": 120,
            "health_check_type": "EC2",
            "id": "Kan-Sym-PRD-WebApp_asg_Linux",
            "initial_lifecycle_hook": [],
            "launch_configuration": "Kan-Sym-PRD-WebApp-lc-Linux20200228145208664800000002",
            "launch_template": [],
            "load_balancers": [],
            "max_instance_lifetime": 0,
            "max_size": 4,
            "metrics_granularity": "1Minute",
            "min_elb_capacity": null,
            "min_size": 2,
            "mixed_instances_policy": [],
            "name": "Kan-Sym-PRD-WebApp_asg_Linux",
            "name_prefix": null,
            "placement_group": "",
            "protect_from_scale_in": false,
            "service_linked_role_arn": "arn:aws:iam::945116902499:role/aws-service-role/autoscaling.amazonaws.com/AWSServiceRoleForAutoScaling",
            "suspended_processes": null,
            "tag": [
              {
                "key": "Name",
                "propagate_at_launch": true,
                "value": "Kan-Sym-PRD-WebApp_asg_Linux"
              }
            ],
            "tags": null,
            "target_group_arns": [],
            "termination_policies": [
              "OldestInstance"
            ],
            "timeouts": null,
            "vpc_zone_identifier": [
              "subnet-002070de1ac1134d5",
              "subnet-03248a90e3e0be171"
            ],
            "wait_for_capacity_timeout": "10m",
            "wait_for_elb_capacity": null
          },
          "private": "eyJlMmJmYjczMC1lY2FhLTExZTYtOGY4OC0zNDM2M2JjN2M0YzAiOnsiZGVsZXRlIjo2MDAwMDAwMDAwMDB9fQ==",
          "dependencies": [
            "aws_ecs_cluster.ecs_cluster",
            "aws_iam_instance_profile.ecs-ec2-role",
            "aws_launch_configuration.ecs-cluster-lc"
          ]
        }
      ]
    },
    {
      "mode": "managed",
      "type": "aws_autoscaling_group",
      "name": "ecs-cluster-2",
      "each": "list",
      "provider": "provider.aws",
      "instances": [
        {
          "index_key": 0,
          "schema_version": 0,
          "attributes": {
            "arn": "arn:aws:autoscaling:us-east-1:945116902499:autoScalingGroup:1ea17d43-fd77-4d98-8b9e-af6038fed941:autoScalingGroupName/Kan-Sym-PRD-WebApp_asg_Windows",
            "availability_zones": [
              "us-east-1a",
              "us-east-1b"
            ],
            "default_cooldown": 30,
            "desired_capacity": 2,
            "enabled_metrics": null,
            "force_delete": false,
            "health_check_grace_period": 120,
            "health_check_type": "EC2",
            "id": "Kan-Sym-PRD-WebApp_asg_Windows",
            "initial_lifecycle_hook": [],
            "launch_configuration": "Kan-Sym-PRD-WebApp-lc-Windows20200228145208676800000003",
            "launch_template": [],
            "load_balancers": [],
            "max_instance_lifetime": 0,
            "max_size": 4,
            "metrics_granularity": "1Minute",
            "min_elb_capacity": null,
            "min_size": 2,
            "mixed_instances_policy": [],
            "name": "Kan-Sym-PRD-WebApp_asg_Windows",
            "name_prefix": null,
            "placement_group": "",
            "protect_from_scale_in": false,
            "service_linked_role_arn": "arn:aws:iam::945116902499:role/aws-service-role/autoscaling.amazonaws.com/AWSServiceRoleForAutoScaling",
            "suspended_processes": null,
            "tag": [
              {
                "key": "Name",
                "propagate_at_launch": true,
                "value": "Kan-Sym-PRD-WebApp_asg_Windows"
              }
            ],
            "tags": null,
            "target_group_arns": [],
            "termination_policies": [
              "OldestInstance"
            ],
            "timeouts": null,
            "vpc_zone_identifier": [
              "subnet-002070de1ac1134d5",
              "subnet-03248a90e3e0be171"
            ],
            "wait_for_capacity_timeout": "10m",
            "wait_for_elb_capacity": null
          },
          "private": "eyJlMmJmYjczMC1lY2FhLTExZTYtOGY4OC0zNDM2M2JjN2M0YzAiOnsiZGVsZXRlIjo2MDAwMDAwMDAwMDB9fQ==",
          "dependencies": [
            "aws_ecs_cluster.ecs_cluster",
            "aws_iam_instance_profile.ecs-ec2-role",
            "aws_launch_configuration.ecs-cluster-lc-2"
          ]
        }
      ]
    },
    {
      "mode": "managed",
      "type": "aws_autoscaling_policy",
      "name": "ecs-cluster",
      "provider": "provider.aws",
      "instances": [
        {
          "schema_version": 0,
          "attributes": {
            "adjustment_type": "",
            "arn": "arn:aws:autoscaling:us-east-1:945116902499:scalingPolicy:1e5501db-1884-49ef-b684-8b78e9ef8fa1:autoScalingGroupName/Kan-Sym-PRD-WebApp_asg_Linux:policyName/Kan-Sym-PRD-WebApp_autoscaling_Linux",
            "autoscaling_group_name": "Kan-Sym-PRD-WebApp_asg_Linux",
            "cooldown": 0,
            "estimated_instance_warmup": 90,
            "id": "Kan-Sym-PRD-WebApp_autoscaling_Linux",
            "metric_aggregation_type": "",
            "min_adjustment_magnitude": null,
            "min_adjustment_step": null,
            "name": "Kan-Sym-PRD-WebApp_autoscaling_Linux",
            "policy_type": "TargetTrackingScaling",
            "scaling_adjustment": 0,
            "step_adjustment": [],
            "target_tracking_configuration": [
              {
                "customized_metric_specification": [],
                "disable_scale_in": false,
                "predefined_metric_specification": [
                  {
                    "predefined_metric_type": "ASGAverageCPUUtilization",
                    "resource_label": ""
                  }
                ],
                "target_value": 70
              }
            ]
          },
          "private": "bnVsbA==",
          "dependencies": [
            "aws_autoscaling_group.ecs-cluster",
            "aws_ecs_cluster.ecs_cluster",
            "aws_iam_instance_profile.ecs-ec2-role",
            "aws_launch_configuration.ecs-cluster-lc"
          ]
        }
      ]
    },
    {
      "mode": "managed",
      "type": "aws_autoscaling_policy",
      "name": "ecs-cluster-2",
      "each": "list",
      "provider": "provider.aws",
      "instances": [
        {
          "index_key": 0,
          "schema_version": 0,
          "attributes": {
            "adjustment_type": "",
            "arn": "arn:aws:autoscaling:us-east-1:945116902499:scalingPolicy:ed8d2cae-c7ee-4e01-b7e9-ee52a4e6d844:autoScalingGroupName/Kan-Sym-PRD-WebApp_asg_Windows:policyName/Kan-Sym-PRD-WebApp_autoscaling_Windows",
            "autoscaling_group_name": "Kan-Sym-PRD-WebApp_asg_Windows",
            "cooldown": 0,
            "estimated_instance_warmup": 90,
            "id": "Kan-Sym-PRD-WebApp_autoscaling_Windows",
            "metric_aggregation_type": "",
            "min_adjustment_magnitude": null,
            "min_adjustment_step": null,
            "name": "Kan-Sym-PRD-WebApp_autoscaling_Windows",
            "policy_type": "TargetTrackingScaling",
            "scaling_adjustment": 0,
            "step_adjustment": [],
            "target_tracking_configuration": [
              {
                "customized_metric_specification": [],
                "disable_scale_in": false,
                "predefined_metric_specification": [
                  {
                    "predefined_metric_type": "ASGAverageCPUUtilization",
                    "resource_label": ""
                  }
                ],
                "target_value": 70
              }
            ]
          },
          "private": "bnVsbA==",
          "dependencies": [
            "aws_autoscaling_group.ecs-cluster-2",
            "aws_ecs_cluster.ecs_cluster",
            "aws_iam_instance_profile.ecs-ec2-role",
            "aws_launch_configuration.ecs-cluster-lc-2"
          ]
        }
      ]
    },
    {
      "mode": "managed",
      "type": "aws_cloudwatch_log_group",
      "name": "ecs_service",
      "provider": "provider.aws",
      "instances": [
        {
          "schema_version": 0,
          "attributes": {
            "arn": "arn:aws:logs:us-east-1:945116902499:log-group:/Kan-Sym-PRD-WebApp/Kan-Sym-PRD-WebApp_logs:*",
            "id": "/Kan-Sym-PRD-WebApp/Kan-Sym-PRD-WebApp_logs",
            "kms_key_id": "",
            "name": "/Kan-Sym-PRD-WebApp/Kan-Sym-PRD-WebApp_logs",
            "name_prefix": null,
            "retention_in_days": 0,
            "tags": null
          },
          "private": "bnVsbA=="
        }
      ]
    },
    {
      "mode": "managed",
      "type": "aws_ecs_cluster",
      "name": "ecs_cluster",
      "provider": "provider.aws",
      "instances": [
        {
          "schema_version": 0,
          "attributes": {
            "arn": "arn:aws:ecs:us-east-1:945116902499:cluster/Kan-Sym-PRD-WebApp",
            "capacity_providers": null,
            "default_capacity_provider_strategy": [],
            "id": "arn:aws:ecs:us-east-1:945116902499:cluster/Kan-Sym-PRD-WebApp",
            "name": "Kan-Sym-PRD-WebApp",
            "setting": [
              {
                "name": "containerInsights",
                "value": "disabled"
              }
            ],
            "tags": null
          },
          "private": "bnVsbA=="
        }
      ]
    },
    {
      "mode": "managed",
      "type": "aws_ecs_service",
      "name": "ecs_service",
      "each": "list",
      "provider": "provider.aws",
      "instances": [
        {
          "index_key": 0,
          "schema_version": 0,
          "attributes": {
            "capacity_provider_strategy": [],
            "cluster": "arn:aws:ecs:us-east-1:945116902499:cluster/Kan-Sym-PRD-WebApp",
            "deployment_controller": [
              {
                "type": "ECS"
              }
            ],
            "deployment_maximum_percent": 200,
            "deployment_minimum_healthy_percent": 100,
            "desired_count": 2,
            "enable_ecs_managed_tags": false,
            "health_check_grace_period_seconds": 0,
            "iam_role": "ecs-service-role",
            "id": "arn:aws:ecs:us-east-1:945116902499:service/Kan-Sym-PRD-WebApp-trace",
            "launch_type": "EC2",
            "load_balancer": [
              {
                "container_name": "Kan-Sym-PRD-WebApp-trace",
                "container_port": 443,
                "elb_name": "",
                "target_group_arn": "arn:aws:elasticloadbalancing:us-east-1:945116902499:targetgroup/Kan-Sym-PRD-WebApp-trace/39d28b7c4aae82a5"
              }
            ],
            "name": "Kan-Sym-PRD-WebApp-trace",
            "network_configuration": [],
            "ordered_placement_strategy": [],
            "placement_constraints": [
              {
                "expression": "attribute:ecs.os-type==linux",
                "type": "memberOf"
              }
            ],
            "placement_strategy": [],
            "platform_version": "",
            "propagate_tags": "NONE",
            "scheduling_strategy": "REPLICA",
            "service_registries": [],
            "tags": null,
            "task_definition": "arn:aws:ecs:us-east-1:945116902499:task-definition/Kan-Sym-PRD-WebApp-trace:12"
          },
          "private": "bnVsbA==",
          "dependencies": [
            "aws_alb.aws_ecs_alb",
            "aws_alb_listener.front_end",
            "aws_alb_listener_rule.listener_rule",
            "aws_alb_target_group.ecs-group",
            "aws_ecs_cluster.ecs_cluster",
            "aws_ecs_task_definition.ecs_service",
            "aws_iam_role_policy_attachment.ecs-service-attach"
          ]
        },
        {
          "index_key": 1,
          "schema_version": 0,
          "attributes": {
            "capacity_provider_strategy": [],
            "cluster": "arn:aws:ecs:us-east-1:945116902499:cluster/Kan-Sym-PRD-WebApp",
            "deployment_controller": [
              {
                "type": "ECS"
              }
            ],
            "deployment_maximum_percent": 200,
            "deployment_minimum_healthy_percent": 100,
            "desired_count": 2,
            "enable_ecs_managed_tags": false,
            "health_check_grace_period_seconds": 0,
            "iam_role": "ecs-service-role",
            "id": "arn:aws:ecs:us-east-1:945116902499:service/Kan-Sym-PRD-WebApp-webapp",
            "launch_type": "EC2",
            "load_balancer": [
              {
                "container_name": "Kan-Sym-PRD-WebApp-webapp",
                "container_port": 443,
                "elb_name": "",
                "target_group_arn": "arn:aws:elasticloadbalancing:us-east-1:945116902499:targetgroup/Kan-Sym-PRD-WebApp-webapp/f0900f49a402d10d"
              }
            ],
            "name": "Kan-Sym-PRD-WebApp-webapp",
            "network_configuration": [],
            "ordered_placement_strategy": [],
            "placement_constraints": [
              {
                "expression": "attribute:ecs.os-type==windows",
                "type": "memberOf"
              }
            ],
            "placement_strategy": [],
            "platform_version": "",
            "propagate_tags": "NONE",
            "scheduling_strategy": "REPLICA",
            "service_registries": [],
            "tags": null,
            "task_definition": "arn:aws:ecs:us-east-1:945116902499:task-definition/Kan-Sym-PRD-WebApp-webapp:18"
          },
          "private": "bnVsbA==",
          "dependencies": [
            "aws_alb.aws_ecs_alb",
            "aws_alb_listener.front_end",
            "aws_alb_listener_rule.listener_rule",
            "aws_alb_target_group.ecs-group",
            "aws_ecs_cluster.ecs_cluster",
            "aws_ecs_task_definition.ecs_service",
            "aws_iam_role_policy_attachment.ecs-service-attach"
          ]
        }
      ]
    },
    {
      "mode": "managed",
      "type": "aws_ecs_task_definition",
      "name": "ecs_service",
      "each": "list",
      "provider": "provider.aws",
      "instances": [
        {
          "index_key": 0,
          "schema_version": 1,
          "attributes": {
            "arn": "arn:aws:ecs:us-east-1:945116902499:task-definition/Kan-Sym-PRD-WebApp-trace:12",
            "container_definitions": "[{\"cpu\":0,\"environment\":[{\"name\":\"ASPNETCORE_HTTPS_PORT\",\"value\":\"443\"},{\"name\":\"ClientName\",\"value\":\"kansas\"},{\"name\":\"ASPNETCORE_ENVIRONMENT\",\"value\":\"Production\"},{\"name\":\"ASPNETCORE_URLS\",\"value\":\"https://+\"},{\"name\":\"AppName\",\"value\":\"prd\"}],\"essential\":true,\"image\":\"945116902499.dkr.ecr.us-east-1.amazonaws.com/trace:1.1.1\",\"logConfiguration\":{\"logDriver\":\"awslogs\",\"options\":{\"awslogs-group\":\"/Kan-Sym-PRD-WebApp/Kan-Sym-PRD-WebApp_logs\",\"awslogs-region\":\"us-east-1\",\"awslogs-stream-prefix\":\"ecs\"}},\"mountPoints\":[],\"name\":\"Kan-Sym-PRD-WebApp-trace\",\"portMappings\":[{\"containerPort\":443,\"hostPort\":0,\"protocol\":\"tcp\"}],\"volumesFrom\":[]}]",
            "cpu": "512",
            "execution_role_arn": "arn:aws:iam::945116902499:role/ecsTaskExecutionRole",
            "family": "Kan-Sym-PRD-WebApp-trace",
            "id": "Kan-Sym-PRD-WebApp-trace",
            "ipc_mode": "",
            "memory": "1025",
            "network_mode": "",
            "pid_mode": "",
            "placement_constraints": [
              {
                "expression": "attribute:ecs.os-type==linux",
                "type": "memberOf"
              }
            ],
            "proxy_configuration": [],
            "requires_compatibilities": null,
            "revision": 12,
            "tags": null,
            "task_role_arn": "arn:aws:iam::945116902499:role/ecsTaskExecutionRole",
            "volume": []
          },
          "private": "eyJzY2hlbWFfdmVyc2lvbiI6IjEifQ=="
        },
        {
          "index_key": 1,
          "schema_version": 1,
          "attributes": {
            "arn": "arn:aws:ecs:us-east-1:945116902499:task-definition/Kan-Sym-PRD-WebApp-webapp:18",
            "container_definitions": "[{\"cpu\":0,\"environment\":[{\"name\":\"ASPNETCORE_ENVIRONMENT\",\"value\":\"Production\"},{\"name\":\"ClientName\",\"value\":\"kansas\"},{\"name\":\"AppName\",\"value\":\"prd\"}],\"essential\":true,\"image\":\"945116902499.dkr.ecr.us-east-1.amazonaws.com/webapp:5.18.1.0.5\",\"mountPoints\":[],\"name\":\"Kan-Sym-PRD-WebApp-webapp\",\"portMappings\":[{\"containerPort\":443,\"hostPort\":0,\"protocol\":\"tcp\"}],\"volumesFrom\":[]}]",
            "cpu": "1024",
            "execution_role_arn": "arn:aws:iam::945116902499:role/ecsTaskExecutionRole",
            "family": "Kan-Sym-PRD-WebApp-webapp",
            "id": "Kan-Sym-PRD-WebApp-webapp",
            "ipc_mode": "",
            "memory": "2048",
            "network_mode": "",
            "pid_mode": "",
            "placement_constraints": [
              {
                "expression": "attribute:ecs.os-type==windows",
                "type": "memberOf"
              }
            ],
            "proxy_configuration": [],
            "requires_compatibilities": null,
            "revision": 18,
            "tags": null,
            "task_role_arn": "arn:aws:iam::945116902499:role/ecsTaskExecutionRole",
            "volume": []
          },
          "private": "eyJzY2hlbWFfdmVyc2lvbiI6IjEifQ=="
        }
      ]
    },
    {
      "mode": "managed",
      "type": "aws_ecs_task_definition",
      "name": "ecs_service_noalb",
      "each": "list",
      "provider": "provider.aws",
      "instances": [
        {
          "index_key": 0,
          "schema_version": 1,
          "attributes": {
            "arn": "arn:aws:ecs:us-east-1:945116902499:task-definition/Kan-Sym-PRD-WebApp-sqlexecutor:5",
            "container_definitions": "[{\"command\":[\"c:\\\\sqlexecutor\\\\PCS.SmartOrders.SQLExecutorRunner.exe\"],\"cpu\":0,\"environment\":[{\"name\":\"AWS_REGION\",\"value\":\"us-east-1\"},{\"name\":\"ClientName\",\"value\":\"kansas\"},{\"name\":\"ASPNETCORE_ENVIRONMENT\",\"value\":\"Production\"},{\"name\":\"SQLScriptsFolder\",\"value\":\"c:\\\\changescripts\"},{\"name\":\"Customer\",\"value\":\"kansas\"},{\"name\":\"AppName\",\"value\":\"prd\"}],\"essential\":true,\"image\":\"945116902499.dkr.ecr.us-east-1.amazonaws.com/sqlexecutor:5.18.1.0.7\",\"mountPoints\":[],\"name\":\"Kan-Sym-PRD-WebApp-sqlexecutor\",\"portMappings\":[],\"volumesFrom\":[]}]",
            "cpu": "1024",
            "execution_role_arn": "arn:aws:iam::945116902499:role/ecsTaskExecutionRole",
            "family": "Kan-Sym-PRD-WebApp-sqlexecutor",
            "id": "Kan-Sym-PRD-WebApp-sqlexecutor",
            "ipc_mode": "",
            "memory": "1024",
            "network_mode": "",
            "pid_mode": "",
            "placement_constraints": [
              {
                "expression": "attribute:ecs.os-type==windows",
                "type": "memberOf"
              }
            ],
            "proxy_configuration": [],
            "requires_compatibilities": null,
            "revision": 5,
            "tags": null,
            "task_role_arn": "arn:aws:iam::945116902499:role/ecsTaskExecutionRole",
            "volume": []
          },
          "private": "eyJzY2hlbWFfdmVyc2lvbiI6IjEifQ=="
        }
      ]
    },
    {
      "mode": "managed",
      "type": "aws_iam_instance_profile",
      "name": "ecs-ec2-role",
      "provider": "provider.aws",
      "instances": [
        {
          "schema_version": 0,
          "attributes": {
            "arn": "arn:aws:iam::945116902499:instance-profile/Kan-Sym-PRD-WebApp-iam-instance-profile",
            "create_date": "2020-02-28T14:51:58Z",
            "id": "Kan-Sym-PRD-WebApp-iam-instance-profile",
            "name": "Kan-Sym-PRD-WebApp-iam-instance-profile",
            "name_prefix": null,
            "path": "/",
            "role": "ecs-ec2-role",
            "roles": [],
            "unique_id": "AIPA5YDK3ORRYPRAU6KAI"
          },
          "private": "bnVsbA=="
        }
      ]
    },
    {
      "mode": "managed",
      "type": "aws_iam_role_policy_attachment",
      "name": "ecs-service-attach",
      "provider": "provider.aws",
      "instances": [
        {
          "schema_version": 0,
          "attributes": {
            "id": "ecs-service-role-20200228145158411800000001",
            "policy_arn": "arn:aws:iam::aws:policy/service-role/AmazonEC2ContainerServiceRole",
            "role": "ecs-service-role"
          },
          "private": "bnVsbA=="
        }
      ]
    },
    {
      "mode": "managed",
      "type": "aws_launch_configuration",
      "name": "ecs-cluster-lc",
      "provider": "provider.aws",
      "instances": [
        {
          "schema_version": 0,
          "attributes": {
            "arn": "arn:aws:autoscaling:us-east-1:945116902499:launchConfiguration:6a6a8f62-109c-4c7f-be34-50b167f72d1b:launchConfigurationName/Kan-Sym-PRD-WebApp-lc-Linux20200228145208664800000002",
            "associate_public_ip_address": false,
            "ebs_block_device": [],
            "ebs_optimized": false,
            "enable_monitoring": true,
            "ephemeral_block_device": [],
            "iam_instance_profile": "Kan-Sym-PRD-WebApp-iam-instance-profile",
            "id": "Kan-Sym-PRD-WebApp-lc-Linux20200228145208664800000002",
            "image_id": "ami-00afc256a955c31b5",
            "instance_type": "t3.medium",
            "key_name": "Kansas-PRD-ECS-Key",
            "name": "Kan-Sym-PRD-WebApp-lc-Linux20200228145208664800000002",
            "name_prefix": "Kan-Sym-PRD-WebApp-lc-Linux",
            "placement_tenancy": null,
            "root_block_device": [],
            "security_groups": [
              "sg-07c8f0478fc628959"
            ],
            "spot_price": "",
            "user_data": "4d60c8da83f7e0d443d61d45923610c5bd4bc650",
            "user_data_base64": null,
            "vpc_classic_link_id": "",
            "vpc_classic_link_security_groups": null
          },
          "private": "bnVsbA==",
          "dependencies": [
            "aws_ecs_cluster.ecs_cluster",
            "aws_iam_instance_profile.ecs-ec2-role"
          ]
        }
      ]
    },
    {
      "mode": "managed",
      "type": "aws_launch_configuration",
      "name": "ecs-cluster-lc-2",
      "each": "list",
      "provider": "provider.aws",
      "instances": [
        {
          "index_key": 0,
          "schema_version": 0,
          "attributes": {
            "arn": "arn:aws:autoscaling:us-east-1:945116902499:launchConfiguration:856b57c5-4179-416f-aaf1-b1b0c83c9220:launchConfigurationName/Kan-Sym-PRD-WebApp-lc-Windows20200228145208676800000003",
            "associate_public_ip_address": false,
            "ebs_block_device": [],
            "ebs_optimized": false,
            "enable_monitoring": true,
            "ephemeral_block_device": [],
            "iam_instance_profile": "Kan-Sym-PRD-WebApp-iam-instance-profile",
            "id": "Kan-Sym-PRD-WebApp-lc-Windows20200228145208676800000003",
            "image_id": "ami-0eb7093437bbdc227",
            "instance_type": "t3.medium",
            "key_name": "Kansas-PRD-ECS-Key",
            "name": "Kan-Sym-PRD-WebApp-lc-Windows20200228145208676800000003",
            "name_prefix": "Kan-Sym-PRD-WebApp-lc-Windows",
            "placement_tenancy": null,
            "root_block_device": [],
            "security_groups": [
              "sg-07c8f0478fc628959"
            ],
            "spot_price": "",
            "user_data": "d00d397b576f7fd42763377043dc1070d620e9d9",
            "user_data_base64": null,
            "vpc_classic_link_id": "",
            "vpc_classic_link_security_groups": null
          },
          "private": "bnVsbA==",
          "dependencies": [
            "aws_ecs_cluster.ecs_cluster",
            "aws_iam_instance_profile.ecs-ec2-role"
          ]
        }
      ]
    },
    {
      "mode": "managed",
      "type": "aws_lb_listener",
      "name": "httptohttps",
      "provider": "provider.aws",
      "instances": [
        {
          "schema_version": 0,
          "attributes": {
            "arn": "arn:aws:elasticloadbalancing:us-east-1:945116902499:listener/app/Kan-Sym-PRD-WebApp-ELB/267531fe225c79f2/80d8130ca9c28215",
            "certificate_arn": null,
            "default_action": [
              {
                "authenticate_cognito": [],
                "authenticate_oidc": [],
                "fixed_response": [],
                "order": 1,
                "redirect": [
                  {
                    "host": "#{host}",
                    "path": "/#{path}",
                    "port": "443",
                    "protocol": "HTTPS",
                    "query": "#{query}",
                    "status_code": "HTTP_301"
                  }
                ],
                "target_group_arn": "",
                "type": "redirect"
              }
            ],
            "id": "arn:aws:elasticloadbalancing:us-east-1:945116902499:listener/app/Kan-Sym-PRD-WebApp-ELB/267531fe225c79f2/80d8130ca9c28215",
            "load_balancer_arn": "arn:aws:elasticloadbalancing:us-east-1:945116902499:loadbalancer/app/Kan-Sym-PRD-WebApp-ELB/267531fe225c79f2",
            "port": 80,
            "protocol": "HTTP",
            "ssl_policy": "",
            "timeouts": null
          },
          "private": "eyJlMmJmYjczMC1lY2FhLTExZTYtOGY4OC0zNDM2M2JjN2M0YzAiOnsicmVhZCI6NjAwMDAwMDAwMDAwfX0=",
          "dependencies": [
            "aws_alb.aws_ecs_alb"
          ]
        }
      ]
    }
  ]
}
