{
  "version": 4,
  "terraform_version": "0.12.18",
  "serial": 12,
  "lineage": "d38f459f-3756-bff1-766e-d6edf2327cea",
  "outputs": {},
  "resources": [
    {
      "mode": "managed",
      "type": "aws_cloudwatch_event_rule",
      "name": "cron_minute",
      "provider": "provider.aws",
      "instances": [
        {
          "schema_version": 0,
          "attributes": {
            "arn": "arn:aws:events:us-east-1:660751646273:rule/cron-minute-lambda",
            "description": "",
            "event_pattern": null,
            "id": "cron-minute-lambda",
            "is_enabled": true,
            "name": "cron-minute-lambda",
            "name_prefix": null,
            "role_arn": "",
            "schedule_expression": "rate(1 minute)",
            "tags": {}
          }
        }
      ]
    },
    {
      "mode": "managed",
      "type": "aws_s3_bucket",
      "name": "static_lb",
      "provider": "provider.aws",
      "instances": [
        {
          "schema_version": 0,
          "attributes": {
            "acceleration_status": "",
            "acl": "private",
            "arn": "arn:aws:s3:::kan-sym-nlb",
            "bucket": "kan-sym-nlb",
            "bucket_domain_name": "kan-sym-nlb.s3.amazonaws.com",
            "bucket_prefix": null,
            "bucket_regional_domain_name": "kan-sym-nlb.s3.amazonaws.com",
            "cors_rule": [],
            "force_destroy": false,
            "hosted_zone_id": "Z3AQBSTGFYJSTF",
            "id": "kan-sym-nlb",
            "lifecycle_rule": [],
            "logging": [],
            "object_lock_configuration": [],
            "policy": null,
            "region": "us-east-1",
            "replication_configuration": [],
            "request_payer": "BucketOwner",
            "server_side_encryption_configuration": [],
            "tags": {},
            "versioning": [
              {
                "enabled": false,
                "mfa_delete": false
              }
            ],
            "website": [],
            "website_domain": null,
            "website_endpoint": null
          }
        }
      ]
    }
  ]
}
