[0m[1mRefreshing Terraform state in-memory prior to plan...[0m
The refreshed state will be used to calculate this plan, but will not be
persisted to local or remote state storage.
[0m

------------------------------------------------------------------------

An execution plan has been generated and is shown below.
Resource actions are indicated with the following symbols:
  [32m+[0m create
[0m
Terraform will perform the following actions:

[1m  # aws_sns_topic.usage_notifications[0m will be created[0m[0m
[0m  [32m+[0m[0m resource "aws_sns_topic" "usage_notifications" {
      [32m+[0m [0m[1m[0marn[0m[0m    = (known after apply)
      [32m+[0m [0m[1m[0mid[0m[0m     = (known after apply)
      [32m+[0m [0m[1m[0mname[0m[0m   = "usage-notifications-symphony"
      [32m+[0m [0m[1m[0mpolicy[0m[0m = (known after apply)
    }

[1m  # null_resource.sns_subscribe[0][0m will be created[0m[0m
[0m  [32m+[0m[0m resource "null_resource" "sns_subscribe" {
      [32m+[0m [0m[1m[0mid[0m[0m       = (known after apply)
      [32m+[0m [0m[1m[0mtriggers[0m[0m = (known after apply)
    }

[1m  # null_resource.sns_subscribe[1][0m will be created[0m[0m
[0m  [32m+[0m[0m resource "null_resource" "sns_subscribe" {
      [32m+[0m [0m[1m[0mid[0m[0m       = (known after apply)
      [32m+[0m [0m[1m[0mtriggers[0m[0m = (known after apply)
    }

[1m  # null_resource.sns_subscribe[2][0m will be created[0m[0m
[0m  [32m+[0m[0m resource "null_resource" "sns_subscribe" {
      [32m+[0m [0m[1m[0mid[0m[0m       = (known after apply)
      [32m+[0m [0m[1m[0mtriggers[0m[0m = (known after apply)
    }

[1m  # null_resource.sns_subscribe[3][0m will be created[0m[0m
[0m  [32m+[0m[0m resource "null_resource" "sns_subscribe" {
      [32m+[0m [0m[1m[0mid[0m[0m       = (known after apply)
      [32m+[0m [0m[1m[0mtriggers[0m[0m = (known after apply)
    }

[0m[1mPlan:[0m 5 to add, 0 to change, 0 to destroy.[0m

------------------------------------------------------------------------

Note: You didn't specify an "-out" parameter to save this plan, so Terraform
can't guarantee that exactly these actions will be performed if
"terraform apply" is subsequently run.

