{
  "version": 4,
  "terraform_version": "0.12.18",
  "serial": 16,
  "lineage": "25c71752-3487-339d-3432-b6a44806c5e3",
  "outputs": {
    "alb_output": {
      "value": "internal-Sym-Kan-Dev-WebApp-ELB-1019652322.us-east-1.elb.amazonaws.com",
      "type": "string"
    }
  },
  "resources": [
    {
      "mode": "data",
      "type": "aws_subnet_ids",
      "name": "subnet_ids",
      "provider": "provider.aws",
      "instances": [
        {
          "schema_version": 0,
          "attributes": {
            "filter": [
              {
                "name": "tag:Name",
                "values": [
                  "Main_Dev_App_AZ-A",
                  "Main_Dev_App_AZ-B"
                ]
              }
            ],
            "id": "vpc-029d60b71bb0bd543",
            "ids": [
              "subnet-0596b03aaa6c35d59",
              "subnet-0759537484dd6cb76"
            ],
            "tags": null,
            "vpc_id": "vpc-029d60b71bb0bd543"
          }
        }
      ]
    },
    {
      "mode": "data",
      "type": "aws_vpc",
      "name": "vpc_id",
      "provider": "provider.aws",
      "instances": [
        {
          "schema_version": 0,
          "attributes": {
            "arn": "arn:aws:ec2:us-east-1:022705868532:vpc/vpc-029d60b71bb0bd543",
            "cidr_block": "10.126.68.0/24",
            "cidr_block_associations": [
              {
                "association_id": "vpc-cidr-assoc-01bda24e8a7d55c11",
                "cidr_block": "10.126.68.0/24",
                "state": "associated"
              }
            ],
            "default": false,
            "dhcp_options_id": "dopt-8f04f7f5",
            "enable_dns_hostnames": true,
            "enable_dns_support": true,
            "filter": [
              {
                "name": "tag:Name",
                "values": [
                  "Main_Dev_App_VPC"
                ]
              }
            ],
            "id": "vpc-029d60b71bb0bd543",
            "instance_tenancy": "default",
            "ipv6_association_id": null,
            "ipv6_cidr_block": null,
            "main_route_table_id": "rtb-0dfd12f743530e5a2",
            "owner_id": "022705868532",
            "state": "available",
            "tags": {
              "Name": "Main_Dev_App_VPC"
            }
          }
        }
      ]
    },
    {
      "mode": "data",
      "type": "template_file",
      "name": "ecs-cluster",
      "provider": "provider.template",
      "instances": [
        {
          "schema_version": 0,
          "attributes": {
            "filename": null,
            "id": "808dc928cfcb3f68403d64c729504fb39978fa43eddc8e5bf23119c805036abe",
            "rendered": "#!/bin/bash\nsudo mkdir -p /etc/ecs\necho ECS_CLUSTER=Sym-Kan-Dev-WebApp \u003e\u003e /etc/ecs/ecs.config\n\nsudo yum install -y wget unzip zip\n\necho -e \"INFO: Downloading RedCloak Agent ... \\c\"\nsudo wget -q http://jenkins-awsops-prod.sym-adv.com:8000/redcloak-1.2.8.0-0.x86_64.rpm\n[ $? -ne 0 ] \u0026\u0026 echo \"Failed.\" || echo \"Success.\"\n\necho -e \"INFO: Installing RedCloak Agent ... \\c\"\nsudo yum localinstall -y redcloak-1.2.8.0-0.x86_64.rpm \u003e/tmp/redcloak-1.2.8.0-0.x86_64.log 2\u003e\u00261\n[ $? -ne 0 ] \u0026\u0026 echo \"Failed.\" || echo \"Success.\"\nsudo cat /tmp/redcloak-1.2.8.0-0.x86_64.log\n\nsudo service redcloak status\nsudo /var/opt/secureworks/redcloak/bin/redcloak --check\n\nsudo rpm -ivh https://dl.fedoraproject.org/pub/epel/epel-release-latest-7.noarch.rpm\nsudo yum install collectd -y\nyum remove epel-release -y\n\nwget -P /tmp/ https://s3.amazonaws.com/amazoncloudwatch-agent/amazon_linux/amd64/latest/amazon-cloudwatch-agent.rpm\nsudo yum localinstall /tmp/amazon-cloudwatch-agent.rpm -y\n\nwget -P /tmp/ https://symphony-software-catalog.s3.amazonaws.com/Agent/Linux/CloudWatch/linux+config.json\nsudo cp /tmp/config.json_linux /opt/aws/amazon-cloudwatch-agent/bin/config.json\nsudo /opt/aws/amazon-cloudwatch-agent/bin/amazon-cloudwatch-agent-ctl -a fetch-config \\\n     -m ec2 -c file:/opt/aws/amazon-cloudwatch-agent/bin/config.json -s\n\n",
            "template": "#!/bin/bash\nsudo mkdir -p /etc/ecs\necho ECS_CLUSTER=${ecs_cluster} \u003e\u003e /etc/ecs/ecs.config\n\nsudo yum install -y wget unzip zip\n\necho -e \"INFO: Downloading RedCloak Agent ... \\c\"\nsudo wget -q http://jenkins-awsops-prod.sym-adv.com:8000/redcloak-1.2.8.0-0.x86_64.rpm\n[ $? -ne 0 ] \u0026\u0026 echo \"Failed.\" || echo \"Success.\"\n\necho -e \"INFO: Installing RedCloak Agent ... \\c\"\nsudo yum localinstall -y redcloak-1.2.8.0-0.x86_64.rpm \u003e/tmp/redcloak-1.2.8.0-0.x86_64.log 2\u003e\u00261\n[ $? -ne 0 ] \u0026\u0026 echo \"Failed.\" || echo \"Success.\"\nsudo cat /tmp/redcloak-1.2.8.0-0.x86_64.log\n\nsudo service redcloak status\nsudo /var/opt/secureworks/redcloak/bin/redcloak --check\n\nsudo rpm -ivh https://dl.fedoraproject.org/pub/epel/epel-release-latest-7.noarch.rpm\nsudo yum install collectd -y\nyum remove epel-release -y\n\nwget -P /tmp/ https://s3.amazonaws.com/amazoncloudwatch-agent/amazon_linux/amd64/latest/amazon-cloudwatch-agent.rpm\nsudo yum localinstall /tmp/amazon-cloudwatch-agent.rpm -y\n\nwget -P /tmp/ https://symphony-software-catalog.s3.amazonaws.com/Agent/Linux/CloudWatch/linux+config.json\nsudo cp /tmp/config.json_linux /opt/aws/amazon-cloudwatch-agent/bin/config.json\nsudo /opt/aws/amazon-cloudwatch-agent/bin/amazon-cloudwatch-agent-ctl -a fetch-config \\\n     -m ec2 -c file:/opt/aws/amazon-cloudwatch-agent/bin/config.json -s\n\n",
            "vars": {
              "ecs_cluster": "Sym-Kan-Dev-WebApp"
            }
          }
        }
      ]
    },
    {
      "mode": "data",
      "type": "template_file",
      "name": "ecs-cluster-2",
      "provider": "provider.template",
      "instances": [
        {
          "schema_version": 0,
          "attributes": {
            "filename": null,
            "id": "b187b58354aeb1a2e87a3815f81d2c25bbd3d3897242c7f8daa1dc15dae290b6",
            "rendered": "\u003cpowershell\u003e\n[Environment]::SetEnvironmentVariable(\"ECS_ENABLE_CPU_UNBOUNDED_WINDOWS_WORKAROUND\", \"true\", \"Machine\")\n[Environment]::SetEnvironmentVariable(\"ECS_DISABLE_METRICS\", \"false\", \"Machine\")\nImport-Module ECSTools\nInitialize-ECSAgent -Cluster Sym-Kan-Dev-WebApp  -EnableTaskIAMRole\nSet-ExecutionPolicy Bypass -Force;\n\niex ((New-Object System.Net.WebClient).DownloadString('https://chocolatey.org/install.ps1'));\nchoco install python3 -y;\n\n$Path = $env:TEMP;\n$Installer = \"chrome_installer.exe\";\nInvoke-WebRequest \"http://dl.google.com/chrome/install/375.126/$Installer\" -OutFile $Path\\$Installer;\nStart-Process -FilePath $Path\\$Installer -Args \"/silent /install\" -Verb RunAs -Wait;\nRemove-Item $Path\\$Installer\n\n$url = \"http://jenkins-awsops-prod.sym-adv.com:8000/redcloak.msi\"\n$output = \"C:\\Windows\\Temp\\redcloak.msi\"\nInvoke-WebRequest -Uri $url -OutFile $output\nmsiexec /i C:\\Windows\\Temp\\redcloak.msi /quiet /qn\n\n$parameters = @{\n        Uri = 'https://s3.amazonaws.com/amazoncloudwatch-agent/windows/amd64/latest/AmazonCloudWatchAgent.zip'\n        OutFile = \"$env:TEMP\\AmazonCloudWatchAgent.zip\"\n}\nInvoke-WebRequest @parameters\n\nExpand-Archive -Path \"$env:TEMP\\AmazonCloudWatchAgent.zip\" -DestinationPath \"$env:TEMP\\AmazonCloudWatchAgent\"\n\nSet-Location -Path \"$env:TEMP\\AmazonCloudWatchAgent\"\n.\\install.ps1\n\n$parameters = @{\n        Uri = 'https://symphony-software-catalog.s3.amazonaws.com/Agent/Windows/CloudWatch/Windows+config.json'\n        OutFile = \"C:\\Program Files\\Amazon\\AmazonCloudWatchAgent\\config.json\"\n}\nInvoke-WebRequest @parameters\n\nSet-Location -Path 'C:\\Program Files\\Amazon\\AmazonCloudWatchAgent\\'\n.\\amazon-cloudwatch-agent-ctl.ps1 -a fetch-config -m ec2 -c file:'C:\\Program Files\\Amazon\\AmazonCloudWatchAgent\\config.json' -s\n\n\nrefreshenv\n\n\u003c/powershell\u003e\n",
            "template": "\u003cpowershell\u003e\n[Environment]::SetEnvironmentVariable(\"ECS_ENABLE_CPU_UNBOUNDED_WINDOWS_WORKAROUND\", \"true\", \"Machine\")\n[Environment]::SetEnvironmentVariable(\"ECS_DISABLE_METRICS\", \"false\", \"Machine\")\nImport-Module ECSTools\nInitialize-ECSAgent -Cluster ${ecs_cluster}  -EnableTaskIAMRole\nSet-ExecutionPolicy Bypass -Force;\n\niex ((New-Object System.Net.WebClient).DownloadString('https://chocolatey.org/install.ps1'));\nchoco install python3 -y;\n\n$Path = $env:TEMP;\n$Installer = \"chrome_installer.exe\";\nInvoke-WebRequest \"http://dl.google.com/chrome/install/375.126/$Installer\" -OutFile $Path\\$Installer;\nStart-Process -FilePath $Path\\$Installer -Args \"/silent /install\" -Verb RunAs -Wait;\nRemove-Item $Path\\$Installer\n\n$url = \"http://jenkins-awsops-prod.sym-adv.com:8000/redcloak.msi\"\n$output = \"C:\\Windows\\Temp\\redcloak.msi\"\nInvoke-WebRequest -Uri $url -OutFile $output\nmsiexec /i C:\\Windows\\Temp\\redcloak.msi /quiet /qn\n\n$parameters = @{\n        Uri = 'https://s3.amazonaws.com/amazoncloudwatch-agent/windows/amd64/latest/AmazonCloudWatchAgent.zip'\n        OutFile = \"$env:TEMP\\AmazonCloudWatchAgent.zip\"\n}\nInvoke-WebRequest @parameters\n\nExpand-Archive -Path \"$env:TEMP\\AmazonCloudWatchAgent.zip\" -DestinationPath \"$env:TEMP\\AmazonCloudWatchAgent\"\n\nSet-Location -Path \"$env:TEMP\\AmazonCloudWatchAgent\"\n.\\install.ps1\n\n$parameters = @{\n        Uri = 'https://symphony-software-catalog.s3.amazonaws.com/Agent/Windows/CloudWatch/Windows+config.json'\n        OutFile = \"C:\\Program Files\\Amazon\\AmazonCloudWatchAgent\\config.json\"\n}\nInvoke-WebRequest @parameters\n\nSet-Location -Path 'C:\\Program Files\\Amazon\\AmazonCloudWatchAgent\\'\n.\\amazon-cloudwatch-agent-ctl.ps1 -a fetch-config -m ec2 -c file:'C:\\Program Files\\Amazon\\AmazonCloudWatchAgent\\config.json' -s\n\n\nrefreshenv\n\n\u003c/powershell\u003e\n",
            "vars": {
              "ecs_cluster": "Sym-Kan-Dev-WebApp"
            }
          }
        }
      ]
    },
    {
      "mode": "data",
      "type": "template_file",
      "name": "ecs-tasks",
      "each": "list",
      "provider": "provider.template",
      "instances": [
        {
          "index_key": 0,
          "schema_version": 0,
          "attributes": {
            "filename": null,
            "id": "a7855728b9375fc3a14faf36971cebba07b57192d50f8227a8e75aa709731096",
            "rendered": "[\n  {\n    \"name\": \"Sym-Kan-Dev-WebApp-trace\",\n    \"image\": \"945116902499.dkr.ecr.us-east-1.amazonaws.com/trace:1.1.1\",\n    \"essential\": true,\n    \"portMappings\": [\n      {\n        \"containerPort\": 443,\n        \"protocol\": \"tcp\",\n        \"hostPort\": 0\n      }\n    ],\n    \"environment\": [\n      {\n        \"name\": \"AppName\",\n        \"value\": \"prd\"\n      },\n      {\n        \"name\": \"ASPNETCORE_ENVIRONMENT\",\n        \"value\": \"Production\"\n      },\n      {\n        \"name\": \"ASPNETCORE_HTTPS_PORT\",\n        \"value\": \"443\"\n      },\n      {\n         \"name\": \"ASPNETCORE_URLS\",\n         \"value\": \"https://+\"\n      },\n      {\n        \"name\": \"ClientName\",\n        \"value\": \"kansas\"\n      }\n    ],\n    \"logConfiguration\": {\n      \"logDriver\": \"awslogs\",\n        \"options\": {\n          \"awslogs-group\": \"/Sym-Kan-Dev-WebApp/Sym-Kan-Dev-WebApp_logs\",\n          \"awslogs-region\": \"us-east-1\",\n          \"awslogs-stream-prefix\": \"ecs\"\n        }\n    }\n  }\n]\n",
            "template": "[\n  {\n    \"name\": \"${container_name}\",\n    \"image\": \"945116902499.dkr.ecr.us-east-1.amazonaws.com/trace:1.1.1\",\n    \"essential\": true,\n    \"portMappings\": [\n      {\n        \"containerPort\": 443,\n        \"protocol\": \"tcp\",\n        \"hostPort\": 0\n      }\n    ],\n    \"environment\": [\n      {\n        \"name\": \"AppName\",\n        \"value\": \"prd\"\n      },\n      {\n        \"name\": \"ASPNETCORE_ENVIRONMENT\",\n        \"value\": \"Production\"\n      },\n      {\n        \"name\": \"ASPNETCORE_HTTPS_PORT\",\n        \"value\": \"443\"\n      },\n      {\n         \"name\": \"ASPNETCORE_URLS\",\n         \"value\": \"https://+\"\n      },\n      {\n        \"name\": \"ClientName\",\n        \"value\": \"kansas\"\n      }\n    ],\n    \"logConfiguration\": {\n      \"logDriver\": \"awslogs\",\n        \"options\": {\n          \"awslogs-group\": \"/${Ecs_name}/${Ecs_name}_logs\",\n          \"awslogs-region\": \"us-east-1\",\n          \"awslogs-stream-prefix\": \"ecs\"\n        }\n    }\n  }\n]\n",
            "vars": {
              "Ecs_name": "Sym-Kan-Dev-WebApp",
              "container_name": "Sym-Kan-Dev-WebApp-trace",
              "myregion": "us-east-1"
            }
          }
        },
        {
          "index_key": 1,
          "schema_version": 0,
          "attributes": {
            "filename": null,
            "id": "c4cba346a232b7569dff631f0b93120b14b6e2a19e9baf4af32eb88ba6c5ce11",
            "rendered": "[\n  {\n    \"name\": \"Sym-Kan-Dev-WebApp-webapp\",\n    \"image\": \"945116902499.dkr.ecr.us-east-1.amazonaws.com/webapp:5.18.0.0.84\",\n    \"essential\": true,\n    \"portMappings\": [\n      {\n        \"containerPort\": 443,\n        \"protocol\": \"tcp\",\n        \"hostPort\": 0\n      }\n    ],\n    \"environment\": [\n      {\n        \"name\": \"AppName\",\n        \"value\": \"prd\"\n      },\n      {\n        \"name\": \"ASPNETCORE_ENVIRONMENT\",\n        \"value\": \"Production\"\n      },\n      {\n        \"name\": \"ClientName\",\n        \"value\": \"kansas\"\n      }\n    ],\n    \"placementConstraints\": [\n      {\n        \"type\": \"memberOf\",\n        \"expression\": \"attribute:ecs.os-type==windows\"\n      }\n    ]\n  }\n\n]\n",
            "template": "[\n  {\n    \"name\": \"${container_name}\",\n    \"image\": \"945116902499.dkr.ecr.us-east-1.amazonaws.com/webapp:5.18.0.0.84\",\n    \"essential\": true,\n    \"portMappings\": [\n      {\n        \"containerPort\": 443,\n        \"protocol\": \"tcp\",\n        \"hostPort\": 0\n      }\n    ],\n    \"environment\": [\n      {\n        \"name\": \"AppName\",\n        \"value\": \"prd\"\n      },\n      {\n        \"name\": \"ASPNETCORE_ENVIRONMENT\",\n        \"value\": \"Production\"\n      },\n      {\n        \"name\": \"ClientName\",\n        \"value\": \"kansas\"\n      }\n    ],\n    \"placementConstraints\": [\n      {\n        \"type\": \"memberOf\",\n        \"expression\": \"attribute:ecs.os-type==windows\"\n      }\n    ]\n  }\n\n]\n",
            "vars": {
              "Ecs_name": "Sym-Kan-Dev-WebApp",
              "container_name": "Sym-Kan-Dev-WebApp-webapp",
              "myregion": "us-east-1"
            }
          }
        }
      ]
    },
    {
      "mode": "data",
      "type": "template_file",
      "name": "ecs-tasks-noalb",
      "each": "list",
      "provider": "provider.template",
      "instances": [
        {
          "index_key": 0,
          "schema_version": 0,
          "attributes": {
            "filename": null,
            "id": "e89fe6cbb1bfe3dae64ecbf87de764688429f888055b15e6510bbefb39efa794",
            "rendered": "[\n  {\n    \"name\": \"Sym-Kan-Dev-WebApp-sqlexecutor\",\n    \"essential\": true,\n    \"image\": \"945116902499.dkr.ecr.us-east-1.amazonaws.com/sqlexecutor:5.18.1.0.7\",\n    \"portMappings\": [],\n    \"command\": [\n      \"c:\\\\sqlexecutor\\\\PCS.SmartOrders.SQLExecutorRunner.exe\"\n    ],\n    \"environment\": [\n      {\n        \"name\": \"AppName\",\n        \"value\": \"prd\"\n      },\n      {\n\n        \"name\": \"ASPNETCORE_ENVIRONMENT\",\n        \"value\": \"Production\"\n      },\n      {\n        \"name\": \"AWS_REGION\",\n        \"value\": \"us-east-1\"\n      },\n      {\n        \"name\": \"ClientName\",\n        \"value\": \"kansas\"\n      },\n      {\n        \"name\": \"Customer\",\n        \"value\": \"kansas\"\n      },\n      {\n        \"name\": \"SQLScriptsFolder\",\n        \"value\": \"c:\\\\changescripts\"\n      }\n    ],\n    \"placementConstraints\": [\n      {\n        \"type\": \"memberOf\",\n        \"expression\": \"attribute:ecs.os-type==windows\"\n      }\n    ],\n    \"requiresAttributes\": [\n      {\n        \"targetId\": null,\n        \"targetType\": null,\n        \"value\": null,\n        \"name\": \"com.amazonaws.ecs.capability.ecr-auth\"\n      },\n      {\n        \"targetId\": null,\n        \"targetType\": null,\n        \"value\": null,\n        \"name\": \"com.amazonaws.ecs.capability.task-iam-role\"\n      },\n      {\n        \"targetId\": null,\n        \"targetType\": null,\n        \"value\": null,\n        \"name\": \"ecs.capability.execution-role-ecr-pull\"\n      }\n    ]\n  }\n]\n",
            "template": "[\n  {\n    \"name\": \"${container_name}\",\n    \"essential\": true,\n    \"image\": \"945116902499.dkr.ecr.us-east-1.amazonaws.com/sqlexecutor:5.18.1.0.7\",\n    \"portMappings\": [],\n    \"command\": [\n      \"c:\\\\sqlexecutor\\\\PCS.SmartOrders.SQLExecutorRunner.exe\"\n    ],\n    \"environment\": [\n      {\n        \"name\": \"AppName\",\n        \"value\": \"prd\"\n      },\n      {\n\n        \"name\": \"ASPNETCORE_ENVIRONMENT\",\n        \"value\": \"Production\"\n      },\n      {\n        \"name\": \"AWS_REGION\",\n        \"value\": \"us-east-1\"\n      },\n      {\n        \"name\": \"ClientName\",\n        \"value\": \"kansas\"\n      },\n      {\n        \"name\": \"Customer\",\n        \"value\": \"kansas\"\n      },\n      {\n        \"name\": \"SQLScriptsFolder\",\n        \"value\": \"c:\\\\changescripts\"\n      }\n    ],\n    \"placementConstraints\": [\n      {\n        \"type\": \"memberOf\",\n        \"expression\": \"attribute:ecs.os-type==windows\"\n      }\n    ],\n    \"requiresAttributes\": [\n      {\n        \"targetId\": null,\n        \"targetType\": null,\n        \"value\": null,\n        \"name\": \"com.amazonaws.ecs.capability.ecr-auth\"\n      },\n      {\n        \"targetId\": null,\n        \"targetType\": null,\n        \"value\": null,\n        \"name\": \"com.amazonaws.ecs.capability.task-iam-role\"\n      },\n      {\n        \"targetId\": null,\n        \"targetType\": null,\n        \"value\": null,\n        \"name\": \"ecs.capability.execution-role-ecr-pull\"\n      }\n    ]\n  }\n]\n",
            "vars": {
              "Ecs_name": "Sym-Kan-Dev-WebApp",
              "container_name": "Sym-Kan-Dev-WebApp-sqlexecutor",
              "myregion": "us-east-1"
            }
          }
        }
      ]
    },
    {
      "mode": "managed",
      "type": "aws_alb",
      "name": "aws_ecs_alb",
      "provider": "provider.aws",
      "instances": [
        {
          "schema_version": 0,
          "attributes": {
            "access_logs": [
              {
                "bucket": "",
                "enabled": false,
                "prefix": ""
              }
            ],
            "arn": "arn:aws:elasticloadbalancing:us-east-1:022705868532:loadbalancer/app/Sym-Kan-Dev-WebApp-ELB/6b477ab58685ed00",
            "arn_suffix": "app/Sym-Kan-Dev-WebApp-ELB/6b477ab58685ed00",
            "dns_name": "internal-Sym-Kan-Dev-WebApp-ELB-1019652322.us-east-1.elb.amazonaws.com",
            "drop_invalid_header_fields": false,
            "enable_cross_zone_load_balancing": null,
            "enable_deletion_protection": false,
            "enable_http2": true,
            "id": "arn:aws:elasticloadbalancing:us-east-1:022705868532:loadbalancer/app/Sym-Kan-Dev-WebApp-ELB/6b477ab58685ed00",
            "idle_timeout": 600,
            "internal": true,
            "ip_address_type": "ipv4",
            "load_balancer_type": "application",
            "name": "Sym-Kan-Dev-WebApp-ELB",
            "name_prefix": null,
            "security_groups": [
              "sg-06b75e52a1e1d3449"
            ],
            "subnet_mapping": [
              {
                "allocation_id": "",
                "subnet_id": "subnet-0596b03aaa6c35d59"
              },
              {
                "allocation_id": "",
                "subnet_id": "subnet-0759537484dd6cb76"
              }
            ],
            "subnets": [
              "subnet-0596b03aaa6c35d59",
              "subnet-0759537484dd6cb76"
            ],
            "tags": {
              "app_version": "3.4.0",
              "backup_frequency": "Never",
              "backup_vault": "-N/A-",
              "billing_type": "Client",
              "client_name": "Kansas",
              "environment_name": "Production",
              "project_name": "Symphony",
              "security_zone": "DMZ",
              "service_name": "ASG",
              "service_role": "ECS"
            },
            "timeouts": null,
            "vpc_id": "vpc-029d60b71bb0bd543",
            "zone_id": "Z35SXDOTRQ7X7K"
          },
          "private": "eyJlMmJmYjczMC1lY2FhLTExZTYtOGY4OC0zNDM2M2JjN2M0YzAiOnsiY3JlYXRlIjo2MDAwMDAwMDAwMDAsImRlbGV0ZSI6NjAwMDAwMDAwMDAwLCJ1cGRhdGUiOjYwMDAwMDAwMDAwMH19",
          "dependencies": [
            "aws_security_group.security_group"
          ]
        }
      ]
    },
    {
      "mode": "managed",
      "type": "aws_alb_listener_rule",
      "name": "listener_rule",
      "each": "list",
      "provider": "provider.aws",
      "instances": []
    },
    {
      "mode": "managed",
      "type": "aws_alb_target_group",
      "name": "ecs-group",
      "each": "list",
      "provider": "provider.aws",
      "instances": [
        {
          "index_key": 0,
          "schema_version": 0,
          "attributes": {
            "arn": "arn:aws:elasticloadbalancing:us-east-1:022705868532:targetgroup/Sym-Kan-Dev-WebApp-trace/9f669611989b5145",
            "arn_suffix": "targetgroup/Sym-Kan-Dev-WebApp-trace/9f669611989b5145",
            "deregistration_delay": 300,
            "health_check": [
              {
                "enabled": true,
                "healthy_threshold": 5,
                "interval": 30,
                "matcher": "200",
                "path": "/traceapi/healthz",
                "port": "traffic-port",
                "protocol": "HTTPS",
                "timeout": 5,
                "unhealthy_threshold": 2
              }
            ],
            "id": "arn:aws:elasticloadbalancing:us-east-1:022705868532:targetgroup/Sym-Kan-Dev-WebApp-trace/9f669611989b5145",
            "lambda_multi_value_headers_enabled": false,
            "load_balancing_algorithm_type": "round_robin",
            "name": "Sym-Kan-Dev-WebApp-trace",
            "name_prefix": null,
            "port": 443,
            "protocol": "HTTPS",
            "proxy_protocol_v2": false,
            "slow_start": 0,
            "stickiness": [
              {
                "cookie_duration": 86400,
                "enabled": false,
                "type": "lb_cookie"
              }
            ],
            "tags": {
              "app_version": "3.4.0",
              "backup_frequency": "Never",
              "backup_vault": "-N/A-",
              "billing_type": "Client",
              "client_name": "Kansas",
              "environment_name": "Production",
              "project_name": "Symphony",
              "security_zone": "DMZ",
              "service_name": "ASG",
              "service_role": "ECS"
            },
            "target_type": "instance",
            "vpc_id": "vpc-029d60b71bb0bd543"
          },
          "private": "bnVsbA==",
          "dependencies": [
            "aws_alb.aws_ecs_alb",
            "aws_security_group.security_group"
          ]
        },
        {
          "index_key": 1,
          "schema_version": 0,
          "attributes": {
            "arn": "arn:aws:elasticloadbalancing:us-east-1:022705868532:targetgroup/Sym-Kan-Dev-WebApp-webapp/2c0b05a3de02cd6d",
            "arn_suffix": "targetgroup/Sym-Kan-Dev-WebApp-webapp/2c0b05a3de02cd6d",
            "deregistration_delay": 300,
            "health_check": [
              {
                "enabled": true,
                "healthy_threshold": 5,
                "interval": 30,
                "matcher": "302",
                "path": "/",
                "port": "traffic-port",
                "protocol": "HTTPS",
                "timeout": 5,
                "unhealthy_threshold": 2
              }
            ],
            "id": "arn:aws:elasticloadbalancing:us-east-1:022705868532:targetgroup/Sym-Kan-Dev-WebApp-webapp/2c0b05a3de02cd6d",
            "lambda_multi_value_headers_enabled": false,
            "load_balancing_algorithm_type": "round_robin",
            "name": "Sym-Kan-Dev-WebApp-webapp",
            "name_prefix": null,
            "port": 443,
            "protocol": "HTTPS",
            "proxy_protocol_v2": false,
            "slow_start": 0,
            "stickiness": [
              {
                "cookie_duration": 86400,
                "enabled": false,
                "type": "lb_cookie"
              }
            ],
            "tags": {
              "app_version": "3.4.0",
              "backup_frequency": "Never",
              "backup_vault": "-N/A-",
              "billing_type": "Client",
              "client_name": "Kansas",
              "environment_name": "Production",
              "project_name": "Symphony",
              "security_zone": "DMZ",
              "service_name": "ASG",
              "service_role": "ECS"
            },
            "target_type": "instance",
            "vpc_id": "vpc-029d60b71bb0bd543"
          },
          "private": "bnVsbA==",
          "dependencies": [
            "aws_alb.aws_ecs_alb",
            "aws_security_group.security_group"
          ]
        }
      ]
    },
    {
      "mode": "managed",
      "type": "aws_autoscaling_group",
      "name": "ecs-cluster",
      "provider": "provider.aws",
      "instances": []
    },
    {
      "mode": "managed",
      "type": "aws_autoscaling_group",
      "name": "ecs-cluster-2",
      "each": "list",
      "provider": "provider.aws",
      "instances": []
    },
    {
      "mode": "managed",
      "type": "aws_autoscaling_notification",
      "name": "ecs_notification",
      "provider": "provider.aws",
      "instances": []
    },
    {
      "mode": "managed",
      "type": "aws_autoscaling_notification",
      "name": "ecs_notification-2",
      "each": "list",
      "provider": "provider.aws",
      "instances": []
    },
    {
      "mode": "managed",
      "type": "aws_autoscaling_policy",
      "name": "ecs-cluster",
      "provider": "provider.aws",
      "instances": []
    },
    {
      "mode": "managed",
      "type": "aws_autoscaling_policy",
      "name": "ecs-cluster-2",
      "each": "list",
      "provider": "provider.aws",
      "instances": []
    },
    {
      "mode": "managed",
      "type": "aws_cloudwatch_log_group",
      "name": "ecs_service",
      "provider": "provider.aws",
      "instances": [
        {
          "schema_version": 0,
          "attributes": {
            "arn": "arn:aws:logs:us-east-1:022705868532:log-group:/Sym-Kan-Dev-WebApp/Sym-Kan-Dev-WebApp_logs:*",
            "id": "/Sym-Kan-Dev-WebApp/Sym-Kan-Dev-WebApp_logs",
            "kms_key_id": "",
            "name": "/Sym-Kan-Dev-WebApp/Sym-Kan-Dev-WebApp_logs",
            "name_prefix": null,
            "retention_in_days": 0,
            "tags": {
              "app_version": "3.4.0",
              "backup_frequency": "Never",
              "backup_vault": "-N/A-",
              "billing_type": "Client",
              "client_name": "Kansas",
              "environment_name": "Production",
              "project_name": "Symphony",
              "security_zone": "DMZ",
              "service_name": "Cloudwatch",
              "service_role": "ECS"
            }
          },
          "private": "bnVsbA=="
        }
      ]
    },
    {
      "mode": "managed",
      "type": "aws_cloudwatch_metric_alarm",
      "name": "cpu_utilization",
      "each": "list",
      "provider": "provider.aws",
      "instances": [
        {
          "index_key": 0,
          "schema_version": 1,
          "attributes": {
            "actions_enabled": true,
            "alarm_actions": [
              "arn:aws:sns:us-east-1:022705868532:usage-notifications"
            ],
            "alarm_description": "This metric monitors ec2 cpu utilization",
            "alarm_name": "Kansas-CPUmetrix",
            "arn": "arn:aws:cloudwatch:us-east-1:022705868532:alarm:Kansas-CPUmetrix",
            "comparison_operator": "GreaterThanOrEqualToThreshold",
            "datapoints_to_alarm": 0,
            "dimensions": null,
            "evaluate_low_sample_count_percentiles": "",
            "evaluation_periods": 1,
            "extended_statistic": "",
            "id": "Kansas-CPUmetrix",
            "insufficient_data_actions": null,
            "metric_name": "CPUUtilization",
            "metric_query": [],
            "namespace": "AWS/EC2",
            "ok_actions": null,
            "period": 60,
            "statistic": "Average",
            "tags": {
              "app_version": "3.4.0",
              "backup_frequency": "Never",
              "backup_vault": "-N/A-",
              "billing_type": "Client",
              "client_name": "Kansas",
              "environment_name": "Production",
              "project_name": "Symphony",
              "security_zone": "DMZ",
              "service_name": "Cloudwatch",
              "service_role": "ECS"
            },
            "threshold": 70,
            "threshold_metric_id": "",
            "treat_missing_data": "missing",
            "unit": ""
          },
          "private": "eyJzY2hlbWFfdmVyc2lvbiI6IjEifQ==",
          "dependencies": [
            "aws_sns_topic.usage_notifications"
          ]
        }
      ]
    },
    {
      "mode": "managed",
      "type": "aws_ecs_cluster",
      "name": "ecs_cluster",
      "provider": "provider.aws",
      "instances": [
        {
          "schema_version": 0,
          "attributes": {
            "arn": "arn:aws:ecs:us-east-1:022705868532:cluster/Sym-Kan-Dev-WebApp",
            "capacity_providers": null,
            "default_capacity_provider_strategy": [],
            "id": "arn:aws:ecs:us-east-1:022705868532:cluster/Sym-Kan-Dev-WebApp",
            "name": "Sym-Kan-Dev-WebApp",
            "setting": [
              {
                "name": "containerInsights",
                "value": "disabled"
              }
            ],
            "tags": null
          },
          "private": "bnVsbA=="
        }
      ]
    },
    {
      "mode": "managed",
      "type": "aws_ecs_service",
      "name": "ecs_service",
      "each": "list",
      "provider": "provider.aws",
      "instances": []
    },
    {
      "mode": "managed",
      "type": "aws_ecs_task_definition",
      "name": "ecs_service",
      "each": "list",
      "provider": "provider.aws",
      "instances": []
    },
    {
      "mode": "managed",
      "type": "aws_ecs_task_definition",
      "name": "ecs_service_noalb",
      "each": "list",
      "provider": "provider.aws",
      "instances": []
    },
    {
      "mode": "managed",
      "type": "aws_iam_instance_profile",
      "name": "ecs-ec2-role",
      "provider": "provider.aws",
      "instances": [
        {
          "status": "tainted",
          "schema_version": 0,
          "attributes": {
            "arn": null,
            "create_date": null,
            "id": "Sym-Kan-Dev-WebApp-iam-instance-profile",
            "name": null,
            "name_prefix": null,
            "path": null,
            "role": null,
            "roles": null,
            "unique_id": null
          },
          "private": "bnVsbA=="
        }
      ]
    },
    {
      "mode": "managed",
      "type": "aws_launch_configuration",
      "name": "ecs-cluster-lc",
      "provider": "provider.aws",
      "instances": []
    },
    {
      "mode": "managed",
      "type": "aws_launch_configuration",
      "name": "ecs-cluster-lc-2",
      "each": "list",
      "provider": "provider.aws",
      "instances": []
    },
    {
      "mode": "managed",
      "type": "aws_lb_listener",
      "name": "httptohttps",
      "provider": "provider.aws",
      "instances": [
        {
          "schema_version": 0,
          "attributes": {
            "arn": "arn:aws:elasticloadbalancing:us-east-1:022705868532:listener/app/Sym-Kan-Dev-WebApp-ELB/6b477ab58685ed00/43fdd9cccc5be16a",
            "certificate_arn": null,
            "default_action": [
              {
                "authenticate_cognito": [],
                "authenticate_oidc": [],
                "fixed_response": [],
                "order": 1,
                "redirect": [
                  {
                    "host": "#{host}",
                    "path": "/#{path}",
                    "port": "443",
                    "protocol": "HTTPS",
                    "query": "#{query}",
                    "status_code": "HTTP_301"
                  }
                ],
                "target_group_arn": "",
                "type": "redirect"
              }
            ],
            "id": "arn:aws:elasticloadbalancing:us-east-1:022705868532:listener/app/Sym-Kan-Dev-WebApp-ELB/6b477ab58685ed00/43fdd9cccc5be16a",
            "load_balancer_arn": "arn:aws:elasticloadbalancing:us-east-1:022705868532:loadbalancer/app/Sym-Kan-Dev-WebApp-ELB/6b477ab58685ed00",
            "port": 80,
            "protocol": "HTTP",
            "ssl_policy": "",
            "timeouts": null
          },
          "private": "eyJlMmJmYjczMC1lY2FhLTExZTYtOGY4OC0zNDM2M2JjN2M0YzAiOnsicmVhZCI6NjAwMDAwMDAwMDAwfX0=",
          "dependencies": [
            "aws_alb.aws_ecs_alb",
            "aws_security_group.security_group"
          ]
        }
      ]
    },
    {
      "mode": "managed",
      "type": "aws_security_group",
      "name": "security_group",
      "provider": "provider.aws",
      "instances": [
        {
          "schema_version": 1,
          "attributes": {
            "arn": "arn:aws:ec2:us-east-1:022705868532:security-group/sg-06b75e52a1e1d3449",
            "description": "Security Group for ECS Security Group",
            "egress": [
              {
                "cidr_blocks": [
                  "0.0.0.0/0"
                ],
                "description": "",
                "from_port": 0,
                "ipv6_cidr_blocks": [],
                "prefix_list_ids": [],
                "protocol": "-1",
                "security_groups": [],
                "self": false,
                "to_port": 0
              }
            ],
            "id": "sg-06b75e52a1e1d3449",
            "ingress": [
              {
                "cidr_blocks": [
                  "0.0.0.0/0"
                ],
                "description": "",
                "from_port": 0,
                "ipv6_cidr_blocks": [],
                "prefix_list_ids": [],
                "protocol": "-1",
                "security_groups": [],
                "self": false,
                "to_port": 0
              }
            ],
            "name": "Sym-Kan-Dev-WebApp-SG",
            "name_prefix": null,
            "owner_id": "022705868532",
            "revoke_rules_on_delete": false,
            "tags": {
              "app_version": "3.4.0",
              "backup_frequency": "Never",
              "backup_vault": "-N/A-",
              "billing_type": "Client",
              "client_name": "Kansas",
              "environment_name": "Production",
              "project_name": "Symphony",
              "security_zone": "DMZ",
              "service_name": "SG",
              "service_role": "ECS"
            },
            "timeouts": null,
            "vpc_id": "vpc-029d60b71bb0bd543"
          },
          "private": "eyJlMmJmYjczMC1lY2FhLTExZTYtOGY4OC0zNDM2M2JjN2M0YzAiOnsiY3JlYXRlIjo2MDAwMDAwMDAwMDAsImRlbGV0ZSI6NjAwMDAwMDAwMDAwfSwic2NoZW1hX3ZlcnNpb24iOiIxIn0="
        }
      ]
    },
    {
      "mode": "managed",
      "type": "aws_sns_topic",
      "name": "usage_notifications",
      "provider": "provider.aws",
      "instances": [
        {
          "schema_version": 0,
          "attributes": {
            "application_failure_feedback_role_arn": "",
            "application_success_feedback_role_arn": "",
            "application_success_feedback_sample_rate": 0,
            "arn": "arn:aws:sns:us-east-1:022705868532:usage-notifications",
            "delivery_policy": "",
            "display_name": "",
            "http_failure_feedback_role_arn": "",
            "http_success_feedback_role_arn": "",
            "http_success_feedback_sample_rate": 0,
            "id": "arn:aws:sns:us-east-1:022705868532:usage-notifications",
            "kms_master_key_id": "",
            "lambda_failure_feedback_role_arn": "",
            "lambda_success_feedback_role_arn": "",
            "lambda_success_feedback_sample_rate": 0,
            "name": "usage-notifications",
            "name_prefix": null,
            "policy": "{\"Version\":\"2008-10-17\",\"Id\":\"__default_policy_ID\",\"Statement\":[{\"Sid\":\"__default_statement_ID\",\"Effect\":\"Allow\",\"Principal\":{\"AWS\":\"*\"},\"Action\":[\"SNS:GetTopicAttributes\",\"SNS:SetTopicAttributes\",\"SNS:AddPermission\",\"SNS:RemovePermission\",\"SNS:DeleteTopic\",\"SNS:Subscribe\",\"SNS:ListSubscriptionsByTopic\",\"SNS:Publish\",\"SNS:Receive\"],\"Resource\":\"arn:aws:sns:us-east-1:022705868532:usage-notifications\",\"Condition\":{\"StringEquals\":{\"AWS:SourceOwner\":\"022705868532\"}}}]}",
            "sqs_failure_feedback_role_arn": "",
            "sqs_success_feedback_role_arn": "",
            "sqs_success_feedback_sample_rate": 0,
            "tags": null
          },
          "private": "bnVsbA=="
        }
      ]
    },
    {
      "mode": "managed",
      "type": "null_resource",
      "name": "sns_subscribe",
      "each": "list",
      "provider": "provider.null",
      "instances": [
        {
          "index_key": 0,
          "schema_version": 0,
          "attributes": {
            "id": "6298333301493697312",
            "triggers": {
              "sns_topic_arn": "arn:aws:sns:us-east-1:022705868532:usage-notifications"
            }
          },
          "private": "bnVsbA==",
          "dependencies": [
            "aws_sns_topic.usage_notifications"
          ]
        },
        {
          "index_key": 1,
          "schema_version": 0,
          "attributes": {
            "id": "1563671516063768724",
            "triggers": {
              "sns_topic_arn": "arn:aws:sns:us-east-1:022705868532:usage-notifications"
            }
          },
          "private": "bnVsbA==",
          "dependencies": [
            "aws_sns_topic.usage_notifications"
          ]
        },
        {
          "index_key": 2,
          "schema_version": 0,
          "attributes": {
            "id": "946150648360130476",
            "triggers": {
              "sns_topic_arn": "arn:aws:sns:us-east-1:022705868532:usage-notifications"
            }
          },
          "private": "bnVsbA==",
          "dependencies": [
            "aws_sns_topic.usage_notifications"
          ]
        },
        {
          "index_key": 3,
          "schema_version": 0,
          "attributes": {
            "id": "8751554051740347698",
            "triggers": {
              "sns_topic_arn": "arn:aws:sns:us-east-1:022705868532:usage-notifications"
            }
          },
          "private": "bnVsbA==",
          "dependencies": [
            "aws_sns_topic.usage_notifications"
          ]
        }
      ]
    }
  ]
}
