[0m[1mRefreshing Terraform state in-memory prior to plan...[0m
The refreshed state will be used to calculate this plan, but will not be
persisted to local or remote state storage.
[0m
[0m[1mdata.aws_lb.my_nlb: Refreshing state...[0m
[0m[1mdata.aws_route53_zone.my_hosted_zone: Refreshing state...[0m
[0m[1mdata.aws_alb.maintenance_alb: Refreshing state...[0m

------------------------------------------------------------------------

An execution plan has been generated and is shown below.
Resource actions are indicated with the following symbols:
  [32m+[0m create
[0m
Terraform will perform the following actions:

[1m  # aws_route53_health_check.albhealthcheck[0m will be created[0m[0m
[0m  [32m+[0m[0m resource "aws_route53_health_check" "albhealthcheck" {
      [32m+[0m [0m[1m[0menable_sni[0m[0m        = (known after apply)
      [32m+[0m [0m[1m[0mfailure_threshold[0m[0m = 5
      [32m+[0m [0m[1m[0mfqdn[0m[0m              = "Sym-Kan-UAT-WebApp-NLB-8c72c26343217739.elb.us-east-1.amazonaws.com"
      [32m+[0m [0m[1m[0mid[0m[0m                = (known after apply)
      [32m+[0m [0m[1m[0mmeasure_latency[0m[0m   = false
      [32m+[0m [0m[1m[0mport[0m[0m              = 443
      [32m+[0m [0m[1m[0mrequest_interval[0m[0m  = 30
      [32m+[0m [0m[1m[0mresource_path[0m[0m     = "/"
      [32m+[0m [0m[1m[0mtags[0m[0m              = {
          [32m+[0m [0m"Name" = "Primary-bcbsks-uat-sym-adv.com"
        }
      [32m+[0m [0m[1m[0mtype[0m[0m              = "HTTPS"
    }

[1m  # aws_route53_health_check.maintenancepagehealthcheck[0m will be created[0m[0m
[0m  [32m+[0m[0m resource "aws_route53_health_check" "maintenancepagehealthcheck" {
      [32m+[0m [0m[1m[0menable_sni[0m[0m        = (known after apply)
      [32m+[0m [0m[1m[0mfailure_threshold[0m[0m = 5
      [32m+[0m [0m[1m[0mfqdn[0m[0m              = "internal-Symphony-Shared-DMZ-ALB-2050658808.us-east-1.elb.amazonaws.com"
      [32m+[0m [0m[1m[0mid[0m[0m                = (known after apply)
      [32m+[0m [0m[1m[0mmeasure_latency[0m[0m   = false
      [32m+[0m [0m[1m[0mport[0m[0m              = 443
      [32m+[0m [0m[1m[0mrequest_interval[0m[0m  = 30
      [32m+[0m [0m[1m[0mresource_path[0m[0m     = "/"
      [32m+[0m [0m[1m[0mtags[0m[0m              = {
          [32m+[0m [0m"Name" = "Secondary-bcbsks-uat-sym-adv.com"
        }
      [32m+[0m [0m[1m[0mtype[0m[0m              = "HTTPS"
    }

[1m  # aws_route53_record.f5-main-standby[0m will be created[0m[0m
[0m  [32m+[0m[0m resource "aws_route53_record" "f5-main-standby" {
      [32m+[0m [0m[1m[0mallow_overwrite[0m[0m = (known after apply)
      [32m+[0m [0m[1m[0mfqdn[0m[0m            = (known after apply)
      [32m+[0m [0m[1m[0mhealth_check_id[0m[0m = (known after apply)
      [32m+[0m [0m[1m[0mid[0m[0m              = (known after apply)
      [32m+[0m [0m[1m[0mname[0m[0m            = "f5-bcbsks-uat"
      [32m+[0m [0m[1m[0mset_identifier[0m[0m  = "f5-bcbsks-uat-Secondary"
      [32m+[0m [0m[1m[0mtype[0m[0m            = "A"
      [32m+[0m [0m[1m[0mzone_id[0m[0m         = "Z1H753EIYLU71"

      [32m+[0m [0malias {
          [32m+[0m [0m[1m[0mevaluate_target_health[0m[0m = true
          [32m+[0m [0m[1m[0mname[0m[0m                   = "internal-symphony-shared-dmz-alb-2050658808.us-east-1.elb.amazonaws.com"
          [32m+[0m [0m[1m[0mzone_id[0m[0m                = "Z35SXDOTRQ7X7K"
        }

      [32m+[0m [0mfailover_routing_policy {
          [32m+[0m [0m[1m[0mtype[0m[0m = "SECONDARY"
        }
    }

[1m  # aws_route53_record.f5_main[0][0m will be created[0m[0m
[0m  [32m+[0m[0m resource "aws_route53_record" "f5_main" {
      [32m+[0m [0m[1m[0mallow_overwrite[0m[0m = (known after apply)
      [32m+[0m [0m[1m[0mfqdn[0m[0m            = (known after apply)
      [32m+[0m [0m[1m[0mhealth_check_id[0m[0m = (known after apply)
      [32m+[0m [0m[1m[0mid[0m[0m              = (known after apply)
      [32m+[0m [0m[1m[0mname[0m[0m            = "f5-bcbsks-uat"
      [32m+[0m [0m[1m[0mset_identifier[0m[0m  = "f5-bcbsks-uat-Primary"
      [32m+[0m [0m[1m[0mtype[0m[0m            = "A"
      [32m+[0m [0m[1m[0mzone_id[0m[0m         = "Z1H753EIYLU71"

      [32m+[0m [0malias {
          [32m+[0m [0m[1m[0mevaluate_target_health[0m[0m = true
          [32m+[0m [0m[1m[0mname[0m[0m                   = "sym-kan-uat-webapp-nlb-8c72c26343217739.elb.us-east-1.amazonaws.com"
          [32m+[0m [0m[1m[0mzone_id[0m[0m                = "Z26RNL4JYFTOTI"
        }

      [32m+[0m [0mfailover_routing_policy {
          [32m+[0m [0m[1m[0mtype[0m[0m = "PRIMARY"
        }
    }

[1m  # aws_route53_record.main[0][0m will be created[0m[0m
[0m  [32m+[0m[0m resource "aws_route53_record" "main" {
      [32m+[0m [0m[1m[0mallow_overwrite[0m[0m = (known after apply)
      [32m+[0m [0m[1m[0mfqdn[0m[0m            = (known after apply)
      [32m+[0m [0m[1m[0mhealth_check_id[0m[0m = (known after apply)
      [32m+[0m [0m[1m[0mid[0m[0m              = (known after apply)
      [32m+[0m [0m[1m[0mname[0m[0m            = "bcbsks-uat"
      [32m+[0m [0m[1m[0mset_identifier[0m[0m  = "bcbsks-uat-Primary"
      [32m+[0m [0m[1m[0mtype[0m[0m            = "A"
      [32m+[0m [0m[1m[0mzone_id[0m[0m         = "Z1H753EIYLU71"

      [32m+[0m [0malias {
          [32m+[0m [0m[1m[0mevaluate_target_health[0m[0m = true
          [32m+[0m [0m[1m[0mname[0m[0m                   = "sym-kan-uat-webapp-nlb-8c72c26343217739.elb.us-east-1.amazonaws.com"
          [32m+[0m [0m[1m[0mzone_id[0m[0m                = "Z26RNL4JYFTOTI"
        }

      [32m+[0m [0mfailover_routing_policy {
          [32m+[0m [0m[1m[0mtype[0m[0m = "PRIMARY"
        }
    }

[1m  # aws_route53_record.main-standby[0m will be created[0m[0m
[0m  [32m+[0m[0m resource "aws_route53_record" "main-standby" {
      [32m+[0m [0m[1m[0mallow_overwrite[0m[0m = (known after apply)
      [32m+[0m [0m[1m[0mfqdn[0m[0m            = (known after apply)
      [32m+[0m [0m[1m[0mhealth_check_id[0m[0m = (known after apply)
      [32m+[0m [0m[1m[0mid[0m[0m              = (known after apply)
      [32m+[0m [0m[1m[0mname[0m[0m            = "bcbsks-uat"
      [32m+[0m [0m[1m[0mset_identifier[0m[0m  = "bcbsks-uat-Secondary"
      [32m+[0m [0m[1m[0mtype[0m[0m            = "A"
      [32m+[0m [0m[1m[0mzone_id[0m[0m         = "Z1H753EIYLU71"

      [32m+[0m [0malias {
          [32m+[0m [0m[1m[0mevaluate_target_health[0m[0m = true
          [32m+[0m [0m[1m[0mname[0m[0m                   = "internal-symphony-shared-dmz-alb-2050658808.us-east-1.elb.amazonaws.com"
          [32m+[0m [0m[1m[0mzone_id[0m[0m                = "Z35SXDOTRQ7X7K"
        }

      [32m+[0m [0mfailover_routing_policy {
          [32m+[0m [0m[1m[0mtype[0m[0m = "SECONDARY"
        }
    }

[0m[1mPlan:[0m 6 to add, 0 to change, 0 to destroy.[0m

------------------------------------------------------------------------

Note: You didn't specify an "-out" parameter to save this plan, so Terraform
can't guarantee that exactly these actions will be performed if
"terraform apply" is subsequently run.

