{
  "version": 4,
  "terraform_version": "0.12.18",
  "serial": 5,
  "lineage": "6458b6e1-ffdd-5faf-1878-975c33c38ab8",
  "outputs": {
    "efs_dns_name": {
      "value": "fs-3f64a7bf.efs.us-east-1.amazonaws.com",
      "type": "string"
    },
    "efs_private_ip": {
      "value": [
        "10.126.64.91",
        "10.126.65.9"
      ],
      "type": [
        "tuple",
        [
          "string",
          "string"
        ]
      ]
    }
  },
  "resources": [
    {
      "mode": "managed",
      "type": "aws_efs_file_system",
      "name": "eft_efs",
      "provider": "provider.aws",
      "instances": [
        {
          "schema_version": 0,
          "attributes": {
            "arn": "arn:aws:elasticfilesystem:us-east-1:022705868532:file-system/fs-3f64a7bf",
            "creation_token": "symphony_eft_prod_efs",
            "dns_name": "fs-3f64a7bf.efs.us-east-1.amazonaws.com",
            "encrypted": true,
            "id": "fs-3f64a7bf",
            "kms_key_id": "arn:aws:kms:us-east-1:022705868532:key/eb6da723-16a6-40ab-be62-2a14e7d53658",
            "lifecycle_policy": [],
            "performance_mode": "generalPurpose",
            "provisioned_throughput_in_mibps": 0,
            "reference_name": null,
            "tags": {
              "Application": "EFT",
              "Client": "Shared",
              "Environment": "Production",
              "Name": "symphony_eft_prod_efs",
              "Project": "Symphony"
            },
            "throughput_mode": "bursting"
          },
          "private": "bnVsbA=="
        }
      ]
    },
    {
      "mode": "managed",
      "type": "aws_efs_mount_target",
      "name": "eft-efs-mt",
      "each": "list",
      "provider": "provider.aws",
      "instances": [
        {
          "index_key": 0,
          "schema_version": 0,
          "attributes": {
            "dns_name": "fs-3f64a7bf.efs.us-east-1.amazonaws.com",
            "file_system_arn": "arn:aws:elasticfilesystem:us-east-1:022705868532:file-system/fs-3f64a7bf",
            "file_system_id": "fs-3f64a7bf",
            "id": "fsmt-da5b325b",
            "ip_address": "10.126.64.91",
            "network_interface_id": "eni-006b0eb5696e5e8d6",
            "security_groups": [
              "sg-04b4c593629f2e84c"
            ],
            "subnet_id": "subnet-0c2bbd3fc6aa29e0d"
          },
          "private": "bnVsbA==",
          "dependencies": [
            "aws_efs_file_system.eft_efs"
          ]
        },
        {
          "index_key": 1,
          "schema_version": 0,
          "attributes": {
            "dns_name": "fs-3f64a7bf.efs.us-east-1.amazonaws.com",
            "file_system_arn": "arn:aws:elasticfilesystem:us-east-1:022705868532:file-system/fs-3f64a7bf",
            "file_system_id": "fs-3f64a7bf",
            "id": "fsmt-d85b3259",
            "ip_address": "10.126.65.9",
            "network_interface_id": "eni-066ad6ccffd20dda3",
            "security_groups": [
              "sg-04b4c593629f2e84c"
            ],
            "subnet_id": "subnet-0b89a4615bf0fc2b7"
          },
          "private": "bnVsbA==",
          "dependencies": [
            "aws_efs_file_system.eft_efs"
          ]
        }
      ]
    }
  ]
}
