{
  "version": 4,
  "terraform_version": "0.12.18",
  "serial": 52,
  "lineage": "847b6cd0-cb5c-a02c-ab24-2a700613c59a",
  "outputs": {
    "alb_output": {
      "value": "internal-Symphony-Microservices-ECS-ALB-1006505858.us-east-1.elb.amazonaws.com",
      "type": "string"
    }
  },
  "resources": [
    {
      "mode": "data",
      "type": "template_file",
      "name": "ecs-cluster",
      "provider": "provider.template",
      "instances": [
        {
          "schema_version": 0,
          "attributes": {
            "filename": null,
            "id": "56414058fd4bbdb066ec2f7a8cc50190b636197d168ddb43597e04e348043525",
            "rendered": "#!/bin/bash\necho ECS_CLUSTER=Symphony-Microservices-ECS \u003e\u003e /etc/ecs/ecs.config\n",
            "template": "#!/bin/bash\necho ECS_CLUSTER=${ecs_cluster} \u003e\u003e /etc/ecs/ecs.config\n",
            "vars": {
              "ecs_cluster": "Symphony-Microservices-ECS"
            }
          }
        }
      ]
    },
    {
      "mode": "data",
      "type": "template_file",
      "name": "ecs-cluster-2",
      "provider": "provider.template",
      "instances": [
        {
          "schema_version": 0,
          "attributes": {
            "filename": null,
            "id": "96253a2ab212cd6c7d9c97dbefd758fe86607c53b8dc7feed24b8dc6b7617ba0",
            "rendered": "\u003cpowershell\u003e\n[Environment]::SetEnvironmentVariable(\"ECS_ENABLE_CPU_UNBOUNDED_WINDOWS_WORKAROUND\", \"true\", \"Machine\")\n[Environment]::SetEnvironmentVariable(\"ECS_DISABLE_METRICS\", \"false\", \"Machine\")\nImport-Module ECSTools\nInitialize-ECSAgent -Cluster Symphony-Microservices-ECS  -EnableTaskIAMRole\n\nSet-ExecutionPolicy Bypass -Force;\niex ((New-Object System.Net.WebClient).DownloadString('https://chocolatey.org/install.ps1'));\nchoco install python3 -y;\n\nrefreshenv\n\n\u003c/powershell\u003e\n",
            "template": "\u003cpowershell\u003e\n[Environment]::SetEnvironmentVariable(\"ECS_ENABLE_CPU_UNBOUNDED_WINDOWS_WORKAROUND\", \"true\", \"Machine\")\n[Environment]::SetEnvironmentVariable(\"ECS_DISABLE_METRICS\", \"false\", \"Machine\")\nImport-Module ECSTools\nInitialize-ECSAgent -Cluster ${ecs_cluster}  -EnableTaskIAMRole\n\nSet-ExecutionPolicy Bypass -Force;\niex ((New-Object System.Net.WebClient).DownloadString('https://chocolatey.org/install.ps1'));\nchoco install python3 -y;\n\nrefreshenv\n\n\u003c/powershell\u003e\n",
            "vars": {
              "ecs_cluster": "Symphony-Microservices-ECS"
            }
          }
        }
      ]
    },
    {
      "mode": "data",
      "type": "template_file",
      "name": "ecs-tasks",
      "provider": "provider.template",
      "instances": [
        {
          "schema_version": 0,
          "attributes": {
            "filename": null,
            "id": "b301de5c5c69eea051060b69112298b8a6c52cb7ae9a6d746c3b7d0f2d94da1d",
            "rendered": "[\n  {\n    \"name\": \"uat-auditevents\",\n    \"image\": \"httpd:2.4\",\n    \"command\": [\n            \"/bin/sh -c \\\"echo '\u003chtml\u003e \u003chead\u003e \u003ctitle\u003euat-auditevents Sample App\u003c/title\u003e \u003cstyle\u003ebody {margin-top: 40px; background-color: #333;} \u003c/style\u003e \u003c/head\u003e\u003cbody\u003e \u003cdiv style=color:white;text-align:center\u003e \u003ch1\u003euat-auditevents\u003c/h1\u003e \u003ch2\u003eCongratulations!\u003c/h2\u003e \u003cp\u003euat-auditevents is now running on a container in Amazon ECS.\u003c/p\u003e \u003c/div\u003e\u003c/body\u003e\u003c/html\u003e' \u003e  /usr/local/apache2/htdocs/index.html \u0026\u0026 httpd-foreground\\\"\"\n    ],\n    \"entryPoint\": [\n            \"sh\",\n            \"-c\"\n    ],\n    \"memoryReservation\": 128,\n    \"essential\": true,\n    \"portMappings\": [\n      {\n        \"containerPort\": 80,\n        \"protocol\": \"tcp\",\n        \"hostPort\": 8001\n      }\n    ],\n    \"placementConstraints\": [\n      {\n        \"type\": \"memberOf\",\n        \"expression\": \"attribute:ecs.os-type == linux\"\n      }\n    ]\n  },\n\n  {\n    \"name\": \"uat-checklistcrawler\",\n    \"image\": \"httpd:2.4\",\n    \"command\": [\n            \"/bin/sh -c \\\"echo '\u003chtml\u003e \u003chead\u003e \u003ctitle\u003euat-checklistcrawler Sample App\u003c/title\u003e \u003cstyle\u003ebody {margin-top: 40px; background-color: #333;} \u003c/style\u003e \u003c/head\u003e\u003cbody\u003e \u003cdiv style=color:white;text-align:center\u003e \u003ch1\u003euat-checklistcrawler\u003c/h1\u003e \u003ch2\u003eCongratulations!\u003c/h2\u003e \u003cp\u003euat-checklistcrawler is now running on a container in Amazon ECS.\u003c/p\u003e \u003c/div\u003e\u003c/body\u003e\u003c/html\u003e' \u003e  /usr/local/apache2/htdocs/index.html \u0026\u0026 httpd-foreground\\\"\"\n    ],\n    \"entryPoint\": [\n            \"sh\",\n            \"-c\"\n    ],\n    \"memoryReservation\": 128,\n    \"essential\": false,\n    \"portMappings\": [\n      {\n        \"containerPort\": 80,\n        \"protocol\": \"tcp\",\n        \"hostPort\": 8002\n      }\n    ],\n    \"placementConstraints\": [\n      {\n        \"type\": \"memberOf\",\n        \"expression\": \"attribute:ecs.os-type == linux\"\n      }\n    ]\n  },\n\n  {\n    \"name\": \"uat-dataaudit\",\n    \"image\": \"httpd:2.4\",\n    \"command\": [\n            \"/bin/sh -c \\\"echo '\u003chtml\u003e \u003chead\u003e \u003ctitle\u003euat-dataaudit Sample App\u003c/title\u003e \u003cstyle\u003ebody {margin-top: 40px; background-color: #333;} \u003c/style\u003e \u003c/head\u003e\u003cbody\u003e \u003cdiv style=color:white;text-align:center\u003e \u003ch1\u003euat-dataaudit\u003c/h1\u003e \u003ch2\u003eCongratulations!\u003c/h2\u003e \u003cp\u003euat-dataaudit is now running on a container in Amazon ECS.\u003c/p\u003e \u003c/div\u003e\u003c/body\u003e\u003c/html\u003e' \u003e  /usr/local/apache2/htdocs/index.html \u0026\u0026 httpd-foreground\\\"\"\n    ],\n    \"entryPoint\": [\n            \"sh\",\n            \"-c\"\n    ],\n    \"memoryReservation\": 128,\n    \"essential\": false,\n    \"portMappings\": [\n      {\n        \"containerPort\": 80,\n        \"protocol\": \"tcp\",\n        \"hostPort\": 8003\n      }\n    ],\n    \"placementConstraints\": [\n      {\n        \"type\": \"memberOf\",\n        \"expression\": \"attribute:ecs.os-type == linux\"\n      }\n    ]\n  },\n\n  {\n    \"name\": \"uat-elasticsearchindexer\",\n    \"image\": \"httpd:2.4\",\n    \"command\": [\n            \"/bin/sh -c \\\"echo '\u003chtml\u003e \u003chead\u003e \u003ctitle\u003euat-elasticsearchindexer Sample App\u003c/title\u003e \u003cstyle\u003ebody {margin-top: 40px; background-color: #333;} \u003c/style\u003e \u003c/head\u003e\u003cbody\u003e \u003cdiv style=color:white;text-align:center\u003e \u003ch1\u003euat-elasticsearchindexer\u003c/h1\u003e \u003ch2\u003eCongratulations!\u003c/h2\u003e \u003cp\u003euat-elasticsearchindexer is now running on a container in Amazon ECS.\u003c/p\u003e \u003c/div\u003e\u003c/body\u003e\u003c/html\u003e' \u003e  /usr/local/apache2/htdocs/index.html \u0026\u0026 httpd-foreground\\\"\"\n    ],\n    \"entryPoint\": [\n            \"sh\",\n            \"-c\"\n    ],\n    \"memoryReservation\": 128,\n    \"essential\": false,\n    \"portMappings\": [\n      {\n        \"containerPort\": 80,\n        \"protocol\": \"tcp\",\n        \"hostPort\": 8004\n      }\n    ],\n    \"placementConstraints\": [\n      {\n        \"type\": \"memberOf\",\n        \"expression\": \"attribute:ecs.os-type == linux\"\n      }\n    ]\n  },\n\n  {\n    \"name\": \"uat-jobs\",\n    \"image\": \"microsoft/iis\",\n    \"memory\" : 512,\n    \"essential\": true,\n    \"portMappings\": [\n      {\n        \"containerPort\": 80,\n        \"protocol\": \"tcp\",\n        \"hostPort\": 8005\n      }\n    ],\n    \"placementConstraints\": [\n      {\n        \"type\": \"memberOf\",\n        \"expression\": \"attribute:ecs.os-type == windows\"\n      }\n    ]\n  }\n\n]\n\n",
            "template": "[\n  {\n    \"name\": \"uat-auditevents\",\n    \"image\": \"httpd:2.4\",\n    \"command\": [\n            \"/bin/sh -c \\\"echo '\u003chtml\u003e \u003chead\u003e \u003ctitle\u003euat-auditevents Sample App\u003c/title\u003e \u003cstyle\u003ebody {margin-top: 40px; background-color: #333;} \u003c/style\u003e \u003c/head\u003e\u003cbody\u003e \u003cdiv style=color:white;text-align:center\u003e \u003ch1\u003euat-auditevents\u003c/h1\u003e \u003ch2\u003eCongratulations!\u003c/h2\u003e \u003cp\u003euat-auditevents is now running on a container in Amazon ECS.\u003c/p\u003e \u003c/div\u003e\u003c/body\u003e\u003c/html\u003e' \u003e  /usr/local/apache2/htdocs/index.html \u0026\u0026 httpd-foreground\\\"\"\n    ],\n    \"entryPoint\": [\n            \"sh\",\n            \"-c\"\n    ],\n    \"memoryReservation\": 128,\n    \"essential\": true,\n    \"portMappings\": [\n      {\n        \"containerPort\": 80,\n        \"protocol\": \"tcp\",\n        \"hostPort\": 8001\n      }\n    ],\n    \"placementConstraints\": [\n      {\n        \"type\": \"memberOf\",\n        \"expression\": \"attribute:ecs.os-type == linux\"\n      }\n    ]\n  },\n\n  {\n    \"name\": \"uat-checklistcrawler\",\n    \"image\": \"httpd:2.4\",\n    \"command\": [\n            \"/bin/sh -c \\\"echo '\u003chtml\u003e \u003chead\u003e \u003ctitle\u003euat-checklistcrawler Sample App\u003c/title\u003e \u003cstyle\u003ebody {margin-top: 40px; background-color: #333;} \u003c/style\u003e \u003c/head\u003e\u003cbody\u003e \u003cdiv style=color:white;text-align:center\u003e \u003ch1\u003euat-checklistcrawler\u003c/h1\u003e \u003ch2\u003eCongratulations!\u003c/h2\u003e \u003cp\u003euat-checklistcrawler is now running on a container in Amazon ECS.\u003c/p\u003e \u003c/div\u003e\u003c/body\u003e\u003c/html\u003e' \u003e  /usr/local/apache2/htdocs/index.html \u0026\u0026 httpd-foreground\\\"\"\n    ],\n    \"entryPoint\": [\n            \"sh\",\n            \"-c\"\n    ],\n    \"memoryReservation\": 128,\n    \"essential\": false,\n    \"portMappings\": [\n      {\n        \"containerPort\": 80,\n        \"protocol\": \"tcp\",\n        \"hostPort\": 8002\n      }\n    ],\n    \"placementConstraints\": [\n      {\n        \"type\": \"memberOf\",\n        \"expression\": \"attribute:ecs.os-type == linux\"\n      }\n    ]\n  },\n\n  {\n    \"name\": \"uat-dataaudit\",\n    \"image\": \"httpd:2.4\",\n    \"command\": [\n            \"/bin/sh -c \\\"echo '\u003chtml\u003e \u003chead\u003e \u003ctitle\u003euat-dataaudit Sample App\u003c/title\u003e \u003cstyle\u003ebody {margin-top: 40px; background-color: #333;} \u003c/style\u003e \u003c/head\u003e\u003cbody\u003e \u003cdiv style=color:white;text-align:center\u003e \u003ch1\u003euat-dataaudit\u003c/h1\u003e \u003ch2\u003eCongratulations!\u003c/h2\u003e \u003cp\u003euat-dataaudit is now running on a container in Amazon ECS.\u003c/p\u003e \u003c/div\u003e\u003c/body\u003e\u003c/html\u003e' \u003e  /usr/local/apache2/htdocs/index.html \u0026\u0026 httpd-foreground\\\"\"\n    ],\n    \"entryPoint\": [\n            \"sh\",\n            \"-c\"\n    ],\n    \"memoryReservation\": 128,\n    \"essential\": false,\n    \"portMappings\": [\n      {\n        \"containerPort\": 80,\n        \"protocol\": \"tcp\",\n        \"hostPort\": 8003\n      }\n    ],\n    \"placementConstraints\": [\n      {\n        \"type\": \"memberOf\",\n        \"expression\": \"attribute:ecs.os-type == linux\"\n      }\n    ]\n  },\n\n  {\n    \"name\": \"uat-elasticsearchindexer\",\n    \"image\": \"httpd:2.4\",\n    \"command\": [\n            \"/bin/sh -c \\\"echo '\u003chtml\u003e \u003chead\u003e \u003ctitle\u003euat-elasticsearchindexer Sample App\u003c/title\u003e \u003cstyle\u003ebody {margin-top: 40px; background-color: #333;} \u003c/style\u003e \u003c/head\u003e\u003cbody\u003e \u003cdiv style=color:white;text-align:center\u003e \u003ch1\u003euat-elasticsearchindexer\u003c/h1\u003e \u003ch2\u003eCongratulations!\u003c/h2\u003e \u003cp\u003euat-elasticsearchindexer is now running on a container in Amazon ECS.\u003c/p\u003e \u003c/div\u003e\u003c/body\u003e\u003c/html\u003e' \u003e  /usr/local/apache2/htdocs/index.html \u0026\u0026 httpd-foreground\\\"\"\n    ],\n    \"entryPoint\": [\n            \"sh\",\n            \"-c\"\n    ],\n    \"memoryReservation\": 128,\n    \"essential\": false,\n    \"portMappings\": [\n      {\n        \"containerPort\": 80,\n        \"protocol\": \"tcp\",\n        \"hostPort\": 8004\n      }\n    ],\n    \"placementConstraints\": [\n      {\n        \"type\": \"memberOf\",\n        \"expression\": \"attribute:ecs.os-type == linux\"\n      }\n    ]\n  },\n\n  {\n    \"name\": \"uat-jobs\",\n    \"image\": \"microsoft/iis\",\n    \"memory\" : 512,\n    \"essential\": true,\n    \"portMappings\": [\n      {\n        \"containerPort\": 80,\n        \"protocol\": \"tcp\",\n        \"hostPort\": 8005\n      }\n    ],\n    \"placementConstraints\": [\n      {\n        \"type\": \"memberOf\",\n        \"expression\": \"attribute:ecs.os-type == windows\"\n      }\n    ]\n  }\n\n]\n\n",
            "vars": {
              "ecs_cluster": "Symphony-Microservices-ECS",
              "which_region": "us-east-1"
            }
          }
        }
      ]
    },
    {
      "mode": "managed",
      "type": "aws_alb",
      "name": "aws_ecs_alb",
      "provider": "provider.aws",
      "instances": [
        {
          "schema_version": 0,
          "attributes": {
            "access_logs": [
              {
                "bucket": "",
                "enabled": false,
                "prefix": ""
              }
            ],
            "arn": "arn:aws:elasticloadbalancing:us-east-1:945116902499:loadbalancer/app/Symphony-Microservices-ECS-ALB/0cad3b4c59a509e7",
            "arn_suffix": "app/Symphony-Microservices-ECS-ALB/0cad3b4c59a509e7",
            "dns_name": "internal-Symphony-Microservices-ECS-ALB-1006505858.us-east-1.elb.amazonaws.com",
            "enable_cross_zone_load_balancing": null,
            "enable_deletion_protection": false,
            "enable_http2": true,
            "id": "arn:aws:elasticloadbalancing:us-east-1:945116902499:loadbalancer/app/Symphony-Microservices-ECS-ALB/0cad3b4c59a509e7",
            "idle_timeout": 600,
            "internal": true,
            "ip_address_type": "ipv4",
            "load_balancer_type": "application",
            "name": "Symphony-Microservices-ECS-ALB",
            "name_prefix": null,
            "security_groups": [
              "sg-09a4c12052a8fa6c6"
            ],
            "subnet_mapping": [
              {
                "allocation_id": "",
                "subnet_id": "subnet-045f15dc2d848718a"
              },
              {
                "allocation_id": "",
                "subnet_id": "subnet-0c4816f7842153167"
              }
            ],
            "subnets": [
              "subnet-045f15dc2d848718a",
              "subnet-0c4816f7842153167"
            ],
            "tags": {},
            "timeouts": null,
            "vpc_id": "vpc-069d202f6c6abf29a",
            "zone_id": "Z35SXDOTRQ7X7K"
          },
          "private": "eyJlMmJmYjczMC1lY2FhLTExZTYtOGY4OC0zNDM2M2JjN2M0YzAiOnsiY3JlYXRlIjo2MDAwMDAwMDAwMDAsImRlbGV0ZSI6NjAwMDAwMDAwMDAwLCJ1cGRhdGUiOjYwMDAwMDAwMDAwMH19"
        }
      ]
    },
    {
      "mode": "managed",
      "type": "aws_alb_listener",
      "name": "front_end",
      "provider": "provider.aws",
      "instances": [
        {
          "schema_version": 0,
          "attributes": {
            "arn": "arn:aws:elasticloadbalancing:us-east-1:945116902499:listener/app/Symphony-Microservices-ECS-ALB/0cad3b4c59a509e7/0ffb036bede6f156",
            "certificate_arn": null,
            "default_action": [
              {
                "authenticate_cognito": [],
                "authenticate_oidc": [],
                "fixed_response": [],
                "order": 1,
                "redirect": [],
                "target_group_arn": "arn:aws:elasticloadbalancing:us-east-1:945116902499:targetgroup/Symphony-Microservices-ECS-TG/86e366520a2d499f",
                "type": "forward"
              }
            ],
            "id": "arn:aws:elasticloadbalancing:us-east-1:945116902499:listener/app/Symphony-Microservices-ECS-ALB/0cad3b4c59a509e7/0ffb036bede6f156",
            "load_balancer_arn": "arn:aws:elasticloadbalancing:us-east-1:945116902499:loadbalancer/app/Symphony-Microservices-ECS-ALB/0cad3b4c59a509e7",
            "port": 80,
            "protocol": "HTTP",
            "ssl_policy": "",
            "timeouts": null
          },
          "private": "eyJlMmJmYjczMC1lY2FhLTExZTYtOGY4OC0zNDM2M2JjN2M0YzAiOnsicmVhZCI6NjAwMDAwMDAwMDAwfX0=",
          "dependencies": [
            "aws_alb.aws_ecs_alb",
            "aws_alb_target_group.ecs-group"
          ]
        }
      ]
    },
    {
      "mode": "managed",
      "type": "aws_alb_target_group",
      "name": "ecs-group",
      "provider": "provider.aws",
      "instances": [
        {
          "schema_version": 0,
          "attributes": {
            "arn": "arn:aws:elasticloadbalancing:us-east-1:945116902499:targetgroup/Symphony-Microservices-ECS-TG/86e366520a2d499f",
            "arn_suffix": "targetgroup/Symphony-Microservices-ECS-TG/86e366520a2d499f",
            "deregistration_delay": 300,
            "health_check": [
              {
                "enabled": true,
                "healthy_threshold": 5,
                "interval": 30,
                "matcher": "200,301,302",
                "path": "/",
                "port": "traffic-port",
                "protocol": "HTTP",
                "timeout": 5,
                "unhealthy_threshold": 2
              }
            ],
            "id": "arn:aws:elasticloadbalancing:us-east-1:945116902499:targetgroup/Symphony-Microservices-ECS-TG/86e366520a2d499f",
            "lambda_multi_value_headers_enabled": false,
            "name": "Symphony-Microservices-ECS-TG",
            "name_prefix": null,
            "port": 8005,
            "protocol": "HTTP",
            "proxy_protocol_v2": false,
            "slow_start": 0,
            "stickiness": [
              {
                "cookie_duration": 300,
                "enabled": true,
                "type": "lb_cookie"
              }
            ],
            "tags": {},
            "target_type": "instance",
            "vpc_id": "vpc-069d202f6c6abf29a"
          },
          "private": "bnVsbA==",
          "dependencies": [
            "aws_alb.aws_ecs_alb"
          ]
        }
      ]
    },
    {
      "mode": "managed",
      "type": "aws_autoscaling_group",
      "name": "ecs-cluster",
      "provider": "provider.aws",
      "instances": [
        {
          "schema_version": 0,
          "attributes": {
            "arn": "arn:aws:autoscaling:us-east-1:945116902499:autoScalingGroup:330d5362-e673-4427-86df-5a83e58661eb:autoScalingGroupName/Symphony-Microservices-ECS_ASG_Linux",
            "availability_zones": [
              "us-east-1a",
              "us-east-1b"
            ],
            "default_cooldown": 30,
            "desired_capacity": 2,
            "enabled_metrics": [],
            "force_delete": false,
            "health_check_grace_period": 120,
            "health_check_type": "EC2",
            "id": "Symphony-Microservices-ECS_ASG_Linux",
            "initial_lifecycle_hook": [],
            "launch_configuration": "Symphony-Microservices-ECS-LC-Linux20200109050724978500000004",
            "launch_template": [],
            "load_balancers": [],
            "max_instance_lifetime": 0,
            "max_size": 4,
            "metrics_granularity": "1Minute",
            "min_elb_capacity": null,
            "min_size": 2,
            "mixed_instances_policy": [],
            "name": "Symphony-Microservices-ECS_ASG_Linux",
            "name_prefix": null,
            "placement_group": "",
            "protect_from_scale_in": false,
            "service_linked_role_arn": "arn:aws:iam::945116902499:role/aws-service-role/autoscaling.amazonaws.com/AWSServiceRoleForAutoScaling",
            "suspended_processes": [],
            "tag": [
              {
                "key": "Name",
                "propagate_at_launch": true,
                "value": "Symphony-Microservices-ECS_ASG_Linux"
              }
            ],
            "tags": null,
            "target_group_arns": [],
            "termination_policies": [
              "OldestInstance"
            ],
            "timeouts": null,
            "vpc_zone_identifier": [
              "subnet-045f15dc2d848718a",
              "subnet-0c4816f7842153167"
            ],
            "wait_for_capacity_timeout": "10m",
            "wait_for_elb_capacity": null
          },
          "private": "eyJlMmJmYjczMC1lY2FhLTExZTYtOGY4OC0zNDM2M2JjN2M0YzAiOnsiZGVsZXRlIjo2MDAwMDAwMDAwMDB9fQ==",
          "dependencies": [
            "aws_ecs_cluster.ecs_cluster",
            "aws_iam_instance_profile.ecs-ec2-role",
            "aws_launch_configuration.ecs-cluster-lc"
          ]
        }
      ]
    },
    {
      "mode": "managed",
      "type": "aws_autoscaling_group",
      "name": "ecs-cluster-2",
      "each": "list",
      "provider": "provider.aws",
      "instances": [
        {
          "index_key": 0,
          "schema_version": 0,
          "attributes": {
            "arn": "arn:aws:autoscaling:us-east-1:945116902499:autoScalingGroup:88af631d-dffd-4626-a24d-dbf42e86746a:autoScalingGroupName/Symphony-Microservices-ECS_ASG_Windows",
            "availability_zones": [
              "us-east-1a",
              "us-east-1b"
            ],
            "default_cooldown": 30,
            "desired_capacity": 2,
            "enabled_metrics": [],
            "force_delete": false,
            "health_check_grace_period": 120,
            "health_check_type": "EC2",
            "id": "Symphony-Microservices-ECS_ASG_Windows",
            "initial_lifecycle_hook": [],
            "launch_configuration": "Symphony-Microservices-ECS-LC-Windows20200109050724583500000002",
            "launch_template": [],
            "load_balancers": [],
            "max_instance_lifetime": 0,
            "max_size": 4,
            "metrics_granularity": "1Minute",
            "min_elb_capacity": null,
            "min_size": 2,
            "mixed_instances_policy": [],
            "name": "Symphony-Microservices-ECS_ASG_Windows",
            "name_prefix": null,
            "placement_group": "",
            "protect_from_scale_in": false,
            "service_linked_role_arn": "arn:aws:iam::945116902499:role/aws-service-role/autoscaling.amazonaws.com/AWSServiceRoleForAutoScaling",
            "suspended_processes": [],
            "tag": [
              {
                "key": "Name",
                "propagate_at_launch": true,
                "value": "Symphony-Microservices-ECS_ASG_Windows"
              }
            ],
            "tags": null,
            "target_group_arns": [],
            "termination_policies": [
              "OldestInstance"
            ],
            "timeouts": null,
            "vpc_zone_identifier": [
              "subnet-045f15dc2d848718a",
              "subnet-0c4816f7842153167"
            ],
            "wait_for_capacity_timeout": "10m",
            "wait_for_elb_capacity": null
          },
          "private": "eyJlMmJmYjczMC1lY2FhLTExZTYtOGY4OC0zNDM2M2JjN2M0YzAiOnsiZGVsZXRlIjo2MDAwMDAwMDAwMDB9fQ==",
          "dependencies": [
            "aws_ecs_cluster.ecs_cluster",
            "aws_iam_instance_profile.ecs-ec2-role",
            "aws_launch_configuration.ecs-cluster-lc-2"
          ]
        }
      ]
    },
    {
      "mode": "managed",
      "type": "aws_autoscaling_policy",
      "name": "ecs-cluster",
      "provider": "provider.aws",
      "instances": [
        {
          "schema_version": 0,
          "attributes": {
            "adjustment_type": "",
            "arn": "arn:aws:autoscaling:us-east-1:945116902499:scalingPolicy:0a6e137d-a100-4b39-915f-366e6fe54e9e:autoScalingGroupName/Symphony-Microservices-ECS_ASG_Linux:policyName/Symphony-Microservices-ECS_autoscaling_Linux",
            "autoscaling_group_name": "Symphony-Microservices-ECS_ASG_Linux",
            "cooldown": 0,
            "estimated_instance_warmup": 90,
            "id": "Symphony-Microservices-ECS_autoscaling_Linux",
            "metric_aggregation_type": "",
            "min_adjustment_magnitude": null,
            "min_adjustment_step": null,
            "name": "Symphony-Microservices-ECS_autoscaling_Linux",
            "policy_type": "TargetTrackingScaling",
            "scaling_adjustment": 0,
            "step_adjustment": [],
            "target_tracking_configuration": [
              {
                "customized_metric_specification": [],
                "disable_scale_in": false,
                "predefined_metric_specification": [
                  {
                    "predefined_metric_type": "ASGAverageCPUUtilization",
                    "resource_label": ""
                  }
                ],
                "target_value": 70
              }
            ]
          },
          "private": "bnVsbA==",
          "dependencies": [
            "aws_autoscaling_group.ecs-cluster"
          ]
        }
      ]
    },
    {
      "mode": "managed",
      "type": "aws_autoscaling_policy",
      "name": "ecs-cluster-2",
      "each": "list",
      "provider": "provider.aws",
      "instances": [
        {
          "index_key": 0,
          "schema_version": 0,
          "attributes": {
            "adjustment_type": "",
            "arn": "arn:aws:autoscaling:us-east-1:945116902499:scalingPolicy:02c57e30-fa96-4726-827d-124db20541e3:autoScalingGroupName/Symphony-Microservices-ECS_ASG_Windows:policyName/Symphony-Microservices-ECS_autoscaling_Windows",
            "autoscaling_group_name": "Symphony-Microservices-ECS_ASG_Windows",
            "cooldown": 0,
            "estimated_instance_warmup": 90,
            "id": "Symphony-Microservices-ECS_autoscaling_Windows",
            "metric_aggregation_type": "",
            "min_adjustment_magnitude": null,
            "min_adjustment_step": null,
            "name": "Symphony-Microservices-ECS_autoscaling_Windows",
            "policy_type": "TargetTrackingScaling",
            "scaling_adjustment": 0,
            "step_adjustment": [],
            "target_tracking_configuration": [
              {
                "customized_metric_specification": [],
                "disable_scale_in": false,
                "predefined_metric_specification": [
                  {
                    "predefined_metric_type": "ASGAverageCPUUtilization",
                    "resource_label": ""
                  }
                ],
                "target_value": 70
              }
            ]
          },
          "private": "bnVsbA==",
          "dependencies": [
            "aws_autoscaling_group.ecs-cluster-2"
          ]
        }
      ]
    },
    {
      "mode": "managed",
      "type": "aws_cloudwatch_log_group",
      "name": "ecs_service",
      "provider": "provider.aws",
      "instances": [
        {
          "schema_version": 0,
          "attributes": {
            "arn": "arn:aws:logs:us-east-1:945116902499:log-group:/Symphony-Microservices-ECS/Symphony-Microservices-ECS_logs:*",
            "id": "/Symphony-Microservices-ECS/Symphony-Microservices-ECS_logs",
            "kms_key_id": "",
            "name": "/Symphony-Microservices-ECS/Symphony-Microservices-ECS_logs",
            "name_prefix": null,
            "retention_in_days": 0,
            "tags": {}
          },
          "private": "bnVsbA=="
        }
      ]
    },
    {
      "mode": "managed",
      "type": "aws_ecs_cluster",
      "name": "ecs_cluster",
      "provider": "provider.aws",
      "instances": [
        {
          "schema_version": 0,
          "attributes": {
            "arn": "arn:aws:ecs:us-east-1:945116902499:cluster/Symphony-Microservices-ECS",
            "capacity_providers": [],
            "default_capacity_provider_strategy": [],
            "id": "arn:aws:ecs:us-east-1:945116902499:cluster/Symphony-Microservices-ECS",
            "name": "Symphony-Microservices-ECS",
            "setting": [
              {
                "name": "containerInsights",
                "value": "disabled"
              }
            ],
            "tags": {}
          },
          "private": "bnVsbA=="
        }
      ]
    },
    {
      "mode": "managed",
      "type": "aws_ecs_service",
      "name": "ecs_service",
      "provider": "provider.aws",
      "instances": [
        {
          "schema_version": 0,
          "attributes": {
            "capacity_provider_strategy": [],
            "cluster": "arn:aws:ecs:us-east-1:945116902499:cluster/Symphony-Microservices-ECS",
            "deployment_controller": [
              {
                "type": "ECS"
              }
            ],
            "deployment_maximum_percent": 200,
            "deployment_minimum_healthy_percent": 100,
            "desired_count": 2,
            "enable_ecs_managed_tags": false,
            "health_check_grace_period_seconds": 0,
            "iam_role": null,
            "id": "arn:aws:ecs:us-east-1:945116902499:service/Symphony-Microservices-ECS-service",
            "launch_type": "EC2",
            "load_balancer": [],
            "name": "Symphony-Microservices-ECS-service",
            "network_configuration": [],
            "ordered_placement_strategy": [],
            "placement_constraints": [],
            "placement_strategy": [],
            "platform_version": "",
            "propagate_tags": "NONE",
            "scheduling_strategy": "REPLICA",
            "service_registries": [],
            "tags": {},
            "task_definition": "arn:aws:ecs:us-east-1:945116902499:task-definition/Symphony-Microservices-ECS-service:9"
          },
          "private": "bnVsbA==",
          "dependencies": [
            "aws_ecs_cluster.ecs_cluster",
            "aws_ecs_task_definition.ecs_service",
            "aws_iam_role_policy_attachment.ecs-service-attach"
          ]
        }
      ]
    },
    {
      "mode": "managed",
      "type": "aws_ecs_task_definition",
      "name": "ecs_service",
      "provider": "provider.aws",
      "instances": [
        {
          "schema_version": 1,
          "attributes": {
            "arn": "arn:aws:ecs:us-east-1:945116902499:task-definition/Symphony-Microservices-ECS-service:9",
            "container_definitions": "[{\"command\":[\"/bin/sh -c \\\"echo '\u003chtml\u003e \u003chead\u003e \u003ctitle\u003euat-auditevents Sample App\u003c/title\u003e \u003cstyle\u003ebody {margin-top: 40px; background-color: #333;} \u003c/style\u003e \u003c/head\u003e\u003cbody\u003e \u003cdiv style=color:white;text-align:center\u003e \u003ch1\u003euat-auditevents\u003c/h1\u003e \u003ch2\u003eCongratulations!\u003c/h2\u003e \u003cp\u003euat-auditevents is now running on a container in Amazon ECS.\u003c/p\u003e \u003c/div\u003e\u003c/body\u003e\u003c/html\u003e' \u003e  /usr/local/apache2/htdocs/index.html \u0026\u0026 httpd-foreground\\\"\"],\"cpu\":0,\"entryPoint\":[\"sh\",\"-c\"],\"environment\":[],\"essential\":true,\"image\":\"httpd:2.4\",\"memoryReservation\":128,\"mountPoints\":[],\"name\":\"uat-auditevents\",\"portMappings\":[{\"containerPort\":80,\"hostPort\":8001,\"protocol\":\"tcp\"}],\"volumesFrom\":[]},{\"command\":[\"/bin/sh -c \\\"echo '\u003chtml\u003e \u003chead\u003e \u003ctitle\u003euat-checklistcrawler Sample App\u003c/title\u003e \u003cstyle\u003ebody {margin-top: 40px; background-color: #333;} \u003c/style\u003e \u003c/head\u003e\u003cbody\u003e \u003cdiv style=color:white;text-align:center\u003e \u003ch1\u003euat-checklistcrawler\u003c/h1\u003e \u003ch2\u003eCongratulations!\u003c/h2\u003e \u003cp\u003euat-checklistcrawler is now running on a container in Amazon ECS.\u003c/p\u003e \u003c/div\u003e\u003c/body\u003e\u003c/html\u003e' \u003e  /usr/local/apache2/htdocs/index.html \u0026\u0026 httpd-foreground\\\"\"],\"cpu\":0,\"entryPoint\":[\"sh\",\"-c\"],\"environment\":[],\"essential\":false,\"image\":\"httpd:2.4\",\"memoryReservation\":128,\"mountPoints\":[],\"name\":\"uat-checklistcrawler\",\"portMappings\":[{\"containerPort\":80,\"hostPort\":8002,\"protocol\":\"tcp\"}],\"volumesFrom\":[]},{\"command\":[\"/bin/sh -c \\\"echo '\u003chtml\u003e \u003chead\u003e \u003ctitle\u003euat-dataaudit Sample App\u003c/title\u003e \u003cstyle\u003ebody {margin-top: 40px; background-color: #333;} \u003c/style\u003e \u003c/head\u003e\u003cbody\u003e \u003cdiv style=color:white;text-align:center\u003e \u003ch1\u003euat-dataaudit\u003c/h1\u003e \u003ch2\u003eCongratulations!\u003c/h2\u003e \u003cp\u003euat-dataaudit is now running on a container in Amazon ECS.\u003c/p\u003e \u003c/div\u003e\u003c/body\u003e\u003c/html\u003e' \u003e  /usr/local/apache2/htdocs/index.html \u0026\u0026 httpd-foreground\\\"\"],\"cpu\":0,\"entryPoint\":[\"sh\",\"-c\"],\"environment\":[],\"essential\":false,\"image\":\"httpd:2.4\",\"memoryReservation\":128,\"mountPoints\":[],\"name\":\"uat-dataaudit\",\"portMappings\":[{\"containerPort\":80,\"hostPort\":8003,\"protocol\":\"tcp\"}],\"volumesFrom\":[]},{\"command\":[\"/bin/sh -c \\\"echo '\u003chtml\u003e \u003chead\u003e \u003ctitle\u003euat-elasticsearchindexer Sample App\u003c/title\u003e \u003cstyle\u003ebody {margin-top: 40px; background-color: #333;} \u003c/style\u003e \u003c/head\u003e\u003cbody\u003e \u003cdiv style=color:white;text-align:center\u003e \u003ch1\u003euat-elasticsearchindexer\u003c/h1\u003e \u003ch2\u003eCongratulations!\u003c/h2\u003e \u003cp\u003euat-elasticsearchindexer is now running on a container in Amazon ECS.\u003c/p\u003e \u003c/div\u003e\u003c/body\u003e\u003c/html\u003e' \u003e  /usr/local/apache2/htdocs/index.html \u0026\u0026 httpd-foreground\\\"\"],\"cpu\":0,\"entryPoint\":[\"sh\",\"-c\"],\"environment\":[],\"essential\":false,\"image\":\"httpd:2.4\",\"memoryReservation\":128,\"mountPoints\":[],\"name\":\"uat-elasticsearchindexer\",\"portMappings\":[{\"containerPort\":80,\"hostPort\":8004,\"protocol\":\"tcp\"}],\"volumesFrom\":[]},{\"cpu\":0,\"environment\":[],\"essential\":true,\"image\":\"microsoft/iis\",\"memory\":512,\"mountPoints\":[],\"name\":\"uat-jobs\",\"portMappings\":[{\"containerPort\":80,\"hostPort\":8005,\"protocol\":\"tcp\"}],\"volumesFrom\":[]}]",
            "cpu": "",
            "execution_role_arn": "",
            "family": "Symphony-Microservices-ECS-service",
            "id": "Symphony-Microservices-ECS-service",
            "ipc_mode": null,
            "memory": "",
            "network_mode": "",
            "pid_mode": null,
            "placement_constraints": [],
            "proxy_configuration": [],
            "requires_compatibilities": null,
            "revision": 9,
            "tags": null,
            "task_role_arn": "",
            "volume": []
          },
          "private": "eyJzY2hlbWFfdmVyc2lvbiI6IjEifQ=="
        }
      ]
    },
    {
      "mode": "managed",
      "type": "aws_iam_instance_profile",
      "name": "ecs-ec2-role",
      "provider": "provider.aws",
      "instances": [
        {
          "schema_version": 0,
          "attributes": {
            "arn": "arn:aws:iam::945116902499:instance-profile/Symphony-Microservices-ECS-iam-instance-profile",
            "create_date": "2020-01-09T05:07:24Z",
            "id": "Symphony-Microservices-ECS-iam-instance-profile",
            "name": "Symphony-Microservices-ECS-iam-instance-profile",
            "name_prefix": null,
            "path": "/",
            "role": "ecs-ec2-role",
            "roles": [
              "ecs-ec2-role"
            ],
            "unique_id": "AIPA5YDK3ORRUVGBWZFBV"
          },
          "private": "bnVsbA=="
        }
      ]
    },
    {
      "mode": "managed",
      "type": "aws_iam_role_policy_attachment",
      "name": "ecs-service-attach",
      "provider": "provider.aws",
      "instances": [
        {
          "schema_version": 0,
          "attributes": {
            "id": "ecs-service-role-20200109050724228800000001",
            "policy_arn": "arn:aws:iam::aws:policy/service-role/AmazonEC2ContainerServiceRole",
            "role": "ecs-service-role"
          },
          "private": "bnVsbA=="
        }
      ]
    },
    {
      "mode": "managed",
      "type": "aws_launch_configuration",
      "name": "ecs-cluster-lc",
      "provider": "provider.aws",
      "instances": [
        {
          "schema_version": 0,
          "attributes": {
            "associate_public_ip_address": false,
            "ebs_block_device": [],
            "ebs_optimized": false,
            "enable_monitoring": true,
            "ephemeral_block_device": [],
            "iam_instance_profile": "Symphony-Microservices-ECS-iam-instance-profile",
            "id": "Symphony-Microservices-ECS-LC-Linux20200109050724978500000004",
            "image_id": "ami-00afc256a955c31b5",
            "instance_type": "t3.medium",
            "key_name": "Kansas-UAT-ECS-Key",
            "name": "Symphony-Microservices-ECS-LC-Linux20200109050724978500000004",
            "name_prefix": "Symphony-Microservices-ECS-LC-Linux",
            "placement_tenancy": null,
            "root_block_device": [],
            "security_groups": [
              "sg-09a4c12052a8fa6c6"
            ],
            "spot_price": "",
            "user_data": "ec56489f5386fa2004ec50cc5e928405f39bffac",
            "user_data_base64": null,
            "vpc_classic_link_id": "",
            "vpc_classic_link_security_groups": []
          },
          "private": "bnVsbA==",
          "dependencies": [
            "aws_ecs_cluster.ecs_cluster",
            "aws_iam_instance_profile.ecs-ec2-role"
          ]
        }
      ]
    },
    {
      "mode": "managed",
      "type": "aws_launch_configuration",
      "name": "ecs-cluster-lc-2",
      "each": "list",
      "provider": "provider.aws",
      "instances": [
        {
          "index_key": 0,
          "schema_version": 0,
          "attributes": {
            "associate_public_ip_address": false,
            "ebs_block_device": [],
            "ebs_optimized": false,
            "enable_monitoring": true,
            "ephemeral_block_device": [],
            "iam_instance_profile": "Symphony-Microservices-ECS-iam-instance-profile",
            "id": "Symphony-Microservices-ECS-LC-Windows20200109050724583500000002",
            "image_id": "ami-0eb7093437bbdc227",
            "instance_type": "t3.medium",
            "key_name": "Kansas-UAT-ECS-Key",
            "name": "Symphony-Microservices-ECS-LC-Windows20200109050724583500000002",
            "name_prefix": "Symphony-Microservices-ECS-LC-Windows",
            "placement_tenancy": null,
            "root_block_device": [],
            "security_groups": [
              "sg-09a4c12052a8fa6c6"
            ],
            "spot_price": "",
            "user_data": "4fef44f973a451be426b7f4695cd92112e2787d4",
            "user_data_base64": null,
            "vpc_classic_link_id": "",
            "vpc_classic_link_security_groups": []
          },
          "private": "bnVsbA==",
          "dependencies": [
            "aws_ecs_cluster.ecs_cluster",
            "aws_iam_instance_profile.ecs-ec2-role"
          ]
        }
      ]
    }
  ]
}
