{
  "version": 4,
  "terraform_version": "0.12.18",
  "serial": 3,
  "lineage": "8474c903-ed8b-4679-c366-beb24dd9f8c7",
  "outputs": {
    "linux_ec2_instance_id": {
      "value": [
        "i-0aa721fe65697ea8b"
      ],
      "type": [
        "tuple",
        [
          "string"
        ]
      ]
    },
    "linux_ec2_private_ip": {
      "value": [
        "10.126.64.38"
      ],
      "type": [
        "tuple",
        [
          "string"
        ]
      ]
    },
    "windows_ec2_instance_id": {
      "value": [
        "i-0fa25ee8ce351b30c"
      ],
      "type": [
        "tuple",
        [
          "string"
        ]
      ]
    },
    "windows_ec2_private_ip": {
      "value": [
        "10.126.64.154"
      ],
      "type": [
        "tuple",
        [
          "string"
        ]
      ]
    }
  },
  "resources": [
    {
      "mode": "data",
      "type": "aws_ami",
      "name": "amazon-linux-2",
      "provider": "provider.aws",
      "instances": [
        {
          "schema_version": 0,
          "attributes": {
            "architecture": "x86_64",
            "block_device_mappings": [
              {
                "device_name": "/dev/xvda",
                "ebs": {
                  "delete_on_termination": "true",
                  "encrypted": "false",
                  "iops": "0",
                  "snapshot_id": "snap-0e27a39c6e2f9f079",
                  "volume_size": "8",
                  "volume_type": "standard"
                },
                "no_device": "",
                "virtual_name": ""
              }
            ],
            "creation_date": "2020-03-07T21:43:03.000Z",
            "description": "Amazon Linux 2 AMI 2.0.20200304.0 x86_64 HVM ebs",
            "executable_users": null,
            "filter": [
              {
                "name": "name",
                "values": [
                  "amzn2-ami-hvm-*-x86_64-ebs"
                ]
              },
              {
                "name": "owner-alias",
                "values": [
                  "amazon"
                ]
              }
            ],
            "hypervisor": "xen",
            "id": "ami-00b99db251c4b691a",
            "image_id": "ami-00b99db251c4b691a",
            "image_location": "amazon/amzn2-ami-hvm-2.0.20200304.0-x86_64-ebs",
            "image_owner_alias": "amazon",
            "image_type": "machine",
            "kernel_id": null,
            "most_recent": true,
            "name": "amzn2-ami-hvm-2.0.20200304.0-x86_64-ebs",
            "name_regex": null,
            "owner_id": "137112412989",
            "owners": [
              "amazon"
            ],
            "platform": null,
            "product_codes": [],
            "public": true,
            "ramdisk_id": null,
            "root_device_name": "/dev/xvda",
            "root_device_type": "ebs",
            "root_snapshot_id": "snap-0e27a39c6e2f9f079",
            "sriov_net_support": "simple",
            "state": "available",
            "state_reason": {
              "code": "UNSET",
              "message": "UNSET"
            },
            "tags": {},
            "virtualization_type": "hvm"
          }
        }
      ]
    },
    {
      "mode": "data",
      "type": "aws_ami",
      "name": "windows-2016",
      "provider": "provider.aws",
      "instances": [
        {
          "schema_version": 0,
          "attributes": {
            "architecture": "x86_64",
            "block_device_mappings": [
              {
                "device_name": "/dev/sda1",
                "ebs": {
                  "delete_on_termination": "true",
                  "encrypted": "false",
                  "iops": "0",
                  "snapshot_id": "snap-02ebf93cad8f7203e",
                  "volume_size": "30",
                  "volume_type": "gp2"
                },
                "no_device": "",
                "virtual_name": ""
              },
              {
                "device_name": "xvdca",
                "ebs": {},
                "no_device": "",
                "virtual_name": "ephemeral0"
              },
              {
                "device_name": "xvdcb",
                "ebs": {},
                "no_device": "",
                "virtual_name": "ephemeral1"
              },
              {
                "device_name": "xvdcc",
                "ebs": {},
                "no_device": "",
                "virtual_name": "ephemeral2"
              },
              {
                "device_name": "xvdcd",
                "ebs": {},
                "no_device": "",
                "virtual_name": "ephemeral3"
              },
              {
                "device_name": "xvdce",
                "ebs": {},
                "no_device": "",
                "virtual_name": "ephemeral4"
              },
              {
                "device_name": "xvdcf",
                "ebs": {},
                "no_device": "",
                "virtual_name": "ephemeral5"
              },
              {
                "device_name": "xvdcg",
                "ebs": {},
                "no_device": "",
                "virtual_name": "ephemeral6"
              },
              {
                "device_name": "xvdch",
                "ebs": {},
                "no_device": "",
                "virtual_name": "ephemeral7"
              },
              {
                "device_name": "xvdci",
                "ebs": {},
                "no_device": "",
                "virtual_name": "ephemeral8"
              },
              {
                "device_name": "xvdcj",
                "ebs": {},
                "no_device": "",
                "virtual_name": "ephemeral9"
              },
              {
                "device_name": "xvdck",
                "ebs": {},
                "no_device": "",
                "virtual_name": "ephemeral10"
              },
              {
                "device_name": "xvdcl",
                "ebs": {},
                "no_device": "",
                "virtual_name": "ephemeral11"
              },
              {
                "device_name": "xvdcm",
                "ebs": {},
                "no_device": "",
                "virtual_name": "ephemeral12"
              },
              {
                "device_name": "xvdcn",
                "ebs": {},
                "no_device": "",
                "virtual_name": "ephemeral13"
              },
              {
                "device_name": "xvdco",
                "ebs": {},
                "no_device": "",
                "virtual_name": "ephemeral14"
              },
              {
                "device_name": "xvdcp",
                "ebs": {},
                "no_device": "",
                "virtual_name": "ephemeral15"
              },
              {
                "device_name": "xvdcq",
                "ebs": {},
                "no_device": "",
                "virtual_name": "ephemeral16"
              },
              {
                "device_name": "xvdcr",
                "ebs": {},
                "no_device": "",
                "virtual_name": "ephemeral17"
              },
              {
                "device_name": "xvdcs",
                "ebs": {},
                "no_device": "",
                "virtual_name": "ephemeral18"
              },
              {
                "device_name": "xvdct",
                "ebs": {},
                "no_device": "",
                "virtual_name": "ephemeral19"
              },
              {
                "device_name": "xvdcu",
                "ebs": {},
                "no_device": "",
                "virtual_name": "ephemeral20"
              },
              {
                "device_name": "xvdcv",
                "ebs": {},
                "no_device": "",
                "virtual_name": "ephemeral21"
              },
              {
                "device_name": "xvdcw",
                "ebs": {},
                "no_device": "",
                "virtual_name": "ephemeral22"
              },
              {
                "device_name": "xvdcx",
                "ebs": {},
                "no_device": "",
                "virtual_name": "ephemeral23"
              },
              {
                "device_name": "xvdcy",
                "ebs": {},
                "no_device": "",
                "virtual_name": "ephemeral24"
              },
              {
                "device_name": "xvdcz",
                "ebs": {},
                "no_device": "",
                "virtual_name": "ephemeral25"
              }
            ],
            "creation_date": "2020-03-11T08:31:26.000Z",
            "description": "Microsoft Windows Server 2016 with Desktop Experience Locale English AMI provided by Amazon",
            "executable_users": null,
            "filter": [
              {
                "name": "name",
                "values": [
                  "Windows_Server-2016-English-Full-Base-*"
                ]
              },
              {
                "name": "owner-alias",
                "values": [
                  "amazon"
                ]
              }
            ],
            "hypervisor": "xen",
            "id": "ami-08bf5f54919fada4a",
            "image_id": "ami-08bf5f54919fada4a",
            "image_location": "amazon/Windows_Server-2016-English-Full-Base-2020.03.11",
            "image_owner_alias": "amazon",
            "image_type": "machine",
            "kernel_id": null,
            "most_recent": true,
            "name": "Windows_Server-2016-English-Full-Base-2020.03.11",
            "name_regex": null,
            "owner_id": "801119661308",
            "owners": [
              "amazon"
            ],
            "platform": "windows",
            "product_codes": [],
            "public": true,
            "ramdisk_id": null,
            "root_device_name": "/dev/sda1",
            "root_device_type": "ebs",
            "root_snapshot_id": "snap-02ebf93cad8f7203e",
            "sriov_net_support": "simple",
            "state": "available",
            "state_reason": {
              "code": "UNSET",
              "message": "UNSET"
            },
            "tags": {},
            "virtualization_type": "hvm"
          }
        }
      ]
    },
    {
      "mode": "data",
      "type": "template_cloudinit_config",
      "name": "linux_ec2",
      "provider": "provider.template",
      "instances": [
        {
          "schema_version": 0,
          "attributes": {
            "base64_encode": true,
            "gzip": true,
            "id": "3738828870",
            "part": [
              {
                "content": "#!/bin/bash\nyum update -y\nyum install -y wget amazon-efs-utils\n\necho -e \"INFO: Downloading RedCloak Agent ... \\c\"\nwget -q https://symphony-software-catalog.s3.amazonaws.com/Agent/Linux/redcloak-1.2.8.0-0.x86_64.rpm\n[ $? -ne 0 ] \u0026\u0026 echo \"Failed.\" || echo \"Success.\"\n\necho -e \"INFO: Installing RedCloak Agent ... \\c\"\nyum localinstall -y redcloak-1.2.8.0-0.x86_64.rpm \u003e/tmp/redcloak-1.2.8.0-0.x86_64.log 2\u003e\u00261\n[ $? -ne 0 ] \u0026\u0026 echo \"Failed.\" || echo \"Success.\"\ncat /tmp/redcloak-1.2.8.0-0.x86_64.log\n\nservice redcloak status\n/var/opt/secureworks/redcloak/bin/redcloak --check\n\nsudo rpm -ivh https://dl.fedoraproject.org/pub/epel/epel-release-latest-7.noarch.rpm\nsudo yum install collectd -y\nyum remove epel-release -y\n\nwget -P /tmp/ https://s3.amazonaws.com/amazoncloudwatch-agent/amazon_linux/amd64/latest/amazon-cloudwatch-agent.rpm\nsudo yum localinstall /tmp/amazon-cloudwatch-agent.rpm -y\n\nwget -P /tmp/ https://symphony-software-catalog.s3.amazonaws.com/Agent/Linux/CloudWatch/linux+config.json\nsudo cp /tmp/config.json_linux /opt/aws/amazon-cloudwatch-agent/bin/config.json\nsudo /opt/aws/amazon-cloudwatch-agent/bin/amazon-cloudwatch-agent-ctl -a fetch-config \\\n     -m ec2 -c file:/opt/aws/amazon-cloudwatch-agent/bin/config.json -s\n\nmkdir -p /mnt/eft_efs\n\nmount -t nfs4 -o nfsvers=4.1,rsize=1048576,wsize=1048576,hard,timeo=600,retrans=2,noresvport fs-3f64a7bf.efs.us-east-1.amazonaws.com:/ /mnt/eft_efs\n\necho \"fs-3f64a7bf.efs.us-east-1.amazonaws.com:/ /mnt/eft_efs nfs4 nfsvers=4.1,rsize=1048576,wsize=1048576,hard,timeo=600,retrans=2 0 0\" \u003e\u003e/etc/fstab\n\ncd /mnt/eft_efs\nmkdir EFTShare\nwget -q http://ftp.globalscape.com/bin/files/eftse/EFTServer-ENT.exe\nwget -q http://ftp.globalscape.com/bin/files/eftse/EFTServer-ENT-NoDB.exe\n\n",
                "content_type": "text/x-shellscript",
                "filename": "",
                "merge_type": ""
              }
            ],
            "rendered": "H4sIAAAAAAAA/6RV72/bNhD9TsD/w80b+mU+0k49J/DgDG1+AAGWdGizDcM6BDR1sthQpEae/KPoHz9Iyjw7Qb0t9QcLvNO9e+/uSToLnskz3m4qmkJZO7aVjqxKu6bse5iH2mc6bmb966vri9dvfr45f/X2t75oTvgLxWSDn8JIDnuiJxB3b+qJLXbUPuUU8cKbkFm/mMLx3PLODW1zpjWrNaaCnEsm2op74tqW9KTP11+pufVqrlMhNnUJdZVpJsBNe7I+sXYOcAOrBTHoUn8MHilPWLN1SQgyRQAk6F/dXL6ZwnlYeRd0QwzeUnbmgr6HVwvyDFJKeG/6ogXCP6FgrtJUqbQpqyL4DaaQ80pHQqNZu7CQ6aXsGupVkiaUqgVSP1pfr1WkzDToOJJH8kQOcSjXJ5O7yVjGqhS/wzc/AHqCIfwBL15AS7N/qa2jTPbh06eHyLvaGEpJ9p8oueqkHxDSDMgFo93OlA6yglPFZXWAuQsLODp9MXoGfaMZ/h1diERxaQ1tiUJizXUSaqmjChWrRKaOtArxPm2xWotsKxBNQeZeiFRnARpdaJfFdp+ZkzllIeoqhg9kWIa4UFU9V1SRa/8wkiOdCJ1mSozH0gcdTdFurgXd9Z4JzpHh7G9PRirDkmAXqEk9+Oqnbgr/uOuxh7qTcaHOVppNgbo1VRe+c623dJlNxqpj95DBxxX7ZPd80DI4UHaI7vMehrOmy69NF9Uq+NYEn9uF/JCC70iaquu0k+jEQrt1vUqfY9wu/wnef6r6TA4NO0ANOTWhDhreC2h+WAKZI0ADuXU0/b/kAJMQ5X1mI2AFqvSsKOc7yptwqD0DMvg8jQFDc11STLOxHA1ish9pNhqOT747ngxWe6dCx2zAtqQwmwyHg0jcvIRnRwMfIqVlFSJDnvBlPhnr43kuKU+yTkg6MY72tzZVj0h1z/HzqjshX6oChjDsw+mpIjYqT6znQphsn2Y30YvL23eFjrT3Cp8qlXMlFy7MtUtGV9S6s9lLs8HUYCRSTS3FZfPhurmVtP5yELwJ569bpCefS8Se+CsAAP//J2+L+Y0HAAA="
          }
        }
      ]
    },
    {
      "mode": "data",
      "type": "template_cloudinit_config",
      "name": "windows_ec2",
      "provider": "provider.template",
      "instances": [
        {
          "schema_version": 0,
          "attributes": {
            "base64_encode": true,
            "gzip": true,
            "id": "1178485797",
            "part": [
              {
                "content": "\u003cpowershell\u003e\n\n$Path = $env:TEMP;\n$Installer = \"chrome_installer.exe\";\nInvoke-WebRequest \"http://dl.google.com/chrome/install/375.126/$Installer\" -OutFile $Path\\$Installer;\nStart-Process -FilePath $Path\\$Installer -Args \"/silent /install\" -Verb RunAs -Wait;\nRemove-Item $Path\\$Installer\n\n$url = \"https://symphony-software-catalog.s3.amazonaws.com/Agent/Windows/redcloak.msi\"\n$output = \"C:\\Windows\\Temp\\redcloak.msi\"\nInvoke-WebRequest -Uri $url -OutFile $output\nmsiexec /i C:\\Windows\\Temp\\redcloak.msi /quiet /qn\n\n$parameters = @{\n        Uri = 'https://s3.amazonaws.com/amazoncloudwatch-agent/windows/amd64/latest/AmazonCloudWatchAgent.zip'\n        OutFile = \"$env:TEMP\\AmazonCloudWatchAgent.zip\"\n}\nInvoke-WebRequest @parameters\n\nExpand-Archive -Path \"$env:TEMP\\AmazonCloudWatchAgent.zip\" -DestinationPath \"$env:TEMP\\AmazonCloudWatchAgent\"\n\nSet-Location -Path \"$env:TEMP\\AmazonCloudWatchAgent\"\n.\\install.ps1\n\n$parameters = @{\n        Uri = 'https://symphony-software-catalog.s3.amazonaws.com/Agent/Windows/CloudWatch/Windows+config.json'\n        OutFile = \"C:\\Program Files\\Amazon\\AmazonCloudWatchAgent\\config.json\"\n}\nInvoke-WebRequest @parameters\n\nSet-Location -Path 'C:\\Program Files\\Amazon\\AmazonCloudWatchAgent\\'\n.\\amazon-cloudwatch-agent-ctl.ps1 -a fetch-config -m ec2 -c file:'C:\\Program Files\\Amazon\\AmazonCloudWatchAgent\\config.json' -s\n\nrefreshenv\n\n\u003c/powershell\u003e\n",
                "content_type": "text/x-shellscript",
                "filename": "",
                "merge_type": ""
              }
            ],
            "rendered": "H4sIAAAAAAAA/5xUXavjNhB9F+Q/DCaQhyKrd7fdBWdTNs2mEGi6IXu3oWAoijyx1bUkX2mcjy3978XOZ3PTklu/aXzmnDlHg0bOElrij7sKEzB1SbqSnoTRW8z6sHS1zaTfDaLpZDr+8ePnXz4M579FrDnxX9EH7WwCD/G3HdZhnF+COuzE7aUNK/R8bJXLtM0TeLvUdAFoxQm3JLY8FFiWQXldUYdNtcFnOu8qt0Hf4n5grDuTVMAAumjXyeN4Ouuz7sQGkmWJHgYQqcI7g7/rYy3GLUZ9NrFr9wX5ApdzfKoxEEQFUZUIkZVx7lxeYqycEft2cWgXr99+Hz+8eiPOGhHwjzX9pEuEdpb0/KvPPpH0xGfeKQwBeINq571GAh/6PEAkgi7REhz1ImjsL2Fe22EAvpCa+myOxq2RTwjNMyLGurUvG9+Nm5AIEXamKpzd8eBWtJEeuZIkS5fH4XUsjfzqrNyE1uswR0tioW3mNkF4zFTp5JfYBB2xrqupqqlhHiXpAZM+oqnSfwKfB8s/ew3tWOek9mzMBI1bVCA0/BcriKdaI4F4sox1K+mlQUIfYADv/2Rw+BqZAfROxq/t7U+qdHW2kaQKLlu/m4NfabI334lSEgYSwxY7arCLBttGE3/VVe8kd/QygOi0fOm/9kXsrxvRvD97YWy8raTN+NCrQq8ReLspd3ED/4CBtJWknb2rLWLsExL/2am2506xiMXpYTPjKjy84C7+7xKeBziWvlHOrnQe/xGcvXkZoySdeZd7aaAphYOV247SC7Y7ruhGZr2X6fVYnO4N8+tN5IraWIFLWGFT3g8H3ACqV8AVrHSJyQsVL/MCHhjzuPIYCrRrxt6Jy9f0+hHnvMP+DgAA///boQERIwYAAA=="
          }
        }
      ]
    },
    {
      "mode": "data",
      "type": "template_file",
      "name": "linux_ec2",
      "provider": "provider.template",
      "instances": [
        {
          "schema_version": 0,
          "attributes": {
            "filename": null,
            "id": "8ad5c4cd02d687ab9f64bb8a588afa18fbcd6dc2577332a83867e9e7d5dfdfac",
            "rendered": "#!/bin/bash\nyum update -y\nyum install -y wget amazon-efs-utils\n\necho -e \"INFO: Downloading RedCloak Agent ... \\c\"\nwget -q https://symphony-software-catalog.s3.amazonaws.com/Agent/Linux/redcloak-1.2.8.0-0.x86_64.rpm\n[ $? -ne 0 ] \u0026\u0026 echo \"Failed.\" || echo \"Success.\"\n\necho -e \"INFO: Installing RedCloak Agent ... \\c\"\nyum localinstall -y redcloak-1.2.8.0-0.x86_64.rpm \u003e/tmp/redcloak-1.2.8.0-0.x86_64.log 2\u003e\u00261\n[ $? -ne 0 ] \u0026\u0026 echo \"Failed.\" || echo \"Success.\"\ncat /tmp/redcloak-1.2.8.0-0.x86_64.log\n\nservice redcloak status\n/var/opt/secureworks/redcloak/bin/redcloak --check\n\nsudo rpm -ivh https://dl.fedoraproject.org/pub/epel/epel-release-latest-7.noarch.rpm\nsudo yum install collectd -y\nyum remove epel-release -y\n\nwget -P /tmp/ https://s3.amazonaws.com/amazoncloudwatch-agent/amazon_linux/amd64/latest/amazon-cloudwatch-agent.rpm\nsudo yum localinstall /tmp/amazon-cloudwatch-agent.rpm -y\n\nwget -P /tmp/ https://symphony-software-catalog.s3.amazonaws.com/Agent/Linux/CloudWatch/linux+config.json\nsudo cp /tmp/config.json_linux /opt/aws/amazon-cloudwatch-agent/bin/config.json\nsudo /opt/aws/amazon-cloudwatch-agent/bin/amazon-cloudwatch-agent-ctl -a fetch-config \\\n     -m ec2 -c file:/opt/aws/amazon-cloudwatch-agent/bin/config.json -s\n\nmkdir -p /mnt/eft_efs\n\nmount -t nfs4 -o nfsvers=4.1,rsize=1048576,wsize=1048576,hard,timeo=600,retrans=2,noresvport fs-3f64a7bf.efs.us-east-1.amazonaws.com:/ /mnt/eft_efs\n\necho \"fs-3f64a7bf.efs.us-east-1.amazonaws.com:/ /mnt/eft_efs nfs4 nfsvers=4.1,rsize=1048576,wsize=1048576,hard,timeo=600,retrans=2 0 0\" \u003e\u003e/etc/fstab\n\ncd /mnt/eft_efs\nmkdir EFTShare\nwget -q http://ftp.globalscape.com/bin/files/eftse/EFTServer-ENT.exe\nwget -q http://ftp.globalscape.com/bin/files/eftse/EFTServer-ENT-NoDB.exe\n\n",
            "template": "#!/bin/bash\nyum update -y\nyum install -y wget amazon-efs-utils\n\necho -e \"INFO: Downloading RedCloak Agent ... \\c\"\nwget -q https://symphony-software-catalog.s3.amazonaws.com/Agent/Linux/redcloak-1.2.8.0-0.x86_64.rpm\n[ $? -ne 0 ] \u0026\u0026 echo \"Failed.\" || echo \"Success.\"\n\necho -e \"INFO: Installing RedCloak Agent ... \\c\"\nyum localinstall -y redcloak-1.2.8.0-0.x86_64.rpm \u003e/tmp/redcloak-1.2.8.0-0.x86_64.log 2\u003e\u00261\n[ $? -ne 0 ] \u0026\u0026 echo \"Failed.\" || echo \"Success.\"\ncat /tmp/redcloak-1.2.8.0-0.x86_64.log\n\nservice redcloak status\n/var/opt/secureworks/redcloak/bin/redcloak --check\n\nsudo rpm -ivh https://dl.fedoraproject.org/pub/epel/epel-release-latest-7.noarch.rpm\nsudo yum install collectd -y\nyum remove epel-release -y\n\nwget -P /tmp/ https://s3.amazonaws.com/amazoncloudwatch-agent/amazon_linux/amd64/latest/amazon-cloudwatch-agent.rpm\nsudo yum localinstall /tmp/amazon-cloudwatch-agent.rpm -y\n\nwget -P /tmp/ https://symphony-software-catalog.s3.amazonaws.com/Agent/Linux/CloudWatch/linux+config.json\nsudo cp /tmp/config.json_linux /opt/aws/amazon-cloudwatch-agent/bin/config.json\nsudo /opt/aws/amazon-cloudwatch-agent/bin/amazon-cloudwatch-agent-ctl -a fetch-config \\\n     -m ec2 -c file:/opt/aws/amazon-cloudwatch-agent/bin/config.json -s\n\nmkdir -p /mnt/eft_efs\n\nmount -t nfs4 -o nfsvers=4.1,rsize=1048576,wsize=1048576,hard,timeo=600,retrans=2,noresvport ${efs_dns_name}:/ /mnt/eft_efs\n\necho \"${efs_dns_name}:/ /mnt/eft_efs nfs4 nfsvers=4.1,rsize=1048576,wsize=1048576,hard,timeo=600,retrans=2 0 0\" \u003e\u003e/etc/fstab\n\ncd /mnt/eft_efs\nmkdir EFTShare\nwget -q http://ftp.globalscape.com/bin/files/eftse/EFTServer-ENT.exe\nwget -q http://ftp.globalscape.com/bin/files/eftse/EFTServer-ENT-NoDB.exe\n\n",
            "vars": {
              "efs_dns_name": "fs-3f64a7bf.efs.us-east-1.amazonaws.com"
            }
          }
        }
      ]
    },
    {
      "mode": "data",
      "type": "template_file",
      "name": "windows_ec2",
      "provider": "provider.template",
      "instances": [
        {
          "schema_version": 0,
          "attributes": {
            "filename": null,
            "id": "88d8628cb247f818bcc1bfd6590fc4d57d5f2ecb55eac91bc643b7288f34c23f",
            "rendered": "\u003cpowershell\u003e\n\n$Path = $env:TEMP;\n$Installer = \"chrome_installer.exe\";\nInvoke-WebRequest \"http://dl.google.com/chrome/install/375.126/$Installer\" -OutFile $Path\\$Installer;\nStart-Process -FilePath $Path\\$Installer -Args \"/silent /install\" -Verb RunAs -Wait;\nRemove-Item $Path\\$Installer\n\n$url = \"https://symphony-software-catalog.s3.amazonaws.com/Agent/Windows/redcloak.msi\"\n$output = \"C:\\Windows\\Temp\\redcloak.msi\"\nInvoke-WebRequest -Uri $url -OutFile $output\nmsiexec /i C:\\Windows\\Temp\\redcloak.msi /quiet /qn\n\n$parameters = @{\n        Uri = 'https://s3.amazonaws.com/amazoncloudwatch-agent/windows/amd64/latest/AmazonCloudWatchAgent.zip'\n        OutFile = \"$env:TEMP\\AmazonCloudWatchAgent.zip\"\n}\nInvoke-WebRequest @parameters\n\nExpand-Archive -Path \"$env:TEMP\\AmazonCloudWatchAgent.zip\" -DestinationPath \"$env:TEMP\\AmazonCloudWatchAgent\"\n\nSet-Location -Path \"$env:TEMP\\AmazonCloudWatchAgent\"\n.\\install.ps1\n\n$parameters = @{\n        Uri = 'https://symphony-software-catalog.s3.amazonaws.com/Agent/Windows/CloudWatch/Windows+config.json'\n        OutFile = \"C:\\Program Files\\Amazon\\AmazonCloudWatchAgent\\config.json\"\n}\nInvoke-WebRequest @parameters\n\nSet-Location -Path 'C:\\Program Files\\Amazon\\AmazonCloudWatchAgent\\'\n.\\amazon-cloudwatch-agent-ctl.ps1 -a fetch-config -m ec2 -c file:'C:\\Program Files\\Amazon\\AmazonCloudWatchAgent\\config.json' -s\n\nrefreshenv\n\n\u003c/powershell\u003e\n",
            "template": "\u003cpowershell\u003e\n\n$Path = $env:TEMP;\n$Installer = \"chrome_installer.exe\";\nInvoke-WebRequest \"http://dl.google.com/chrome/install/375.126/$Installer\" -OutFile $Path\\$Installer;\nStart-Process -FilePath $Path\\$Installer -Args \"/silent /install\" -Verb RunAs -Wait;\nRemove-Item $Path\\$Installer\n\n$url = \"https://symphony-software-catalog.s3.amazonaws.com/Agent/Windows/redcloak.msi\"\n$output = \"C:\\Windows\\Temp\\redcloak.msi\"\nInvoke-WebRequest -Uri $url -OutFile $output\nmsiexec /i C:\\Windows\\Temp\\redcloak.msi /quiet /qn\n\n$parameters = @{\n        Uri = 'https://s3.amazonaws.com/amazoncloudwatch-agent/windows/amd64/latest/AmazonCloudWatchAgent.zip'\n        OutFile = \"$env:TEMP\\AmazonCloudWatchAgent.zip\"\n}\nInvoke-WebRequest @parameters\n\nExpand-Archive -Path \"$env:TEMP\\AmazonCloudWatchAgent.zip\" -DestinationPath \"$env:TEMP\\AmazonCloudWatchAgent\"\n\nSet-Location -Path \"$env:TEMP\\AmazonCloudWatchAgent\"\n.\\install.ps1\n\n$parameters = @{\n        Uri = 'https://symphony-software-catalog.s3.amazonaws.com/Agent/Windows/CloudWatch/Windows+config.json'\n        OutFile = \"C:\\Program Files\\Amazon\\AmazonCloudWatchAgent\\config.json\"\n}\nInvoke-WebRequest @parameters\n\nSet-Location -Path 'C:\\Program Files\\Amazon\\AmazonCloudWatchAgent\\'\n.\\amazon-cloudwatch-agent-ctl.ps1 -a fetch-config -m ec2 -c file:'C:\\Program Files\\Amazon\\AmazonCloudWatchAgent\\config.json' -s\n\nrefreshenv\n\n\u003c/powershell\u003e\n",
            "vars": null
          }
        }
      ]
    },
    {
      "mode": "managed",
      "type": "aws_instance",
      "name": "eft_linux",
      "each": "list",
      "provider": "provider.aws",
      "instances": [
        {
          "index_key": 0,
          "schema_version": 1,
          "attributes": {
            "ami": "ami-00b99db251c4b691a",
            "arn": "arn:aws:ec2:us-east-1:022705868532:instance/i-0aa721fe65697ea8b",
            "associate_public_ip_address": false,
            "availability_zone": "us-east-1a",
            "cpu_core_count": 1,
            "cpu_threads_per_core": 2,
            "credit_specification": [
              {
                "cpu_credits": "unlimited"
              }
            ],
            "disable_api_termination": false,
            "ebs_block_device": [],
            "ebs_optimized": false,
            "ephemeral_block_device": [],
            "get_password_data": false,
            "hibernation": false,
            "host_id": null,
            "iam_instance_profile": "",
            "id": "i-0aa721fe65697ea8b",
            "instance_initiated_shutdown_behavior": null,
            "instance_state": "running",
            "instance_type": "t3.medium",
            "ipv6_address_count": 0,
            "ipv6_addresses": [],
            "key_name": "symphony_eft_prod_key",
            "monitoring": false,
            "network_interface": [],
            "network_interface_id": null,
            "password_data": "",
            "placement_group": "",
            "primary_network_interface_id": "eni-036682dae4c116e37",
            "private_dns": "ip-10-126-64-38.ec2.internal",
            "private_ip": "10.126.64.38",
            "public_dns": "",
            "public_ip": "",
            "root_block_device": [
              {
                "delete_on_termination": true,
                "encrypted": true,
                "iops": 100,
                "kms_key_id": "arn:aws:kms:us-east-1:022705868532:key/e56131ce-b866-41a5-8baf-4d28f6a0c72f",
                "volume_id": "vol-0f9e7aba6dc046dbc",
                "volume_size": 8,
                "volume_type": "gp2"
              }
            ],
            "security_groups": [
              "sg-04b4c593629f2e84c"
            ],
            "source_dest_check": true,
            "subnet_id": "subnet-0c2bbd3fc6aa29e0d",
            "tags": {
              "Application": "EFT",
              "Client": "Shared",
              "Environment": "Development",
              "Name": "Symphony_EFT_Development_Linux",
              "OS": "Amazon Linux 2",
              "Project": "Symphony"
            },
            "tenancy": "default",
            "timeouts": null,
            "user_data": "ae12d0add58fe81cfd7ab2ccf223b5b1fc97db67",
            "user_data_base64": null,
            "volume_tags": {
              "Name": "Symphony_EFT_Development_Linux"
            },
            "vpc_security_group_ids": [
              "sg-04b4c593629f2e84c"
            ]
          },
          "private": "eyJlMmJmYjczMC1lY2FhLTExZTYtOGY4OC0zNDM2M2JjN2M0YzAiOnsiY3JlYXRlIjo2MDAwMDAwMDAwMDAsImRlbGV0ZSI6MTIwMDAwMDAwMDAwMCwidXBkYXRlIjo2MDAwMDAwMDAwMDB9LCJzY2hlbWFfdmVyc2lvbiI6IjEifQ=="
        }
      ]
    },
    {
      "mode": "managed",
      "type": "aws_instance",
      "name": "eft_windows",
      "each": "list",
      "provider": "provider.aws",
      "instances": [
        {
          "index_key": 0,
          "schema_version": 1,
          "attributes": {
            "ami": "ami-08bf5f54919fada4a",
            "arn": "arn:aws:ec2:us-east-1:022705868532:instance/i-0fa25ee8ce351b30c",
            "associate_public_ip_address": false,
            "availability_zone": "us-east-1a",
            "cpu_core_count": 1,
            "cpu_threads_per_core": 2,
            "credit_specification": [
              {
                "cpu_credits": "unlimited"
              }
            ],
            "disable_api_termination": false,
            "ebs_block_device": [],
            "ebs_optimized": false,
            "ephemeral_block_device": [],
            "get_password_data": true,
            "hibernation": false,
            "host_id": null,
            "iam_instance_profile": "",
            "id": "i-0fa25ee8ce351b30c",
            "instance_initiated_shutdown_behavior": null,
            "instance_state": "running",
            "instance_type": "t3.medium",
            "ipv6_address_count": 0,
            "ipv6_addresses": [],
            "key_name": "symphony_eft_prod_key",
            "monitoring": false,
            "network_interface": [],
            "network_interface_id": null,
            "password_data": "h6EDdUUPcX8K5Fa8HmmZHBO20kf6VjDOkGX8uxsIqDR1VkQnojk1LGMtH1gx8X4bpwhPB+jUaSLJxgknAWzcB2mb1Q9yYhqsCXuEJAYH9f67qy58uRb58YAo6wejNLJkvCZEQVQZDmVIXLD5DkP5ygG9uhh/srbkJoWMilpHWWDv3xoltvyB+uJ0iES2P/ubF4xHtMZVruR9arU9n2Wl2QOuHVhC0CFKYQE/ayzIysmn5vQLBDRF/2bmx415fRJWsl59gPp5+Besc88veQRqa7L7VG9mz/aU40nshEsqZPghpY9tD/FACi9RkKw3ueNOqIbLT/F4jbrKDnrKRylLFA==",
            "placement_group": "",
            "primary_network_interface_id": "eni-08b29f6bef5af8e9d",
            "private_dns": "ip-10-126-64-154.ec2.internal",
            "private_ip": "10.126.64.154",
            "public_dns": "",
            "public_ip": "",
            "root_block_device": [
              {
                "delete_on_termination": true,
                "encrypted": true,
                "iops": 100,
                "kms_key_id": "arn:aws:kms:us-east-1:022705868532:key/e56131ce-b866-41a5-8baf-4d28f6a0c72f",
                "volume_id": "vol-0ceeed84da130349b",
                "volume_size": 30,
                "volume_type": "gp2"
              }
            ],
            "security_groups": [
              "sg-04b4c593629f2e84c"
            ],
            "source_dest_check": true,
            "subnet_id": "subnet-0c2bbd3fc6aa29e0d",
            "tags": {
              "Application": "EFT",
              "Client": "Shared",
              "Environment": "Development",
              "Name": "Symphony_EFT_Development_Windows",
              "OS": "Windows 2016",
              "Project": "Symphony"
            },
            "tenancy": "default",
            "timeouts": null,
            "user_data": "f874d59b32b18efbb3176edce149987383d36e3c",
            "user_data_base64": null,
            "volume_tags": {
              "Name": "Symphony_EFT_Development_Windows"
            },
            "vpc_security_group_ids": [
              "sg-04b4c593629f2e84c"
            ]
          },
          "private": "eyJlMmJmYjczMC1lY2FhLTExZTYtOGY4OC0zNDM2M2JjN2M0YzAiOnsiY3JlYXRlIjo2MDAwMDAwMDAwMDAsImRlbGV0ZSI6MTIwMDAwMDAwMDAwMCwidXBkYXRlIjo2MDAwMDAwMDAwMDB9LCJzY2hlbWFfdmVyc2lvbiI6IjEifQ=="
        }
      ]
    }
  ]
}
