[0m[1mRefreshing Terraform state in-memory prior to plan...[0m
The refreshed state will be used to calculate this plan, but will not be
persisted to local or remote state storage.
[0m
[0m[1mdata.template_file.ecs-tasks[4]: Refreshing state...[0m
[0m[1mdata.template_file.ecs-tasks[0]: Refreshing state...[0m
[0m[1mdata.template_file.ecs-tasks[1]: Refreshing state...[0m
[0m[1mdata.template_file.ecs-tasks[2]: Refreshing state...[0m
[0m[1mdata.template_file.ecs-tasks[3]: Refreshing state...[0m
[0m[1mdata.aws_acm_certificate.clientdomain: Refreshing state...[0m
[0m[1mdata.aws_vpc.vpc_id: Refreshing state...[0m
[0m[1mdata.aws_sns_topic.notification: Refreshing state...[0m
[0m[1mdata.aws_subnet_ids.subnet_ids: Refreshing state...[0m

------------------------------------------------------------------------

An execution plan has been generated and is shown below.
Resource actions are indicated with the following symbols:
  [32m+[0m create
 [36m<=[0m read (data resources)
[0m
Terraform will perform the following actions:

[1m  # data.template_file.ecs-cluster[0m will be read during apply
  # (config refers to values not yet known)[0m[0m
[0m [36m<=[0m[0m data "template_file" "ecs-cluster"  {
      [32m+[0m [0m[1m[0mid[0m[0m       = (known after apply)
      [32m+[0m [0m[1m[0mrendered[0m[0m = (known after apply)
      [32m+[0m [0m[1m[0mtemplate[0m[0m = <<~EOT
            #!/bin/bash
            #AWS_S3='https://s3.amazonaws.com'
            #SYMPHONY_SOFTWARE_CATALOG_S3='https://symphony-software-catalog.s3.amazonaws.com'
            sudo mkdir -p /etc/ecs
            echo ECS_CLUSTER=${ecs_cluster} >> /etc/ecs/ecs.config
            
            sudo yum install -y wget unzip zip
            
            ## RedClock Agent Installation ##
            sudo wget -P /tmp/ https://symphony-software-catalog.s3.amazonaws.com/Agent/Linux/redcloak-1.2.8.0-0.x86_64.rpm
            sudo yum localinstall -y /tmp/redcloak-1.2.8.0-0.x86_64.rpm
            sudo service redcloak status
            sudo /var/opt/secureworks/redcloak/bin/redcloak --check
            
            ## EPEL Repository ##
            sudo rpm -ivh https://dl.fedoraproject.org/pub/epel/epel-release-latest-7.noarch.rpm
            sudo yum install collectd -y
            yum remove epel-release -y
            
            ## CloudWatch Agent Installation ##
            wget -P /tmp/ https://s3.amazonaws.com/amazoncloudwatch-agent/amazon_linux/amd64/latest/amazon-cloudwatch-agent.rpm
            sudo yum localinstall /tmp/amazon-cloudwatch-agent.rpm -y
            wget -P /tmp/ https://symphony-software-catalog.s3.amazonaws.com/Agent/Linux/CloudWatch/linux+config.json
            sudo cp /tmp/linux+config.json /opt/aws/amazon-cloudwatch-agent/bin/config.json
            sudo /opt/aws/amazon-cloudwatch-agent/bin/amazon-cloudwatch-agent-ctl -a fetch-config \
                 -m ec2 -c file:/opt/aws/amazon-cloudwatch-agent/bin/config.json -s
            
        EOT
      [32m+[0m [0m[1m[0mvars[0m[0m     = {
          [32m+[0m [0m"ecs_cluster" = "Sym-Kan-PRD-Srv"
        }
    }

[1m  # data.template_file.ecs-cluster-2[0m will be read during apply
  # (config refers to values not yet known)[0m[0m
[0m [36m<=[0m[0m data "template_file" "ecs-cluster-2"  {
      [32m+[0m [0m[1m[0mid[0m[0m       = (known after apply)
      [32m+[0m [0m[1m[0mrendered[0m[0m = (known after apply)
      [32m+[0m [0m[1m[0mtemplate[0m[0m = <<~EOT
            <powershell>
            [Environment]::SetEnvironmentVariable("ECS_ENABLE_AWSLOGS_EXECUTIONROLE_OVERRIDE","true", "Machine")
            [Environment]::SetEnvironmentVariable("ECS_ENABLE_CPU_UNBOUNDED_WINDOWS_WORKAROUND", "true", "Machine")
            [Environment]::SetEnvironmentVariable("ECS_DISABLE_METRICS", "false", "Machine")
            Import-Module ECSTools
            Initialize-ECSAgent -Cluster ${ecs_cluster}  -EnableTaskIAMRole
            Set-ExecutionPolicy Bypass -Force;
            
            iex ((New-Object System.Net.WebClient).DownloadString('https://chocolatey.org/install.ps1'));
            choco install python3 -y;
            
            $Path = $env:TEMP;
            $Installer = "chrome_installer.exe";
            Invoke-WebRequest "http://dl.google.com/chrome/install/375.126/$Installer" -OutFile $Path\$Installer;
            Start-Process -FilePath $Path\$Installer -Args "/silent /install" -Verb RunAs -Wait;
            Remove-Item $Path\$Installer
            
            $url = "http://jenkins-awsops-prod.sym-adv.com:8000/redcloak.msi"
            $output = "C:\Windows\Temp\redcloak.msi"
            Invoke-WebRequest -Uri $url -OutFile $output
            msiexec /i C:\Windows\Temp\redcloak.msi /quiet /qn
            
            $parameters = @{
                    Uri = 'https://s3.amazonaws.com/amazoncloudwatch-agent/windows/amd64/latest/AmazonCloudWatchAgent.zip'
                    OutFile = "$env:TEMP\AmazonCloudWatchAgent.zip"
            }
            Invoke-WebRequest @parameters
            
            Expand-Archive -Path "$env:TEMP\AmazonCloudWatchAgent.zip" -DestinationPath "$env:TEMP\AmazonCloudWatchAgent"
            
            Set-Location -Path "$env:TEMP\AmazonCloudWatchAgent"
            .\install.ps1
            
            $parameters = @{
                    Uri = 'https://symphony-software-catalog.s3.amazonaws.com/Agent/Windows/CloudWatch/Windows+config.json'
                    OutFile = "C:\Program Files\Amazon\AmazonCloudWatchAgent\config.json"
            }
            Invoke-WebRequest @parameters
            
            Set-Location -Path 'C:\Program Files\Amazon\AmazonCloudWatchAgent\'
            .\amazon-cloudwatch-agent-ctl.ps1 -a fetch-config -m ec2 -c file:'C:\Program Files\Amazon\AmazonCloudWatchAgent\config.json' -s
            
            
            refreshenv
            
            </powershell>
        EOT
      [32m+[0m [0m[1m[0mvars[0m[0m     = {
          [32m+[0m [0m"ecs_cluster" = "Sym-Kan-PRD-Srv"
        }
    }

[1m  # aws_alb.aws_ecs_alb[0m will be created[0m[0m
[0m  [32m+[0m[0m resource "aws_alb" "aws_ecs_alb" {
      [32m+[0m [0m[1m[0marn[0m[0m                        = (known after apply)
      [32m+[0m [0m[1m[0marn_suffix[0m[0m                 = (known after apply)
      [32m+[0m [0m[1m[0mdns_name[0m[0m                   = (known after apply)
      [32m+[0m [0m[1m[0mdrop_invalid_header_fields[0m[0m = false
      [32m+[0m [0m[1m[0menable_deletion_protection[0m[0m = false
      [32m+[0m [0m[1m[0menable_http2[0m[0m               = true
      [32m+[0m [0m[1m[0mid[0m[0m                         = (known after apply)
      [32m+[0m [0m[1m[0midle_timeout[0m[0m               = 600
      [32m+[0m [0m[1m[0minternal[0m[0m                   = true
      [32m+[0m [0m[1m[0mip_address_type[0m[0m            = (known after apply)
      [32m+[0m [0m[1m[0mload_balancer_type[0m[0m         = "application"
      [32m+[0m [0m[1m[0mname[0m[0m                       = "Sym-Kan-PRD-Srv-ALB"
      [32m+[0m [0m[1m[0msecurity_groups[0m[0m            = (known after apply)
      [32m+[0m [0m[1m[0msubnets[0m[0m                    = [
          [32m+[0m [0m"subnet-06899ed146379aee3",
          [32m+[0m [0m"subnet-0f52b88b7e012eca0",
        ]
      [32m+[0m [0m[1m[0mtags[0m[0m                       = {
          [32m+[0m [0m"app_version"      = "3.4.0"
          [32m+[0m [0m"backup_frequency" = "Never"
          [32m+[0m [0m"backup_vault"     = "-N/A-"
          [32m+[0m [0m"billing_type"     = "Client"
          [32m+[0m [0m"client_name"      = "Kansas"
          [32m+[0m [0m"environment_name" = "Production"
          [32m+[0m [0m"project_name"     = "Symphony"
          [32m+[0m [0m"security_zone"    = "DMZ"
          [32m+[0m [0m"service_name"     = "ASG"
          [32m+[0m [0m"service_role"     = "ECS"
        }
      [32m+[0m [0m[1m[0mvpc_id[0m[0m                     = (known after apply)
      [32m+[0m [0m[1m[0mzone_id[0m[0m                    = (known after apply)

      [32m+[0m [0msubnet_mapping {
          [32m+[0m [0m[1m[0mallocation_id[0m[0m = (known after apply)
          [32m+[0m [0m[1m[0msubnet_id[0m[0m     = (known after apply)
        }
    }

[1m  # aws_alb_listener.front_end[0m will be created[0m[0m
[0m  [32m+[0m[0m resource "aws_alb_listener" "front_end" {
      [32m+[0m [0m[1m[0marn[0m[0m               = (known after apply)
      [32m+[0m [0m[1m[0mcertificate_arn[0m[0m   = "arn:aws:acm:us-east-1:945116902499:certificate/981b7fa0-3b04-4995-bbb1-8b56446801a3"
      [32m+[0m [0m[1m[0mid[0m[0m                = (known after apply)
      [32m+[0m [0m[1m[0mload_balancer_arn[0m[0m = (known after apply)
      [32m+[0m [0m[1m[0mport[0m[0m              = 443
      [32m+[0m [0m[1m[0mprotocol[0m[0m          = "HTTPS"
      [32m+[0m [0m[1m[0mssl_policy[0m[0m        = (known after apply)

      [32m+[0m [0mdefault_action {
          [32m+[0m [0m[1m[0morder[0m[0m            = (known after apply)
          [32m+[0m [0m[1m[0mtarget_group_arn[0m[0m = (known after apply)
          [32m+[0m [0m[1m[0mtype[0m[0m             = "forward"
        }
    }

[1m  # aws_alb_listener_rule.listener_rule[0][0m will be created[0m[0m
[0m  [32m+[0m[0m resource "aws_alb_listener_rule" "listener_rule" {
      [32m+[0m [0m[1m[0marn[0m[0m          = (known after apply)
      [32m+[0m [0m[1m[0mid[0m[0m           = (known after apply)
      [32m+[0m [0m[1m[0mlistener_arn[0m[0m = (known after apply)
      [32m+[0m [0m[1m[0mpriority[0m[0m     = (known after apply)

      [32m+[0m [0maction {
          [32m+[0m [0m[1m[0morder[0m[0m            = (known after apply)
          [32m+[0m [0m[1m[0mtarget_group_arn[0m[0m = (known after apply)
          [32m+[0m [0m[1m[0mtype[0m[0m             = "forward"
        }

      [32m+[0m [0mcondition {
          [32m+[0m [0m[1m[0mfield[0m[0m  = (known after apply)
          [32m+[0m [0m[1m[0mvalues[0m[0m = (known after apply)

          [32m+[0m [0mhost_header {
              [32m+[0m [0m[1m[0mvalues[0m[0m = (known after apply)
            }

          [32m+[0m [0mpath_pattern {
              [32m+[0m [0m[1m[0mvalues[0m[0m = [
                  [32m+[0m [0m"/api/auditevents*",
                ]
            }
        }
    }

[1m  # aws_alb_listener_rule.listener_rule[1][0m will be created[0m[0m
[0m  [32m+[0m[0m resource "aws_alb_listener_rule" "listener_rule" {
      [32m+[0m [0m[1m[0marn[0m[0m          = (known after apply)
      [32m+[0m [0m[1m[0mid[0m[0m           = (known after apply)
      [32m+[0m [0m[1m[0mlistener_arn[0m[0m = (known after apply)
      [32m+[0m [0m[1m[0mpriority[0m[0m     = (known after apply)

      [32m+[0m [0maction {
          [32m+[0m [0m[1m[0morder[0m[0m            = (known after apply)
          [32m+[0m [0m[1m[0mtarget_group_arn[0m[0m = (known after apply)
          [32m+[0m [0m[1m[0mtype[0m[0m             = "forward"
        }

      [32m+[0m [0mcondition {
          [32m+[0m [0m[1m[0mfield[0m[0m  = (known after apply)
          [32m+[0m [0m[1m[0mvalues[0m[0m = (known after apply)

          [32m+[0m [0mhost_header {
              [32m+[0m [0m[1m[0mvalues[0m[0m = (known after apply)
            }

          [32m+[0m [0mpath_pattern {
              [32m+[0m [0m[1m[0mvalues[0m[0m = [
                  [32m+[0m [0m"/api/checklistcrawler*",
                ]
            }
        }
    }

[1m  # aws_alb_listener_rule.listener_rule[2][0m will be created[0m[0m
[0m  [32m+[0m[0m resource "aws_alb_listener_rule" "listener_rule" {
      [32m+[0m [0m[1m[0marn[0m[0m          = (known after apply)
      [32m+[0m [0m[1m[0mid[0m[0m           = (known after apply)
      [32m+[0m [0m[1m[0mlistener_arn[0m[0m = (known after apply)
      [32m+[0m [0m[1m[0mpriority[0m[0m     = (known after apply)

      [32m+[0m [0maction {
          [32m+[0m [0m[1m[0morder[0m[0m            = (known after apply)
          [32m+[0m [0m[1m[0mtarget_group_arn[0m[0m = (known after apply)
          [32m+[0m [0m[1m[0mtype[0m[0m             = "forward"
        }

      [32m+[0m [0mcondition {
          [32m+[0m [0m[1m[0mfield[0m[0m  = (known after apply)
          [32m+[0m [0m[1m[0mvalues[0m[0m = (known after apply)

          [32m+[0m [0mhost_header {
              [32m+[0m [0m[1m[0mvalues[0m[0m = (known after apply)
            }

          [32m+[0m [0mpath_pattern {
              [32m+[0m [0m[1m[0mvalues[0m[0m = [
                  [32m+[0m [0m"/api/dataaudit*",
                ]
            }
        }
    }

[1m  # aws_alb_listener_rule.listener_rule[3][0m will be created[0m[0m
[0m  [32m+[0m[0m resource "aws_alb_listener_rule" "listener_rule" {
      [32m+[0m [0m[1m[0marn[0m[0m          = (known after apply)
      [32m+[0m [0m[1m[0mid[0m[0m           = (known after apply)
      [32m+[0m [0m[1m[0mlistener_arn[0m[0m = (known after apply)
      [32m+[0m [0m[1m[0mpriority[0m[0m     = (known after apply)

      [32m+[0m [0maction {
          [32m+[0m [0m[1m[0morder[0m[0m            = (known after apply)
          [32m+[0m [0m[1m[0mtarget_group_arn[0m[0m = (known after apply)
          [32m+[0m [0m[1m[0mtype[0m[0m             = "forward"
        }

      [32m+[0m [0mcondition {
          [32m+[0m [0m[1m[0mfield[0m[0m  = (known after apply)
          [32m+[0m [0m[1m[0mvalues[0m[0m = (known after apply)

          [32m+[0m [0mhost_header {
              [32m+[0m [0m[1m[0mvalues[0m[0m = (known after apply)
            }

          [32m+[0m [0mpath_pattern {
              [32m+[0m [0m[1m[0mvalues[0m[0m = [
                  [32m+[0m [0m"/api/elasticsearchindexer*",
                ]
            }
        }
    }

[1m  # aws_alb_target_group.ecs-group[0][0m will be created[0m[0m
[0m  [32m+[0m[0m resource "aws_alb_target_group" "ecs-group" {
      [32m+[0m [0m[1m[0marn[0m[0m                                = (known after apply)
      [32m+[0m [0m[1m[0marn_suffix[0m[0m                         = (known after apply)
      [32m+[0m [0m[1m[0mderegistration_delay[0m[0m               = 300
      [32m+[0m [0m[1m[0mid[0m[0m                                 = (known after apply)
      [32m+[0m [0m[1m[0mlambda_multi_value_headers_enabled[0m[0m = false
      [32m+[0m [0m[1m[0mload_balancing_algorithm_type[0m[0m      = (known after apply)
      [32m+[0m [0m[1m[0mname[0m[0m                               = "Sym-Kan-PRD-Srv-auditevents"
      [32m+[0m [0m[1m[0mport[0m[0m                               = 443
      [32m+[0m [0m[1m[0mprotocol[0m[0m                           = "HTTPS"
      [32m+[0m [0m[1m[0mproxy_protocol_v2[0m[0m                  = false
      [32m+[0m [0m[1m[0mslow_start[0m[0m                         = 0
      [32m+[0m [0m[1m[0mtags[0m[0m                               = {
          [32m+[0m [0m"app_version"      = "3.4.0"
          [32m+[0m [0m"backup_frequency" = "Never"
          [32m+[0m [0m"backup_vault"     = "-N/A-"
          [32m+[0m [0m"billing_type"     = "Client"
          [32m+[0m [0m"client_name"      = "Kansas"
          [32m+[0m [0m"environment_name" = "Production"
          [32m+[0m [0m"project_name"     = "Symphony"
          [32m+[0m [0m"security_zone"    = "DMZ"
          [32m+[0m [0m"service_name"     = "ASG"
          [32m+[0m [0m"service_role"     = "ECS"
        }
      [32m+[0m [0m[1m[0mtarget_type[0m[0m                        = "instance"
      [32m+[0m [0m[1m[0mvpc_id[0m[0m                             = "vpc-0a24350eb9334f4cf"

      [32m+[0m [0mhealth_check {
          [32m+[0m [0m[1m[0menabled[0m[0m             = true
          [32m+[0m [0m[1m[0mhealthy_threshold[0m[0m   = 5
          [32m+[0m [0m[1m[0minterval[0m[0m            = 30
          [32m+[0m [0m[1m[0mmatcher[0m[0m             = "200"
          [32m+[0m [0m[1m[0mpath[0m[0m                = "/api/auditevents/healthz"
          [32m+[0m [0m[1m[0mport[0m[0m                = "traffic-port"
          [32m+[0m [0m[1m[0mprotocol[0m[0m            = "HTTPS"
          [32m+[0m [0m[1m[0mtimeout[0m[0m             = 5
          [32m+[0m [0m[1m[0munhealthy_threshold[0m[0m = 2
        }

      [32m+[0m [0mstickiness {
          [32m+[0m [0m[1m[0mcookie_duration[0m[0m = (known after apply)
          [32m+[0m [0m[1m[0menabled[0m[0m         = (known after apply)
          [32m+[0m [0m[1m[0mtype[0m[0m            = (known after apply)
        }
    }

[1m  # aws_alb_target_group.ecs-group[1][0m will be created[0m[0m
[0m  [32m+[0m[0m resource "aws_alb_target_group" "ecs-group" {
      [32m+[0m [0m[1m[0marn[0m[0m                                = (known after apply)
      [32m+[0m [0m[1m[0marn_suffix[0m[0m                         = (known after apply)
      [32m+[0m [0m[1m[0mderegistration_delay[0m[0m               = 300
      [32m+[0m [0m[1m[0mid[0m[0m                                 = (known after apply)
      [32m+[0m [0m[1m[0mlambda_multi_value_headers_enabled[0m[0m = false
      [32m+[0m [0m[1m[0mload_balancing_algorithm_type[0m[0m      = (known after apply)
      [32m+[0m [0m[1m[0mname[0m[0m                               = "Sym-Kan-PRD-Srv-cklscrawler"
      [32m+[0m [0m[1m[0mport[0m[0m                               = 443
      [32m+[0m [0m[1m[0mprotocol[0m[0m                           = "HTTPS"
      [32m+[0m [0m[1m[0mproxy_protocol_v2[0m[0m                  = false
      [32m+[0m [0m[1m[0mslow_start[0m[0m                         = 0
      [32m+[0m [0m[1m[0mtags[0m[0m                               = {
          [32m+[0m [0m"app_version"      = "3.4.0"
          [32m+[0m [0m"backup_frequency" = "Never"
          [32m+[0m [0m"backup_vault"     = "-N/A-"
          [32m+[0m [0m"billing_type"     = "Client"
          [32m+[0m [0m"client_name"      = "Kansas"
          [32m+[0m [0m"environment_name" = "Production"
          [32m+[0m [0m"project_name"     = "Symphony"
          [32m+[0m [0m"security_zone"    = "DMZ"
          [32m+[0m [0m"service_name"     = "ASG"
          [32m+[0m [0m"service_role"     = "ECS"
        }
      [32m+[0m [0m[1m[0mtarget_type[0m[0m                        = "instance"
      [32m+[0m [0m[1m[0mvpc_id[0m[0m                             = "vpc-0a24350eb9334f4cf"

      [32m+[0m [0mhealth_check {
          [32m+[0m [0m[1m[0menabled[0m[0m             = true
          [32m+[0m [0m[1m[0mhealthy_threshold[0m[0m   = 5
          [32m+[0m [0m[1m[0minterval[0m[0m            = 30
          [32m+[0m [0m[1m[0mmatcher[0m[0m             = "200"
          [32m+[0m [0m[1m[0mpath[0m[0m                = "/api/checklistcrawler/healthz"
          [32m+[0m [0m[1m[0mport[0m[0m                = "traffic-port"
          [32m+[0m [0m[1m[0mprotocol[0m[0m            = "HTTPS"
          [32m+[0m [0m[1m[0mtimeout[0m[0m             = 5
          [32m+[0m [0m[1m[0munhealthy_threshold[0m[0m = 2
        }

      [32m+[0m [0mstickiness {
          [32m+[0m [0m[1m[0mcookie_duration[0m[0m = (known after apply)
          [32m+[0m [0m[1m[0menabled[0m[0m         = (known after apply)
          [32m+[0m [0m[1m[0mtype[0m[0m            = (known after apply)
        }
    }

[1m  # aws_alb_target_group.ecs-group[2][0m will be created[0m[0m
[0m  [32m+[0m[0m resource "aws_alb_target_group" "ecs-group" {
      [32m+[0m [0m[1m[0marn[0m[0m                                = (known after apply)
      [32m+[0m [0m[1m[0marn_suffix[0m[0m                         = (known after apply)
      [32m+[0m [0m[1m[0mderegistration_delay[0m[0m               = 300
      [32m+[0m [0m[1m[0mid[0m[0m                                 = (known after apply)
      [32m+[0m [0m[1m[0mlambda_multi_value_headers_enabled[0m[0m = false
      [32m+[0m [0m[1m[0mload_balancing_algorithm_type[0m[0m      = (known after apply)
      [32m+[0m [0m[1m[0mname[0m[0m                               = "Sym-Kan-PRD-Srv-dataaudit"
      [32m+[0m [0m[1m[0mport[0m[0m                               = 443
      [32m+[0m [0m[1m[0mprotocol[0m[0m                           = "HTTPS"
      [32m+[0m [0m[1m[0mproxy_protocol_v2[0m[0m                  = false
      [32m+[0m [0m[1m[0mslow_start[0m[0m                         = 0
      [32m+[0m [0m[1m[0mtags[0m[0m                               = {
          [32m+[0m [0m"app_version"      = "3.4.0"
          [32m+[0m [0m"backup_frequency" = "Never"
          [32m+[0m [0m"backup_vault"     = "-N/A-"
          [32m+[0m [0m"billing_type"     = "Client"
          [32m+[0m [0m"client_name"      = "Kansas"
          [32m+[0m [0m"environment_name" = "Production"
          [32m+[0m [0m"project_name"     = "Symphony"
          [32m+[0m [0m"security_zone"    = "DMZ"
          [32m+[0m [0m"service_name"     = "ASG"
          [32m+[0m [0m"service_role"     = "ECS"
        }
      [32m+[0m [0m[1m[0mtarget_type[0m[0m                        = "instance"
      [32m+[0m [0m[1m[0mvpc_id[0m[0m                             = "vpc-0a24350eb9334f4cf"

      [32m+[0m [0mhealth_check {
          [32m+[0m [0m[1m[0menabled[0m[0m             = true
          [32m+[0m [0m[1m[0mhealthy_threshold[0m[0m   = 5
          [32m+[0m [0m[1m[0minterval[0m[0m            = 30
          [32m+[0m [0m[1m[0mmatcher[0m[0m             = "200"
          [32m+[0m [0m[1m[0mpath[0m[0m                = "/api/dataaudit/healthz"
          [32m+[0m [0m[1m[0mport[0m[0m                = "traffic-port"
          [32m+[0m [0m[1m[0mprotocol[0m[0m            = "HTTPS"
          [32m+[0m [0m[1m[0mtimeout[0m[0m             = 5
          [32m+[0m [0m[1m[0munhealthy_threshold[0m[0m = 2
        }

      [32m+[0m [0mstickiness {
          [32m+[0m [0m[1m[0mcookie_duration[0m[0m = (known after apply)
          [32m+[0m [0m[1m[0menabled[0m[0m         = (known after apply)
          [32m+[0m [0m[1m[0mtype[0m[0m            = (known after apply)
        }
    }

[1m  # aws_alb_target_group.ecs-group[3][0m will be created[0m[0m
[0m  [32m+[0m[0m resource "aws_alb_target_group" "ecs-group" {
      [32m+[0m [0m[1m[0marn[0m[0m                                = (known after apply)
      [32m+[0m [0m[1m[0marn_suffix[0m[0m                         = (known after apply)
      [32m+[0m [0m[1m[0mderegistration_delay[0m[0m               = 300
      [32m+[0m [0m[1m[0mid[0m[0m                                 = (known after apply)
      [32m+[0m [0m[1m[0mlambda_multi_value_headers_enabled[0m[0m = false
      [32m+[0m [0m[1m[0mload_balancing_algorithm_type[0m[0m      = (known after apply)
      [32m+[0m [0m[1m[0mname[0m[0m                               = "Sym-Kan-PRD-Srv-esindexer"
      [32m+[0m [0m[1m[0mport[0m[0m                               = 443
      [32m+[0m [0m[1m[0mprotocol[0m[0m                           = "HTTPS"
      [32m+[0m [0m[1m[0mproxy_protocol_v2[0m[0m                  = false
      [32m+[0m [0m[1m[0mslow_start[0m[0m                         = 0
      [32m+[0m [0m[1m[0mtags[0m[0m                               = {
          [32m+[0m [0m"app_version"      = "3.4.0"
          [32m+[0m [0m"backup_frequency" = "Never"
          [32m+[0m [0m"backup_vault"     = "-N/A-"
          [32m+[0m [0m"billing_type"     = "Client"
          [32m+[0m [0m"client_name"      = "Kansas"
          [32m+[0m [0m"environment_name" = "Production"
          [32m+[0m [0m"project_name"     = "Symphony"
          [32m+[0m [0m"security_zone"    = "DMZ"
          [32m+[0m [0m"service_name"     = "ASG"
          [32m+[0m [0m"service_role"     = "ECS"
        }
      [32m+[0m [0m[1m[0mtarget_type[0m[0m                        = "instance"
      [32m+[0m [0m[1m[0mvpc_id[0m[0m                             = "vpc-0a24350eb9334f4cf"

      [32m+[0m [0mhealth_check {
          [32m+[0m [0m[1m[0menabled[0m[0m             = true
          [32m+[0m [0m[1m[0mhealthy_threshold[0m[0m   = 5
          [32m+[0m [0m[1m[0minterval[0m[0m            = 30
          [32m+[0m [0m[1m[0mmatcher[0m[0m             = "200"
          [32m+[0m [0m[1m[0mpath[0m[0m                = "/api/elasticsearchindexer/healthz"
          [32m+[0m [0m[1m[0mport[0m[0m                = "traffic-port"
          [32m+[0m [0m[1m[0mprotocol[0m[0m            = "HTTPS"
          [32m+[0m [0m[1m[0mtimeout[0m[0m             = 5
          [32m+[0m [0m[1m[0munhealthy_threshold[0m[0m = 2
        }

      [32m+[0m [0mstickiness {
          [32m+[0m [0m[1m[0mcookie_duration[0m[0m = (known after apply)
          [32m+[0m [0m[1m[0menabled[0m[0m         = (known after apply)
          [32m+[0m [0m[1m[0mtype[0m[0m            = (known after apply)
        }
    }

[1m  # aws_alb_target_group.ecs-group[4][0m will be created[0m[0m
[0m  [32m+[0m[0m resource "aws_alb_target_group" "ecs-group" {
      [32m+[0m [0m[1m[0marn[0m[0m                                = (known after apply)
      [32m+[0m [0m[1m[0marn_suffix[0m[0m                         = (known after apply)
      [32m+[0m [0m[1m[0mderegistration_delay[0m[0m               = 300
      [32m+[0m [0m[1m[0mid[0m[0m                                 = (known after apply)
      [32m+[0m [0m[1m[0mlambda_multi_value_headers_enabled[0m[0m = false
      [32m+[0m [0m[1m[0mload_balancing_algorithm_type[0m[0m      = (known after apply)
      [32m+[0m [0m[1m[0mname[0m[0m                               = "Sym-Kan-PRD-Srv-jobs"
      [32m+[0m [0m[1m[0mport[0m[0m                               = 443
      [32m+[0m [0m[1m[0mprotocol[0m[0m                           = "HTTPS"
      [32m+[0m [0m[1m[0mproxy_protocol_v2[0m[0m                  = false
      [32m+[0m [0m[1m[0mslow_start[0m[0m                         = 0
      [32m+[0m [0m[1m[0mtags[0m[0m                               = {
          [32m+[0m [0m"app_version"      = "3.4.0"
          [32m+[0m [0m"backup_frequency" = "Never"
          [32m+[0m [0m"backup_vault"     = "-N/A-"
          [32m+[0m [0m"billing_type"     = "Client"
          [32m+[0m [0m"client_name"      = "Kansas"
          [32m+[0m [0m"environment_name" = "Production"
          [32m+[0m [0m"project_name"     = "Symphony"
          [32m+[0m [0m"security_zone"    = "DMZ"
          [32m+[0m [0m"service_name"     = "ASG"
          [32m+[0m [0m"service_role"     = "ECS"
        }
      [32m+[0m [0m[1m[0mtarget_type[0m[0m                        = "instance"
      [32m+[0m [0m[1m[0mvpc_id[0m[0m                             = "vpc-0a24350eb9334f4cf"

      [32m+[0m [0mhealth_check {
          [32m+[0m [0m[1m[0menabled[0m[0m             = true
          [32m+[0m [0m[1m[0mhealthy_threshold[0m[0m   = 5
          [32m+[0m [0m[1m[0minterval[0m[0m            = 30
          [32m+[0m [0m[1m[0mmatcher[0m[0m             = "200"
          [32m+[0m [0m[1m[0mpath[0m[0m                = "/Account/Login?ReturnUrl=%2Fjobs"
          [32m+[0m [0m[1m[0mport[0m[0m                = "traffic-port"
          [32m+[0m [0m[1m[0mprotocol[0m[0m            = "HTTPS"
          [32m+[0m [0m[1m[0mtimeout[0m[0m             = 5
          [32m+[0m [0m[1m[0munhealthy_threshold[0m[0m = 2
        }

      [32m+[0m [0mstickiness {
          [32m+[0m [0m[1m[0mcookie_duration[0m[0m = (known after apply)
          [32m+[0m [0m[1m[0menabled[0m[0m         = (known after apply)
          [32m+[0m [0m[1m[0mtype[0m[0m            = (known after apply)
        }
    }

[1m  # aws_autoscaling_group.ecs-cluster[0m will be created[0m[0m
[0m  [32m+[0m[0m resource "aws_autoscaling_group" "ecs-cluster" {
      [32m+[0m [0m[1m[0marn[0m[0m                       = (known after apply)
      [32m+[0m [0m[1m[0mavailability_zones[0m[0m        = (known after apply)
      [32m+[0m [0m[1m[0mdefault_cooldown[0m[0m          = 30
      [32m+[0m [0m[1m[0mdesired_capacity[0m[0m          = 2
      [32m+[0m [0m[1m[0mforce_delete[0m[0m              = false
      [32m+[0m [0m[1m[0mhealth_check_grace_period[0m[0m = 120
      [32m+[0m [0m[1m[0mhealth_check_type[0m[0m         = (known after apply)
      [32m+[0m [0m[1m[0mid[0m[0m                        = (known after apply)
      [32m+[0m [0m[1m[0mload_balancers[0m[0m            = (known after apply)
      [32m+[0m [0m[1m[0mmax_size[0m[0m                  = 4
      [32m+[0m [0m[1m[0mmetrics_granularity[0m[0m       = "1Minute"
      [32m+[0m [0m[1m[0mmin_size[0m[0m                  = 2
      [32m+[0m [0m[1m[0mname[0m[0m                      = "Sym-Kan-PRD-Srv_ASG_Linux"
      [32m+[0m [0m[1m[0mprotect_from_scale_in[0m[0m     = false
      [32m+[0m [0m[1m[0mservice_linked_role_arn[0m[0m   = (known after apply)
      [32m+[0m [0m[1m[0mtarget_group_arns[0m[0m         = (known after apply)
      [32m+[0m [0m[1m[0mtermination_policies[0m[0m      = [
          [32m+[0m [0m"OldestInstance",
        ]
      [32m+[0m [0m[1m[0mvpc_zone_identifier[0m[0m       = [
          [32m+[0m [0m"subnet-06899ed146379aee3",
          [32m+[0m [0m"subnet-0f52b88b7e012eca0",
        ]
      [32m+[0m [0m[1m[0mwait_for_capacity_timeout[0m[0m = "10m"

      [32m+[0m [0mlaunch_template {
          [32m+[0m [0m[1m[0mid[0m[0m      = (known after apply)
          [32m+[0m [0m[1m[0mname[0m[0m    = (known after apply)
          [32m+[0m [0m[1m[0mversion[0m[0m = "$Latest"
        }

      [32m+[0m [0mtag {
          [32m+[0m [0m[1m[0mkey[0m[0m                 = "Name"
          [32m+[0m [0m[1m[0mpropagate_at_launch[0m[0m = true
          [32m+[0m [0m[1m[0mvalue[0m[0m               = "Sym-Kan-PRD-Srv_ASG_Linux"
        }
      [32m+[0m [0mtag {
          [32m+[0m [0m[1m[0mkey[0m[0m                 = "OS_Name"
          [32m+[0m [0m[1m[0mpropagate_at_launch[0m[0m = true
          [32m+[0m [0m[1m[0mvalue[0m[0m               = "Amazon Linux 2"
        }
      [32m+[0m [0mtag {
          [32m+[0m [0m[1m[0mkey[0m[0m                 = "OS_Type"
          [32m+[0m [0m[1m[0mpropagate_at_launch[0m[0m = true
          [32m+[0m [0m[1m[0mvalue[0m[0m               = "Linux"
        }
      [32m+[0m [0mtag {
          [32m+[0m [0m[1m[0mkey[0m[0m                 = "app_version"
          [32m+[0m [0m[1m[0mpropagate_at_launch[0m[0m = true
          [32m+[0m [0m[1m[0mvalue[0m[0m               = "3.4.0"
        }
      [32m+[0m [0mtag {
          [32m+[0m [0m[1m[0mkey[0m[0m                 = "backup_frequency"
          [32m+[0m [0m[1m[0mpropagate_at_launch[0m[0m = true
          [32m+[0m [0m[1m[0mvalue[0m[0m               = "Never"
        }
      [32m+[0m [0mtag {
          [32m+[0m [0m[1m[0mkey[0m[0m                 = "backup_vault"
          [32m+[0m [0m[1m[0mpropagate_at_launch[0m[0m = true
          [32m+[0m [0m[1m[0mvalue[0m[0m               = "-N/A-"
        }
      [32m+[0m [0mtag {
          [32m+[0m [0m[1m[0mkey[0m[0m                 = "billing_type"
          [32m+[0m [0m[1m[0mpropagate_at_launch[0m[0m = true
          [32m+[0m [0m[1m[0mvalue[0m[0m               = "Client"
        }
      [32m+[0m [0mtag {
          [32m+[0m [0m[1m[0mkey[0m[0m                 = "client_name"
          [32m+[0m [0m[1m[0mpropagate_at_launch[0m[0m = true
          [32m+[0m [0m[1m[0mvalue[0m[0m               = "Kansas"
        }
      [32m+[0m [0mtag {
          [32m+[0m [0m[1m[0mkey[0m[0m                 = "environment_name"
          [32m+[0m [0m[1m[0mpropagate_at_launch[0m[0m = true
          [32m+[0m [0m[1m[0mvalue[0m[0m               = "Production"
        }
      [32m+[0m [0mtag {
          [32m+[0m [0m[1m[0mkey[0m[0m                 = "project_name"
          [32m+[0m [0m[1m[0mpropagate_at_launch[0m[0m = true
          [32m+[0m [0m[1m[0mvalue[0m[0m               = "Symphony"
        }
      [32m+[0m [0mtag {
          [32m+[0m [0m[1m[0mkey[0m[0m                 = "security_zone"
          [32m+[0m [0m[1m[0mpropagate_at_launch[0m[0m = true
          [32m+[0m [0m[1m[0mvalue[0m[0m               = "DMZ"
        }
      [32m+[0m [0mtag {
          [32m+[0m [0m[1m[0mkey[0m[0m                 = "service_name"
          [32m+[0m [0m[1m[0mpropagate_at_launch[0m[0m = true
          [32m+[0m [0m[1m[0mvalue[0m[0m               = "EC2"
        }
      [32m+[0m [0mtag {
          [32m+[0m [0m[1m[0mkey[0m[0m                 = "service_role"
          [32m+[0m [0m[1m[0mpropagate_at_launch[0m[0m = true
          [32m+[0m [0m[1m[0mvalue[0m[0m               = "ECS"
        }
    }

[1m  # aws_autoscaling_group.ecs-cluster-2[0][0m will be created[0m[0m
[0m  [32m+[0m[0m resource "aws_autoscaling_group" "ecs-cluster-2" {
      [32m+[0m [0m[1m[0marn[0m[0m                       = (known after apply)
      [32m+[0m [0m[1m[0mavailability_zones[0m[0m        = (known after apply)
      [32m+[0m [0m[1m[0mdefault_cooldown[0m[0m          = 30
      [32m+[0m [0m[1m[0mdesired_capacity[0m[0m          = 2
      [32m+[0m [0m[1m[0mforce_delete[0m[0m              = false
      [32m+[0m [0m[1m[0mhealth_check_grace_period[0m[0m = 120
      [32m+[0m [0m[1m[0mhealth_check_type[0m[0m         = (known after apply)
      [32m+[0m [0m[1m[0mid[0m[0m                        = (known after apply)
      [32m+[0m [0m[1m[0mload_balancers[0m[0m            = (known after apply)
      [32m+[0m [0m[1m[0mmax_size[0m[0m                  = 4
      [32m+[0m [0m[1m[0mmetrics_granularity[0m[0m       = "1Minute"
      [32m+[0m [0m[1m[0mmin_size[0m[0m                  = 2
      [32m+[0m [0m[1m[0mname[0m[0m                      = "Sym-Kan-PRD-Srv_ASG_Windows"
      [32m+[0m [0m[1m[0mprotect_from_scale_in[0m[0m     = false
      [32m+[0m [0m[1m[0mservice_linked_role_arn[0m[0m   = (known after apply)
      [32m+[0m [0m[1m[0mtarget_group_arns[0m[0m         = (known after apply)
      [32m+[0m [0m[1m[0mtermination_policies[0m[0m      = [
          [32m+[0m [0m"OldestInstance",
        ]
      [32m+[0m [0m[1m[0mvpc_zone_identifier[0m[0m       = [
          [32m+[0m [0m"subnet-06899ed146379aee3",
          [32m+[0m [0m"subnet-0f52b88b7e012eca0",
        ]
      [32m+[0m [0m[1m[0mwait_for_capacity_timeout[0m[0m = "10m"

      [32m+[0m [0mlaunch_template {
          [32m+[0m [0m[1m[0mid[0m[0m      = (known after apply)
          [32m+[0m [0m[1m[0mname[0m[0m    = (known after apply)
          [32m+[0m [0m[1m[0mversion[0m[0m = "$Latest"
        }

      [32m+[0m [0mtag {
          [32m+[0m [0m[1m[0mkey[0m[0m                 = "Name"
          [32m+[0m [0m[1m[0mpropagate_at_launch[0m[0m = true
          [32m+[0m [0m[1m[0mvalue[0m[0m               = "Sym-Kan-PRD-Srv_ASG_Windows"
        }
      [32m+[0m [0mtag {
          [32m+[0m [0m[1m[0mkey[0m[0m                 = "OS_Name"
          [32m+[0m [0m[1m[0mpropagate_at_launch[0m[0m = true
          [32m+[0m [0m[1m[0mvalue[0m[0m               = "Windows 2019"
        }
      [32m+[0m [0mtag {
          [32m+[0m [0m[1m[0mkey[0m[0m                 = "OS_Type"
          [32m+[0m [0m[1m[0mpropagate_at_launch[0m[0m = true
          [32m+[0m [0m[1m[0mvalue[0m[0m               = "Windows"
        }
      [32m+[0m [0mtag {
          [32m+[0m [0m[1m[0mkey[0m[0m                 = "app_version"
          [32m+[0m [0m[1m[0mpropagate_at_launch[0m[0m = true
          [32m+[0m [0m[1m[0mvalue[0m[0m               = "3.4.0"
        }
      [32m+[0m [0mtag {
          [32m+[0m [0m[1m[0mkey[0m[0m                 = "backup_frequency"
          [32m+[0m [0m[1m[0mpropagate_at_launch[0m[0m = true
          [32m+[0m [0m[1m[0mvalue[0m[0m               = "Never"
        }
      [32m+[0m [0mtag {
          [32m+[0m [0m[1m[0mkey[0m[0m                 = "backup_vault"
          [32m+[0m [0m[1m[0mpropagate_at_launch[0m[0m = true
          [32m+[0m [0m[1m[0mvalue[0m[0m               = "-N/A-"
        }
      [32m+[0m [0mtag {
          [32m+[0m [0m[1m[0mkey[0m[0m                 = "billing_type"
          [32m+[0m [0m[1m[0mpropagate_at_launch[0m[0m = true
          [32m+[0m [0m[1m[0mvalue[0m[0m               = "Client"
        }
      [32m+[0m [0mtag {
          [32m+[0m [0m[1m[0mkey[0m[0m                 = "client_name"
          [32m+[0m [0m[1m[0mpropagate_at_launch[0m[0m = true
          [32m+[0m [0m[1m[0mvalue[0m[0m               = "Kansas"
        }
      [32m+[0m [0mtag {
          [32m+[0m [0m[1m[0mkey[0m[0m                 = "environment_name"
          [32m+[0m [0m[1m[0mpropagate_at_launch[0m[0m = true
          [32m+[0m [0m[1m[0mvalue[0m[0m               = "Production"
        }
      [32m+[0m [0mtag {
          [32m+[0m [0m[1m[0mkey[0m[0m                 = "project_name"
          [32m+[0m [0m[1m[0mpropagate_at_launch[0m[0m = true
          [32m+[0m [0m[1m[0mvalue[0m[0m               = "Symphony"
        }
      [32m+[0m [0mtag {
          [32m+[0m [0m[1m[0mkey[0m[0m                 = "security_zone"
          [32m+[0m [0m[1m[0mpropagate_at_launch[0m[0m = true
          [32m+[0m [0m[1m[0mvalue[0m[0m               = "DMZ"
        }
      [32m+[0m [0mtag {
          [32m+[0m [0m[1m[0mkey[0m[0m                 = "service_name"
          [32m+[0m [0m[1m[0mpropagate_at_launch[0m[0m = true
          [32m+[0m [0m[1m[0mvalue[0m[0m               = "EC2"
        }
      [32m+[0m [0mtag {
          [32m+[0m [0m[1m[0mkey[0m[0m                 = "service_role"
          [32m+[0m [0m[1m[0mpropagate_at_launch[0m[0m = true
          [32m+[0m [0m[1m[0mvalue[0m[0m               = "ECS"
        }
    }

[1m  # aws_autoscaling_notification.ecs_notification[0m will be created[0m[0m
[0m  [32m+[0m[0m resource "aws_autoscaling_notification" "ecs_notification" {
      [32m+[0m [0m[1m[0mgroup_names[0m[0m   = [
          [32m+[0m [0m"Sym-Kan-PRD-Srv_ASG_Linux",
        ]
      [32m+[0m [0m[1m[0mid[0m[0m            = (known after apply)
      [32m+[0m [0m[1m[0mnotifications[0m[0m = [
          [32m+[0m [0m"autoscaling:EC2_INSTANCE_LAUNCH",
          [32m+[0m [0m"autoscaling:EC2_INSTANCE_LAUNCH_ERROR",
          [32m+[0m [0m"autoscaling:EC2_INSTANCE_TERMINATE",
          [32m+[0m [0m"autoscaling:EC2_INSTANCE_TERMINATE_ERROR",
        ]
      [32m+[0m [0m[1m[0mtopic_arn[0m[0m     = "arn:aws:sns:us-east-1:945116902499:usage-notifications-symphony"
    }

[1m  # aws_autoscaling_notification.ecs_notification-2[0][0m will be created[0m[0m
[0m  [32m+[0m[0m resource "aws_autoscaling_notification" "ecs_notification-2" {
      [32m+[0m [0m[1m[0mgroup_names[0m[0m   = [
          [32m+[0m [0m"Sym-Kan-PRD-Srv_ASG_Windows",
        ]
      [32m+[0m [0m[1m[0mid[0m[0m            = (known after apply)
      [32m+[0m [0m[1m[0mnotifications[0m[0m = [
          [32m+[0m [0m"autoscaling:EC2_INSTANCE_LAUNCH",
          [32m+[0m [0m"autoscaling:EC2_INSTANCE_LAUNCH_ERROR",
          [32m+[0m [0m"autoscaling:EC2_INSTANCE_TERMINATE",
          [32m+[0m [0m"autoscaling:EC2_INSTANCE_TERMINATE_ERROR",
        ]
      [32m+[0m [0m[1m[0mtopic_arn[0m[0m     = "arn:aws:sns:us-east-1:945116902499:usage-notifications-symphony"
    }

[1m  # aws_autoscaling_policy.ecs-cluster[0m will be created[0m[0m
[0m  [32m+[0m[0m resource "aws_autoscaling_policy" "ecs-cluster" {
      [32m+[0m [0m[1m[0madjustment_type[0m[0m           = "ChangeInCapacity"
      [32m+[0m [0m[1m[0marn[0m[0m                       = (known after apply)
      [32m+[0m [0m[1m[0mautoscaling_group_name[0m[0m    = "Sym-Kan-PRD-Srv_ASG_Linux"
      [32m+[0m [0m[1m[0mestimated_instance_warmup[0m[0m = 90
      [32m+[0m [0m[1m[0mid[0m[0m                        = (known after apply)
      [32m+[0m [0m[1m[0mmetric_aggregation_type[0m[0m   = (known after apply)
      [32m+[0m [0m[1m[0mname[0m[0m                      = "Sym-Kan-PRD-Srv_autoscaling_Linux"
      [32m+[0m [0m[1m[0mpolicy_type[0m[0m               = "TargetTrackingScaling"

      [32m+[0m [0mtarget_tracking_configuration {
          [32m+[0m [0m[1m[0mdisable_scale_in[0m[0m = false
          [32m+[0m [0m[1m[0mtarget_value[0m[0m     = 70

          [32m+[0m [0mpredefined_metric_specification {
              [32m+[0m [0m[1m[0mpredefined_metric_type[0m[0m = "ASGAverageCPUUtilization"
            }
        }
    }

[1m  # aws_autoscaling_policy.ecs-cluster-2[0][0m will be created[0m[0m
[0m  [32m+[0m[0m resource "aws_autoscaling_policy" "ecs-cluster-2" {
      [32m+[0m [0m[1m[0madjustment_type[0m[0m           = "ChangeInCapacity"
      [32m+[0m [0m[1m[0marn[0m[0m                       = (known after apply)
      [32m+[0m [0m[1m[0mautoscaling_group_name[0m[0m    = "Sym-Kan-PRD-Srv_ASG_Windows"
      [32m+[0m [0m[1m[0mestimated_instance_warmup[0m[0m = 90
      [32m+[0m [0m[1m[0mid[0m[0m                        = (known after apply)
      [32m+[0m [0m[1m[0mmetric_aggregation_type[0m[0m   = (known after apply)
      [32m+[0m [0m[1m[0mname[0m[0m                      = "Sym-Kan-PRD-Srv_autoscaling_Windows"
      [32m+[0m [0m[1m[0mpolicy_type[0m[0m               = "TargetTrackingScaling"

      [32m+[0m [0mtarget_tracking_configuration {
          [32m+[0m [0m[1m[0mdisable_scale_in[0m[0m = false
          [32m+[0m [0m[1m[0mtarget_value[0m[0m     = 70

          [32m+[0m [0mpredefined_metric_specification {
              [32m+[0m [0m[1m[0mpredefined_metric_type[0m[0m = "ASGAverageCPUUtilization"
            }
        }
    }

[1m  # aws_cloudwatch_log_group.ecs_service[0m will be created[0m[0m
[0m  [32m+[0m[0m resource "aws_cloudwatch_log_group" "ecs_service" {
      [32m+[0m [0m[1m[0marn[0m[0m               = (known after apply)
      [32m+[0m [0m[1m[0mid[0m[0m                = (known after apply)
      [32m+[0m [0m[1m[0mname[0m[0m              = "/Symphony/Kansas/Sym-Kan-PRD-Srv"
      [32m+[0m [0m[1m[0mretention_in_days[0m[0m = 0
      [32m+[0m [0m[1m[0mtags[0m[0m              = {
          [32m+[0m [0m"app_version"      = "3.4.0"
          [32m+[0m [0m"backup_frequency" = "Never"
          [32m+[0m [0m"backup_vault"     = "-N/A-"
          [32m+[0m [0m"billing_type"     = "Client"
          [32m+[0m [0m"client_name"      = "Kansas"
          [32m+[0m [0m"environment_name" = "Production"
          [32m+[0m [0m"project_name"     = "Symphony"
          [32m+[0m [0m"security_zone"    = "DMZ"
          [32m+[0m [0m"service_name"     = "Cloudwatch"
          [32m+[0m [0m"service_role"     = "ECS"
        }
    }

[1m  # aws_cloudwatch_metric_alarm.cpu_utilization[0][0m will be created[0m[0m
[0m  [32m+[0m[0m resource "aws_cloudwatch_metric_alarm" "cpu_utilization" {
      [32m+[0m [0m[1m[0mactions_enabled[0m[0m                       = true
      [32m+[0m [0m[1m[0malarm_actions[0m[0m                         = [
          [32m+[0m [0m"arn:aws:sns:us-east-1:945116902499:usage-notifications-symphony",
        ]
      [32m+[0m [0m[1m[0malarm_description[0m[0m                     = "This metric monitors ec2 cpu utilization"
      [32m+[0m [0m[1m[0malarm_name[0m[0m                            = "Kansas-CPUmetrix"
      [32m+[0m [0m[1m[0marn[0m[0m                                   = (known after apply)
      [32m+[0m [0m[1m[0mcomparison_operator[0m[0m                   = "GreaterThanOrEqualToThreshold"
      [32m+[0m [0m[1m[0mevaluate_low_sample_count_percentiles[0m[0m = (known after apply)
      [32m+[0m [0m[1m[0mevaluation_periods[0m[0m                    = 1
      [32m+[0m [0m[1m[0mid[0m[0m                                    = (known after apply)
      [32m+[0m [0m[1m[0mmetric_name[0m[0m                           = "CPUUtilization"
      [32m+[0m [0m[1m[0mnamespace[0m[0m                             = "AWS/EC2"
      [32m+[0m [0m[1m[0mperiod[0m[0m                                = 60
      [32m+[0m [0m[1m[0mstatistic[0m[0m                             = "Average"
      [32m+[0m [0m[1m[0mtags[0m[0m                                  = {
          [32m+[0m [0m"app_version"      = "3.4.0"
          [32m+[0m [0m"backup_frequency" = "Never"
          [32m+[0m [0m"backup_vault"     = "-N/A-"
          [32m+[0m [0m"billing_type"     = "Client"
          [32m+[0m [0m"client_name"      = "Kansas"
          [32m+[0m [0m"environment_name" = "Production"
          [32m+[0m [0m"project_name"     = "Symphony"
          [32m+[0m [0m"security_zone"    = "DMZ"
          [32m+[0m [0m"service_name"     = "Cloudwatch"
          [32m+[0m [0m"service_role"     = "ECS"
        }
      [32m+[0m [0m[1m[0mthreshold[0m[0m                             = 70
      [32m+[0m [0m[1m[0mtreat_missing_data[0m[0m                    = "missing"
    }

[1m  # aws_ecs_cluster.ecs_cluster[0m will be created[0m[0m
[0m  [32m+[0m[0m resource "aws_ecs_cluster" "ecs_cluster" {
      [32m+[0m [0m[1m[0marn[0m[0m  = (known after apply)
      [32m+[0m [0m[1m[0mid[0m[0m   = (known after apply)
      [32m+[0m [0m[1m[0mname[0m[0m = "Sym-Kan-PRD-Srv"
      [32m+[0m [0m[1m[0mtags[0m[0m = {
          [32m+[0m [0m"app_version"      = "3.4.0"
          [32m+[0m [0m"backup_frequency" = "Never"
          [32m+[0m [0m"backup_vault"     = "-N/A-"
          [32m+[0m [0m"billing_type"     = "Client"
          [32m+[0m [0m"client_name"      = "Kansas"
          [32m+[0m [0m"environment_name" = "Production"
          [32m+[0m [0m"project_name"     = "Symphony"
          [32m+[0m [0m"security_zone"    = "DMZ"
          [32m+[0m [0m"service_role"     = "ECS"
        }

      [32m+[0m [0msetting {
          [32m+[0m [0m[1m[0mname[0m[0m  = (known after apply)
          [32m+[0m [0m[1m[0mvalue[0m[0m = (known after apply)
        }
    }

[1m  # aws_ecs_service.ecs_service[0][0m will be created[0m[0m
[0m  [32m+[0m[0m resource "aws_ecs_service" "ecs_service" {
      [32m+[0m [0m[1m[0mcluster[0m[0m                            = (known after apply)
      [32m+[0m [0m[1m[0mdeployment_maximum_percent[0m[0m         = 200
      [32m+[0m [0m[1m[0mdeployment_minimum_healthy_percent[0m[0m = 100
      [32m+[0m [0m[1m[0mdesired_count[0m[0m                      = 2
      [32m+[0m [0m[1m[0menable_ecs_managed_tags[0m[0m            = false
      [32m+[0m [0m[1m[0miam_role[0m[0m                           = "ecs-service-role"
      [32m+[0m [0m[1m[0mid[0m[0m                                 = (known after apply)
      [32m+[0m [0m[1m[0mlaunch_type[0m[0m                        = (known after apply)
      [32m+[0m [0m[1m[0mname[0m[0m                               = "Sym-Kan-PRD-Srv-auditevents"
      [32m+[0m [0m[1m[0mplatform_version[0m[0m                   = (known after apply)
      [32m+[0m [0m[1m[0mscheduling_strategy[0m[0m                = "REPLICA"
      [32m+[0m [0m[1m[0mtask_definition[0m[0m                    = (known after apply)

      [32m+[0m [0mload_balancer {
          [32m+[0m [0m[1m[0mcontainer_name[0m[0m   = "Sym-Kan-PRD-Srv-auditevents"
          [32m+[0m [0m[1m[0mcontainer_port[0m[0m   = 443
          [32m+[0m [0m[1m[0mtarget_group_arn[0m[0m = (known after apply)
        }

      [32m+[0m [0mplacement_constraints {
          [32m+[0m [0m[1m[0mexpression[0m[0m = "attribute:ecs.os-type==linux"
          [32m+[0m [0m[1m[0mtype[0m[0m       = "memberOf"
        }

      [32m+[0m [0mplacement_strategy {
          [32m+[0m [0m[1m[0mfield[0m[0m = (known after apply)
          [32m+[0m [0m[1m[0mtype[0m[0m  = (known after apply)
        }
    }

[1m  # aws_ecs_service.ecs_service[1][0m will be created[0m[0m
[0m  [32m+[0m[0m resource "aws_ecs_service" "ecs_service" {
      [32m+[0m [0m[1m[0mcluster[0m[0m                            = (known after apply)
      [32m+[0m [0m[1m[0mdeployment_maximum_percent[0m[0m         = 200
      [32m+[0m [0m[1m[0mdeployment_minimum_healthy_percent[0m[0m = 100
      [32m+[0m [0m[1m[0mdesired_count[0m[0m                      = 2
      [32m+[0m [0m[1m[0menable_ecs_managed_tags[0m[0m            = false
      [32m+[0m [0m[1m[0miam_role[0m[0m                           = "ecs-service-role"
      [32m+[0m [0m[1m[0mid[0m[0m                                 = (known after apply)
      [32m+[0m [0m[1m[0mlaunch_type[0m[0m                        = (known after apply)
      [32m+[0m [0m[1m[0mname[0m[0m                               = "Sym-Kan-PRD-Srv-cklscrawler"
      [32m+[0m [0m[1m[0mplatform_version[0m[0m                   = (known after apply)
      [32m+[0m [0m[1m[0mscheduling_strategy[0m[0m                = "REPLICA"
      [32m+[0m [0m[1m[0mtask_definition[0m[0m                    = (known after apply)

      [32m+[0m [0mload_balancer {
          [32m+[0m [0m[1m[0mcontainer_name[0m[0m   = "Sym-Kan-PRD-Srv-cklscrawler"
          [32m+[0m [0m[1m[0mcontainer_port[0m[0m   = 443
          [32m+[0m [0m[1m[0mtarget_group_arn[0m[0m = (known after apply)
        }

      [32m+[0m [0mplacement_constraints {
          [32m+[0m [0m[1m[0mexpression[0m[0m = "attribute:ecs.os-type==linux"
          [32m+[0m [0m[1m[0mtype[0m[0m       = "memberOf"
        }

      [32m+[0m [0mplacement_strategy {
          [32m+[0m [0m[1m[0mfield[0m[0m = (known after apply)
          [32m+[0m [0m[1m[0mtype[0m[0m  = (known after apply)
        }
    }

[1m  # aws_ecs_service.ecs_service[2][0m will be created[0m[0m
[0m  [32m+[0m[0m resource "aws_ecs_service" "ecs_service" {
      [32m+[0m [0m[1m[0mcluster[0m[0m                            = (known after apply)
      [32m+[0m [0m[1m[0mdeployment_maximum_percent[0m[0m         = 200
      [32m+[0m [0m[1m[0mdeployment_minimum_healthy_percent[0m[0m = 100
      [32m+[0m [0m[1m[0mdesired_count[0m[0m                      = 2
      [32m+[0m [0m[1m[0menable_ecs_managed_tags[0m[0m            = false
      [32m+[0m [0m[1m[0miam_role[0m[0m                           = "ecs-service-role"
      [32m+[0m [0m[1m[0mid[0m[0m                                 = (known after apply)
      [32m+[0m [0m[1m[0mlaunch_type[0m[0m                        = (known after apply)
      [32m+[0m [0m[1m[0mname[0m[0m                               = "Sym-Kan-PRD-Srv-dataaudit"
      [32m+[0m [0m[1m[0mplatform_version[0m[0m                   = (known after apply)
      [32m+[0m [0m[1m[0mscheduling_strategy[0m[0m                = "REPLICA"
      [32m+[0m [0m[1m[0mtask_definition[0m[0m                    = (known after apply)

      [32m+[0m [0mload_balancer {
          [32m+[0m [0m[1m[0mcontainer_name[0m[0m   = "Sym-Kan-PRD-Srv-dataaudit"
          [32m+[0m [0m[1m[0mcontainer_port[0m[0m   = 443
          [32m+[0m [0m[1m[0mtarget_group_arn[0m[0m = (known after apply)
        }

      [32m+[0m [0mplacement_constraints {
          [32m+[0m [0m[1m[0mexpression[0m[0m = "attribute:ecs.os-type==linux"
          [32m+[0m [0m[1m[0mtype[0m[0m       = "memberOf"
        }

      [32m+[0m [0mplacement_strategy {
          [32m+[0m [0m[1m[0mfield[0m[0m = (known after apply)
          [32m+[0m [0m[1m[0mtype[0m[0m  = (known after apply)
        }
    }

[1m  # aws_ecs_service.ecs_service[3][0m will be created[0m[0m
[0m  [32m+[0m[0m resource "aws_ecs_service" "ecs_service" {
      [32m+[0m [0m[1m[0mcluster[0m[0m                            = (known after apply)
      [32m+[0m [0m[1m[0mdeployment_maximum_percent[0m[0m         = 200
      [32m+[0m [0m[1m[0mdeployment_minimum_healthy_percent[0m[0m = 100
      [32m+[0m [0m[1m[0mdesired_count[0m[0m                      = 2
      [32m+[0m [0m[1m[0menable_ecs_managed_tags[0m[0m            = false
      [32m+[0m [0m[1m[0miam_role[0m[0m                           = "ecs-service-role"
      [32m+[0m [0m[1m[0mid[0m[0m                                 = (known after apply)
      [32m+[0m [0m[1m[0mlaunch_type[0m[0m                        = (known after apply)
      [32m+[0m [0m[1m[0mname[0m[0m                               = "Sym-Kan-PRD-Srv-esindexer"
      [32m+[0m [0m[1m[0mplatform_version[0m[0m                   = (known after apply)
      [32m+[0m [0m[1m[0mscheduling_strategy[0m[0m                = "REPLICA"
      [32m+[0m [0m[1m[0mtask_definition[0m[0m                    = (known after apply)

      [32m+[0m [0mload_balancer {
          [32m+[0m [0m[1m[0mcontainer_name[0m[0m   = "Sym-Kan-PRD-Srv-esindexer"
          [32m+[0m [0m[1m[0mcontainer_port[0m[0m   = 443
          [32m+[0m [0m[1m[0mtarget_group_arn[0m[0m = (known after apply)
        }

      [32m+[0m [0mplacement_constraints {
          [32m+[0m [0m[1m[0mexpression[0m[0m = "attribute:ecs.os-type==linux"
          [32m+[0m [0m[1m[0mtype[0m[0m       = "memberOf"
        }

      [32m+[0m [0mplacement_strategy {
          [32m+[0m [0m[1m[0mfield[0m[0m = (known after apply)
          [32m+[0m [0m[1m[0mtype[0m[0m  = (known after apply)
        }
    }

[1m  # aws_ecs_service.ecs_service[4][0m will be created[0m[0m
[0m  [32m+[0m[0m resource "aws_ecs_service" "ecs_service" {
      [32m+[0m [0m[1m[0mcluster[0m[0m                            = (known after apply)
      [32m+[0m [0m[1m[0mdeployment_maximum_percent[0m[0m         = 200
      [32m+[0m [0m[1m[0mdeployment_minimum_healthy_percent[0m[0m = 100
      [32m+[0m [0m[1m[0mdesired_count[0m[0m                      = 2
      [32m+[0m [0m[1m[0menable_ecs_managed_tags[0m[0m            = false
      [32m+[0m [0m[1m[0miam_role[0m[0m                           = "ecs-service-role"
      [32m+[0m [0m[1m[0mid[0m[0m                                 = (known after apply)
      [32m+[0m [0m[1m[0mlaunch_type[0m[0m                        = (known after apply)
      [32m+[0m [0m[1m[0mname[0m[0m                               = "Sym-Kan-PRD-Srv-jobs"
      [32m+[0m [0m[1m[0mplatform_version[0m[0m                   = (known after apply)
      [32m+[0m [0m[1m[0mscheduling_strategy[0m[0m                = "REPLICA"
      [32m+[0m [0m[1m[0mtask_definition[0m[0m                    = (known after apply)

      [32m+[0m [0mload_balancer {
          [32m+[0m [0m[1m[0mcontainer_name[0m[0m   = "Sym-Kan-PRD-Srv-jobs"
          [32m+[0m [0m[1m[0mcontainer_port[0m[0m   = 443
          [32m+[0m [0m[1m[0mtarget_group_arn[0m[0m = (known after apply)
        }

      [32m+[0m [0mplacement_constraints {
          [32m+[0m [0m[1m[0mexpression[0m[0m = "attribute:ecs.os-type==windows"
          [32m+[0m [0m[1m[0mtype[0m[0m       = "memberOf"
        }

      [32m+[0m [0mplacement_strategy {
          [32m+[0m [0m[1m[0mfield[0m[0m = (known after apply)
          [32m+[0m [0m[1m[0mtype[0m[0m  = (known after apply)
        }
    }

[1m  # aws_ecs_task_definition.ecs_service[0][0m will be created[0m[0m
[0m  [32m+[0m[0m resource "aws_ecs_task_definition" "ecs_service" {
      [32m+[0m [0m[1m[0marn[0m[0m                   = (known after apply)
      [32m+[0m [0m[1m[0mcontainer_definitions[0m[0m = jsonencode(
            [
              [32m+[0m [0m{
                  [32m+[0m [0menvironment      = [
                      [32m+[0m [0m{
                          [32m+[0m [0mname  = "AppName"
                          [32m+[0m [0mvalue = "uat"
                        },
                      [32m+[0m [0m{
                          [32m+[0m [0mname  = "ASPNETCORE_ENVIRONMENT"
                          [32m+[0m [0mvalue = "Production"
                        },
                      [32m+[0m [0m{
                          [32m+[0m [0mname  = "ASPNETCORE_HTTPS_PORT"
                          [32m+[0m [0mvalue = "443"
                        },
                      [32m+[0m [0m{
                          [32m+[0m [0mname  = "ASPNETCORE_URLS"
                          [32m+[0m [0mvalue = "https://+"
                        },
                      [32m+[0m [0m{
                          [32m+[0m [0mname  = "ClientName"
                          [32m+[0m [0mvalue = "kansas"
                        },
                    ]
                  [32m+[0m [0messential        = true
                  [32m+[0m [0mimage            = "945116902499.dkr.ecr.us-east-1.amazonaws.com/auditevents:1.1.2"
                  [32m+[0m [0mlogConfiguration = {
                      [32m+[0m [0mlogDriver = "awslogs"
                      [32m+[0m [0moptions   = {
                          [32m+[0m [0mawslogs-group         = "/Symphony/Kansas/Sym-Kan-PRD-Srv"
                          [32m+[0m [0mawslogs-region        = "us-east-1"
                          [32m+[0m [0mawslogs-stream-prefix = "ecs"
                        }
                    }
                  [32m+[0m [0mname             = "Sym-Kan-PRD-Srv-auditevents"
                  [32m+[0m [0mportMappings     = [
                      [32m+[0m [0m{
                          [32m+[0m [0mcontainerPort = 443
                          [32m+[0m [0mhostPort      = 0
                          [32m+[0m [0mprotocol      = "tcp"
                        },
                    ]
                },
            ]
        )
      [32m+[0m [0m[1m[0mcpu[0m[0m                   = "512"
      [32m+[0m [0m[1m[0mexecution_role_arn[0m[0m    = "arn:aws:iam::945116902499:role/ecsTaskExecutionRole"
      [32m+[0m [0m[1m[0mfamily[0m[0m                = "Sym-Kan-PRD-Srv-auditevents"
      [32m+[0m [0m[1m[0mid[0m[0m                    = (known after apply)
      [32m+[0m [0m[1m[0mmemory[0m[0m                = "512"
      [32m+[0m [0m[1m[0mnetwork_mode[0m[0m          = (known after apply)
      [32m+[0m [0m[1m[0mrevision[0m[0m              = (known after apply)
      [32m+[0m [0m[1m[0mtags[0m[0m                  = {
          [32m+[0m [0m"app_version"      = "3.4.0"
          [32m+[0m [0m"backup_frequency" = "Never"
          [32m+[0m [0m"backup_vault"     = "-N/A-"
          [32m+[0m [0m"billing_type"     = "Client"
          [32m+[0m [0m"client_name"      = "Kansas"
          [32m+[0m [0m"environment_name" = "Production"
          [32m+[0m [0m"project_name"     = "Symphony"
          [32m+[0m [0m"security_zone"    = "DMZ"
          [32m+[0m [0m"service_name"     = "ECS"
          [32m+[0m [0m"service_role"     = "ECS"
        }
      [32m+[0m [0m[1m[0mtask_role_arn[0m[0m         = "arn:aws:iam::945116902499:role/ecsTaskExecutionRole"

      [32m+[0m [0mplacement_constraints {
          [32m+[0m [0m[1m[0mexpression[0m[0m = "attribute:ecs.os-type==linux"
          [32m+[0m [0m[1m[0mtype[0m[0m       = "memberOf"
        }
    }

[1m  # aws_ecs_task_definition.ecs_service[1][0m will be created[0m[0m
[0m  [32m+[0m[0m resource "aws_ecs_task_definition" "ecs_service" {
      [32m+[0m [0m[1m[0marn[0m[0m                   = (known after apply)
      [32m+[0m [0m[1m[0mcontainer_definitions[0m[0m = jsonencode(
            [
              [32m+[0m [0m{
                  [32m+[0m [0menvironment      = [
                      [32m+[0m [0m{
                          [32m+[0m [0mname  = "AppName"
                          [32m+[0m [0mvalue = "uat"
                        },
                      [32m+[0m [0m{
                          [32m+[0m [0mname  = "ASPNETCORE_ENVIRONMENT"
                          [32m+[0m [0mvalue = "Production"
                        },
                      [32m+[0m [0m{
                          [32m+[0m [0mname  = "ASPNETCORE_HTTPS_PORT"
                          [32m+[0m [0mvalue = "443"
                        },
                      [32m+[0m [0m{
                          [32m+[0m [0mname  = "ASPNETCORE_URLS"
                          [32m+[0m [0mvalue = "https://+"
                        },
                      [32m+[0m [0m{
                          [32m+[0m [0mname  = "ClientName"
                          [32m+[0m [0mvalue = "kansas"
                        },
                    ]
                  [32m+[0m [0messential        = true
                  [32m+[0m [0mimage            = "945116902499.dkr.ecr.us-east-1.amazonaws.com/checklistcrawler:1.1.3"
                  [32m+[0m [0mlogConfiguration = {
                      [32m+[0m [0mlogDriver = "awslogs"
                      [32m+[0m [0moptions   = {
                          [32m+[0m [0mawslogs-group         = "/Symphony/Kansas/Sym-Kan-PRD-Srv"
                          [32m+[0m [0mawslogs-region        = "us-east-1"
                          [32m+[0m [0mawslogs-stream-prefix = "ecs"
                        }
                    }
                  [32m+[0m [0mname             = "Sym-Kan-PRD-Srv-cklscrawler"
                  [32m+[0m [0mportMappings     = [
                      [32m+[0m [0m{
                          [32m+[0m [0mcontainerPort = 443
                          [32m+[0m [0mhostPort      = 0
                          [32m+[0m [0mprotocol      = "tcp"
                        },
                    ]
                },
            ]
        )
      [32m+[0m [0m[1m[0mcpu[0m[0m                   = "512"
      [32m+[0m [0m[1m[0mexecution_role_arn[0m[0m    = "arn:aws:iam::945116902499:role/ecsTaskExecutionRole"
      [32m+[0m [0m[1m[0mfamily[0m[0m                = "Sym-Kan-PRD-Srv-cklscrawler"
      [32m+[0m [0m[1m[0mid[0m[0m                    = (known after apply)
      [32m+[0m [0m[1m[0mmemory[0m[0m                = "512"
      [32m+[0m [0m[1m[0mnetwork_mode[0m[0m          = (known after apply)
      [32m+[0m [0m[1m[0mrevision[0m[0m              = (known after apply)
      [32m+[0m [0m[1m[0mtags[0m[0m                  = {
          [32m+[0m [0m"app_version"      = "3.4.0"
          [32m+[0m [0m"backup_frequency" = "Never"
          [32m+[0m [0m"backup_vault"     = "-N/A-"
          [32m+[0m [0m"billing_type"     = "Client"
          [32m+[0m [0m"client_name"      = "Kansas"
          [32m+[0m [0m"environment_name" = "Production"
          [32m+[0m [0m"project_name"     = "Symphony"
          [32m+[0m [0m"security_zone"    = "DMZ"
          [32m+[0m [0m"service_name"     = "ECS"
          [32m+[0m [0m"service_role"     = "ECS"
        }
      [32m+[0m [0m[1m[0mtask_role_arn[0m[0m         = "arn:aws:iam::945116902499:role/ecsTaskExecutionRole"

      [32m+[0m [0mplacement_constraints {
          [32m+[0m [0m[1m[0mexpression[0m[0m = "attribute:ecs.os-type==linux"
          [32m+[0m [0m[1m[0mtype[0m[0m       = "memberOf"
        }
    }

[1m  # aws_ecs_task_definition.ecs_service[2][0m will be created[0m[0m
[0m  [32m+[0m[0m resource "aws_ecs_task_definition" "ecs_service" {
      [32m+[0m [0m[1m[0marn[0m[0m                   = (known after apply)
      [32m+[0m [0m[1m[0mcontainer_definitions[0m[0m = jsonencode(
            [
              [32m+[0m [0m{
                  [32m+[0m [0menvironment          = [
                      [32m+[0m [0m{
                          [32m+[0m [0mname  = "AppName"
                          [32m+[0m [0mvalue = "uat"
                        },
                      [32m+[0m [0m{
                          [32m+[0m [0mname  = "ASPNETCORE_ENVIRONMENT"
                          [32m+[0m [0mvalue = "Production"
                        },
                      [32m+[0m [0m{
                          [32m+[0m [0mname  = "ASPNETCORE_HTTPS_PORT"
                          [32m+[0m [0mvalue = "443"
                        },
                      [32m+[0m [0m{
                          [32m+[0m [0mname  = "ASPNETCORE_URLS"
                          [32m+[0m [0mvalue = "https://+"
                        },
                      [32m+[0m [0m{
                          [32m+[0m [0mname  = "ClientName"
                          [32m+[0m [0mvalue = "kansas"
                        },
                    ]
                  [32m+[0m [0messential            = true
                  [32m+[0m [0mimage                = "945116902499.dkr.ecr.us-east-1.amazonaws.com/dataaudit:1.1.3"
                  [32m+[0m [0mlogConfiguration     = {
                      [32m+[0m [0mlogDriver = "awslogs"
                      [32m+[0m [0moptions   = {
                          [32m+[0m [0mawslogs-group         = "/Symphony/Kansas/Sym-Kan-PRD-Srv"
                          [32m+[0m [0mawslogs-region        = "us-east-1"
                          [32m+[0m [0mawslogs-stream-prefix = "ecs"
                        }
                    }
                  [32m+[0m [0mname                 = "Sym-Kan-PRD-Srv-dataaudit"
                  [32m+[0m [0mplacementConstraints = [
                      [32m+[0m [0m{
                          [32m+[0m [0mexpression = "attribute:ecs.os-type==linux"
                          [32m+[0m [0mtype       = "memberOf"
                        },
                    ]
                  [32m+[0m [0mportMappings         = [
                      [32m+[0m [0m{
                          [32m+[0m [0mcontainerPort = 443
                          [32m+[0m [0mhostPort      = 0
                          [32m+[0m [0mprotocol      = "tcp"
                        },
                    ]
                },
            ]
        )
      [32m+[0m [0m[1m[0mcpu[0m[0m                   = "512"
      [32m+[0m [0m[1m[0mexecution_role_arn[0m[0m    = "arn:aws:iam::945116902499:role/ecsTaskExecutionRole"
      [32m+[0m [0m[1m[0mfamily[0m[0m                = "Sym-Kan-PRD-Srv-dataaudit"
      [32m+[0m [0m[1m[0mid[0m[0m                    = (known after apply)
      [32m+[0m [0m[1m[0mmemory[0m[0m                = "512"
      [32m+[0m [0m[1m[0mnetwork_mode[0m[0m          = (known after apply)
      [32m+[0m [0m[1m[0mrevision[0m[0m              = (known after apply)
      [32m+[0m [0m[1m[0mtags[0m[0m                  = {
          [32m+[0m [0m"app_version"      = "3.4.0"
          [32m+[0m [0m"backup_frequency" = "Never"
          [32m+[0m [0m"backup_vault"     = "-N/A-"
          [32m+[0m [0m"billing_type"     = "Client"
          [32m+[0m [0m"client_name"      = "Kansas"
          [32m+[0m [0m"environment_name" = "Production"
          [32m+[0m [0m"project_name"     = "Symphony"
          [32m+[0m [0m"security_zone"    = "DMZ"
          [32m+[0m [0m"service_name"     = "ECS"
          [32m+[0m [0m"service_role"     = "ECS"
        }
      [32m+[0m [0m[1m[0mtask_role_arn[0m[0m         = "arn:aws:iam::945116902499:role/ecsTaskExecutionRole"

      [32m+[0m [0mplacement_constraints {
          [32m+[0m [0m[1m[0mexpression[0m[0m = "attribute:ecs.os-type==linux"
          [32m+[0m [0m[1m[0mtype[0m[0m       = "memberOf"
        }
    }

[1m  # aws_ecs_task_definition.ecs_service[3][0m will be created[0m[0m
[0m  [32m+[0m[0m resource "aws_ecs_task_definition" "ecs_service" {
      [32m+[0m [0m[1m[0marn[0m[0m                   = (known after apply)
      [32m+[0m [0m[1m[0mcontainer_definitions[0m[0m = jsonencode(
            [
              [32m+[0m [0m{
                  [32m+[0m [0menvironment          = [
                      [32m+[0m [0m{
                          [32m+[0m [0mname  = "AppName"
                          [32m+[0m [0mvalue = "uat"
                        },
                      [32m+[0m [0m{
                          [32m+[0m [0mname  = "ASPNETCORE_ENVIRONMENT"
                          [32m+[0m [0mvalue = "Production"
                        },
                      [32m+[0m [0m{
                          [32m+[0m [0mname  = "ASPNETCORE_HTTPS_PORT"
                          [32m+[0m [0mvalue = "443"
                        },
                      [32m+[0m [0m{
                          [32m+[0m [0mname  = "ASPNETCORE_URLS"
                          [32m+[0m [0mvalue = "https://+"
                        },
                      [32m+[0m [0m{
                          [32m+[0m [0mname  = "ClientName"
                          [32m+[0m [0mvalue = "kansas"
                        },
                    ]
                  [32m+[0m [0messential            = true
                  [32m+[0m [0mimage                = "945116902499.dkr.ecr.us-east-1.amazonaws.com/elasticsearchindexer:1.1.3"
                  [32m+[0m [0mlogConfiguration     = {
                      [32m+[0m [0mlogDriver = "awslogs"
                      [32m+[0m [0moptions   = {
                          [32m+[0m [0mawslogs-group         = "/Symphony/Kansas/Sym-Kan-PRD-Srv"
                          [32m+[0m [0mawslogs-region        = "us-east-1"
                          [32m+[0m [0mawslogs-stream-prefix = "ecs"
                        }
                    }
                  [32m+[0m [0mname                 = "Sym-Kan-PRD-Srv-esindexer"
                  [32m+[0m [0mplacementConstraints = [
                      [32m+[0m [0m{
                          [32m+[0m [0mexpression = "attribute:ecs.os-type==linux"
                          [32m+[0m [0mtype       = "memberOf"
                        },
                    ]
                  [32m+[0m [0mportMappings         = [
                      [32m+[0m [0m{
                          [32m+[0m [0mcontainerPort = 443
                          [32m+[0m [0mhostPort      = 0
                          [32m+[0m [0mprotocol      = "tcp"
                        },
                    ]
                },
            ]
        )
      [32m+[0m [0m[1m[0mcpu[0m[0m                   = "512"
      [32m+[0m [0m[1m[0mexecution_role_arn[0m[0m    = "arn:aws:iam::945116902499:role/ecsTaskExecutionRole"
      [32m+[0m [0m[1m[0mfamily[0m[0m                = "Sym-Kan-PRD-Srv-esindexer"
      [32m+[0m [0m[1m[0mid[0m[0m                    = (known after apply)
      [32m+[0m [0m[1m[0mmemory[0m[0m                = "512"
      [32m+[0m [0m[1m[0mnetwork_mode[0m[0m          = (known after apply)
      [32m+[0m [0m[1m[0mrevision[0m[0m              = (known after apply)
      [32m+[0m [0m[1m[0mtags[0m[0m                  = {
          [32m+[0m [0m"app_version"      = "3.4.0"
          [32m+[0m [0m"backup_frequency" = "Never"
          [32m+[0m [0m"backup_vault"     = "-N/A-"
          [32m+[0m [0m"billing_type"     = "Client"
          [32m+[0m [0m"client_name"      = "Kansas"
          [32m+[0m [0m"environment_name" = "Production"
          [32m+[0m [0m"project_name"     = "Symphony"
          [32m+[0m [0m"security_zone"    = "DMZ"
          [32m+[0m [0m"service_name"     = "ECS"
          [32m+[0m [0m"service_role"     = "ECS"
        }
      [32m+[0m [0m[1m[0mtask_role_arn[0m[0m         = "arn:aws:iam::945116902499:role/ecsTaskExecutionRole"

      [32m+[0m [0mplacement_constraints {
          [32m+[0m [0m[1m[0mexpression[0m[0m = "attribute:ecs.os-type==linux"
          [32m+[0m [0m[1m[0mtype[0m[0m       = "memberOf"
        }
    }

[1m  # aws_ecs_task_definition.ecs_service[4][0m will be created[0m[0m
[0m  [32m+[0m[0m resource "aws_ecs_task_definition" "ecs_service" {
      [32m+[0m [0m[1m[0marn[0m[0m                   = (known after apply)
      [32m+[0m [0m[1m[0mcontainer_definitions[0m[0m = jsonencode(
            [
              [32m+[0m [0m{
                  [32m+[0m [0menvironment      = [
                      [32m+[0m [0m{
                          [32m+[0m [0mname  = "AppName"
                          [32m+[0m [0mvalue = "uat"
                        },
                      [32m+[0m [0m{
                          [32m+[0m [0mname  = "ASPNETCORE_ENVIRONMENT"
                          [32m+[0m [0mvalue = "Production"
                        },
                      [32m+[0m [0m{
                          [32m+[0m [0mname  = "ClientName"
                          [32m+[0m [0mvalue = "kansas"
                        },
                    ]
                  [32m+[0m [0messential        = true
                  [32m+[0m [0mimage            = "945116902499.dkr.ecr.us-east-1.amazonaws.com/jobs:5.18.1.0.3"
                  [32m+[0m [0mlogConfiguration = {
                      [32m+[0m [0mlogDriver = "awslogs"
                      [32m+[0m [0moptions   = {
                          [32m+[0m [0mawslogs-group         = "/Symphony/Kansas/Sym-Kan-PRD-Srv"
                          [32m+[0m [0mawslogs-region        = "us-east-1"
                          [32m+[0m [0mawslogs-stream-prefix = "ecs"
                        }
                    }
                  [32m+[0m [0mname             = "Sym-Kan-PRD-Srv-jobs"
                  [32m+[0m [0mportMappings     = [
                      [32m+[0m [0m{
                          [32m+[0m [0mcontainerPort = 443
                          [32m+[0m [0mhostPort      = 0
                          [32m+[0m [0mprotocol      = "tcp"
                        },
                    ]
                },
            ]
        )
      [32m+[0m [0m[1m[0mcpu[0m[0m                   = "1024"
      [32m+[0m [0m[1m[0mexecution_role_arn[0m[0m    = "arn:aws:iam::945116902499:role/ecsTaskExecutionRole"
      [32m+[0m [0m[1m[0mfamily[0m[0m                = "Sym-Kan-PRD-Srv-jobs"
      [32m+[0m [0m[1m[0mid[0m[0m                    = (known after apply)
      [32m+[0m [0m[1m[0mmemory[0m[0m                = "1024"
      [32m+[0m [0m[1m[0mnetwork_mode[0m[0m          = (known after apply)
      [32m+[0m [0m[1m[0mrevision[0m[0m              = (known after apply)
      [32m+[0m [0m[1m[0mtags[0m[0m                  = {
          [32m+[0m [0m"app_version"      = "3.4.0"
          [32m+[0m [0m"backup_frequency" = "Never"
          [32m+[0m [0m"backup_vault"     = "-N/A-"
          [32m+[0m [0m"billing_type"     = "Client"
          [32m+[0m [0m"client_name"      = "Kansas"
          [32m+[0m [0m"environment_name" = "Production"
          [32m+[0m [0m"project_name"     = "Symphony"
          [32m+[0m [0m"security_zone"    = "DMZ"
          [32m+[0m [0m"service_name"     = "ECS"
          [32m+[0m [0m"service_role"     = "ECS"
        }
      [32m+[0m [0m[1m[0mtask_role_arn[0m[0m         = "arn:aws:iam::945116902499:role/ecsTaskExecutionRole"

      [32m+[0m [0mplacement_constraints {
          [32m+[0m [0m[1m[0mexpression[0m[0m = "attribute:ecs.os-type==windows"
          [32m+[0m [0m[1m[0mtype[0m[0m       = "memberOf"
        }
    }

[1m  # aws_iam_instance_profile.ecs-ec2-role[0m will be created[0m[0m
[0m  [32m+[0m[0m resource "aws_iam_instance_profile" "ecs-ec2-role" {
      [32m+[0m [0m[1m[0marn[0m[0m         = (known after apply)
      [32m+[0m [0m[1m[0mcreate_date[0m[0m = (known after apply)
      [32m+[0m [0m[1m[0mid[0m[0m          = (known after apply)
      [32m+[0m [0m[1m[0mname[0m[0m        = "Sym-Kan-PRD-Srv-iam-instance-profile"
      [32m+[0m [0m[1m[0mpath[0m[0m        = "/"
      [32m+[0m [0m[1m[0mrole[0m[0m        = "ecs-ec2-role"
      [32m+[0m [0m[1m[0mroles[0m[0m       = (known after apply)
      [32m+[0m [0m[1m[0munique_id[0m[0m   = (known after apply)
    }

[1m  # aws_iam_role_policy_attachment.ecs-service-attach[0m will be created[0m[0m
[0m  [32m+[0m[0m resource "aws_iam_role_policy_attachment" "ecs-service-attach" {
      [32m+[0m [0m[1m[0mid[0m[0m         = (known after apply)
      [32m+[0m [0m[1m[0mpolicy_arn[0m[0m = "arn:aws:iam::aws:policy/service-role/AmazonEC2ContainerServiceRole"
      [32m+[0m [0m[1m[0mrole[0m[0m       = "ecs-service-role"
    }

[1m  # aws_launch_template.ecs-cluster-lt[0m will be created[0m[0m
[0m  [32m+[0m[0m resource "aws_launch_template" "ecs-cluster-lt" {
      [32m+[0m [0m[1m[0marn[0m[0m             = (known after apply)
      [32m+[0m [0m[1m[0mdefault_version[0m[0m = (known after apply)
      [32m+[0m [0m[1m[0mid[0m[0m              = (known after apply)
      [32m+[0m [0m[1m[0mimage_id[0m[0m        = "ami-00afc256a955c31b5"
      [32m+[0m [0m[1m[0minstance_type[0m[0m   = "t3.medium"
      [32m+[0m [0m[1m[0mkey_name[0m[0m        = "Sym-Kan-PRD-Srv-Key"
      [32m+[0m [0m[1m[0mlatest_version[0m[0m  = (known after apply)
      [32m+[0m [0m[1m[0mname[0m[0m            = (known after apply)
      [32m+[0m [0m[1m[0mname_prefix[0m[0m     = "Sym-Kan-PRD-Srv-LC-Linux"
      [32m+[0m [0m[1m[0muser_data[0m[0m       = (known after apply)

      [32m+[0m [0mblock_device_mappings {
          [32m+[0m [0m[1m[0mdevice_name[0m[0m = "/dev/xvda"

          [32m+[0m [0mebs {
              [32m+[0m [0m[1m[0mdelete_on_termination[0m[0m = "true"
              [32m+[0m [0m[1m[0mencrypted[0m[0m             = "true"
              [32m+[0m [0m[1m[0miops[0m[0m                  = (known after apply)
              [32m+[0m [0m[1m[0mvolume_size[0m[0m           = 50
              [32m+[0m [0m[1m[0mvolume_type[0m[0m           = (known after apply)
            }
        }

      [32m+[0m [0miam_instance_profile {
          [32m+[0m [0m[1m[0mname[0m[0m = (known after apply)
        }

      [32m+[0m [0mmetadata_options {
          [32m+[0m [0m[1m[0mhttp_endpoint[0m[0m               = (known after apply)
          [32m+[0m [0m[1m[0mhttp_put_response_hop_limit[0m[0m = (known after apply)
          [32m+[0m [0m[1m[0mhttp_tokens[0m[0m                 = (known after apply)
        }

      [32m+[0m [0mnetwork_interfaces {
          [32m+[0m [0m[1m[0massociate_public_ip_address[0m[0m = "false"
          [32m+[0m [0m[1m[0mdelete_on_termination[0m[0m       = true
          [32m+[0m [0m[1m[0msecurity_groups[0m[0m             = (known after apply)
        }

      [32m+[0m [0mtag_specifications {
          [32m+[0m [0m[1m[0mresource_type[0m[0m = "volume"
          [32m+[0m [0m[1m[0mtags[0m[0m          = {
              [32m+[0m [0m"Name"             = "Sym-Kan-PRD-Srv-Volume-Linux"
              [32m+[0m [0m"app_version"      = "3.4.0"
              [32m+[0m [0m"backup_frequency" = "Never"
              [32m+[0m [0m"backup_vault"     = "-N/A-"
              [32m+[0m [0m"billing_type"     = "Client"
              [32m+[0m [0m"client_name"      = "Kansas"
              [32m+[0m [0m"environment_name" = "Production"
              [32m+[0m [0m"project_name"     = "Symphony"
              [32m+[0m [0m"security_zone"    = "DMZ"
              [32m+[0m [0m"service_role"     = "ECS"
            }
        }
    }

[1m  # aws_launch_template.ecs-cluster-lt-2[0][0m will be created[0m[0m
[0m  [32m+[0m[0m resource "aws_launch_template" "ecs-cluster-lt-2" {
      [32m+[0m [0m[1m[0marn[0m[0m             = (known after apply)
      [32m+[0m [0m[1m[0mdefault_version[0m[0m = (known after apply)
      [32m+[0m [0m[1m[0mid[0m[0m              = (known after apply)
      [32m+[0m [0m[1m[0mimage_id[0m[0m        = "ami-0eefaa2ef616b28bf"
      [32m+[0m [0m[1m[0minstance_type[0m[0m   = "t3.medium"
      [32m+[0m [0m[1m[0mkey_name[0m[0m        = "Sym-Kan-PRD-Srv-Key"
      [32m+[0m [0m[1m[0mlatest_version[0m[0m  = (known after apply)
      [32m+[0m [0m[1m[0mname[0m[0m            = (known after apply)
      [32m+[0m [0m[1m[0mname_prefix[0m[0m     = "Sym-Kan-PRD-Srv-LC-Windows"
      [32m+[0m [0m[1m[0muser_data[0m[0m       = (known after apply)

      [32m+[0m [0mblock_device_mappings {
          [32m+[0m [0m[1m[0mdevice_name[0m[0m = "/dev/sda1"

          [32m+[0m [0mebs {
              [32m+[0m [0m[1m[0mdelete_on_termination[0m[0m = "true"
              [32m+[0m [0m[1m[0mencrypted[0m[0m             = "true"
              [32m+[0m [0m[1m[0miops[0m[0m                  = (known after apply)
              [32m+[0m [0m[1m[0mvolume_size[0m[0m           = 50
              [32m+[0m [0m[1m[0mvolume_type[0m[0m           = (known after apply)
            }
        }

      [32m+[0m [0miam_instance_profile {
          [32m+[0m [0m[1m[0mname[0m[0m = (known after apply)
        }

      [32m+[0m [0mmetadata_options {
          [32m+[0m [0m[1m[0mhttp_endpoint[0m[0m               = (known after apply)
          [32m+[0m [0m[1m[0mhttp_put_response_hop_limit[0m[0m = (known after apply)
          [32m+[0m [0m[1m[0mhttp_tokens[0m[0m                 = (known after apply)
        }

      [32m+[0m [0mnetwork_interfaces {
          [32m+[0m [0m[1m[0massociate_public_ip_address[0m[0m = "false"
          [32m+[0m [0m[1m[0mdelete_on_termination[0m[0m       = true
          [32m+[0m [0m[1m[0msecurity_groups[0m[0m             = (known after apply)
        }

      [32m+[0m [0mtag_specifications {
          [32m+[0m [0m[1m[0mresource_type[0m[0m = "volume"
          [32m+[0m [0m[1m[0mtags[0m[0m          = {
              [32m+[0m [0m"Name"             = "Sym-Kan-PRD-Srv-Volume-Windows"
              [32m+[0m [0m"app_version"      = "3.4.0"
              [32m+[0m [0m"backup_frequency" = "Never"
              [32m+[0m [0m"backup_vault"     = "-N/A-"
              [32m+[0m [0m"billing_type"     = "Client"
              [32m+[0m [0m"client_name"      = "Kansas"
              [32m+[0m [0m"environment_name" = "Production"
              [32m+[0m [0m"project_name"     = "Symphony"
              [32m+[0m [0m"security_zone"    = "DMZ"
              [32m+[0m [0m"service_role"     = "ECS"
            }
        }
    }

[1m  # aws_lb_listener.httptohttps[0m will be created[0m[0m
[0m  [32m+[0m[0m resource "aws_lb_listener" "httptohttps" {
      [32m+[0m [0m[1m[0marn[0m[0m               = (known after apply)
      [32m+[0m [0m[1m[0mid[0m[0m                = (known after apply)
      [32m+[0m [0m[1m[0mload_balancer_arn[0m[0m = (known after apply)
      [32m+[0m [0m[1m[0mport[0m[0m              = 80
      [32m+[0m [0m[1m[0mprotocol[0m[0m          = "HTTP"
      [32m+[0m [0m[1m[0mssl_policy[0m[0m        = (known after apply)

      [32m+[0m [0mdefault_action {
          [32m+[0m [0m[1m[0morder[0m[0m = (known after apply)
          [32m+[0m [0m[1m[0mtype[0m[0m  = "redirect"

          [32m+[0m [0mredirect {
              [32m+[0m [0m[1m[0mhost[0m[0m        = "#{host}"
              [32m+[0m [0m[1m[0mpath[0m[0m        = "/#{path}"
              [32m+[0m [0m[1m[0mport[0m[0m        = "443"
              [32m+[0m [0m[1m[0mprotocol[0m[0m    = "HTTPS"
              [32m+[0m [0m[1m[0mquery[0m[0m       = "#{query}"
              [32m+[0m [0m[1m[0mstatus_code[0m[0m = "HTTP_301"
            }
        }
    }

[1m  # aws_security_group.security_group[0m will be created[0m[0m
[0m  [32m+[0m[0m resource "aws_security_group" "security_group" {
      [32m+[0m [0m[1m[0marn[0m[0m                    = (known after apply)
      [32m+[0m [0m[1m[0mdescription[0m[0m            = "Security Group for ECS Security Group"
      [32m+[0m [0m[1m[0megress[0m[0m                 = [
          [32m+[0m [0m{
              [32m+[0m [0mcidr_blocks      = [
                  [32m+[0m [0m"0.0.0.0/0",
                ]
              [32m+[0m [0mdescription      = ""
              [32m+[0m [0mfrom_port        = 0
              [32m+[0m [0mipv6_cidr_blocks = []
              [32m+[0m [0mprefix_list_ids  = []
              [32m+[0m [0mprotocol         = "-1"
              [32m+[0m [0msecurity_groups  = []
              [32m+[0m [0mself             = false
              [32m+[0m [0mto_port          = 0
            },
        ]
      [32m+[0m [0m[1m[0mid[0m[0m                     = (known after apply)
      [32m+[0m [0m[1m[0mingress[0m[0m                = [
          [32m+[0m [0m{
              [32m+[0m [0mcidr_blocks      = [
                  [32m+[0m [0m"0.0.0.0/0",
                ]
              [32m+[0m [0mdescription      = ""
              [32m+[0m [0mfrom_port        = 0
              [32m+[0m [0mipv6_cidr_blocks = []
              [32m+[0m [0mprefix_list_ids  = []
              [32m+[0m [0mprotocol         = "-1"
              [32m+[0m [0msecurity_groups  = []
              [32m+[0m [0mself             = false
              [32m+[0m [0mto_port          = 0
            },
        ]
      [32m+[0m [0m[1m[0mname[0m[0m                   = "Sym-Kan-PRD-Srv-SG"
      [32m+[0m [0m[1m[0mowner_id[0m[0m               = (known after apply)
      [32m+[0m [0m[1m[0mrevoke_rules_on_delete[0m[0m = false
      [32m+[0m [0m[1m[0mtags[0m[0m                   = {
          [32m+[0m [0m"app_version"      = "3.4.0"
          [32m+[0m [0m"backup_frequency" = "Never"
          [32m+[0m [0m"backup_vault"     = "-N/A-"
          [32m+[0m [0m"billing_type"     = "Client"
          [32m+[0m [0m"client_name"      = "Kansas"
          [32m+[0m [0m"environment_name" = "Production"
          [32m+[0m [0m"project_name"     = "Symphony"
          [32m+[0m [0m"security_zone"    = "DMZ"
          [32m+[0m [0m"service_name"     = "SG"
          [32m+[0m [0m"service_role"     = "ECS"
        }
      [32m+[0m [0m[1m[0mvpc_id[0m[0m                 = "vpc-0a24350eb9334f4cf"
    }

[0m[1mPlan:[0m 36 to add, 0 to change, 0 to destroy.[0m
[33m
[1m[33mWarning: [0m[0m[1mInterpolation-only expressions are deprecated[0m

[0m  on ec2_asg.tf line 73, in resource "aws_autoscaling_group" "ecs-cluster-2":
  73:   count                     = [4m"${var.second_asg ? 1 : 0}"[0m
[0m
Terraform 0.11 and earlier required all non-constant expressions to be
provided via interpolation syntax, but this pattern is now deprecated. To
silence this warning, remove the "${ sequence from the start and the }"
sequence from the end of this expression, leaving just the inner expression.

Template interpolation syntax is still used to construct strings from
expressions when the template includes multiple interpolation sequences or a
mixture of literal strings and interpolations. This deprecation applies only
to templates that consist entirely of a single interpolation sequence.

(and 41 more similar warnings elsewhere)
[0m[0m

------------------------------------------------------------------------

Note: You didn't specify an "-out" parameter to save this plan, so Terraform
can't guarantee that exactly these actions will be performed if
"terraform apply" is subsequently run.

