[0m[1mRefreshing Terraform state in-memory prior to plan...[0m
The refreshed state will be used to calculate this plan, but will not be
persisted to local or remote state storage.
[0m

------------------------------------------------------------------------

An execution plan has been generated and is shown below.
Resource actions are indicated with the following symbols:
  [32m+[0m create
[0m
Terraform will perform the following actions:

[1m  # aws_sqs_queue.terraform_queue[0m will be created[0m[0m
[0m  [32m+[0m[0m resource "aws_sqs_queue" "terraform_queue" {
      [32m+[0m [0m[1m[0marn[0m[0m                               = (known after apply)
      [32m+[0m [0m[1m[0mcontent_based_deduplication[0m[0m       = false
      [32m+[0m [0m[1m[0mdelay_seconds[0m[0m                     = 0
      [32m+[0m [0m[1m[0mfifo_queue[0m[0m                        = false
      [32m+[0m [0m[1m[0mid[0m[0m                                = (known after apply)
      [32m+[0m [0m[1m[0mkms_data_key_reuse_period_seconds[0m[0m = (known after apply)
      [32m+[0m [0m[1m[0mmax_message_size[0m[0m                  = 262144
      [32m+[0m [0m[1m[0mmessage_retention_seconds[0m[0m         = 345600
      [32m+[0m [0m[1m[0mname[0m[0m                              = "Symphony-Kansas-PRD-SQS"
      [32m+[0m [0m[1m[0mpolicy[0m[0m                            = (known after apply)
      [32m+[0m [0m[1m[0mreceive_wait_time_seconds[0m[0m         = 0
      [32m+[0m [0m[1m[0mtags[0m[0m                              = {
          [32m+[0m [0m"Client"      = "Kansas"
          [32m+[0m [0m"Environment" = "UAT"
          [32m+[0m [0m"Name"        = "Symphony-Kansas-PRD-SQS"
          [32m+[0m [0m"Project"     = "Symphony"
          [32m+[0m [0m"Zone"        = "Trusted"
        }
      [32m+[0m [0m[1m[0mvisibility_timeout_seconds[0m[0m        = 30
    }

[0m[1mPlan:[0m 1 to add, 0 to change, 0 to destroy.[0m

------------------------------------------------------------------------

Note: You didn't specify an "-out" parameter to save this plan, so Terraform
can't guarantee that exactly these actions will be performed if
"terraform apply" is subsequently run.

