[0m[1mRefreshing Terraform state in-memory prior to plan...[0m
The refreshed state will be used to calculate this plan, but will not be
persisted to local or remote state storage.
[0m
[0m[1mdata.template_file.userdata: Refreshing state...[0m
[0m[1mdata.aws_vpc.vpc_id: Refreshing state...[0m
[0m[1mdata.aws_ami.amazon-linux-2: Refreshing state...[0m
[0m[1mdata.aws_subnet.subnet_id: Refreshing state...[0m

------------------------------------------------------------------------

An execution plan has been generated and is shown below.
Resource actions are indicated with the following symbols:
  [32m+[0m create
[0m
Terraform will perform the following actions:

[1m  # aws_instance.syslog[0m will be created[0m[0m
[0m  [32m+[0m[0m resource "aws_instance" "syslog" {
      [32m+[0m [0m[1m[0mami[0m[0m                          = "ami-0323c3dd2da7fb37d"
      [32m+[0m [0m[1m[0marn[0m[0m                          = (known after apply)
      [32m+[0m [0m[1m[0massociate_public_ip_address[0m[0m  = (known after apply)
      [32m+[0m [0m[1m[0mavailability_zone[0m[0m            = (known after apply)
      [32m+[0m [0m[1m[0mcpu_core_count[0m[0m               = (known after apply)
      [32m+[0m [0m[1m[0mcpu_threads_per_core[0m[0m         = (known after apply)
      [32m+[0m [0m[1m[0mget_password_data[0m[0m            = false
      [32m+[0m [0m[1m[0mhost_id[0m[0m                      = (known after apply)
      [32m+[0m [0m[1m[0mid[0m[0m                           = (known after apply)
      [32m+[0m [0m[1m[0minstance_state[0m[0m               = (known after apply)
      [32m+[0m [0m[1m[0minstance_type[0m[0m                = "t2.micro"
      [32m+[0m [0m[1m[0mipv6_address_count[0m[0m           = (known after apply)
      [32m+[0m [0m[1m[0mipv6_addresses[0m[0m               = (known after apply)
      [32m+[0m [0m[1m[0mkey_name[0m[0m                     = "Syslog_Client_Main_Prod_App_Linux_key"
      [32m+[0m [0m[1m[0mnetwork_interface_id[0m[0m         = (known after apply)
      [32m+[0m [0m[1m[0moutpost_arn[0m[0m                  = (known after apply)
      [32m+[0m [0m[1m[0mpassword_data[0m[0m                = (known after apply)
      [32m+[0m [0m[1m[0mplacement_group[0m[0m              = (known after apply)
      [32m+[0m [0m[1m[0mprimary_network_interface_id[0m[0m = (known after apply)
      [32m+[0m [0m[1m[0mprivate_dns[0m[0m                  = (known after apply)
      [32m+[0m [0m[1m[0mprivate_ip[0m[0m                   = (known after apply)
      [32m+[0m [0m[1m[0mpublic_dns[0m[0m                   = (known after apply)
      [32m+[0m [0m[1m[0mpublic_ip[0m[0m                    = (known after apply)
      [32m+[0m [0m[1m[0msecurity_groups[0m[0m              = (known after apply)
      [32m+[0m [0m[1m[0msource_dest_check[0m[0m            = true
      [32m+[0m [0m[1m[0msubnet_id[0m[0m                    = "subnet-0c2bbd3fc6aa29e0d"
      [32m+[0m [0m[1m[0mtags[0m[0m                         = {
          [32m+[0m [0m"Name"             = "Syslog_Client_Main_Prod_App_Linux_AZ-A"
          [32m+[0m [0m"app_version"      = "1.0"
          [32m+[0m [0m"backup_frequency" = "Never"
          [32m+[0m [0m"backup_vault"     = "-N/A-"
          [32m+[0m [0m"billing_type"     = "Client"
          [32m+[0m [0m"client_name"      = "Shared"
          [32m+[0m [0m"environment_name" = "Production"
          [32m+[0m [0m"os_name"          = "Amazon Linux 2"
          [32m+[0m [0m"os_type"          = "Linux"
          [32m+[0m [0m"project_name"     = "Symphony"
          [32m+[0m [0m"security_zone"    = "Trusted"
          [32m+[0m [0m"service_name"     = "EC2"
          [32m+[0m [0m"service_role"     = "Remote Syslog Client"
        }
      [32m+[0m [0m[1m[0mtenancy[0m[0m                      = (known after apply)
      [32m+[0m [0m[1m[0muser_data[0m[0m                    = "f31c4eb3f4ba6c348c2d90e57c4e8587324388f2"
      [32m+[0m [0m[1m[0mvolume_tags[0m[0m                  = {
          [32m+[0m [0m"Name" = "Syslog_Client_Main_Prod_App_Linux_AZ-A"
        }
      [32m+[0m [0m[1m[0mvpc_security_group_ids[0m[0m       = (known after apply)

      [32m+[0m [0mebs_block_device {
          [32m+[0m [0m[1m[0mdelete_on_termination[0m[0m = (known after apply)
          [32m+[0m [0m[1m[0mdevice_name[0m[0m           = (known after apply)
          [32m+[0m [0m[1m[0mencrypted[0m[0m             = (known after apply)
          [32m+[0m [0m[1m[0miops[0m[0m                  = (known after apply)
          [32m+[0m [0m[1m[0mkms_key_id[0m[0m            = (known after apply)
          [32m+[0m [0m[1m[0msnapshot_id[0m[0m           = (known after apply)
          [32m+[0m [0m[1m[0mvolume_id[0m[0m             = (known after apply)
          [32m+[0m [0m[1m[0mvolume_size[0m[0m           = (known after apply)
          [32m+[0m [0m[1m[0mvolume_type[0m[0m           = (known after apply)
        }

      [32m+[0m [0mephemeral_block_device {
          [32m+[0m [0m[1m[0mdevice_name[0m[0m  = (known after apply)
          [32m+[0m [0m[1m[0mno_device[0m[0m    = (known after apply)
          [32m+[0m [0m[1m[0mvirtual_name[0m[0m = (known after apply)
        }

      [32m+[0m [0mmetadata_options {
          [32m+[0m [0m[1m[0mhttp_endpoint[0m[0m               = (known after apply)
          [32m+[0m [0m[1m[0mhttp_put_response_hop_limit[0m[0m = (known after apply)
          [32m+[0m [0m[1m[0mhttp_tokens[0m[0m                 = (known after apply)
        }

      [32m+[0m [0mnetwork_interface {
          [32m+[0m [0m[1m[0mdelete_on_termination[0m[0m = (known after apply)
          [32m+[0m [0m[1m[0mdevice_index[0m[0m          = (known after apply)
          [32m+[0m [0m[1m[0mnetwork_interface_id[0m[0m  = (known after apply)
        }

      [32m+[0m [0mroot_block_device {
          [32m+[0m [0m[1m[0mdelete_on_termination[0m[0m = true
          [32m+[0m [0m[1m[0mdevice_name[0m[0m           = (known after apply)
          [32m+[0m [0m[1m[0mencrypted[0m[0m             = true
          [32m+[0m [0m[1m[0miops[0m[0m                  = (known after apply)
          [32m+[0m [0m[1m[0mkms_key_id[0m[0m            = (known after apply)
          [32m+[0m [0m[1m[0mvolume_id[0m[0m             = (known after apply)
          [32m+[0m [0m[1m[0mvolume_size[0m[0m           = (known after apply)
          [32m+[0m [0m[1m[0mvolume_type[0m[0m           = (known after apply)
        }
    }

[1m  # aws_security_group.security_group[0m will be created[0m[0m
[0m  [32m+[0m[0m resource "aws_security_group" "security_group" {
      [32m+[0m [0m[1m[0marn[0m[0m                    = (known after apply)
      [32m+[0m [0m[1m[0mdescription[0m[0m            = "Security Group for Syslog_Client_Main_Prod_App_Linux_AZ-A"
      [32m+[0m [0m[1m[0megress[0m[0m                 = [
          [32m+[0m [0m{
              [32m+[0m [0mcidr_blocks      = [
                  [32m+[0m [0m"0.0.0.0/0",
                ]
              [32m+[0m [0mdescription      = ""
              [32m+[0m [0mfrom_port        = 0
              [32m+[0m [0mipv6_cidr_blocks = []
              [32m+[0m [0mprefix_list_ids  = []
              [32m+[0m [0mprotocol         = "-1"
              [32m+[0m [0msecurity_groups  = []
              [32m+[0m [0mself             = false
              [32m+[0m [0mto_port          = 0
            },
        ]
      [32m+[0m [0m[1m[0mid[0m[0m                     = (known after apply)
      [32m+[0m [0m[1m[0mingress[0m[0m                = [
          [32m+[0m [0m{
              [32m+[0m [0mcidr_blocks      = [
                  [32m+[0m [0m"0.0.0.0/0",
                ]
              [32m+[0m [0mdescription      = ""
              [32m+[0m [0mfrom_port        = 0
              [32m+[0m [0mipv6_cidr_blocks = []
              [32m+[0m [0mprefix_list_ids  = []
              [32m+[0m [0mprotocol         = "-1"
              [32m+[0m [0msecurity_groups  = []
              [32m+[0m [0mself             = false
              [32m+[0m [0mto_port          = 0
            },
        ]
      [32m+[0m [0m[1m[0mname[0m[0m                   = "Syslog_Client_Main_Prod_App_Linux_AZ-A-SG"
      [32m+[0m [0m[1m[0mowner_id[0m[0m               = (known after apply)
      [32m+[0m [0m[1m[0mrevoke_rules_on_delete[0m[0m = false
      [32m+[0m [0m[1m[0mtags[0m[0m                   = {
          [32m+[0m [0m"Name"             = "Syslog_Client_Main_Prod_App_Linux_AZ-A"
          [32m+[0m [0m"app_version"      = "1.0"
          [32m+[0m [0m"backup_frequency" = "Never"
          [32m+[0m [0m"backup_vault"     = "-N/A-"
          [32m+[0m [0m"billing_type"     = "Client"
          [32m+[0m [0m"client_name"      = "Shared"
          [32m+[0m [0m"environment_name" = "Production"
          [32m+[0m [0m"os_name"          = "Amazon Linux 2"
          [32m+[0m [0m"os_type"          = "Linux"
          [32m+[0m [0m"project_name"     = "Symphony"
          [32m+[0m [0m"security_zone"    = "Trusted"
          [32m+[0m [0m"service_name"     = "EC2"
          [32m+[0m [0m"service_role"     = "Remote Syslog Client"
        }
      [32m+[0m [0m[1m[0mvpc_id[0m[0m                 = "vpc-0b2eba5d72c599770"
    }

[0m[1mPlan:[0m 2 to add, 0 to change, 0 to destroy.[0m
[33m
[1m[33mWarning: [0m[0m[1mQuoted references are deprecated[0m

[0m  on aws_data.tf line 3, in data "aws_vpc" "vpc_id":
   3:   provider = [4m"aws.eh_adv_aws_main"[0m
[0m
In this context, references are expected literally rather than in quotes.
Terraform 0.11 and earlier required quotes, but quoted references are now
deprecated and will be removed in a future version of Terraform. Remove the
quotes surrounding this reference to silence this warning.

(and 2 more similar warnings elsewhere)
[0m[0m

------------------------------------------------------------------------

Note: You didn't specify an "-out" parameter to save this plan, so Terraform
can't guarantee that exactly these actions will be performed if
"terraform apply" is subsequently run.

