{
  "version": 4,
  "terraform_version": "0.12.18",
  "serial": 18,
  "lineage": "7d073226-5728-e5d2-32d7-961f86e9aa91",
  "outputs": {
    "alb_dns_name": {
      "value": "aws_alb.aws_security_alb.dns_name",
      "type": "string"
    }
  },
  "resources": [
    {
      "mode": "data",
      "type": "aws_acm_certificate",
      "name": "clientdomain",
      "provider": "provider.aws",
      "instances": [
        {
          "schema_version": 0,
          "attributes": {
            "arn": "arn:aws:acm:us-east-1:022705868532:certificate/ab398988-b959-4c5c-a526-0563e31e4eda",
            "domain": "*.sym-advantasure.com",
            "id": "2020-04-20 21:45:14.666122414 +0000 UTC",
            "key_types": null,
            "most_recent": true,
            "statuses": null,
            "types": null
          }
        }
      ]
    },
    {
      "mode": "data",
      "type": "aws_ami",
      "name": "amazon-linux-2",
      "provider": "provider.aws",
      "instances": [
        {
          "schema_version": 0,
          "attributes": {
            "architecture": "x86_64",
            "block_device_mappings": [
              {
                "device_name": "/dev/xvda",
                "ebs": {
                  "delete_on_termination": "true",
                  "encrypted": "false",
                  "iops": "0",
                  "snapshot_id": "snap-0e1167baa50e9c0ff",
                  "volume_size": "8",
                  "volume_type": "gp2"
                },
                "no_device": "",
                "virtual_name": ""
              }
            ],
            "creation_date": "2020-04-07T17:30:33.000Z",
            "description": "Amazon Linux 2 AMI 2.0.20200406.0 x86_64 HVM gp2",
            "executable_users": null,
            "filter": [
              {
                "name": "name",
                "values": [
                  "amzn2-ami-hvm-*"
                ]
              },
              {
                "name": "owner-alias",
                "values": [
                  "amazon"
                ]
              },
              {
                "name": "root-device-type",
                "values": [
                  "ebs"
                ]
              },
              {
                "name": "virtualization-type",
                "values": [
                  "hvm"
                ]
              }
            ],
            "hypervisor": "xen",
            "id": "ami-0323c3dd2da7fb37d",
            "image_id": "ami-0323c3dd2da7fb37d",
            "image_location": "amazon/amzn2-ami-hvm-2.0.20200406.0-x86_64-gp2",
            "image_owner_alias": "amazon",
            "image_type": "machine",
            "kernel_id": null,
            "most_recent": true,
            "name": "amzn2-ami-hvm-2.0.20200406.0-x86_64-gp2",
            "name_regex": null,
            "owner_id": "137112412989",
            "owners": [
              "amazon"
            ],
            "platform": null,
            "product_codes": [],
            "public": true,
            "ramdisk_id": null,
            "root_device_name": "/dev/xvda",
            "root_device_type": "ebs",
            "root_snapshot_id": "snap-0e1167baa50e9c0ff",
            "sriov_net_support": "simple",
            "state": "available",
            "state_reason": {
              "code": "UNSET",
              "message": "UNSET"
            },
            "tags": {},
            "virtualization_type": "hvm"
          }
        }
      ]
    },
    {
      "mode": "data",
      "type": "aws_iam_policy_document",
      "name": "site_policy",
      "provider": "provider.aws",
      "instances": [
        {
          "schema_version": 0,
          "attributes": {
            "id": "3749963450",
            "json": "{\n  \"Version\": \"2012-10-17\",\n  \"Statement\": [\n    {\n      \"Sid\": \"PublicReadGetObject\",\n      \"Effect\": \"Allow\",\n      \"Action\": \"s3:GetObject\",\n      \"Resource\": \"arn:aws:s3:::symphony-shared-maintenancepage/*\",\n      \"Principal\": {\n        \"AWS\": \"*\"\n      }\n    }\n  ]\n}",
            "override_json": null,
            "policy_id": null,
            "source_json": null,
            "statement": [
              {
                "actions": [
                  "s3:GetObject"
                ],
                "condition": [],
                "effect": "Allow",
                "not_actions": [],
                "not_principals": [],
                "not_resources": [],
                "principals": [
                  {
                    "identifiers": [
                      "*"
                    ],
                    "type": "AWS"
                  }
                ],
                "resources": [
                  "arn:aws:s3:::symphony-shared-maintenancepage/*"
                ],
                "sid": "PublicReadGetObject"
              }
            ],
            "version": "2012-10-17"
          }
        }
      ]
    },
    {
      "mode": "data",
      "type": "aws_subnet_ids",
      "name": "subnet_ids",
      "provider": "provider.aws",
      "instances": [
        {
          "schema_version": 0,
          "attributes": {
            "filter": [
              {
                "name": "tag:Name",
                "values": [
                  "Main_Prod_DMZ_AZ-A",
                  "Main_Prod_DMZ_AZ-B"
                ]
              }
            ],
            "id": "vpc-09683c78cc1e578ca",
            "ids": [
              "subnet-0046c352bb53a02af",
              "subnet-0a0bbc5aac95fea60"
            ],
            "tags": null,
            "vpc_id": "vpc-09683c78cc1e578ca"
          }
        }
      ]
    },
    {
      "mode": "data",
      "type": "aws_vpc",
      "name": "vpc_id",
      "provider": "provider.aws",
      "instances": [
        {
          "schema_version": 0,
          "attributes": {
            "arn": "arn:aws:ec2:us-east-1:022705868532:vpc/vpc-09683c78cc1e578ca",
            "cidr_block": "10.126.4.0/24",
            "cidr_block_associations": [
              {
                "association_id": "vpc-cidr-assoc-09a966daf6fa1b7ab",
                "cidr_block": "10.126.4.0/24",
                "state": "associated"
              }
            ],
            "default": false,
            "dhcp_options_id": "dopt-8f04f7f5",
            "enable_dns_hostnames": true,
            "enable_dns_support": true,
            "filter": [
              {
                "name": "tag:Name",
                "values": [
                  "Main_Prod_DMZ_VPC"
                ]
              }
            ],
            "id": "vpc-09683c78cc1e578ca",
            "instance_tenancy": "default",
            "ipv6_association_id": null,
            "ipv6_cidr_block": null,
            "main_route_table_id": "rtb-04c5fac3abd225c3c",
            "owner_id": "022705868532",
            "state": "available",
            "tags": {
              "AWS_Account": "EH_Adv_Main",
              "Client": "Shared",
              "Name": "Main_Prod_DMZ_VPC",
              "Organization": "Advantasure",
              "Project": "Symphony"
            }
          }
        }
      ]
    },
    {
      "mode": "data",
      "type": "template_file",
      "name": "userdata",
      "provider": "provider.template",
      "instances": [
        {
          "schema_version": 0,
          "attributes": {
            "filename": null,
            "id": "b2045c092bccdb2bf9367c8e4bf486e48601b457598749b1a85cea2d107f79dd",
            "rendered": "#!/bin/bash\nsed -i 's|SELINUX=enforcing|SELINUX=disabled|g' /etc/selinux/config\nsetenforce 0\n\ncd /tmp\nsudo yum install httpd wget -y\nwget -r -l 5  -P /tmp/mysite http://symphony-shared-maintenancepage.s3-website-us-east-1.amazonaws.com/\n\nsudo cp -pR /tmp/mysite/symphony-shared-maintenancepage.s3-website-us-east-1.amazonaws.com/* /var/www/html/\nsudo systemctl restart httpd\nsudo systemctl enable httpd\n\n",
            "template": "#!/bin/bash\nsed -i 's|SELINUX=enforcing|SELINUX=disabled|g' /etc/selinux/config\nsetenforce 0\n\ncd /tmp\nsudo yum install httpd wget -y\nwget -r -l 5  -P /tmp/mysite http://${bucket_url}/\n\nsudo cp -pR /tmp/mysite/${bucket_url}/* /var/www/html/\nsudo systemctl restart httpd\nsudo systemctl enable httpd\n\n",
            "vars": {
              "bucket_url": "symphony-shared-maintenancepage.s3-website-us-east-1.amazonaws.com"
            }
          }
        }
      ]
    },
    {
      "mode": "managed",
      "type": "aws_alb",
      "name": "aws_security_alb",
      "provider": "provider.aws",
      "instances": [
        {
          "schema_version": 0,
          "attributes": {
            "access_logs": [
              {
                "bucket": "",
                "enabled": false,
                "prefix": ""
              }
            ],
            "arn": "arn:aws:elasticloadbalancing:us-east-1:022705868532:loadbalancer/app/Symphony-MaintenancePage-ALB/c7d362c989ead765",
            "arn_suffix": "app/Symphony-MaintenancePage-ALB/c7d362c989ead765",
            "dns_name": "internal-Symphony-MaintenancePage-ALB-293642408.us-east-1.elb.amazonaws.com",
            "drop_invalid_header_fields": false,
            "enable_cross_zone_load_balancing": null,
            "enable_deletion_protection": false,
            "enable_http2": true,
            "id": "arn:aws:elasticloadbalancing:us-east-1:022705868532:loadbalancer/app/Symphony-MaintenancePage-ALB/c7d362c989ead765",
            "idle_timeout": 600,
            "internal": true,
            "ip_address_type": "ipv4",
            "load_balancer_type": "application",
            "name": "Symphony-MaintenancePage-ALB",
            "name_prefix": null,
            "security_groups": [
              "sg-0c4c166f67b24894d"
            ],
            "subnet_mapping": [
              {
                "allocation_id": "",
                "subnet_id": "subnet-0046c352bb53a02af"
              },
              {
                "allocation_id": "",
                "subnet_id": "subnet-0a0bbc5aac95fea60"
              }
            ],
            "subnets": [
              "subnet-0046c352bb53a02af",
              "subnet-0a0bbc5aac95fea60"
            ],
            "tags": {
              "app_version": "1.0",
              "backup_frequency": "Never",
              "backup_vault": "-N/A-",
              "billing_type": "Client",
              "client_name": "Shared",
              "environment_name": "Production",
              "os_name": "Amazon Linux 2",
              "os_type": "Linux",
              "project_name": "Symphony",
              "security_zone": "DMZ",
              "service_name": "EC2",
              "service_role": "MaintenancePage"
            },
            "timeouts": null,
            "vpc_id": "vpc-09683c78cc1e578ca",
            "zone_id": "Z35SXDOTRQ7X7K"
          },
          "private": "eyJlMmJmYjczMC1lY2FhLTExZTYtOGY4OC0zNDM2M2JjN2M0YzAiOnsiY3JlYXRlIjo2MDAwMDAwMDAwMDAsImRlbGV0ZSI6NjAwMDAwMDAwMDAwLCJ1cGRhdGUiOjYwMDAwMDAwMDAwMH19",
          "dependencies": [
            "aws_security_group.security_group"
          ]
        }
      ]
    },
    {
      "mode": "managed",
      "type": "aws_alb_listener",
      "name": "front_end",
      "provider": "provider.aws",
      "instances": [
        {
          "schema_version": 0,
          "attributes": {
            "arn": "arn:aws:elasticloadbalancing:us-east-1:022705868532:listener/app/Symphony-MaintenancePage-ALB/c7d362c989ead765/1817697e9ccb66c5",
            "certificate_arn": "arn:aws:acm:us-east-1:022705868532:certificate/ab398988-b959-4c5c-a526-0563e31e4eda",
            "default_action": [
              {
                "authenticate_cognito": [],
                "authenticate_oidc": [],
                "fixed_response": [],
                "order": 1,
                "redirect": [],
                "target_group_arn": "arn:aws:elasticloadbalancing:us-east-1:022705868532:targetgroup/Symphony-MaintenancePage-TG/ce0d0b09dd454158",
                "type": "forward"
              }
            ],
            "id": "arn:aws:elasticloadbalancing:us-east-1:022705868532:listener/app/Symphony-MaintenancePage-ALB/c7d362c989ead765/1817697e9ccb66c5",
            "load_balancer_arn": "arn:aws:elasticloadbalancing:us-east-1:022705868532:loadbalancer/app/Symphony-MaintenancePage-ALB/c7d362c989ead765",
            "port": 443,
            "protocol": "HTTPS",
            "ssl_policy": "ELBSecurityPolicy-2016-08",
            "timeouts": null
          },
          "private": "eyJlMmJmYjczMC1lY2FhLTExZTYtOGY4OC0zNDM2M2JjN2M0YzAiOnsicmVhZCI6NjAwMDAwMDAwMDAwfX0=",
          "dependencies": [
            "aws_alb.aws_security_alb",
            "aws_alb_target_group.security-group",
            "aws_security_group.security_group"
          ]
        }
      ]
    },
    {
      "mode": "managed",
      "type": "aws_alb_listener",
      "name": "httptohttps",
      "provider": "provider.aws",
      "instances": [
        {
          "schema_version": 0,
          "attributes": {
            "arn": "arn:aws:elasticloadbalancing:us-east-1:022705868532:listener/app/Symphony-MaintenancePage-ALB/c7d362c989ead765/6c2f5f900c89d3d0",
            "certificate_arn": null,
            "default_action": [
              {
                "authenticate_cognito": [],
                "authenticate_oidc": [],
                "fixed_response": [],
                "order": 1,
                "redirect": [
                  {
                    "host": "#{host}",
                    "path": "/#{path}",
                    "port": "443",
                    "protocol": "HTTPS",
                    "query": "#{query}",
                    "status_code": "HTTP_301"
                  }
                ],
                "target_group_arn": "",
                "type": "redirect"
              }
            ],
            "id": "arn:aws:elasticloadbalancing:us-east-1:022705868532:listener/app/Symphony-MaintenancePage-ALB/c7d362c989ead765/6c2f5f900c89d3d0",
            "load_balancer_arn": "arn:aws:elasticloadbalancing:us-east-1:022705868532:loadbalancer/app/Symphony-MaintenancePage-ALB/c7d362c989ead765",
            "port": 80,
            "protocol": "HTTP",
            "ssl_policy": "",
            "timeouts": null
          },
          "private": "eyJlMmJmYjczMC1lY2FhLTExZTYtOGY4OC0zNDM2M2JjN2M0YzAiOnsicmVhZCI6NjAwMDAwMDAwMDAwfX0=",
          "dependencies": [
            "aws_alb.aws_security_alb",
            "aws_security_group.security_group"
          ]
        }
      ]
    },
    {
      "mode": "managed",
      "type": "aws_alb_target_group",
      "name": "security-group",
      "provider": "provider.aws",
      "instances": [
        {
          "schema_version": 0,
          "attributes": {
            "arn": "arn:aws:elasticloadbalancing:us-east-1:022705868532:targetgroup/Symphony-MaintenancePage-TG/ce0d0b09dd454158",
            "arn_suffix": "targetgroup/Symphony-MaintenancePage-TG/ce0d0b09dd454158",
            "deregistration_delay": 300,
            "health_check": [
              {
                "enabled": true,
                "healthy_threshold": 5,
                "interval": 30,
                "matcher": "200",
                "path": "/",
                "port": "traffic-port",
                "protocol": "HTTP",
                "timeout": 5,
                "unhealthy_threshold": 2
              }
            ],
            "id": "arn:aws:elasticloadbalancing:us-east-1:022705868532:targetgroup/Symphony-MaintenancePage-TG/ce0d0b09dd454158",
            "lambda_multi_value_headers_enabled": false,
            "load_balancing_algorithm_type": "round_robin",
            "name": "Symphony-MaintenancePage-TG",
            "name_prefix": null,
            "port": 80,
            "protocol": "HTTP",
            "proxy_protocol_v2": false,
            "slow_start": 0,
            "stickiness": [
              {
                "cookie_duration": 300,
                "enabled": true,
                "type": "lb_cookie"
              }
            ],
            "tags": null,
            "target_type": "instance",
            "vpc_id": "vpc-09683c78cc1e578ca"
          },
          "private": "bnVsbA==",
          "dependencies": [
            "aws_alb.aws_security_alb",
            "aws_security_group.security_group"
          ]
        }
      ]
    },
    {
      "mode": "managed",
      "type": "aws_autoscaling_attachment",
      "name": "asg_attachment_alb",
      "provider": "provider.aws",
      "instances": [
        {
          "schema_version": 0,
          "attributes": {
            "alb_target_group_arn": "arn:aws:elasticloadbalancing:us-east-1:022705868532:targetgroup/Symphony-MaintenancePage-TG/ce0d0b09dd454158",
            "autoscaling_group_name": "Symphony_MaintenancePage_Linux_ASG",
            "elb": null,
            "id": "Symphony_MaintenancePage_Linux_ASG-20200420214922222900000001"
          },
          "private": "bnVsbA==",
          "dependencies": [
            "aws_alb.aws_security_alb",
            "aws_alb_target_group.security-group",
            "aws_autoscaling_group.linuxservers",
            "aws_launch_configuration.launchlinux",
            "aws_s3_bucket.contentbucket",
            "aws_s3_bucket_object.uploadfiles",
            "aws_security_group.security_group"
          ]
        }
      ]
    },
    {
      "mode": "managed",
      "type": "aws_autoscaling_group",
      "name": "linuxservers",
      "provider": "provider.aws",
      "instances": [
        {
          "schema_version": 0,
          "attributes": {
            "arn": "arn:aws:autoscaling:us-east-1:022705868532:autoScalingGroup:08ca655d-1d72-453c-badd-61f6e883084f:autoScalingGroupName/Symphony_MaintenancePage_Linux_ASG",
            "availability_zones": [
              "us-east-1a",
              "us-east-1b"
            ],
            "default_cooldown": 30,
            "desired_capacity": 2,
            "enabled_metrics": null,
            "force_delete": false,
            "health_check_grace_period": 120,
            "health_check_type": "EC2",
            "id": "Symphony_MaintenancePage_Linux_ASG",
            "initial_lifecycle_hook": [],
            "launch_configuration": "Symphony_MaintenancePage_Linux_LC",
            "launch_template": [],
            "load_balancers": [],
            "max_instance_lifetime": 0,
            "max_size": 3,
            "metrics_granularity": "1Minute",
            "min_elb_capacity": null,
            "min_size": 2,
            "mixed_instances_policy": [],
            "name": "Symphony_MaintenancePage_Linux_ASG",
            "name_prefix": null,
            "placement_group": "",
            "protect_from_scale_in": false,
            "service_linked_role_arn": "arn:aws:iam::022705868532:role/aws-service-role/autoscaling.amazonaws.com/AWSServiceRoleForAutoScaling",
            "suspended_processes": null,
            "tag": [
              {
                "key": "Name",
                "propagate_at_launch": true,
                "value": "Symphony_MaintenancePage_Linux_ASG"
              },
              {
                "key": "app_version",
                "propagate_at_launch": true,
                "value": "1.0"
              },
              {
                "key": "backup_frequency",
                "propagate_at_launch": true,
                "value": "Never"
              },
              {
                "key": "backup_vault",
                "propagate_at_launch": true,
                "value": "-N/A-"
              },
              {
                "key": "billing_type",
                "propagate_at_launch": true,
                "value": "Client"
              },
              {
                "key": "client_name",
                "propagate_at_launch": true,
                "value": "Shared"
              },
              {
                "key": "environment_name",
                "propagate_at_launch": true,
                "value": "Production"
              },
              {
                "key": "os_name",
                "propagate_at_launch": true,
                "value": "Amazon Linux 2"
              },
              {
                "key": "os_type",
                "propagate_at_launch": true,
                "value": "Linux"
              },
              {
                "key": "project_name",
                "propagate_at_launch": true,
                "value": "Symphony"
              },
              {
                "key": "security_zone",
                "propagate_at_launch": true,
                "value": "DMZ"
              },
              {
                "key": "service_name",
                "propagate_at_launch": true,
                "value": "EC2"
              },
              {
                "key": "service_role",
                "propagate_at_launch": true,
                "value": "MaintenancePage"
              }
            ],
            "tags": null,
            "target_group_arns": [],
            "termination_policies": [
              "OldestInstance"
            ],
            "timeouts": null,
            "vpc_zone_identifier": [
              "subnet-0046c352bb53a02af",
              "subnet-0a0bbc5aac95fea60"
            ],
            "wait_for_capacity_timeout": "10m",
            "wait_for_elb_capacity": null
          },
          "private": "eyJlMmJmYjczMC1lY2FhLTExZTYtOGY4OC0zNDM2M2JjN2M0YzAiOnsiZGVsZXRlIjo2MDAwMDAwMDAwMDB9fQ==",
          "dependencies": [
            "aws_alb.aws_security_alb",
            "aws_alb_target_group.security-group",
            "aws_launch_configuration.launchlinux",
            "aws_s3_bucket.contentbucket",
            "aws_s3_bucket_object.uploadfiles",
            "aws_security_group.security_group"
          ]
        }
      ]
    },
    {
      "mode": "managed",
      "type": "aws_autoscaling_policy",
      "name": "linuxautopolicy",
      "provider": "provider.aws",
      "instances": [
        {
          "schema_version": 0,
          "attributes": {
            "adjustment_type": "",
            "arn": "arn:aws:autoscaling:us-east-1:022705868532:scalingPolicy:8252a3aa-be7f-4774-acdf-f894a5866463:autoScalingGroupName/Symphony_MaintenancePage_Linux_ASG:policyName/Symphony_MaintenancePage_Linux_ASGP",
            "autoscaling_group_name": "Symphony_MaintenancePage_Linux_ASG",
            "cooldown": 0,
            "estimated_instance_warmup": 90,
            "id": "Symphony_MaintenancePage_Linux_ASGP",
            "metric_aggregation_type": "",
            "min_adjustment_magnitude": null,
            "min_adjustment_step": null,
            "name": "Symphony_MaintenancePage_Linux_ASGP",
            "policy_type": "TargetTrackingScaling",
            "scaling_adjustment": 0,
            "step_adjustment": [],
            "target_tracking_configuration": [
              {
                "customized_metric_specification": [],
                "disable_scale_in": false,
                "predefined_metric_specification": [
                  {
                    "predefined_metric_type": "ASGAverageCPUUtilization",
                    "resource_label": ""
                  }
                ],
                "target_value": 70
              }
            ]
          },
          "private": "bnVsbA==",
          "dependencies": [
            "aws_alb.aws_security_alb",
            "aws_alb_target_group.security-group",
            "aws_autoscaling_group.linuxservers",
            "aws_launch_configuration.launchlinux",
            "aws_s3_bucket.contentbucket",
            "aws_s3_bucket_object.uploadfiles",
            "aws_security_group.security_group"
          ]
        }
      ]
    },
    {
      "mode": "managed",
      "type": "aws_launch_configuration",
      "name": "launchlinux",
      "provider": "provider.aws",
      "instances": [
        {
          "schema_version": 0,
          "attributes": {
            "arn": "arn:aws:autoscaling:us-east-1:022705868532:launchConfiguration:ef31c30a-83d2-4749-9174-d529c346f263:launchConfigurationName/Symphony_MaintenancePage_Linux_LC",
            "associate_public_ip_address": false,
            "ebs_block_device": [],
            "ebs_optimized": false,
            "enable_monitoring": true,
            "ephemeral_block_device": [],
            "iam_instance_profile": "",
            "id": "Symphony_MaintenancePage_Linux_LC",
            "image_id": "ami-0323c3dd2da7fb37d",
            "instance_type": "t2.micro",
            "key_name": "Symphony-MaintenancePage-Linux-Key",
            "name": "Symphony_MaintenancePage_Linux_LC",
            "name_prefix": null,
            "placement_tenancy": null,
            "root_block_device": [],
            "security_groups": [
              "sg-0c4c166f67b24894d"
            ],
            "spot_price": "",
            "user_data": "9a1897220bf221c9008cc7101caefa683e6aff82",
            "user_data_base64": null,
            "vpc_classic_link_id": "",
            "vpc_classic_link_security_groups": null
          },
          "private": "bnVsbA==",
          "dependencies": [
            "aws_s3_bucket.contentbucket",
            "aws_security_group.security_group"
          ]
        }
      ]
    },
    {
      "mode": "managed",
      "type": "aws_s3_bucket",
      "name": "contentbucket",
      "provider": "provider.aws",
      "instances": [
        {
          "schema_version": 0,
          "attributes": {
            "acceleration_status": "",
            "acl": "public-read",
            "arn": "arn:aws:s3:::symphony-shared-maintenancepage",
            "bucket": "symphony-shared-maintenancepage",
            "bucket_domain_name": "symphony-shared-maintenancepage.s3.amazonaws.com",
            "bucket_prefix": null,
            "bucket_regional_domain_name": "symphony-shared-maintenancepage.s3.amazonaws.com",
            "cors_rule": [
              {
                "allowed_headers": [
                  "*"
                ],
                "allowed_methods": [
                  "HEAD",
                  "GET",
                  "PUT",
                  "POST",
                  "DELETE"
                ],
                "allowed_origins": [
                  "*"
                ],
                "expose_headers": [
                  "ETag"
                ],
                "max_age_seconds": 0
              }
            ],
            "force_destroy": true,
            "grant": [],
            "hosted_zone_id": "Z3AQBSTGFYJSTF",
            "id": "symphony-shared-maintenancepage",
            "lifecycle_rule": [],
            "logging": [],
            "object_lock_configuration": [],
            "policy": "{\"Statement\":[{\"Action\":\"s3:GetObject\",\"Effect\":\"Allow\",\"Principal\":{\"AWS\":\"*\"},\"Resource\":\"arn:aws:s3:::symphony-shared-maintenancepage/*\",\"Sid\":\"PublicReadGetObject\"}],\"Version\":\"2012-10-17\"}",
            "region": "us-east-1",
            "replication_configuration": [],
            "request_payer": "BucketOwner",
            "server_side_encryption_configuration": [],
            "tags": {
              "app_version": "1.0",
              "backup_frequency": "Never",
              "backup_vault": "-N/A-",
              "billing_type": "Client",
              "client_name": "Shared",
              "environment_name": "Production",
              "os_name": "Amazon Linux 2",
              "os_type": "Linux",
              "project_name": "Symphony",
              "security_zone": "DMZ",
              "service_name": "EC2",
              "service_role": "MaintenancePage"
            },
            "versioning": [
              {
                "enabled": false,
                "mfa_delete": false
              }
            ],
            "website": [
              {
                "error_document": "",
                "index_document": "maintenance.html",
                "redirect_all_requests_to": "",
                "routing_rules": ""
              }
            ],
            "website_domain": "s3-website-us-east-1.amazonaws.com",
            "website_endpoint": "symphony-shared-maintenancepage.s3-website-us-east-1.amazonaws.com"
          },
          "private": "bnVsbA=="
        }
      ]
    },
    {
      "mode": "managed",
      "type": "aws_s3_bucket_object",
      "name": "uploadfiles",
      "each": "map",
      "provider": "provider.aws",
      "instances": [
        {
          "index_key": "css/default.css",
          "schema_version": 0,
          "attributes": {
            "acl": "private",
            "bucket": "symphony-shared-maintenancepage",
            "cache_control": "",
            "content": null,
            "content_base64": null,
            "content_disposition": "",
            "content_encoding": "",
            "content_language": "",
            "content_type": "text/html",
            "etag": "5827d6354a8e02abd2f33317d97c4102",
            "force_destroy": false,
            "id": "css/default.css",
            "key": "css/default.css",
            "kms_key_id": null,
            "metadata": null,
            "object_lock_legal_hold_status": "",
            "object_lock_mode": "",
            "object_lock_retain_until_date": "",
            "server_side_encryption": "",
            "source": "./files/css/default.css",
            "storage_class": "STANDARD",
            "tags": null,
            "version_id": "",
            "website_redirect": ""
          },
          "private": "bnVsbA==",
          "dependencies": [
            "aws_s3_bucket.contentbucket"
          ]
        },
        {
          "index_key": "images/login-img.jpg",
          "schema_version": 0,
          "attributes": {
            "acl": "private",
            "bucket": "symphony-shared-maintenancepage",
            "cache_control": "",
            "content": null,
            "content_base64": null,
            "content_disposition": "",
            "content_encoding": "",
            "content_language": "",
            "content_type": "text/html",
            "etag": "87d4734adb0f438590f15f04f30cc556",
            "force_destroy": false,
            "id": "images/login-img.jpg",
            "key": "images/login-img.jpg",
            "kms_key_id": null,
            "metadata": null,
            "object_lock_legal_hold_status": "",
            "object_lock_mode": "",
            "object_lock_retain_until_date": "",
            "server_side_encryption": "",
            "source": "./files/images/login-img.jpg",
            "storage_class": "STANDARD",
            "tags": null,
            "version_id": "",
            "website_redirect": ""
          },
          "private": "bnVsbA==",
          "dependencies": [
            "aws_s3_bucket.contentbucket"
          ]
        },
        {
          "index_key": "images/logo.png",
          "schema_version": 0,
          "attributes": {
            "acl": "private",
            "bucket": "symphony-shared-maintenancepage",
            "cache_control": "",
            "content": null,
            "content_base64": null,
            "content_disposition": "",
            "content_encoding": "",
            "content_language": "",
            "content_type": "text/html",
            "etag": "b9ddd4ecd325b5b981a173a91465f9ea",
            "force_destroy": false,
            "id": "images/logo.png",
            "key": "images/logo.png",
            "kms_key_id": null,
            "metadata": null,
            "object_lock_legal_hold_status": "",
            "object_lock_mode": "",
            "object_lock_retain_until_date": "",
            "server_side_encryption": "",
            "source": "./files/images/logo.png",
            "storage_class": "STANDARD",
            "tags": null,
            "version_id": "",
            "website_redirect": ""
          },
          "private": "bnVsbA==",
          "dependencies": [
            "aws_s3_bucket.contentbucket"
          ]
        },
        {
          "index_key": "images/screwdriverblack.png",
          "schema_version": 0,
          "attributes": {
            "acl": "private",
            "bucket": "symphony-shared-maintenancepage",
            "cache_control": "",
            "content": null,
            "content_base64": null,
            "content_disposition": "",
            "content_encoding": "",
            "content_language": "",
            "content_type": "text/html",
            "etag": "1ec345ba1e319125896c893bd9bfff4a",
            "force_destroy": false,
            "id": "images/screwdriverblack.png",
            "key": "images/screwdriverblack.png",
            "kms_key_id": null,
            "metadata": null,
            "object_lock_legal_hold_status": "",
            "object_lock_mode": "",
            "object_lock_retain_until_date": "",
            "server_side_encryption": "",
            "source": "./files/images/screwdriverblack.png",
            "storage_class": "STANDARD",
            "tags": null,
            "version_id": "",
            "website_redirect": ""
          },
          "private": "bnVsbA==",
          "dependencies": [
            "aws_s3_bucket.contentbucket"
          ]
        },
        {
          "index_key": "images/screwdriverblack128.png",
          "schema_version": 0,
          "attributes": {
            "acl": "private",
            "bucket": "symphony-shared-maintenancepage",
            "cache_control": "",
            "content": null,
            "content_base64": null,
            "content_disposition": "",
            "content_encoding": "",
            "content_language": "",
            "content_type": "text/html",
            "etag": "ce03d8c29c521f416a2fb2629d0ea33d",
            "force_destroy": false,
            "id": "images/screwdriverblack128.png",
            "key": "images/screwdriverblack128.png",
            "kms_key_id": null,
            "metadata": null,
            "object_lock_legal_hold_status": "",
            "object_lock_mode": "",
            "object_lock_retain_until_date": "",
            "server_side_encryption": "",
            "source": "./files/images/screwdriverblack128.png",
            "storage_class": "STANDARD",
            "tags": null,
            "version_id": "",
            "website_redirect": ""
          },
          "private": "bnVsbA==",
          "dependencies": [
            "aws_s3_bucket.contentbucket"
          ]
        },
        {
          "index_key": "maintenance.html",
          "schema_version": 0,
          "attributes": {
            "acl": "private",
            "bucket": "symphony-shared-maintenancepage",
            "cache_control": "",
            "content": null,
            "content_base64": null,
            "content_disposition": "",
            "content_encoding": "",
            "content_language": "",
            "content_type": "text/html",
            "etag": "9e7d04d08f9fdce1ff98a108c48dcacf",
            "force_destroy": false,
            "id": "maintenance.html",
            "key": "maintenance.html",
            "kms_key_id": null,
            "metadata": null,
            "object_lock_legal_hold_status": "",
            "object_lock_mode": "",
            "object_lock_retain_until_date": "",
            "server_side_encryption": "",
            "source": "./files/maintenance.html",
            "storage_class": "STANDARD",
            "tags": null,
            "version_id": "",
            "website_redirect": ""
          },
          "private": "bnVsbA==",
          "dependencies": [
            "aws_s3_bucket.contentbucket"
          ]
        }
      ]
    },
    {
      "mode": "managed",
      "type": "aws_security_group",
      "name": "security_group",
      "provider": "provider.aws",
      "instances": [
        {
          "schema_version": 1,
          "attributes": {
            "arn": "arn:aws:ec2:us-east-1:022705868532:security-group/sg-0c4c166f67b24894d",
            "description": "Security Group for maintenance page setup",
            "egress": [
              {
                "cidr_blocks": [
                  "0.0.0.0/0"
                ],
                "description": "",
                "from_port": 0,
                "ipv6_cidr_blocks": [],
                "prefix_list_ids": [],
                "protocol": "-1",
                "security_groups": [],
                "self": false,
                "to_port": 0
              }
            ],
            "id": "sg-0c4c166f67b24894d",
            "ingress": [
              {
                "cidr_blocks": [
                  "0.0.0.0/0"
                ],
                "description": "",
                "from_port": 0,
                "ipv6_cidr_blocks": [],
                "prefix_list_ids": [],
                "protocol": "-1",
                "security_groups": [],
                "self": false,
                "to_port": 0
              }
            ],
            "name": "Symphony_MaintenancePage_Linux-SG",
            "name_prefix": null,
            "owner_id": "022705868532",
            "revoke_rules_on_delete": false,
            "tags": {
              "app_version": "1.0",
              "backup_frequency": "Never",
              "backup_vault": "-N/A-",
              "billing_type": "Client",
              "client_name": "Shared",
              "environment_name": "Production",
              "os_name": "Amazon Linux 2",
              "os_type": "Linux",
              "project_name": "Symphony",
              "security_zone": "DMZ",
              "service_name": "EC2",
              "service_role": "MaintenancePage"
            },
            "timeouts": null,
            "vpc_id": "vpc-09683c78cc1e578ca"
          },
          "private": "eyJlMmJmYjczMC1lY2FhLTExZTYtOGY4OC0zNDM2M2JjN2M0YzAiOnsiY3JlYXRlIjo2MDAwMDAwMDAwMDAsImRlbGV0ZSI6NjAwMDAwMDAwMDAwfSwic2NoZW1hX3ZlcnNpb24iOiIxIn0="
        }
      ]
    }
  ]
}
