{
  "version": 4,
  "terraform_version": "0.12.18",
  "serial": 39,
  "lineage": "cbacbe19-7b77-b59c-69eb-41e07c35556f",
  "outputs": {
    "alb_output": {
      "value": "internal-Sym-Kan-UAT-Srv-ALB-1757938862.us-east-1.elb.amazonaws.com",
      "type": "string"
    }
  },
  "resources": [
    {
      "mode": "data",
      "type": "aws_acm_certificate",
      "name": "clientdomain",
      "provider": "provider.aws",
      "instances": [
        {
          "schema_version": 0,
          "attributes": {
            "arn": "arn:aws:acm:us-east-1:945116902499:certificate/981b7fa0-3b04-4995-bbb1-8b56446801a3",
            "domain": "*.sym-advantasure.com",
            "id": "2020-04-13 03:34:28.515045664 +0000 UTC",
            "key_types": null,
            "most_recent": true,
            "statuses": null,
            "types": null
          }
        }
      ]
    },
    {
      "mode": "data",
      "type": "aws_sns_topic",
      "name": "notification",
      "provider": "provider.aws",
      "instances": [
        {
          "schema_version": 0,
          "attributes": {
            "arn": "arn:aws:sns:us-east-1:945116902499:usage-notifications-symphony",
            "id": "2020-04-13 03:34:28.287214605 +0000 UTC",
            "name": "usage-notifications-symphony"
          }
        }
      ]
    },
    {
      "mode": "data",
      "type": "aws_subnet_ids",
      "name": "subnet_ids",
      "provider": "provider.aws",
      "instances": [
        {
          "schema_version": 0,
          "attributes": {
            "filter": [
              {
                "name": "tag:Name",
                "values": [
                  "Kansas_UAT_App_AZ-A",
                  "Kansas_UAT_App_AZ-B"
                ]
              }
            ],
            "id": "vpc-06c13c9b668bf9b10",
            "ids": [
              "subnet-0141b22d927d3f2a3",
              "subnet-0472ff3f6f5061d0a"
            ],
            "tags": null,
            "vpc_id": "vpc-06c13c9b668bf9b10"
          }
        }
      ]
    },
    {
      "mode": "data",
      "type": "aws_vpc",
      "name": "vpc_id",
      "provider": "provider.aws",
      "instances": [
        {
          "schema_version": 0,
          "attributes": {
            "arn": "arn:aws:ec2:us-east-1:945116902499:vpc/vpc-06c13c9b668bf9b10",
            "cidr_block": "10.126.196.128/26",
            "cidr_block_associations": [
              {
                "association_id": "vpc-cidr-assoc-0a2ca9630501f4c41",
                "cidr_block": "10.126.196.128/26",
                "state": "associated"
              }
            ],
            "default": false,
            "dhcp_options_id": "dopt-1014e76a",
            "enable_dns_hostnames": true,
            "enable_dns_support": true,
            "filter": [
              {
                "name": "tag:Name",
                "values": [
                  "Kansas_UAT_App_VPC"
                ]
              }
            ],
            "id": "vpc-06c13c9b668bf9b10",
            "instance_tenancy": "default",
            "ipv6_association_id": null,
            "ipv6_cidr_block": null,
            "main_route_table_id": "rtb-09d7a40e3073928b0",
            "owner_id": "945116902499",
            "state": "available",
            "tags": {
              "Name": "Kansas_UAT_App_VPC"
            }
          }
        }
      ]
    },
    {
      "mode": "data",
      "type": "template_file",
      "name": "ecs-cluster",
      "provider": "provider.template",
      "instances": [
        {
          "schema_version": 0,
          "attributes": {
            "filename": null,
            "id": "c577aaad8db1eaa53c3142969237ac364c7beccf0e732dcf6977b05e89769979",
            "rendered": "#!/bin/bash\n#AWS_S3='https://s3.amazonaws.com'\n#SYMPHONY_SOFTWARE_CATALOG_S3='https://symphony-software-catalog.s3.amazonaws.com'\nsudo mkdir -p /etc/ecs\necho ECS_CLUSTER=Sym-Kan-UAT-Srv \u003e\u003e /etc/ecs/ecs.config\n\nsudo yum install -y wget unzip zip\n\n## RedClock Agent Installation ##\nsudo wget -P /tmp/ https://symphony-software-catalog.s3.amazonaws.com/Agent/Linux/redcloak-1.2.8.0-0.x86_64.rpm\nsudo yum localinstall -y /tmp/redcloak-1.2.8.0-0.x86_64.rpm\nsudo service redcloak status\nsudo /var/opt/secureworks/redcloak/bin/redcloak --check\n\n## EPEL Repository ##\nsudo rpm -ivh https://dl.fedoraproject.org/pub/epel/epel-release-latest-7.noarch.rpm\nsudo yum install collectd -y\nyum remove epel-release -y\n\n## CloudWatch Agent Installation ##\nwget -P /tmp/ https://s3.amazonaws.com/amazoncloudwatch-agent/amazon_linux/amd64/latest/amazon-cloudwatch-agent.rpm\nsudo yum localinstall /tmp/amazon-cloudwatch-agent.rpm -y\nwget -P /tmp/ https://symphony-software-catalog.s3.amazonaws.com/Agent/Linux/CloudWatch/linux+config.json\nsudo cp /tmp/linux+config.json /opt/aws/amazon-cloudwatch-agent/bin/config.json\nsudo /opt/aws/amazon-cloudwatch-agent/bin/amazon-cloudwatch-agent-ctl -a fetch-config \\\n     -m ec2 -c file:/opt/aws/amazon-cloudwatch-agent/bin/config.json -s\n\n",
            "template": "#!/bin/bash\n#AWS_S3='https://s3.amazonaws.com'\n#SYMPHONY_SOFTWARE_CATALOG_S3='https://symphony-software-catalog.s3.amazonaws.com'\nsudo mkdir -p /etc/ecs\necho ECS_CLUSTER=${ecs_cluster} \u003e\u003e /etc/ecs/ecs.config\n\nsudo yum install -y wget unzip zip\n\n## RedClock Agent Installation ##\nsudo wget -P /tmp/ https://symphony-software-catalog.s3.amazonaws.com/Agent/Linux/redcloak-1.2.8.0-0.x86_64.rpm\nsudo yum localinstall -y /tmp/redcloak-1.2.8.0-0.x86_64.rpm\nsudo service redcloak status\nsudo /var/opt/secureworks/redcloak/bin/redcloak --check\n\n## EPEL Repository ##\nsudo rpm -ivh https://dl.fedoraproject.org/pub/epel/epel-release-latest-7.noarch.rpm\nsudo yum install collectd -y\nyum remove epel-release -y\n\n## CloudWatch Agent Installation ##\nwget -P /tmp/ https://s3.amazonaws.com/amazoncloudwatch-agent/amazon_linux/amd64/latest/amazon-cloudwatch-agent.rpm\nsudo yum localinstall /tmp/amazon-cloudwatch-agent.rpm -y\nwget -P /tmp/ https://symphony-software-catalog.s3.amazonaws.com/Agent/Linux/CloudWatch/linux+config.json\nsudo cp /tmp/linux+config.json /opt/aws/amazon-cloudwatch-agent/bin/config.json\nsudo /opt/aws/amazon-cloudwatch-agent/bin/amazon-cloudwatch-agent-ctl -a fetch-config \\\n     -m ec2 -c file:/opt/aws/amazon-cloudwatch-agent/bin/config.json -s\n\n",
            "vars": {
              "ecs_cluster": "Sym-Kan-UAT-Srv"
            }
          }
        }
      ]
    },
    {
      "mode": "data",
      "type": "template_file",
      "name": "ecs-cluster-2",
      "provider": "provider.template",
      "instances": [
        {
          "schema_version": 0,
          "attributes": {
            "filename": null,
            "id": "d3bb0f0a0795c5617e9fed11233ae30a6e8a5645b2678caf5f386e603961092a",
            "rendered": "\u003cpowershell\u003e\n[Environment]::SetEnvironmentVariable(\"ECS_ENABLE_AWSLOGS_EXECUTIONROLE_OVERRIDE\",\"true\", \"Machine\")\n[Environment]::SetEnvironmentVariable(\"ECS_ENABLE_CPU_UNBOUNDED_WINDOWS_WORKAROUND\", \"true\", \"Machine\")\n[Environment]::SetEnvironmentVariable(\"ECS_DISABLE_METRICS\", \"false\", \"Machine\")\nImport-Module ECSTools\nInitialize-ECSAgent -Cluster Sym-Kan-UAT-Srv  -EnableTaskIAMRole\nSet-ExecutionPolicy Bypass -Force;\n\niex ((New-Object System.Net.WebClient).DownloadString('https://chocolatey.org/install.ps1'));\nchoco install python3 -y;\n\n$Path = $env:TEMP;\n$Installer = \"chrome_installer.exe\";\nInvoke-WebRequest \"http://dl.google.com/chrome/install/375.126/$Installer\" -OutFile $Path\\$Installer;\nStart-Process -FilePath $Path\\$Installer -Args \"/silent /install\" -Verb RunAs -Wait;\nRemove-Item $Path\\$Installer\n\n$url = \"http://jenkins-awsops-prod.sym-adv.com:8000/redcloak.msi\"\n$output = \"C:\\Windows\\Temp\\redcloak.msi\"\nInvoke-WebRequest -Uri $url -OutFile $output\nmsiexec /i C:\\Windows\\Temp\\redcloak.msi /quiet /qn\n\n$parameters = @{\n        Uri = 'https://s3.amazonaws.com/amazoncloudwatch-agent/windows/amd64/latest/AmazonCloudWatchAgent.zip'\n        OutFile = \"$env:TEMP\\AmazonCloudWatchAgent.zip\"\n}\nInvoke-WebRequest @parameters\n\nExpand-Archive -Path \"$env:TEMP\\AmazonCloudWatchAgent.zip\" -DestinationPath \"$env:TEMP\\AmazonCloudWatchAgent\"\n\nSet-Location -Path \"$env:TEMP\\AmazonCloudWatchAgent\"\n.\\install.ps1\n\n$parameters = @{\n        Uri = 'https://symphony-software-catalog.s3.amazonaws.com/Agent/Windows/CloudWatch/Windows+config.json'\n        OutFile = \"C:\\Program Files\\Amazon\\AmazonCloudWatchAgent\\config.json\"\n}\nInvoke-WebRequest @parameters\n\nSet-Location -Path 'C:\\Program Files\\Amazon\\AmazonCloudWatchAgent\\'\n.\\amazon-cloudwatch-agent-ctl.ps1 -a fetch-config -m ec2 -c file:'C:\\Program Files\\Amazon\\AmazonCloudWatchAgent\\config.json' -s\n\n\nrefreshenv\n\n\u003c/powershell\u003e\n",
            "template": "\u003cpowershell\u003e\n[Environment]::SetEnvironmentVariable(\"ECS_ENABLE_AWSLOGS_EXECUTIONROLE_OVERRIDE\",\"true\", \"Machine\")\n[Environment]::SetEnvironmentVariable(\"ECS_ENABLE_CPU_UNBOUNDED_WINDOWS_WORKAROUND\", \"true\", \"Machine\")\n[Environment]::SetEnvironmentVariable(\"ECS_DISABLE_METRICS\", \"false\", \"Machine\")\nImport-Module ECSTools\nInitialize-ECSAgent -Cluster ${ecs_cluster}  -EnableTaskIAMRole\nSet-ExecutionPolicy Bypass -Force;\n\niex ((New-Object System.Net.WebClient).DownloadString('https://chocolatey.org/install.ps1'));\nchoco install python3 -y;\n\n$Path = $env:TEMP;\n$Installer = \"chrome_installer.exe\";\nInvoke-WebRequest \"http://dl.google.com/chrome/install/375.126/$Installer\" -OutFile $Path\\$Installer;\nStart-Process -FilePath $Path\\$Installer -Args \"/silent /install\" -Verb RunAs -Wait;\nRemove-Item $Path\\$Installer\n\n$url = \"http://jenkins-awsops-prod.sym-adv.com:8000/redcloak.msi\"\n$output = \"C:\\Windows\\Temp\\redcloak.msi\"\nInvoke-WebRequest -Uri $url -OutFile $output\nmsiexec /i C:\\Windows\\Temp\\redcloak.msi /quiet /qn\n\n$parameters = @{\n        Uri = 'https://s3.amazonaws.com/amazoncloudwatch-agent/windows/amd64/latest/AmazonCloudWatchAgent.zip'\n        OutFile = \"$env:TEMP\\AmazonCloudWatchAgent.zip\"\n}\nInvoke-WebRequest @parameters\n\nExpand-Archive -Path \"$env:TEMP\\AmazonCloudWatchAgent.zip\" -DestinationPath \"$env:TEMP\\AmazonCloudWatchAgent\"\n\nSet-Location -Path \"$env:TEMP\\AmazonCloudWatchAgent\"\n.\\install.ps1\n\n$parameters = @{\n        Uri = 'https://symphony-software-catalog.s3.amazonaws.com/Agent/Windows/CloudWatch/Windows+config.json'\n        OutFile = \"C:\\Program Files\\Amazon\\AmazonCloudWatchAgent\\config.json\"\n}\nInvoke-WebRequest @parameters\n\nSet-Location -Path 'C:\\Program Files\\Amazon\\AmazonCloudWatchAgent\\'\n.\\amazon-cloudwatch-agent-ctl.ps1 -a fetch-config -m ec2 -c file:'C:\\Program Files\\Amazon\\AmazonCloudWatchAgent\\config.json' -s\n\n\nrefreshenv\n\n\u003c/powershell\u003e\n",
            "vars": {
              "ecs_cluster": "Sym-Kan-UAT-Srv"
            }
          }
        }
      ]
    },
    {
      "mode": "data",
      "type": "template_file",
      "name": "ecs-tasks",
      "each": "list",
      "provider": "provider.template",
      "instances": [
        {
          "index_key": 0,
          "schema_version": 0,
          "attributes": {
            "filename": null,
            "id": "58ccd2322a736597533418d337fea3a80fc5a71154b2c34b76f55e4b4d8e25a9",
            "rendered": "[\n  {\n    \"name\": \"Sym-Kan-UAT-Srv-auditevents\",\n    \"image\": \"945116902499.dkr.ecr.us-east-1.amazonaws.com/auditevents:1.1.2\",\n    \"essential\": true,\n    \"portMappings\": [\n      {\n        \"containerPort\": 443,\n        \"protocol\": \"tcp\",\n        \"hostPort\": 0\n      }\n    ],\n    \"environment\": [\n      {\n        \"name\": \"AppName\",\n        \"value\": \"uat\"\n      },\n      {\n        \"name\": \"ASPNETCORE_ENVIRONMENT\",\n        \"value\": \"Production\"\n      },\n      {\n        \"name\": \"ASPNETCORE_HTTPS_PORT\",\n        \"value\": \"443\"\n      },\n      {\n         \"name\": \"ASPNETCORE_URLS\",\n         \"value\": \"https://+\"\n      },\n      {\n        \"name\": \"ClientName\",\n        \"value\": \"kansas\"\n      }\n    ],\n    \"logConfiguration\": {\n      \"logDriver\": \"awslogs\",\n        \"options\": {\n          \"awslogs-group\": \"/Symphony/Kansas/Sym-Kan-UAT-Srv\",\n          \"awslogs-region\": \"us-east-1\",\n          \"awslogs-stream-prefix\": \"ecs\"\n        }\n    }\n  }\n]\n\n",
            "template": "[\n  {\n    \"name\": \"${container_name}\",\n    \"image\": \"945116902499.dkr.ecr.us-east-1.amazonaws.com/auditevents:1.1.2\",\n    \"essential\": true,\n    \"portMappings\": [\n      {\n        \"containerPort\": 443,\n        \"protocol\": \"tcp\",\n        \"hostPort\": 0\n      }\n    ],\n    \"environment\": [\n      {\n        \"name\": \"AppName\",\n        \"value\": \"uat\"\n      },\n      {\n        \"name\": \"ASPNETCORE_ENVIRONMENT\",\n        \"value\": \"Production\"\n      },\n      {\n        \"name\": \"ASPNETCORE_HTTPS_PORT\",\n        \"value\": \"443\"\n      },\n      {\n         \"name\": \"ASPNETCORE_URLS\",\n         \"value\": \"https://+\"\n      },\n      {\n        \"name\": \"ClientName\",\n        \"value\": \"kansas\"\n      }\n    ],\n    \"logConfiguration\": {\n      \"logDriver\": \"awslogs\",\n        \"options\": {\n          \"awslogs-group\": \"/${project_name}/${client_name}/${Ecs_name}\",\n          \"awslogs-region\": \"${myregion}\",\n          \"awslogs-stream-prefix\": \"ecs\"\n        }\n    }\n  }\n]\n\n",
            "vars": {
              "Ecs_name": "Sym-Kan-UAT-Srv",
              "client_name": "Kansas",
              "container_name": "Sym-Kan-UAT-Srv-auditevents",
              "myregion": "us-east-1",
              "project_name": "Symphony"
            }
          }
        },
        {
          "index_key": 1,
          "schema_version": 0,
          "attributes": {
            "filename": null,
            "id": "86f637a1334336bfd461f64c37b0409cc64959c2718055c0815f3ef07685f77b",
            "rendered": "[\n  {\n    \"name\": \"Sym-Kan-UAT-Srv-cklscrawler\",\n    \"image\": \"945116902499.dkr.ecr.us-east-1.amazonaws.com/checklistcrawler:1.1.3\",\n    \"essential\": true,\n    \"portMappings\": [\n      {\n        \"containerPort\": 443,\n        \"protocol\": \"tcp\",\n        \"hostPort\": 0\n      }\n    ],\n    \"environment\": [\n      {\n        \"name\": \"AppName\",\n        \"value\": \"uat\"\n      },\n      {\n        \"name\": \"ASPNETCORE_ENVIRONMENT\",\n        \"value\": \"Production\"\n      },\n      {\n        \"name\": \"ASPNETCORE_HTTPS_PORT\",\n        \"value\": \"443\"\n      },\n      {\n         \"name\": \"ASPNETCORE_URLS\",\n         \"value\": \"https://+\"\n      },\n      {\n        \"name\": \"ClientName\",\n        \"value\": \"kansas\"\n      }\n    ],\n    \"logConfiguration\": {\n      \"logDriver\": \"awslogs\",\n        \"options\": {\n          \"awslogs-group\": \"/Symphony/Kansas/Sym-Kan-UAT-Srv\",\n          \"awslogs-region\": \"us-east-1\",\n          \"awslogs-stream-prefix\": \"ecs\"\n        }\n    }\n  }\n]\n",
            "template": "[\n  {\n    \"name\": \"${container_name}\",\n    \"image\": \"945116902499.dkr.ecr.us-east-1.amazonaws.com/checklistcrawler:1.1.3\",\n    \"essential\": true,\n    \"portMappings\": [\n      {\n        \"containerPort\": 443,\n        \"protocol\": \"tcp\",\n        \"hostPort\": 0\n      }\n    ],\n    \"environment\": [\n      {\n        \"name\": \"AppName\",\n        \"value\": \"uat\"\n      },\n      {\n        \"name\": \"ASPNETCORE_ENVIRONMENT\",\n        \"value\": \"Production\"\n      },\n      {\n        \"name\": \"ASPNETCORE_HTTPS_PORT\",\n        \"value\": \"443\"\n      },\n      {\n         \"name\": \"ASPNETCORE_URLS\",\n         \"value\": \"https://+\"\n      },\n      {\n        \"name\": \"ClientName\",\n        \"value\": \"kansas\"\n      }\n    ],\n    \"logConfiguration\": {\n      \"logDriver\": \"awslogs\",\n        \"options\": {\n          \"awslogs-group\": \"/${project_name}/${client_name}/${Ecs_name}\",\n          \"awslogs-region\": \"${myregion}\",\n          \"awslogs-stream-prefix\": \"ecs\"\n        }\n    }\n  }\n]\n",
            "vars": {
              "Ecs_name": "Sym-Kan-UAT-Srv",
              "client_name": "Kansas",
              "container_name": "Sym-Kan-UAT-Srv-cklscrawler",
              "myregion": "us-east-1",
              "project_name": "Symphony"
            }
          }
        },
        {
          "index_key": 2,
          "schema_version": 0,
          "attributes": {
            "filename": null,
            "id": "4eb37f89d426fc7882aeba79a3a2598708f18bdb022bacabeb9d70a8b33d8c31",
            "rendered": "[\n  {\n    \"name\": \"Sym-Kan-UAT-Srv-dataaudit\",\n    \"image\": \"945116902499.dkr.ecr.us-east-1.amazonaws.com/dataaudit:1.1.3\",\n    \"essential\": true,\n    \"portMappings\": [\n      {\n        \"containerPort\": 443,\n        \"protocol\": \"tcp\",\n        \"hostPort\": 0\n      }\n    ],\n    \"environment\": [\n      {\n        \"name\": \"AppName\",\n        \"value\": \"uat\"\n      },\n      {\n        \"name\": \"ASPNETCORE_ENVIRONMENT\",\n        \"value\": \"Production\"\n      },\n      {\n        \"name\": \"ASPNETCORE_HTTPS_PORT\",\n        \"value\": \"443\"\n      },\n      {\n         \"name\": \"ASPNETCORE_URLS\",\n         \"value\": \"https://+\"\n      },\n      {\n        \"name\": \"ClientName\",\n        \"value\": \"kansas\"\n      }\n    ],\n    \"logConfiguration\": {\n      \"logDriver\": \"awslogs\",\n        \"options\": {\n          \"awslogs-group\": \"/Sym-Kan-UAT-Srv/Sym-Kan-UAT-Srv_logs\",\n          \"awslogs-region\": \"us-east-1\",\n          \"awslogs-stream-prefix\": \"ecs\"\n        }\n    },\n    \"placementConstraints\": [\n      {\n        \"type\": \"memberOf\",\n        \"expression\": \"attribute:ecs.os-type==linux\"\n      }\n    ],\n    \"logConfiguration\": {\n      \"logDriver\": \"awslogs\",\n        \"options\": {\n          \"awslogs-group\": \"/Symphony/Kansas/Sym-Kan-UAT-Srv\",\n          \"awslogs-region\": \"us-east-1\",\n          \"awslogs-stream-prefix\": \"ecs\"\n        }\n    }\n  }\n]\n",
            "template": "[\n  {\n    \"name\": \"${container_name}\",\n    \"image\": \"945116902499.dkr.ecr.us-east-1.amazonaws.com/dataaudit:1.1.3\",\n    \"essential\": true,\n    \"portMappings\": [\n      {\n        \"containerPort\": 443,\n        \"protocol\": \"tcp\",\n        \"hostPort\": 0\n      }\n    ],\n    \"environment\": [\n      {\n        \"name\": \"AppName\",\n        \"value\": \"uat\"\n      },\n      {\n        \"name\": \"ASPNETCORE_ENVIRONMENT\",\n        \"value\": \"Production\"\n      },\n      {\n        \"name\": \"ASPNETCORE_HTTPS_PORT\",\n        \"value\": \"443\"\n      },\n      {\n         \"name\": \"ASPNETCORE_URLS\",\n         \"value\": \"https://+\"\n      },\n      {\n        \"name\": \"ClientName\",\n        \"value\": \"kansas\"\n      }\n    ],\n    \"logConfiguration\": {\n      \"logDriver\": \"awslogs\",\n        \"options\": {\n          \"awslogs-group\": \"/${Ecs_name}/${Ecs_name}_logs\",\n          \"awslogs-region\": \"us-east-1\",\n          \"awslogs-stream-prefix\": \"ecs\"\n        }\n    },\n    \"placementConstraints\": [\n      {\n        \"type\": \"memberOf\",\n        \"expression\": \"attribute:ecs.os-type==linux\"\n      }\n    ],\n    \"logConfiguration\": {\n      \"logDriver\": \"awslogs\",\n        \"options\": {\n          \"awslogs-group\": \"/${project_name}/${client_name}/${Ecs_name}\",\n          \"awslogs-region\": \"${myregion}\",\n          \"awslogs-stream-prefix\": \"ecs\"\n        }\n    }\n  }\n]\n",
            "vars": {
              "Ecs_name": "Sym-Kan-UAT-Srv",
              "client_name": "Kansas",
              "container_name": "Sym-Kan-UAT-Srv-dataaudit",
              "myregion": "us-east-1",
              "project_name": "Symphony"
            }
          }
        },
        {
          "index_key": 3,
          "schema_version": 0,
          "attributes": {
            "filename": null,
            "id": "a818360011b5459d8c009abf975000304b5ba4aedf2fef3dbedd986093756137",
            "rendered": "[\n  {\n    \"name\": \"Sym-Kan-UAT-Srv-esindexer\",\n    \"image\": \"945116902499.dkr.ecr.us-east-1.amazonaws.com/elasticsearchindexer:1.1.3\",\n    \"essential\": true,\n    \"portMappings\": [\n      {\n        \"containerPort\": 443,\n        \"protocol\": \"tcp\",\n        \"hostPort\": 0\n      }\n    ],\n    \"environment\": [\n      {\n        \"name\": \"AppName\",\n        \"value\": \"uat\"\n      },\n      {\n        \"name\": \"ASPNETCORE_ENVIRONMENT\",\n        \"value\": \"Production\"\n      },\n      {\n        \"name\": \"ASPNETCORE_HTTPS_PORT\",\n        \"value\": \"443\"\n      },\n      {\n         \"name\": \"ASPNETCORE_URLS\",\n         \"value\": \"https://+\"\n      },\n      {\n        \"name\": \"ClientName\",\n        \"value\": \"kansas\"\n      }\n    ],\n    \"logConfiguration\": {\n      \"logDriver\": \"awslogs\",\n        \"options\": {\n          \"awslogs-group\": \"/Sym-Kan-UAT-Srv/Sym-Kan-UAT-Srv_logs\",\n          \"awslogs-region\": \"us-east-1\",\n          \"awslogs-stream-prefix\": \"ecs\"\n        }\n    },\n    \"placementConstraints\": [\n      {\n        \"type\": \"memberOf\",\n        \"expression\": \"attribute:ecs.os-type==linux\"\n      }\n    ],\n    \"logConfiguration\": {\n      \"logDriver\": \"awslogs\",\n        \"options\": {\n          \"awslogs-group\": \"/Symphony/Kansas/Sym-Kan-UAT-Srv\",\n          \"awslogs-region\": \"us-east-1\",\n          \"awslogs-stream-prefix\": \"ecs\"\n        }\n    }\n  }\n\n]\n\n",
            "template": "[\n  {\n    \"name\": \"${container_name}\",\n    \"image\": \"945116902499.dkr.ecr.us-east-1.amazonaws.com/elasticsearchindexer:1.1.3\",\n    \"essential\": true,\n    \"portMappings\": [\n      {\n        \"containerPort\": 443,\n        \"protocol\": \"tcp\",\n        \"hostPort\": 0\n      }\n    ],\n    \"environment\": [\n      {\n        \"name\": \"AppName\",\n        \"value\": \"uat\"\n      },\n      {\n        \"name\": \"ASPNETCORE_ENVIRONMENT\",\n        \"value\": \"Production\"\n      },\n      {\n        \"name\": \"ASPNETCORE_HTTPS_PORT\",\n        \"value\": \"443\"\n      },\n      {\n         \"name\": \"ASPNETCORE_URLS\",\n         \"value\": \"https://+\"\n      },\n      {\n        \"name\": \"ClientName\",\n        \"value\": \"kansas\"\n      }\n    ],\n    \"logConfiguration\": {\n      \"logDriver\": \"awslogs\",\n        \"options\": {\n          \"awslogs-group\": \"/${Ecs_name}/${Ecs_name}_logs\",\n          \"awslogs-region\": \"us-east-1\",\n          \"awslogs-stream-prefix\": \"ecs\"\n        }\n    },\n    \"placementConstraints\": [\n      {\n        \"type\": \"memberOf\",\n        \"expression\": \"attribute:ecs.os-type==linux\"\n      }\n    ],\n    \"logConfiguration\": {\n      \"logDriver\": \"awslogs\",\n        \"options\": {\n          \"awslogs-group\": \"/${project_name}/${client_name}/${Ecs_name}\",\n          \"awslogs-region\": \"${myregion}\",\n          \"awslogs-stream-prefix\": \"ecs\"\n        }\n    }\n  }\n\n]\n\n",
            "vars": {
              "Ecs_name": "Sym-Kan-UAT-Srv",
              "client_name": "Kansas",
              "container_name": "Sym-Kan-UAT-Srv-esindexer",
              "myregion": "us-east-1",
              "project_name": "Symphony"
            }
          }
        },
        {
          "index_key": 4,
          "schema_version": 0,
          "attributes": {
            "filename": null,
            "id": "8b6b226d3a63e1f3fa856e12fef70fd76d71043693ed2f3354974b6fc6fe3581",
            "rendered": "[\n  {\n    \"name\": \"Sym-Kan-UAT-Srv-jobs\",\n    \"image\": \"945116902499.dkr.ecr.us-east-1.amazonaws.com/jobs:5.18.1.0.3\",\n    \"essential\": true,\n    \"portMappings\": [\n      {\n        \"containerPort\": 443,\n        \"protocol\": \"tcp\",\n        \"hostPort\": 0\n      }\n    ],\n    \"environment\": [\n      {\n        \"name\": \"AppName\",\n        \"value\": \"uat\"\n      },\n      {\n        \"name\": \"ASPNETCORE_ENVIRONMENT\",\n        \"value\": \"Production\"\n      },\n      {\n        \"name\": \"ClientName\",\n        \"value\": \"kansas\"\n      }\n    ],\n    \"logConfiguration\": {\n      \"logDriver\": \"awslogs\",\n        \"options\": {\n          \"awslogs-group\": \"/Symphony/Kansas/Sym-Kan-UAT-Srv\",\n          \"awslogs-region\": \"us-east-1\",\n          \"awslogs-stream-prefix\": \"ecs\"\n        }\n    }\n  }\n\n]\n",
            "template": "[\n  {\n    \"name\": \"${container_name}\",\n    \"image\": \"945116902499.dkr.ecr.us-east-1.amazonaws.com/jobs:5.18.1.0.3\",\n    \"essential\": true,\n    \"portMappings\": [\n      {\n        \"containerPort\": 443,\n        \"protocol\": \"tcp\",\n        \"hostPort\": 0\n      }\n    ],\n    \"environment\": [\n      {\n        \"name\": \"AppName\",\n        \"value\": \"uat\"\n      },\n      {\n        \"name\": \"ASPNETCORE_ENVIRONMENT\",\n        \"value\": \"Production\"\n      },\n      {\n        \"name\": \"ClientName\",\n        \"value\": \"kansas\"\n      }\n    ],\n    \"logConfiguration\": {\n      \"logDriver\": \"awslogs\",\n        \"options\": {\n          \"awslogs-group\": \"/${project_name}/${client_name}/${Ecs_name}\",\n          \"awslogs-region\": \"${myregion}\",\n          \"awslogs-stream-prefix\": \"ecs\"\n        }\n    }\n  }\n\n]\n",
            "vars": {
              "Ecs_name": "Sym-Kan-UAT-Srv",
              "client_name": "Kansas",
              "container_name": "Sym-Kan-UAT-Srv-jobs",
              "myregion": "us-east-1",
              "project_name": "Symphony"
            }
          }
        }
      ]
    },
    {
      "mode": "data",
      "type": "template_file",
      "name": "ecs-tasks-noalb",
      "each": "list",
      "provider": "provider.template",
      "instances": []
    },
    {
      "mode": "managed",
      "type": "aws_alb",
      "name": "aws_ecs_alb",
      "provider": "provider.aws",
      "instances": [
        {
          "schema_version": 0,
          "attributes": {
            "access_logs": [
              {
                "bucket": "",
                "enabled": false,
                "prefix": ""
              }
            ],
            "arn": "arn:aws:elasticloadbalancing:us-east-1:945116902499:loadbalancer/app/Sym-Kan-UAT-Srv-ALB/5ee6ddd3e8520342",
            "arn_suffix": "app/Sym-Kan-UAT-Srv-ALB/5ee6ddd3e8520342",
            "dns_name": "internal-Sym-Kan-UAT-Srv-ALB-1757938862.us-east-1.elb.amazonaws.com",
            "drop_invalid_header_fields": false,
            "enable_cross_zone_load_balancing": null,
            "enable_deletion_protection": false,
            "enable_http2": true,
            "id": "arn:aws:elasticloadbalancing:us-east-1:945116902499:loadbalancer/app/Sym-Kan-UAT-Srv-ALB/5ee6ddd3e8520342",
            "idle_timeout": 600,
            "internal": true,
            "ip_address_type": "ipv4",
            "load_balancer_type": "application",
            "name": "Sym-Kan-UAT-Srv-ALB",
            "name_prefix": null,
            "security_groups": [
              "sg-0aad1299d0b162f0f"
            ],
            "subnet_mapping": [
              {
                "allocation_id": "",
                "subnet_id": "subnet-0141b22d927d3f2a3"
              },
              {
                "allocation_id": "",
                "subnet_id": "subnet-0472ff3f6f5061d0a"
              }
            ],
            "subnets": [
              "subnet-0141b22d927d3f2a3",
              "subnet-0472ff3f6f5061d0a"
            ],
            "tags": {
              "app_version": "3.4.0",
              "backup_frequency": "Never",
              "backup_vault": "-N/A-",
              "billing_type": "Client",
              "client_name": "Kansas",
              "environment_name": "Production",
              "project_name": "Symphony",
              "security_zone": "DMZ",
              "service_name": "ASG",
              "service_role": "ECS"
            },
            "timeouts": null,
            "vpc_id": "vpc-06c13c9b668bf9b10",
            "zone_id": "Z35SXDOTRQ7X7K"
          },
          "private": "eyJlMmJmYjczMC1lY2FhLTExZTYtOGY4OC0zNDM2M2JjN2M0YzAiOnsiY3JlYXRlIjo2MDAwMDAwMDAwMDAsImRlbGV0ZSI6NjAwMDAwMDAwMDAwLCJ1cGRhdGUiOjYwMDAwMDAwMDAwMH19",
          "dependencies": [
            "aws_security_group.security_group"
          ]
        }
      ]
    },
    {
      "mode": "managed",
      "type": "aws_alb_listener",
      "name": "front_end",
      "provider": "provider.aws",
      "instances": [
        {
          "schema_version": 0,
          "attributes": {
            "arn": "arn:aws:elasticloadbalancing:us-east-1:945116902499:listener/app/Sym-Kan-UAT-Srv-ALB/5ee6ddd3e8520342/20a57566c0eb8651",
            "certificate_arn": "arn:aws:acm:us-east-1:945116902499:certificate/981b7fa0-3b04-4995-bbb1-8b56446801a3",
            "default_action": [
              {
                "authenticate_cognito": [],
                "authenticate_oidc": [],
                "fixed_response": [],
                "order": 1,
                "redirect": [],
                "target_group_arn": "arn:aws:elasticloadbalancing:us-east-1:945116902499:targetgroup/Sym-Kan-UAT-Srv-jobs/15a2e72e1edaf01b",
                "type": "forward"
              }
            ],
            "id": "arn:aws:elasticloadbalancing:us-east-1:945116902499:listener/app/Sym-Kan-UAT-Srv-ALB/5ee6ddd3e8520342/20a57566c0eb8651",
            "load_balancer_arn": "arn:aws:elasticloadbalancing:us-east-1:945116902499:loadbalancer/app/Sym-Kan-UAT-Srv-ALB/5ee6ddd3e8520342",
            "port": 443,
            "protocol": "HTTPS",
            "ssl_policy": "ELBSecurityPolicy-2016-08",
            "timeouts": null
          },
          "private": "eyJlMmJmYjczMC1lY2FhLTExZTYtOGY4OC0zNDM2M2JjN2M0YzAiOnsicmVhZCI6NjAwMDAwMDAwMDAwfX0=",
          "dependencies": [
            "aws_alb.aws_ecs_alb",
            "aws_alb_target_group.ecs-group",
            "aws_security_group.security_group"
          ]
        }
      ]
    },
    {
      "mode": "managed",
      "type": "aws_alb_listener_rule",
      "name": "listener_rule",
      "each": "list",
      "provider": "provider.aws",
      "instances": [
        {
          "index_key": 0,
          "schema_version": 0,
          "attributes": {
            "action": [
              {
                "authenticate_cognito": [],
                "authenticate_oidc": [],
                "fixed_response": [],
                "order": 1,
                "redirect": [],
                "target_group_arn": "arn:aws:elasticloadbalancing:us-east-1:945116902499:targetgroup/Sym-Kan-UAT-Srv-auditevents/cf63117c37ff3b60",
                "type": "forward"
              }
            ],
            "arn": "arn:aws:elasticloadbalancing:us-east-1:945116902499:listener-rule/app/Sym-Kan-UAT-Srv-ALB/5ee6ddd3e8520342/20a57566c0eb8651/dcccb7ee91d3a303",
            "condition": [
              {
                "field": "path-pattern",
                "host_header": [],
                "http_header": [],
                "http_request_method": [],
                "path_pattern": [
                  {
                    "values": [
                      "/api/auditevents*"
                    ]
                  }
                ],
                "query_string": [],
                "source_ip": [],
                "values": [
                  "/api/auditevents*"
                ]
              }
            ],
            "id": "arn:aws:elasticloadbalancing:us-east-1:945116902499:listener-rule/app/Sym-Kan-UAT-Srv-ALB/5ee6ddd3e8520342/20a57566c0eb8651/dcccb7ee91d3a303",
            "listener_arn": "arn:aws:elasticloadbalancing:us-east-1:945116902499:listener/app/Sym-Kan-UAT-Srv-ALB/5ee6ddd3e8520342/20a57566c0eb8651",
            "priority": 1
          },
          "private": "bnVsbA==",
          "dependencies": [
            "aws_alb.aws_ecs_alb",
            "aws_alb_listener.front_end",
            "aws_alb_target_group.ecs-group",
            "aws_security_group.security_group"
          ]
        },
        {
          "index_key": 1,
          "schema_version": 0,
          "attributes": {
            "action": [
              {
                "authenticate_cognito": [],
                "authenticate_oidc": [],
                "fixed_response": [],
                "order": 1,
                "redirect": [],
                "target_group_arn": "arn:aws:elasticloadbalancing:us-east-1:945116902499:targetgroup/Sym-Kan-UAT-Srv-cklscrawler/048e6b67a8470113",
                "type": "forward"
              }
            ],
            "arn": "arn:aws:elasticloadbalancing:us-east-1:945116902499:listener-rule/app/Sym-Kan-UAT-Srv-ALB/5ee6ddd3e8520342/20a57566c0eb8651/d62cc5b3c47e6710",
            "condition": [
              {
                "field": "path-pattern",
                "host_header": [],
                "http_header": [],
                "http_request_method": [],
                "path_pattern": [
                  {
                    "values": [
                      "/api/checklistcrawler*"
                    ]
                  }
                ],
                "query_string": [],
                "source_ip": [],
                "values": [
                  "/api/checklistcrawler*"
                ]
              }
            ],
            "id": "arn:aws:elasticloadbalancing:us-east-1:945116902499:listener-rule/app/Sym-Kan-UAT-Srv-ALB/5ee6ddd3e8520342/20a57566c0eb8651/d62cc5b3c47e6710",
            "listener_arn": "arn:aws:elasticloadbalancing:us-east-1:945116902499:listener/app/Sym-Kan-UAT-Srv-ALB/5ee6ddd3e8520342/20a57566c0eb8651",
            "priority": 3
          },
          "private": "bnVsbA==",
          "dependencies": [
            "aws_alb.aws_ecs_alb",
            "aws_alb_listener.front_end",
            "aws_alb_target_group.ecs-group",
            "aws_security_group.security_group"
          ]
        },
        {
          "index_key": 2,
          "schema_version": 0,
          "attributes": {
            "action": [
              {
                "authenticate_cognito": [],
                "authenticate_oidc": [],
                "fixed_response": [],
                "order": 1,
                "redirect": [],
                "target_group_arn": "arn:aws:elasticloadbalancing:us-east-1:945116902499:targetgroup/Sym-Kan-UAT-Srv-dataaudit/2f3478f0f50c29d0",
                "type": "forward"
              }
            ],
            "arn": "arn:aws:elasticloadbalancing:us-east-1:945116902499:listener-rule/app/Sym-Kan-UAT-Srv-ALB/5ee6ddd3e8520342/20a57566c0eb8651/589a58ba97f451f2",
            "condition": [
              {
                "field": "path-pattern",
                "host_header": [],
                "http_header": [],
                "http_request_method": [],
                "path_pattern": [
                  {
                    "values": [
                      "/api/dataaudit*"
                    ]
                  }
                ],
                "query_string": [],
                "source_ip": [],
                "values": [
                  "/api/dataaudit*"
                ]
              }
            ],
            "id": "arn:aws:elasticloadbalancing:us-east-1:945116902499:listener-rule/app/Sym-Kan-UAT-Srv-ALB/5ee6ddd3e8520342/20a57566c0eb8651/589a58ba97f451f2",
            "listener_arn": "arn:aws:elasticloadbalancing:us-east-1:945116902499:listener/app/Sym-Kan-UAT-Srv-ALB/5ee6ddd3e8520342/20a57566c0eb8651",
            "priority": 2
          },
          "private": "bnVsbA==",
          "dependencies": [
            "aws_alb.aws_ecs_alb",
            "aws_alb_listener.front_end",
            "aws_alb_target_group.ecs-group",
            "aws_security_group.security_group"
          ]
        },
        {
          "index_key": 3,
          "schema_version": 0,
          "attributes": {
            "action": [
              {
                "authenticate_cognito": [],
                "authenticate_oidc": [],
                "fixed_response": [],
                "order": 1,
                "redirect": [],
                "target_group_arn": "arn:aws:elasticloadbalancing:us-east-1:945116902499:targetgroup/Sym-Kan-UAT-Srv-esindexer/b1cd4ec79fcc4646",
                "type": "forward"
              }
            ],
            "arn": "arn:aws:elasticloadbalancing:us-east-1:945116902499:listener-rule/app/Sym-Kan-UAT-Srv-ALB/5ee6ddd3e8520342/20a57566c0eb8651/623d47f7a482c80a",
            "condition": [
              {
                "field": "path-pattern",
                "host_header": [],
                "http_header": [],
                "http_request_method": [],
                "path_pattern": [
                  {
                    "values": [
                      "/api/elasticsearchindexer*"
                    ]
                  }
                ],
                "query_string": [],
                "source_ip": [],
                "values": [
                  "/api/elasticsearchindexer*"
                ]
              }
            ],
            "id": "arn:aws:elasticloadbalancing:us-east-1:945116902499:listener-rule/app/Sym-Kan-UAT-Srv-ALB/5ee6ddd3e8520342/20a57566c0eb8651/623d47f7a482c80a",
            "listener_arn": "arn:aws:elasticloadbalancing:us-east-1:945116902499:listener/app/Sym-Kan-UAT-Srv-ALB/5ee6ddd3e8520342/20a57566c0eb8651",
            "priority": 4
          },
          "private": "bnVsbA==",
          "dependencies": [
            "aws_alb.aws_ecs_alb",
            "aws_alb_listener.front_end",
            "aws_alb_target_group.ecs-group",
            "aws_security_group.security_group"
          ]
        }
      ]
    },
    {
      "mode": "managed",
      "type": "aws_alb_target_group",
      "name": "ecs-group",
      "each": "list",
      "provider": "provider.aws",
      "instances": [
        {
          "index_key": 0,
          "schema_version": 0,
          "attributes": {
            "arn": "arn:aws:elasticloadbalancing:us-east-1:945116902499:targetgroup/Sym-Kan-UAT-Srv-auditevents/cf63117c37ff3b60",
            "arn_suffix": "targetgroup/Sym-Kan-UAT-Srv-auditevents/cf63117c37ff3b60",
            "deregistration_delay": 300,
            "health_check": [
              {
                "enabled": true,
                "healthy_threshold": 5,
                "interval": 30,
                "matcher": "200",
                "path": "/api/auditevents/healthz",
                "port": "traffic-port",
                "protocol": "HTTPS",
                "timeout": 5,
                "unhealthy_threshold": 2
              }
            ],
            "id": "arn:aws:elasticloadbalancing:us-east-1:945116902499:targetgroup/Sym-Kan-UAT-Srv-auditevents/cf63117c37ff3b60",
            "lambda_multi_value_headers_enabled": false,
            "load_balancing_algorithm_type": "round_robin",
            "name": "Sym-Kan-UAT-Srv-auditevents",
            "name_prefix": null,
            "port": 443,
            "protocol": "HTTPS",
            "proxy_protocol_v2": false,
            "slow_start": 0,
            "stickiness": [
              {
                "cookie_duration": 86400,
                "enabled": false,
                "type": "lb_cookie"
              }
            ],
            "tags": {
              "app_version": "3.4.0",
              "backup_frequency": "Never",
              "backup_vault": "-N/A-",
              "billing_type": "Client",
              "client_name": "Kansas",
              "environment_name": "Production",
              "project_name": "Symphony",
              "security_zone": "DMZ",
              "service_name": "ASG",
              "service_role": "ECS"
            },
            "target_type": "instance",
            "vpc_id": "vpc-06c13c9b668bf9b10"
          },
          "private": "bnVsbA==",
          "dependencies": [
            "aws_alb.aws_ecs_alb",
            "aws_security_group.security_group"
          ]
        },
        {
          "index_key": 1,
          "schema_version": 0,
          "attributes": {
            "arn": "arn:aws:elasticloadbalancing:us-east-1:945116902499:targetgroup/Sym-Kan-UAT-Srv-cklscrawler/048e6b67a8470113",
            "arn_suffix": "targetgroup/Sym-Kan-UAT-Srv-cklscrawler/048e6b67a8470113",
            "deregistration_delay": 300,
            "health_check": [
              {
                "enabled": true,
                "healthy_threshold": 5,
                "interval": 30,
                "matcher": "200",
                "path": "/api/checklistcrawler/healthz",
                "port": "traffic-port",
                "protocol": "HTTPS",
                "timeout": 5,
                "unhealthy_threshold": 2
              }
            ],
            "id": "arn:aws:elasticloadbalancing:us-east-1:945116902499:targetgroup/Sym-Kan-UAT-Srv-cklscrawler/048e6b67a8470113",
            "lambda_multi_value_headers_enabled": false,
            "load_balancing_algorithm_type": "round_robin",
            "name": "Sym-Kan-UAT-Srv-cklscrawler",
            "name_prefix": null,
            "port": 443,
            "protocol": "HTTPS",
            "proxy_protocol_v2": false,
            "slow_start": 0,
            "stickiness": [
              {
                "cookie_duration": 86400,
                "enabled": false,
                "type": "lb_cookie"
              }
            ],
            "tags": {
              "app_version": "3.4.0",
              "backup_frequency": "Never",
              "backup_vault": "-N/A-",
              "billing_type": "Client",
              "client_name": "Kansas",
              "environment_name": "Production",
              "project_name": "Symphony",
              "security_zone": "DMZ",
              "service_name": "ASG",
              "service_role": "ECS"
            },
            "target_type": "instance",
            "vpc_id": "vpc-06c13c9b668bf9b10"
          },
          "private": "bnVsbA==",
          "dependencies": [
            "aws_alb.aws_ecs_alb",
            "aws_security_group.security_group"
          ]
        },
        {
          "index_key": 2,
          "schema_version": 0,
          "attributes": {
            "arn": "arn:aws:elasticloadbalancing:us-east-1:945116902499:targetgroup/Sym-Kan-UAT-Srv-dataaudit/2f3478f0f50c29d0",
            "arn_suffix": "targetgroup/Sym-Kan-UAT-Srv-dataaudit/2f3478f0f50c29d0",
            "deregistration_delay": 300,
            "health_check": [
              {
                "enabled": true,
                "healthy_threshold": 5,
                "interval": 30,
                "matcher": "200",
                "path": "/api/dataaudit/healthz",
                "port": "traffic-port",
                "protocol": "HTTPS",
                "timeout": 5,
                "unhealthy_threshold": 2
              }
            ],
            "id": "arn:aws:elasticloadbalancing:us-east-1:945116902499:targetgroup/Sym-Kan-UAT-Srv-dataaudit/2f3478f0f50c29d0",
            "lambda_multi_value_headers_enabled": false,
            "load_balancing_algorithm_type": "round_robin",
            "name": "Sym-Kan-UAT-Srv-dataaudit",
            "name_prefix": null,
            "port": 443,
            "protocol": "HTTPS",
            "proxy_protocol_v2": false,
            "slow_start": 0,
            "stickiness": [
              {
                "cookie_duration": 86400,
                "enabled": false,
                "type": "lb_cookie"
              }
            ],
            "tags": {
              "app_version": "3.4.0",
              "backup_frequency": "Never",
              "backup_vault": "-N/A-",
              "billing_type": "Client",
              "client_name": "Kansas",
              "environment_name": "Production",
              "project_name": "Symphony",
              "security_zone": "DMZ",
              "service_name": "ASG",
              "service_role": "ECS"
            },
            "target_type": "instance",
            "vpc_id": "vpc-06c13c9b668bf9b10"
          },
          "private": "bnVsbA==",
          "dependencies": [
            "aws_alb.aws_ecs_alb",
            "aws_security_group.security_group"
          ]
        },
        {
          "index_key": 3,
          "schema_version": 0,
          "attributes": {
            "arn": "arn:aws:elasticloadbalancing:us-east-1:945116902499:targetgroup/Sym-Kan-UAT-Srv-esindexer/b1cd4ec79fcc4646",
            "arn_suffix": "targetgroup/Sym-Kan-UAT-Srv-esindexer/b1cd4ec79fcc4646",
            "deregistration_delay": 300,
            "health_check": [
              {
                "enabled": true,
                "healthy_threshold": 5,
                "interval": 30,
                "matcher": "200",
                "path": "/api/elasticsearchindexer/healthz",
                "port": "traffic-port",
                "protocol": "HTTPS",
                "timeout": 5,
                "unhealthy_threshold": 2
              }
            ],
            "id": "arn:aws:elasticloadbalancing:us-east-1:945116902499:targetgroup/Sym-Kan-UAT-Srv-esindexer/b1cd4ec79fcc4646",
            "lambda_multi_value_headers_enabled": false,
            "load_balancing_algorithm_type": "round_robin",
            "name": "Sym-Kan-UAT-Srv-esindexer",
            "name_prefix": null,
            "port": 443,
            "protocol": "HTTPS",
            "proxy_protocol_v2": false,
            "slow_start": 0,
            "stickiness": [
              {
                "cookie_duration": 86400,
                "enabled": false,
                "type": "lb_cookie"
              }
            ],
            "tags": {
              "app_version": "3.4.0",
              "backup_frequency": "Never",
              "backup_vault": "-N/A-",
              "billing_type": "Client",
              "client_name": "Kansas",
              "environment_name": "Production",
              "project_name": "Symphony",
              "security_zone": "DMZ",
              "service_name": "ASG",
              "service_role": "ECS"
            },
            "target_type": "instance",
            "vpc_id": "vpc-06c13c9b668bf9b10"
          },
          "private": "bnVsbA==",
          "dependencies": [
            "aws_alb.aws_ecs_alb",
            "aws_security_group.security_group"
          ]
        },
        {
          "index_key": 4,
          "schema_version": 0,
          "attributes": {
            "arn": "arn:aws:elasticloadbalancing:us-east-1:945116902499:targetgroup/Sym-Kan-UAT-Srv-jobs/15a2e72e1edaf01b",
            "arn_suffix": "targetgroup/Sym-Kan-UAT-Srv-jobs/15a2e72e1edaf01b",
            "deregistration_delay": 300,
            "health_check": [
              {
                "enabled": true,
                "healthy_threshold": 5,
                "interval": 30,
                "matcher": "200",
                "path": "/Account/Login?ReturnUrl=%2Fjobs",
                "port": "traffic-port",
                "protocol": "HTTPS",
                "timeout": 5,
                "unhealthy_threshold": 2
              }
            ],
            "id": "arn:aws:elasticloadbalancing:us-east-1:945116902499:targetgroup/Sym-Kan-UAT-Srv-jobs/15a2e72e1edaf01b",
            "lambda_multi_value_headers_enabled": false,
            "load_balancing_algorithm_type": "round_robin",
            "name": "Sym-Kan-UAT-Srv-jobs",
            "name_prefix": null,
            "port": 443,
            "protocol": "HTTPS",
            "proxy_protocol_v2": false,
            "slow_start": 0,
            "stickiness": [
              {
                "cookie_duration": 86400,
                "enabled": false,
                "type": "lb_cookie"
              }
            ],
            "tags": {
              "app_version": "3.4.0",
              "backup_frequency": "Never",
              "backup_vault": "-N/A-",
              "billing_type": "Client",
              "client_name": "Kansas",
              "environment_name": "Production",
              "project_name": "Symphony",
              "security_zone": "DMZ",
              "service_name": "ASG",
              "service_role": "ECS"
            },
            "target_type": "instance",
            "vpc_id": "vpc-06c13c9b668bf9b10"
          },
          "private": "bnVsbA==",
          "dependencies": [
            "aws_alb.aws_ecs_alb",
            "aws_security_group.security_group"
          ]
        }
      ]
    },
    {
      "mode": "managed",
      "type": "aws_autoscaling_group",
      "name": "ecs-cluster",
      "provider": "provider.aws",
      "instances": [
        {
          "schema_version": 0,
          "attributes": {
            "arn": "arn:aws:autoscaling:us-east-1:945116902499:autoScalingGroup:c8cfde73-4197-492a-9b35-9bdf8e7249a5:autoScalingGroupName/Sym-Kan-UAT-Srv_ASG_Linux",
            "availability_zones": [
              "us-east-1a",
              "us-east-1b"
            ],
            "default_cooldown": 30,
            "desired_capacity": 2,
            "enabled_metrics": null,
            "force_delete": false,
            "health_check_grace_period": 120,
            "health_check_type": "EC2",
            "id": "Sym-Kan-UAT-Srv_ASG_Linux",
            "initial_lifecycle_hook": [],
            "launch_configuration": "",
            "launch_template": [
              {
                "id": "lt-0cd4935a14ae5485c",
                "name": "Sym-Kan-UAT-Srv-LC-Linux20200413033443123900000002",
                "version": "$Latest"
              }
            ],
            "load_balancers": [],
            "max_instance_lifetime": 0,
            "max_size": 4,
            "metrics_granularity": "1Minute",
            "min_elb_capacity": null,
            "min_size": 2,
            "mixed_instances_policy": [],
            "name": "Sym-Kan-UAT-Srv_ASG_Linux",
            "name_prefix": null,
            "placement_group": "",
            "protect_from_scale_in": false,
            "service_linked_role_arn": "arn:aws:iam::945116902499:role/aws-service-role/autoscaling.amazonaws.com/AWSServiceRoleForAutoScaling",
            "suspended_processes": null,
            "tag": [
              {
                "key": "Name",
                "propagate_at_launch": true,
                "value": "Sym-Kan-UAT-Srv_ASG_Linux"
              },
              {
                "key": "OS_Name",
                "propagate_at_launch": true,
                "value": "Amazon Linux 2"
              },
              {
                "key": "OS_Type",
                "propagate_at_launch": true,
                "value": "Linux"
              },
              {
                "key": "app_version",
                "propagate_at_launch": true,
                "value": "3.4.0"
              },
              {
                "key": "backup_frequency",
                "propagate_at_launch": true,
                "value": "Never"
              },
              {
                "key": "backup_vault",
                "propagate_at_launch": true,
                "value": "-N/A-"
              },
              {
                "key": "billing_type",
                "propagate_at_launch": true,
                "value": "Client"
              },
              {
                "key": "client_name",
                "propagate_at_launch": true,
                "value": "Kansas"
              },
              {
                "key": "environment_name",
                "propagate_at_launch": true,
                "value": "Production"
              },
              {
                "key": "project_name",
                "propagate_at_launch": true,
                "value": "Symphony"
              },
              {
                "key": "security_zone",
                "propagate_at_launch": true,
                "value": "DMZ"
              },
              {
                "key": "service_name",
                "propagate_at_launch": true,
                "value": "EC2"
              },
              {
                "key": "service_role",
                "propagate_at_launch": true,
                "value": "ECS"
              }
            ],
            "tags": null,
            "target_group_arns": [],
            "termination_policies": [
              "OldestInstance"
            ],
            "timeouts": null,
            "vpc_zone_identifier": [
              "subnet-0141b22d927d3f2a3",
              "subnet-0472ff3f6f5061d0a"
            ],
            "wait_for_capacity_timeout": "10m",
            "wait_for_elb_capacity": null
          },
          "private": "eyJlMmJmYjczMC1lY2FhLTExZTYtOGY4OC0zNDM2M2JjN2M0YzAiOnsiZGVsZXRlIjo2MDAwMDAwMDAwMDB9fQ==",
          "dependencies": [
            "aws_ecs_cluster.ecs_cluster",
            "aws_iam_instance_profile.ecs-ec2-role",
            "aws_launch_template.ecs-cluster-lt",
            "aws_security_group.security_group"
          ]
        }
      ]
    },
    {
      "mode": "managed",
      "type": "aws_autoscaling_group",
      "name": "ecs-cluster-2",
      "each": "list",
      "provider": "provider.aws",
      "instances": [
        {
          "index_key": 0,
          "schema_version": 0,
          "attributes": {
            "arn": "arn:aws:autoscaling:us-east-1:945116902499:autoScalingGroup:c99a4c68-ffdd-4b0e-bce0-3f036b5604fc:autoScalingGroupName/Sym-Kan-UAT-Srv_ASG_Windows",
            "availability_zones": [
              "us-east-1a",
              "us-east-1b"
            ],
            "default_cooldown": 30,
            "desired_capacity": 2,
            "enabled_metrics": null,
            "force_delete": false,
            "health_check_grace_period": 120,
            "health_check_type": "EC2",
            "id": "Sym-Kan-UAT-Srv_ASG_Windows",
            "initial_lifecycle_hook": [],
            "launch_configuration": "",
            "launch_template": [
              {
                "id": "lt-0de7534784e4ef994",
                "name": "Sym-Kan-UAT-Srv-LC-Windows20200413033443131000000004",
                "version": "$Latest"
              }
            ],
            "load_balancers": [],
            "max_instance_lifetime": 0,
            "max_size": 4,
            "metrics_granularity": "1Minute",
            "min_elb_capacity": null,
            "min_size": 2,
            "mixed_instances_policy": [],
            "name": "Sym-Kan-UAT-Srv_ASG_Windows",
            "name_prefix": null,
            "placement_group": "",
            "protect_from_scale_in": false,
            "service_linked_role_arn": "arn:aws:iam::945116902499:role/aws-service-role/autoscaling.amazonaws.com/AWSServiceRoleForAutoScaling",
            "suspended_processes": null,
            "tag": [
              {
                "key": "Name",
                "propagate_at_launch": true,
                "value": "Sym-Kan-UAT-Srv_ASG_Windows"
              },
              {
                "key": "OS_Name",
                "propagate_at_launch": true,
                "value": "Windows 2019"
              },
              {
                "key": "OS_Type",
                "propagate_at_launch": true,
                "value": "Windows"
              },
              {
                "key": "app_version",
                "propagate_at_launch": true,
                "value": "3.4.0"
              },
              {
                "key": "backup_frequency",
                "propagate_at_launch": true,
                "value": "Never"
              },
              {
                "key": "backup_vault",
                "propagate_at_launch": true,
                "value": "-N/A-"
              },
              {
                "key": "billing_type",
                "propagate_at_launch": true,
                "value": "Client"
              },
              {
                "key": "client_name",
                "propagate_at_launch": true,
                "value": "Kansas"
              },
              {
                "key": "environment_name",
                "propagate_at_launch": true,
                "value": "Production"
              },
              {
                "key": "project_name",
                "propagate_at_launch": true,
                "value": "Symphony"
              },
              {
                "key": "security_zone",
                "propagate_at_launch": true,
                "value": "DMZ"
              },
              {
                "key": "service_name",
                "propagate_at_launch": true,
                "value": "EC2"
              },
              {
                "key": "service_role",
                "propagate_at_launch": true,
                "value": "ECS"
              }
            ],
            "tags": null,
            "target_group_arns": [],
            "termination_policies": [
              "OldestInstance"
            ],
            "timeouts": null,
            "vpc_zone_identifier": [
              "subnet-0141b22d927d3f2a3",
              "subnet-0472ff3f6f5061d0a"
            ],
            "wait_for_capacity_timeout": "10m",
            "wait_for_elb_capacity": null
          },
          "private": "eyJlMmJmYjczMC1lY2FhLTExZTYtOGY4OC0zNDM2M2JjN2M0YzAiOnsiZGVsZXRlIjo2MDAwMDAwMDAwMDB9fQ==",
          "dependencies": [
            "aws_ecs_cluster.ecs_cluster",
            "aws_iam_instance_profile.ecs-ec2-role",
            "aws_launch_template.ecs-cluster-lt-2",
            "aws_security_group.security_group"
          ]
        }
      ]
    },
    {
      "mode": "managed",
      "type": "aws_autoscaling_notification",
      "name": "ecs_notification",
      "provider": "provider.aws",
      "instances": [
        {
          "schema_version": 0,
          "attributes": {
            "group_names": [
              "Sym-Kan-UAT-Srv_ASG_Linux"
            ],
            "id": "arn:aws:sns:us-east-1:945116902499:usage-notifications-symphony",
            "notifications": [
              "autoscaling:EC2_INSTANCE_LAUNCH",
              "autoscaling:EC2_INSTANCE_LAUNCH_ERROR",
              "autoscaling:EC2_INSTANCE_TERMINATE",
              "autoscaling:EC2_INSTANCE_TERMINATE_ERROR"
            ],
            "topic_arn": "arn:aws:sns:us-east-1:945116902499:usage-notifications-symphony"
          },
          "private": "bnVsbA==",
          "dependencies": [
            "aws_autoscaling_group.ecs-cluster",
            "aws_ecs_cluster.ecs_cluster",
            "aws_iam_instance_profile.ecs-ec2-role",
            "aws_launch_template.ecs-cluster-lt",
            "aws_security_group.security_group"
          ]
        }
      ]
    },
    {
      "mode": "managed",
      "type": "aws_autoscaling_notification",
      "name": "ecs_notification-2",
      "each": "list",
      "provider": "provider.aws",
      "instances": [
        {
          "index_key": 0,
          "schema_version": 0,
          "attributes": {
            "group_names": [
              "Sym-Kan-UAT-Srv_ASG_Windows"
            ],
            "id": "arn:aws:sns:us-east-1:945116902499:usage-notifications-symphony",
            "notifications": [
              "autoscaling:EC2_INSTANCE_LAUNCH",
              "autoscaling:EC2_INSTANCE_LAUNCH_ERROR",
              "autoscaling:EC2_INSTANCE_TERMINATE",
              "autoscaling:EC2_INSTANCE_TERMINATE_ERROR"
            ],
            "topic_arn": "arn:aws:sns:us-east-1:945116902499:usage-notifications-symphony"
          },
          "private": "bnVsbA==",
          "dependencies": [
            "aws_autoscaling_group.ecs-cluster-2",
            "aws_ecs_cluster.ecs_cluster",
            "aws_iam_instance_profile.ecs-ec2-role",
            "aws_launch_template.ecs-cluster-lt-2",
            "aws_security_group.security_group"
          ]
        }
      ]
    },
    {
      "mode": "managed",
      "type": "aws_autoscaling_policy",
      "name": "ecs-cluster",
      "provider": "provider.aws",
      "instances": [
        {
          "schema_version": 0,
          "attributes": {
            "adjustment_type": "",
            "arn": "arn:aws:autoscaling:us-east-1:945116902499:scalingPolicy:8aca182e-8c92-4006-9079-8f9256324bbd:autoScalingGroupName/Sym-Kan-UAT-Srv_ASG_Linux:policyName/Sym-Kan-UAT-Srv_autoscaling_Linux",
            "autoscaling_group_name": "Sym-Kan-UAT-Srv_ASG_Linux",
            "cooldown": 0,
            "estimated_instance_warmup": 90,
            "id": "Sym-Kan-UAT-Srv_autoscaling_Linux",
            "metric_aggregation_type": "",
            "min_adjustment_magnitude": null,
            "min_adjustment_step": null,
            "name": "Sym-Kan-UAT-Srv_autoscaling_Linux",
            "policy_type": "TargetTrackingScaling",
            "scaling_adjustment": 0,
            "step_adjustment": [],
            "target_tracking_configuration": [
              {
                "customized_metric_specification": [],
                "disable_scale_in": false,
                "predefined_metric_specification": [
                  {
                    "predefined_metric_type": "ASGAverageCPUUtilization",
                    "resource_label": ""
                  }
                ],
                "target_value": 70
              }
            ]
          },
          "private": "bnVsbA==",
          "dependencies": [
            "aws_autoscaling_group.ecs-cluster",
            "aws_ecs_cluster.ecs_cluster",
            "aws_iam_instance_profile.ecs-ec2-role",
            "aws_launch_template.ecs-cluster-lt",
            "aws_security_group.security_group"
          ]
        }
      ]
    },
    {
      "mode": "managed",
      "type": "aws_autoscaling_policy",
      "name": "ecs-cluster-2",
      "each": "list",
      "provider": "provider.aws",
      "instances": [
        {
          "index_key": 0,
          "schema_version": 0,
          "attributes": {
            "adjustment_type": "",
            "arn": "arn:aws:autoscaling:us-east-1:945116902499:scalingPolicy:bb364417-db91-4f76-b48a-25652333a071:autoScalingGroupName/Sym-Kan-UAT-Srv_ASG_Windows:policyName/Sym-Kan-UAT-Srv_autoscaling_Windows",
            "autoscaling_group_name": "Sym-Kan-UAT-Srv_ASG_Windows",
            "cooldown": 0,
            "estimated_instance_warmup": 90,
            "id": "Sym-Kan-UAT-Srv_autoscaling_Windows",
            "metric_aggregation_type": "",
            "min_adjustment_magnitude": null,
            "min_adjustment_step": null,
            "name": "Sym-Kan-UAT-Srv_autoscaling_Windows",
            "policy_type": "TargetTrackingScaling",
            "scaling_adjustment": 0,
            "step_adjustment": [],
            "target_tracking_configuration": [
              {
                "customized_metric_specification": [],
                "disable_scale_in": false,
                "predefined_metric_specification": [
                  {
                    "predefined_metric_type": "ASGAverageCPUUtilization",
                    "resource_label": ""
                  }
                ],
                "target_value": 70
              }
            ]
          },
          "private": "bnVsbA==",
          "dependencies": [
            "aws_autoscaling_group.ecs-cluster-2",
            "aws_ecs_cluster.ecs_cluster",
            "aws_iam_instance_profile.ecs-ec2-role",
            "aws_launch_template.ecs-cluster-lt-2",
            "aws_security_group.security_group"
          ]
        }
      ]
    },
    {
      "mode": "managed",
      "type": "aws_cloudwatch_log_group",
      "name": "ecs_service",
      "provider": "provider.aws",
      "instances": [
        {
          "schema_version": 0,
          "attributes": {
            "arn": "arn:aws:logs:us-east-1:945116902499:log-group:/Symphony/Kansas/Sym-Kan-UAT-Srv:*",
            "id": "/Symphony/Kansas/Sym-Kan-UAT-Srv",
            "kms_key_id": "",
            "name": "/Symphony/Kansas/Sym-Kan-UAT-Srv",
            "name_prefix": null,
            "retention_in_days": 0,
            "tags": {
              "app_version": "3.4.0",
              "backup_frequency": "Never",
              "backup_vault": "-N/A-",
              "billing_type": "Client",
              "client_name": "Kansas",
              "environment_name": "Production",
              "project_name": "Symphony",
              "security_zone": "DMZ",
              "service_name": "Cloudwatch",
              "service_role": "ECS"
            }
          },
          "private": "bnVsbA=="
        }
      ]
    },
    {
      "mode": "managed",
      "type": "aws_cloudwatch_metric_alarm",
      "name": "cpu_utilization",
      "each": "list",
      "provider": "provider.aws",
      "instances": [
        {
          "index_key": 0,
          "schema_version": 1,
          "attributes": {
            "actions_enabled": true,
            "alarm_actions": [
              "arn:aws:sns:us-east-1:945116902499:usage-notifications-symphony"
            ],
            "alarm_description": "This metric monitors ec2 cpu utilization",
            "alarm_name": "Kansas-CPUmetrix",
            "arn": "arn:aws:cloudwatch:us-east-1:945116902499:alarm:Kansas-CPUmetrix",
            "comparison_operator": "GreaterThanOrEqualToThreshold",
            "datapoints_to_alarm": 0,
            "dimensions": null,
            "evaluate_low_sample_count_percentiles": "",
            "evaluation_periods": 1,
            "extended_statistic": "",
            "id": "Kansas-CPUmetrix",
            "insufficient_data_actions": null,
            "metric_name": "CPUUtilization",
            "metric_query": [],
            "namespace": "AWS/EC2",
            "ok_actions": null,
            "period": 60,
            "statistic": "Average",
            "tags": {
              "app_version": "3.4.0",
              "backup_frequency": "Never",
              "backup_vault": "-N/A-",
              "billing_type": "Client",
              "client_name": "Kansas",
              "environment_name": "Production",
              "project_name": "Symphony",
              "security_zone": "DMZ",
              "service_name": "Cloudwatch",
              "service_role": "ECS"
            },
            "threshold": 70,
            "threshold_metric_id": "",
            "treat_missing_data": "missing",
            "unit": ""
          },
          "private": "eyJzY2hlbWFfdmVyc2lvbiI6IjEifQ=="
        }
      ]
    },
    {
      "mode": "managed",
      "type": "aws_ecs_cluster",
      "name": "ecs_cluster",
      "provider": "provider.aws",
      "instances": [
        {
          "schema_version": 0,
          "attributes": {
            "arn": "arn:aws:ecs:us-east-1:945116902499:cluster/Sym-Kan-UAT-Srv",
            "capacity_providers": null,
            "default_capacity_provider_strategy": [],
            "id": "arn:aws:ecs:us-east-1:945116902499:cluster/Sym-Kan-UAT-Srv",
            "name": "Sym-Kan-UAT-Srv",
            "setting": [
              {
                "name": "containerInsights",
                "value": "disabled"
              }
            ],
            "tags": {
              "app_version": "3.4.0",
              "backup_frequency": "Never",
              "backup_vault": "-N/A-",
              "billing_type": "Client",
              "client_name": "Kansas",
              "environment_name": "Production",
              "project_name": "Symphony",
              "security_zone": "DMZ",
              "service_role": "ECS"
            }
          },
          "private": "bnVsbA=="
        }
      ]
    },
    {
      "mode": "managed",
      "type": "aws_ecs_service",
      "name": "ecs_service",
      "each": "list",
      "provider": "provider.aws",
      "instances": [
        {
          "index_key": 0,
          "schema_version": 0,
          "attributes": {
            "capacity_provider_strategy": [],
            "cluster": "arn:aws:ecs:us-east-1:945116902499:cluster/Sym-Kan-UAT-Srv",
            "deployment_controller": [
              {
                "type": "ECS"
              }
            ],
            "deployment_maximum_percent": 200,
            "deployment_minimum_healthy_percent": 100,
            "desired_count": 2,
            "enable_ecs_managed_tags": false,
            "health_check_grace_period_seconds": 0,
            "iam_role": "ecs-service-role",
            "id": "arn:aws:ecs:us-east-1:945116902499:service/Sym-Kan-UAT-Srv-auditevents",
            "launch_type": "EC2",
            "load_balancer": [
              {
                "container_name": "Sym-Kan-UAT-Srv-auditevents",
                "container_port": 443,
                "elb_name": "",
                "target_group_arn": "arn:aws:elasticloadbalancing:us-east-1:945116902499:targetgroup/Sym-Kan-UAT-Srv-auditevents/cf63117c37ff3b60"
              }
            ],
            "name": "Sym-Kan-UAT-Srv-auditevents",
            "network_configuration": [],
            "ordered_placement_strategy": [],
            "placement_constraints": [
              {
                "expression": "attribute:ecs.os-type==linux",
                "type": "memberOf"
              }
            ],
            "placement_strategy": [],
            "platform_version": "",
            "propagate_tags": "NONE",
            "scheduling_strategy": "REPLICA",
            "service_registries": [],
            "tags": null,
            "task_definition": "arn:aws:ecs:us-east-1:945116902499:task-definition/Sym-Kan-UAT-Srv-auditevents:13"
          },
          "private": "bnVsbA==",
          "dependencies": [
            "aws_alb.aws_ecs_alb",
            "aws_alb_listener.front_end",
            "aws_alb_listener_rule.listener_rule",
            "aws_alb_target_group.ecs-group",
            "aws_ecs_cluster.ecs_cluster",
            "aws_ecs_task_definition.ecs_service",
            "aws_iam_role_policy_attachment.ecs-service-attach",
            "aws_security_group.security_group"
          ]
        },
        {
          "index_key": 1,
          "schema_version": 0,
          "attributes": {
            "capacity_provider_strategy": [],
            "cluster": "arn:aws:ecs:us-east-1:945116902499:cluster/Sym-Kan-UAT-Srv",
            "deployment_controller": [
              {
                "type": "ECS"
              }
            ],
            "deployment_maximum_percent": 200,
            "deployment_minimum_healthy_percent": 100,
            "desired_count": 2,
            "enable_ecs_managed_tags": false,
            "health_check_grace_period_seconds": 0,
            "iam_role": "ecs-service-role",
            "id": "arn:aws:ecs:us-east-1:945116902499:service/Sym-Kan-UAT-Srv-cklscrawler",
            "launch_type": "EC2",
            "load_balancer": [
              {
                "container_name": "Sym-Kan-UAT-Srv-cklscrawler",
                "container_port": 443,
                "elb_name": "",
                "target_group_arn": "arn:aws:elasticloadbalancing:us-east-1:945116902499:targetgroup/Sym-Kan-UAT-Srv-cklscrawler/048e6b67a8470113"
              }
            ],
            "name": "Sym-Kan-UAT-Srv-cklscrawler",
            "network_configuration": [],
            "ordered_placement_strategy": [],
            "placement_constraints": [
              {
                "expression": "attribute:ecs.os-type==linux",
                "type": "memberOf"
              }
            ],
            "placement_strategy": [],
            "platform_version": "",
            "propagate_tags": "NONE",
            "scheduling_strategy": "REPLICA",
            "service_registries": [],
            "tags": null,
            "task_definition": "arn:aws:ecs:us-east-1:945116902499:task-definition/Sym-Kan-UAT-Srv-cklscrawler:13"
          },
          "private": "bnVsbA==",
          "dependencies": [
            "aws_alb.aws_ecs_alb",
            "aws_alb_listener.front_end",
            "aws_alb_listener_rule.listener_rule",
            "aws_alb_target_group.ecs-group",
            "aws_ecs_cluster.ecs_cluster",
            "aws_ecs_task_definition.ecs_service",
            "aws_iam_role_policy_attachment.ecs-service-attach",
            "aws_security_group.security_group"
          ]
        },
        {
          "index_key": 2,
          "schema_version": 0,
          "attributes": {
            "capacity_provider_strategy": [],
            "cluster": "arn:aws:ecs:us-east-1:945116902499:cluster/Sym-Kan-UAT-Srv",
            "deployment_controller": [
              {
                "type": "ECS"
              }
            ],
            "deployment_maximum_percent": 200,
            "deployment_minimum_healthy_percent": 100,
            "desired_count": 2,
            "enable_ecs_managed_tags": false,
            "health_check_grace_period_seconds": 0,
            "iam_role": "ecs-service-role",
            "id": "arn:aws:ecs:us-east-1:945116902499:service/Sym-Kan-UAT-Srv-dataaudit",
            "launch_type": "EC2",
            "load_balancer": [
              {
                "container_name": "Sym-Kan-UAT-Srv-dataaudit",
                "container_port": 443,
                "elb_name": "",
                "target_group_arn": "arn:aws:elasticloadbalancing:us-east-1:945116902499:targetgroup/Sym-Kan-UAT-Srv-dataaudit/2f3478f0f50c29d0"
              }
            ],
            "name": "Sym-Kan-UAT-Srv-dataaudit",
            "network_configuration": [],
            "ordered_placement_strategy": [],
            "placement_constraints": [
              {
                "expression": "attribute:ecs.os-type==linux",
                "type": "memberOf"
              }
            ],
            "placement_strategy": [],
            "platform_version": "",
            "propagate_tags": "NONE",
            "scheduling_strategy": "REPLICA",
            "service_registries": [],
            "tags": null,
            "task_definition": "arn:aws:ecs:us-east-1:945116902499:task-definition/Sym-Kan-UAT-Srv-dataaudit:13"
          },
          "private": "bnVsbA==",
          "dependencies": [
            "aws_alb.aws_ecs_alb",
            "aws_alb_listener.front_end",
            "aws_alb_listener_rule.listener_rule",
            "aws_alb_target_group.ecs-group",
            "aws_ecs_cluster.ecs_cluster",
            "aws_ecs_task_definition.ecs_service",
            "aws_iam_role_policy_attachment.ecs-service-attach",
            "aws_security_group.security_group"
          ]
        },
        {
          "index_key": 3,
          "schema_version": 0,
          "attributes": {
            "capacity_provider_strategy": [],
            "cluster": "arn:aws:ecs:us-east-1:945116902499:cluster/Sym-Kan-UAT-Srv",
            "deployment_controller": [
              {
                "type": "ECS"
              }
            ],
            "deployment_maximum_percent": 200,
            "deployment_minimum_healthy_percent": 100,
            "desired_count": 2,
            "enable_ecs_managed_tags": false,
            "health_check_grace_period_seconds": 0,
            "iam_role": "ecs-service-role",
            "id": "arn:aws:ecs:us-east-1:945116902499:service/Sym-Kan-UAT-Srv-esindexer",
            "launch_type": "EC2",
            "load_balancer": [
              {
                "container_name": "Sym-Kan-UAT-Srv-esindexer",
                "container_port": 443,
                "elb_name": "",
                "target_group_arn": "arn:aws:elasticloadbalancing:us-east-1:945116902499:targetgroup/Sym-Kan-UAT-Srv-esindexer/b1cd4ec79fcc4646"
              }
            ],
            "name": "Sym-Kan-UAT-Srv-esindexer",
            "network_configuration": [],
            "ordered_placement_strategy": [],
            "placement_constraints": [
              {
                "expression": "attribute:ecs.os-type==linux",
                "type": "memberOf"
              }
            ],
            "placement_strategy": [],
            "platform_version": "",
            "propagate_tags": "NONE",
            "scheduling_strategy": "REPLICA",
            "service_registries": [],
            "tags": null,
            "task_definition": "arn:aws:ecs:us-east-1:945116902499:task-definition/Sym-Kan-UAT-Srv-esindexer:15"
          },
          "private": "bnVsbA==",
          "dependencies": [
            "aws_alb.aws_ecs_alb",
            "aws_alb_listener.front_end",
            "aws_alb_listener_rule.listener_rule",
            "aws_alb_target_group.ecs-group",
            "aws_ecs_cluster.ecs_cluster",
            "aws_ecs_task_definition.ecs_service",
            "aws_iam_role_policy_attachment.ecs-service-attach",
            "aws_security_group.security_group"
          ]
        },
        {
          "index_key": 4,
          "schema_version": 0,
          "attributes": {
            "capacity_provider_strategy": [],
            "cluster": "arn:aws:ecs:us-east-1:945116902499:cluster/Sym-Kan-UAT-Srv",
            "deployment_controller": [
              {
                "type": "ECS"
              }
            ],
            "deployment_maximum_percent": 200,
            "deployment_minimum_healthy_percent": 100,
            "desired_count": 2,
            "enable_ecs_managed_tags": false,
            "health_check_grace_period_seconds": 0,
            "iam_role": "ecs-service-role",
            "id": "arn:aws:ecs:us-east-1:945116902499:service/Sym-Kan-UAT-Srv-jobs",
            "launch_type": "EC2",
            "load_balancer": [
              {
                "container_name": "Sym-Kan-UAT-Srv-jobs",
                "container_port": 443,
                "elb_name": "",
                "target_group_arn": "arn:aws:elasticloadbalancing:us-east-1:945116902499:targetgroup/Sym-Kan-UAT-Srv-jobs/15a2e72e1edaf01b"
              }
            ],
            "name": "Sym-Kan-UAT-Srv-jobs",
            "network_configuration": [],
            "ordered_placement_strategy": [],
            "placement_constraints": [
              {
                "expression": "attribute:ecs.os-type==windows",
                "type": "memberOf"
              }
            ],
            "placement_strategy": [],
            "platform_version": "",
            "propagate_tags": "NONE",
            "scheduling_strategy": "REPLICA",
            "service_registries": [],
            "tags": null,
            "task_definition": "arn:aws:ecs:us-east-1:945116902499:task-definition/Sym-Kan-UAT-Srv-jobs:19"
          },
          "private": "bnVsbA==",
          "dependencies": [
            "aws_alb.aws_ecs_alb",
            "aws_alb_listener.front_end",
            "aws_alb_listener_rule.listener_rule",
            "aws_alb_target_group.ecs-group",
            "aws_ecs_cluster.ecs_cluster",
            "aws_ecs_task_definition.ecs_service",
            "aws_iam_role_policy_attachment.ecs-service-attach",
            "aws_security_group.security_group"
          ]
        }
      ]
    },
    {
      "mode": "managed",
      "type": "aws_ecs_task_definition",
      "name": "ecs_service",
      "each": "list",
      "provider": "provider.aws",
      "instances": [
        {
          "index_key": 0,
          "schema_version": 1,
          "attributes": {
            "arn": "arn:aws:ecs:us-east-1:945116902499:task-definition/Sym-Kan-UAT-Srv-auditevents:13",
            "container_definitions": "[{\"cpu\":0,\"environment\":[{\"name\":\"ASPNETCORE_HTTPS_PORT\",\"value\":\"443\"},{\"name\":\"ClientName\",\"value\":\"kansas\"},{\"name\":\"ASPNETCORE_ENVIRONMENT\",\"value\":\"Production\"},{\"name\":\"ASPNETCORE_URLS\",\"value\":\"https://+\"},{\"name\":\"AppName\",\"value\":\"uat\"}],\"essential\":true,\"image\":\"945116902499.dkr.ecr.us-east-1.amazonaws.com/auditevents:1.1.2\",\"logConfiguration\":{\"logDriver\":\"awslogs\",\"options\":{\"awslogs-group\":\"/Symphony/Kansas/Sym-Kan-UAT-Srv\",\"awslogs-region\":\"us-east-1\",\"awslogs-stream-prefix\":\"ecs\"}},\"mountPoints\":[],\"name\":\"Sym-Kan-UAT-Srv-auditevents\",\"portMappings\":[{\"containerPort\":443,\"hostPort\":0,\"protocol\":\"tcp\"}],\"volumesFrom\":[]}]",
            "cpu": "512",
            "execution_role_arn": "arn:aws:iam::945116902499:role/ecsTaskExecutionRole",
            "family": "Sym-Kan-UAT-Srv-auditevents",
            "id": "Sym-Kan-UAT-Srv-auditevents",
            "inference_accelerator": [],
            "ipc_mode": "",
            "memory": "512",
            "network_mode": "",
            "pid_mode": "",
            "placement_constraints": [
              {
                "expression": "attribute:ecs.os-type==linux",
                "type": "memberOf"
              }
            ],
            "proxy_configuration": [],
            "requires_compatibilities": null,
            "revision": 13,
            "tags": {
              "app_version": "3.4.0",
              "backup_frequency": "Never",
              "backup_vault": "-N/A-",
              "billing_type": "Client",
              "client_name": "Kansas",
              "environment_name": "Production",
              "project_name": "Symphony",
              "security_zone": "DMZ",
              "service_name": "ECS",
              "service_role": "ECS"
            },
            "task_role_arn": "arn:aws:iam::945116902499:role/ecsTaskExecutionRole",
            "volume": []
          },
          "private": "eyJzY2hlbWFfdmVyc2lvbiI6IjEifQ=="
        },
        {
          "index_key": 1,
          "schema_version": 1,
          "attributes": {
            "arn": "arn:aws:ecs:us-east-1:945116902499:task-definition/Sym-Kan-UAT-Srv-cklscrawler:13",
            "container_definitions": "[{\"cpu\":0,\"environment\":[{\"name\":\"ASPNETCORE_HTTPS_PORT\",\"value\":\"443\"},{\"name\":\"ClientName\",\"value\":\"kansas\"},{\"name\":\"ASPNETCORE_ENVIRONMENT\",\"value\":\"Production\"},{\"name\":\"ASPNETCORE_URLS\",\"value\":\"https://+\"},{\"name\":\"AppName\",\"value\":\"uat\"}],\"essential\":true,\"image\":\"945116902499.dkr.ecr.us-east-1.amazonaws.com/checklistcrawler:1.1.3\",\"logConfiguration\":{\"logDriver\":\"awslogs\",\"options\":{\"awslogs-group\":\"/Symphony/Kansas/Sym-Kan-UAT-Srv\",\"awslogs-region\":\"us-east-1\",\"awslogs-stream-prefix\":\"ecs\"}},\"mountPoints\":[],\"name\":\"Sym-Kan-UAT-Srv-cklscrawler\",\"portMappings\":[{\"containerPort\":443,\"hostPort\":0,\"protocol\":\"tcp\"}],\"volumesFrom\":[]}]",
            "cpu": "512",
            "execution_role_arn": "arn:aws:iam::945116902499:role/ecsTaskExecutionRole",
            "family": "Sym-Kan-UAT-Srv-cklscrawler",
            "id": "Sym-Kan-UAT-Srv-cklscrawler",
            "inference_accelerator": [],
            "ipc_mode": "",
            "memory": "512",
            "network_mode": "",
            "pid_mode": "",
            "placement_constraints": [
              {
                "expression": "attribute:ecs.os-type==linux",
                "type": "memberOf"
              }
            ],
            "proxy_configuration": [],
            "requires_compatibilities": null,
            "revision": 13,
            "tags": {
              "app_version": "3.4.0",
              "backup_frequency": "Never",
              "backup_vault": "-N/A-",
              "billing_type": "Client",
              "client_name": "Kansas",
              "environment_name": "Production",
              "project_name": "Symphony",
              "security_zone": "DMZ",
              "service_name": "ECS",
              "service_role": "ECS"
            },
            "task_role_arn": "arn:aws:iam::945116902499:role/ecsTaskExecutionRole",
            "volume": []
          },
          "private": "eyJzY2hlbWFfdmVyc2lvbiI6IjEifQ=="
        },
        {
          "index_key": 2,
          "schema_version": 1,
          "attributes": {
            "arn": "arn:aws:ecs:us-east-1:945116902499:task-definition/Sym-Kan-UAT-Srv-dataaudit:13",
            "container_definitions": "[{\"cpu\":0,\"environment\":[{\"name\":\"ASPNETCORE_HTTPS_PORT\",\"value\":\"443\"},{\"name\":\"ClientName\",\"value\":\"kansas\"},{\"name\":\"ASPNETCORE_ENVIRONMENT\",\"value\":\"Production\"},{\"name\":\"ASPNETCORE_URLS\",\"value\":\"https://+\"},{\"name\":\"AppName\",\"value\":\"uat\"}],\"essential\":true,\"image\":\"945116902499.dkr.ecr.us-east-1.amazonaws.com/dataaudit:1.1.3\",\"logConfiguration\":{\"logDriver\":\"awslogs\",\"options\":{\"awslogs-group\":\"/Symphony/Kansas/Sym-Kan-UAT-Srv\",\"awslogs-region\":\"us-east-1\",\"awslogs-stream-prefix\":\"ecs\"}},\"mountPoints\":[],\"name\":\"Sym-Kan-UAT-Srv-dataaudit\",\"portMappings\":[{\"containerPort\":443,\"hostPort\":0,\"protocol\":\"tcp\"}],\"volumesFrom\":[]}]",
            "cpu": "512",
            "execution_role_arn": "arn:aws:iam::945116902499:role/ecsTaskExecutionRole",
            "family": "Sym-Kan-UAT-Srv-dataaudit",
            "id": "Sym-Kan-UAT-Srv-dataaudit",
            "inference_accelerator": [],
            "ipc_mode": "",
            "memory": "512",
            "network_mode": "",
            "pid_mode": "",
            "placement_constraints": [
              {
                "expression": "attribute:ecs.os-type==linux",
                "type": "memberOf"
              }
            ],
            "proxy_configuration": [],
            "requires_compatibilities": null,
            "revision": 13,
            "tags": {
              "app_version": "3.4.0",
              "backup_frequency": "Never",
              "backup_vault": "-N/A-",
              "billing_type": "Client",
              "client_name": "Kansas",
              "environment_name": "Production",
              "project_name": "Symphony",
              "security_zone": "DMZ",
              "service_name": "ECS",
              "service_role": "ECS"
            },
            "task_role_arn": "arn:aws:iam::945116902499:role/ecsTaskExecutionRole",
            "volume": []
          },
          "private": "eyJzY2hlbWFfdmVyc2lvbiI6IjEifQ=="
        },
        {
          "index_key": 3,
          "schema_version": 1,
          "attributes": {
            "arn": "arn:aws:ecs:us-east-1:945116902499:task-definition/Sym-Kan-UAT-Srv-esindexer:15",
            "container_definitions": "[{\"cpu\":0,\"environment\":[{\"name\":\"ASPNETCORE_HTTPS_PORT\",\"value\":\"443\"},{\"name\":\"ClientName\",\"value\":\"kansas\"},{\"name\":\"ASPNETCORE_ENVIRONMENT\",\"value\":\"Production\"},{\"name\":\"ASPNETCORE_URLS\",\"value\":\"https://+\"},{\"name\":\"AppName\",\"value\":\"uat\"}],\"essential\":true,\"image\":\"945116902499.dkr.ecr.us-east-1.amazonaws.com/elasticsearchindexer:1.1.3\",\"logConfiguration\":{\"logDriver\":\"awslogs\",\"options\":{\"awslogs-group\":\"/Symphony/Kansas/Sym-Kan-UAT-Srv\",\"awslogs-region\":\"us-east-1\",\"awslogs-stream-prefix\":\"ecs\"}},\"mountPoints\":[],\"name\":\"Sym-Kan-UAT-Srv-esindexer\",\"portMappings\":[{\"containerPort\":443,\"hostPort\":0,\"protocol\":\"tcp\"}],\"volumesFrom\":[]}]",
            "cpu": "512",
            "execution_role_arn": "arn:aws:iam::945116902499:role/ecsTaskExecutionRole",
            "family": "Sym-Kan-UAT-Srv-esindexer",
            "id": "Sym-Kan-UAT-Srv-esindexer",
            "inference_accelerator": [],
            "ipc_mode": "",
            "memory": "512",
            "network_mode": "",
            "pid_mode": "",
            "placement_constraints": [
              {
                "expression": "attribute:ecs.os-type==linux",
                "type": "memberOf"
              }
            ],
            "proxy_configuration": [],
            "requires_compatibilities": null,
            "revision": 15,
            "tags": {
              "app_version": "3.4.0",
              "backup_frequency": "Never",
              "backup_vault": "-N/A-",
              "billing_type": "Client",
              "client_name": "Kansas",
              "environment_name": "Production",
              "project_name": "Symphony",
              "security_zone": "DMZ",
              "service_name": "ECS",
              "service_role": "ECS"
            },
            "task_role_arn": "arn:aws:iam::945116902499:role/ecsTaskExecutionRole",
            "volume": []
          },
          "private": "eyJzY2hlbWFfdmVyc2lvbiI6IjEifQ=="
        },
        {
          "index_key": 4,
          "schema_version": 1,
          "attributes": {
            "arn": "arn:aws:ecs:us-east-1:945116902499:task-definition/Sym-Kan-UAT-Srv-jobs:19",
            "container_definitions": "[{\"cpu\":0,\"environment\":[{\"name\":\"ASPNETCORE_ENVIRONMENT\",\"value\":\"Production\"},{\"name\":\"ClientName\",\"value\":\"kansas\"},{\"name\":\"AppName\",\"value\":\"uat\"}],\"essential\":true,\"image\":\"945116902499.dkr.ecr.us-east-1.amazonaws.com/jobs:5.18.1.0.3\",\"logConfiguration\":{\"logDriver\":\"awslogs\",\"options\":{\"awslogs-group\":\"/Symphony/Kansas/Sym-Kan-UAT-Srv\",\"awslogs-region\":\"us-east-1\",\"awslogs-stream-prefix\":\"ecs\"}},\"mountPoints\":[],\"name\":\"Sym-Kan-UAT-Srv-jobs\",\"portMappings\":[{\"containerPort\":443,\"hostPort\":0,\"protocol\":\"tcp\"}],\"volumesFrom\":[]}]",
            "cpu": "1024",
            "execution_role_arn": "arn:aws:iam::945116902499:role/ecsTaskExecutionRole",
            "family": "Sym-Kan-UAT-Srv-jobs",
            "id": "Sym-Kan-UAT-Srv-jobs",
            "inference_accelerator": [],
            "ipc_mode": "",
            "memory": "1024",
            "network_mode": "",
            "pid_mode": "",
            "placement_constraints": [
              {
                "expression": "attribute:ecs.os-type==windows",
                "type": "memberOf"
              }
            ],
            "proxy_configuration": [],
            "requires_compatibilities": null,
            "revision": 19,
            "tags": {
              "app_version": "3.4.0",
              "backup_frequency": "Never",
              "backup_vault": "-N/A-",
              "billing_type": "Client",
              "client_name": "Kansas",
              "environment_name": "Production",
              "project_name": "Symphony",
              "security_zone": "DMZ",
              "service_name": "ECS",
              "service_role": "ECS"
            },
            "task_role_arn": "arn:aws:iam::945116902499:role/ecsTaskExecutionRole",
            "volume": []
          },
          "private": "eyJzY2hlbWFfdmVyc2lvbiI6IjEifQ=="
        }
      ]
    },
    {
      "mode": "managed",
      "type": "aws_ecs_task_definition",
      "name": "ecs_service_noalb",
      "each": "list",
      "provider": "provider.aws",
      "instances": []
    },
    {
      "mode": "managed",
      "type": "aws_iam_instance_profile",
      "name": "ecs-ec2-role",
      "provider": "provider.aws",
      "instances": [
        {
          "schema_version": 0,
          "attributes": {
            "arn": "arn:aws:iam::945116902499:instance-profile/Sym-Kan-UAT-Srv-iam-instance-profile",
            "create_date": "2020-04-13T03:34:32Z",
            "id": "Sym-Kan-UAT-Srv-iam-instance-profile",
            "name": "Sym-Kan-UAT-Srv-iam-instance-profile",
            "name_prefix": null,
            "path": "/",
            "role": "ecs-ec2-role",
            "roles": [],
            "unique_id": "AIPA5YDK3ORR6GCOF7KWV"
          },
          "private": "bnVsbA=="
        }
      ]
    },
    {
      "mode": "managed",
      "type": "aws_iam_role_policy_attachment",
      "name": "ecs-service-attach",
      "provider": "provider.aws",
      "instances": [
        {
          "schema_version": 0,
          "attributes": {
            "id": "ecs-service-role-20200413033432890100000001",
            "policy_arn": "arn:aws:iam::aws:policy/service-role/AmazonEC2ContainerServiceRole",
            "role": "ecs-service-role"
          },
          "private": "bnVsbA=="
        }
      ]
    },
    {
      "mode": "managed",
      "type": "aws_launch_template",
      "name": "ecs-cluster-lt",
      "provider": "provider.aws",
      "instances": [
        {
          "schema_version": 0,
          "attributes": {
            "arn": "arn:aws:ec2:us-east-1:945116902499:launch-template/lt-0cd4935a14ae5485c",
            "block_device_mappings": [
              {
                "device_name": "/dev/xvda",
                "ebs": [
                  {
                    "delete_on_termination": "true",
                    "encrypted": "true",
                    "iops": 0,
                    "kms_key_id": "",
                    "snapshot_id": "",
                    "volume_size": 50,
                    "volume_type": ""
                  }
                ],
                "no_device": "",
                "virtual_name": ""
              }
            ],
            "capacity_reservation_specification": [],
            "cpu_options": [],
            "credit_specification": [],
            "default_version": 1,
            "description": "",
            "disable_api_termination": false,
            "ebs_optimized": "",
            "elastic_gpu_specifications": [],
            "elastic_inference_accelerator": [],
            "hibernation_options": [],
            "iam_instance_profile": [
              {
                "arn": "",
                "name": "Sym-Kan-UAT-Srv-iam-instance-profile"
              }
            ],
            "id": "lt-0cd4935a14ae5485c",
            "image_id": "ami-00afc256a955c31b5",
            "instance_initiated_shutdown_behavior": "",
            "instance_market_options": [],
            "instance_type": "t3.medium",
            "kernel_id": "",
            "key_name": "Sym-Kan-UAT-Srv-Key",
            "latest_version": 1,
            "license_specification": [],
            "metadata_options": [],
            "monitoring": [],
            "name": "Sym-Kan-UAT-Srv-LC-Linux20200413033443123900000002",
            "name_prefix": "Sym-Kan-UAT-Srv-LC-Linux",
            "network_interfaces": [
              {
                "associate_public_ip_address": "false",
                "delete_on_termination": true,
                "description": "",
                "device_index": 0,
                "ipv4_address_count": 0,
                "ipv4_addresses": null,
                "ipv6_address_count": 0,
                "ipv6_addresses": null,
                "network_interface_id": "",
                "private_ip_address": "",
                "security_groups": [
                  "sg-0aad1299d0b162f0f"
                ],
                "subnet_id": ""
              }
            ],
            "placement": [],
            "ram_disk_id": "",
            "security_group_names": null,
            "tag_specifications": [
              {
                "resource_type": "volume",
                "tags": {
                  "Name": "Sym-Kan-UAT-Srv-Volume-Linux",
                  "app_version": "3.4.0",
                  "backup_frequency": "Never",
                  "backup_vault": "-N/A-",
                  "billing_type": "Client",
                  "client_name": "Kansas",
                  "environment_name": "Production",
                  "project_name": "Symphony",
                  "security_zone": "DMZ",
                  "service_role": "ECS"
                }
              }
            ],
            "tags": null,
            "user_data": "IyEvYmluL2Jhc2gKI0FXU19TMz0naHR0cHM6Ly9zMy5hbWF6b25hd3MuY29tJwojU1lNUEhPTllfU09GVFdBUkVfQ0FUQUxPR19TMz0naHR0cHM6Ly9zeW1waG9ueS1zb2Z0d2FyZS1jYXRhbG9nLnMzLmFtYXpvbmF3cy5jb20nCnN1ZG8gbWtkaXIgLXAgL2V0Yy9lY3MKZWNobyBFQ1NfQ0xVU1RFUj1TeW0tS2FuLVVBVC1TcnYgPj4gL2V0Yy9lY3MvZWNzLmNvbmZpZwoKc3VkbyB5dW0gaW5zdGFsbCAteSB3Z2V0IHVuemlwIHppcAoKIyMgUmVkQ2xvY2sgQWdlbnQgSW5zdGFsbGF0aW9uICMjCnN1ZG8gd2dldCAtUCAvdG1wLyBodHRwczovL3N5bXBob255LXNvZnR3YXJlLWNhdGFsb2cuczMuYW1hem9uYXdzLmNvbS9BZ2VudC9MaW51eC9yZWRjbG9hay0xLjIuOC4wLTAueDg2XzY0LnJwbQpzdWRvIHl1bSBsb2NhbGluc3RhbGwgLXkgL3RtcC9yZWRjbG9hay0xLjIuOC4wLTAueDg2XzY0LnJwbQpzdWRvIHNlcnZpY2UgcmVkY2xvYWsgc3RhdHVzCnN1ZG8gL3Zhci9vcHQvc2VjdXJld29ya3MvcmVkY2xvYWsvYmluL3JlZGNsb2FrIC0tY2hlY2sKCiMjIEVQRUwgUmVwb3NpdG9yeSAjIwpzdWRvIHJwbSAtaXZoIGh0dHBzOi8vZGwuZmVkb3JhcHJvamVjdC5vcmcvcHViL2VwZWwvZXBlbC1yZWxlYXNlLWxhdGVzdC03Lm5vYXJjaC5ycG0Kc3VkbyB5dW0gaW5zdGFsbCBjb2xsZWN0ZCAteQp5dW0gcmVtb3ZlIGVwZWwtcmVsZWFzZSAteQoKIyMgQ2xvdWRXYXRjaCBBZ2VudCBJbnN0YWxsYXRpb24gIyMKd2dldCAtUCAvdG1wLyBodHRwczovL3MzLmFtYXpvbmF3cy5jb20vYW1hem9uY2xvdWR3YXRjaC1hZ2VudC9hbWF6b25fbGludXgvYW1kNjQvbGF0ZXN0L2FtYXpvbi1jbG91ZHdhdGNoLWFnZW50LnJwbQpzdWRvIHl1bSBsb2NhbGluc3RhbGwgL3RtcC9hbWF6b24tY2xvdWR3YXRjaC1hZ2VudC5ycG0gLXkKd2dldCAtUCAvdG1wLyBodHRwczovL3N5bXBob255LXNvZnR3YXJlLWNhdGFsb2cuczMuYW1hem9uYXdzLmNvbS9BZ2VudC9MaW51eC9DbG91ZFdhdGNoL2xpbnV4K2NvbmZpZy5qc29uCnN1ZG8gY3AgL3RtcC9saW51eCtjb25maWcuanNvbiAvb3B0L2F3cy9hbWF6b24tY2xvdWR3YXRjaC1hZ2VudC9iaW4vY29uZmlnLmpzb24Kc3VkbyAvb3B0L2F3cy9hbWF6b24tY2xvdWR3YXRjaC1hZ2VudC9iaW4vYW1hem9uLWNsb3Vkd2F0Y2gtYWdlbnQtY3RsIC1hIGZldGNoLWNvbmZpZyBcCiAgICAgLW0gZWMyIC1jIGZpbGU6L29wdC9hd3MvYW1hem9uLWNsb3Vkd2F0Y2gtYWdlbnQvYmluL2NvbmZpZy5qc29uIC1zCgo=",
            "vpc_security_group_ids": null
          },
          "private": "bnVsbA==",
          "dependencies": [
            "aws_ecs_cluster.ecs_cluster",
            "aws_iam_instance_profile.ecs-ec2-role",
            "aws_security_group.security_group"
          ]
        }
      ]
    },
    {
      "mode": "managed",
      "type": "aws_launch_template",
      "name": "ecs-cluster-lt-2",
      "each": "list",
      "provider": "provider.aws",
      "instances": [
        {
          "index_key": 0,
          "schema_version": 0,
          "attributes": {
            "arn": "arn:aws:ec2:us-east-1:945116902499:launch-template/lt-0de7534784e4ef994",
            "block_device_mappings": [
              {
                "device_name": "/dev/sda1",
                "ebs": [
                  {
                    "delete_on_termination": "true",
                    "encrypted": "true",
                    "iops": 0,
                    "kms_key_id": "",
                    "snapshot_id": "",
                    "volume_size": 50,
                    "volume_type": ""
                  }
                ],
                "no_device": "",
                "virtual_name": ""
              }
            ],
            "capacity_reservation_specification": [],
            "cpu_options": [],
            "credit_specification": [],
            "default_version": 1,
            "description": "",
            "disable_api_termination": false,
            "ebs_optimized": "",
            "elastic_gpu_specifications": [],
            "elastic_inference_accelerator": [],
            "hibernation_options": [],
            "iam_instance_profile": [
              {
                "arn": "",
                "name": "Sym-Kan-UAT-Srv-iam-instance-profile"
              }
            ],
            "id": "lt-0de7534784e4ef994",
            "image_id": "ami-0eefaa2ef616b28bf",
            "instance_initiated_shutdown_behavior": "",
            "instance_market_options": [],
            "instance_type": "t3.medium",
            "kernel_id": "",
            "key_name": "Sym-Kan-UAT-Srv-Key",
            "latest_version": 1,
            "license_specification": [],
            "metadata_options": [],
            "monitoring": [],
            "name": "Sym-Kan-UAT-Srv-LC-Windows20200413033443131000000004",
            "name_prefix": "Sym-Kan-UAT-Srv-LC-Windows",
            "network_interfaces": [
              {
                "associate_public_ip_address": "false",
                "delete_on_termination": true,
                "description": "",
                "device_index": 0,
                "ipv4_address_count": 0,
                "ipv4_addresses": null,
                "ipv6_address_count": 0,
                "ipv6_addresses": null,
                "network_interface_id": "",
                "private_ip_address": "",
                "security_groups": [
                  "sg-0aad1299d0b162f0f"
                ],
                "subnet_id": ""
              }
            ],
            "placement": [],
            "ram_disk_id": "",
            "security_group_names": null,
            "tag_specifications": [
              {
                "resource_type": "volume",
                "tags": {
                  "Name": "Sym-Kan-UAT-Srv-Volume-Windows",
                  "app_version": "3.4.0",
                  "backup_frequency": "Never",
                  "backup_vault": "-N/A-",
                  "billing_type": "Client",
                  "client_name": "Kansas",
                  "environment_name": "Production",
                  "project_name": "Symphony",
                  "security_zone": "DMZ",
                  "service_role": "ECS"
                }
              }
            ],
            "tags": null,
            "user_data": "PHBvd2Vyc2hlbGw+CltFbnZpcm9ubWVudF06OlNldEVudmlyb25tZW50VmFyaWFibGUoIkVDU19FTkFCTEVfQVdTTE9HU19FWEVDVVRJT05ST0xFX09WRVJSSURFIiwidHJ1ZSIsICJNYWNoaW5lIikKW0Vudmlyb25tZW50XTo6U2V0RW52aXJvbm1lbnRWYXJpYWJsZSgiRUNTX0VOQUJMRV9DUFVfVU5CT1VOREVEX1dJTkRPV1NfV09SS0FST1VORCIsICJ0cnVlIiwgIk1hY2hpbmUiKQpbRW52aXJvbm1lbnRdOjpTZXRFbnZpcm9ubWVudFZhcmlhYmxlKCJFQ1NfRElTQUJMRV9NRVRSSUNTIiwgImZhbHNlIiwgIk1hY2hpbmUiKQpJbXBvcnQtTW9kdWxlIEVDU1Rvb2xzCkluaXRpYWxpemUtRUNTQWdlbnQgLUNsdXN0ZXIgU3ltLUthbi1VQVQtU3J2ICAtRW5hYmxlVGFza0lBTVJvbGUKU2V0LUV4ZWN1dGlvblBvbGljeSBCeXBhc3MgLUZvcmNlOwoKaWV4ICgoTmV3LU9iamVjdCBTeXN0ZW0uTmV0LldlYkNsaWVudCkuRG93bmxvYWRTdHJpbmcoJ2h0dHBzOi8vY2hvY29sYXRleS5vcmcvaW5zdGFsbC5wczEnKSk7CmNob2NvIGluc3RhbGwgcHl0aG9uMyAteTsKCiRQYXRoID0gJGVudjpURU1QOwokSW5zdGFsbGVyID0gImNocm9tZV9pbnN0YWxsZXIuZXhlIjsKSW52b2tlLVdlYlJlcXVlc3QgImh0dHA6Ly9kbC5nb29nbGUuY29tL2Nocm9tZS9pbnN0YWxsLzM3NS4xMjYvJEluc3RhbGxlciIgLU91dEZpbGUgJFBhdGhcJEluc3RhbGxlcjsKU3RhcnQtUHJvY2VzcyAtRmlsZVBhdGggJFBhdGhcJEluc3RhbGxlciAtQXJncyAiL3NpbGVudCAvaW5zdGFsbCIgLVZlcmIgUnVuQXMgLVdhaXQ7ClJlbW92ZS1JdGVtICRQYXRoXCRJbnN0YWxsZXIKCiR1cmwgPSAiaHR0cDovL2plbmtpbnMtYXdzb3BzLXByb2Quc3ltLWFkdi5jb206ODAwMC9yZWRjbG9hay5tc2kiCiRvdXRwdXQgPSAiQzpcV2luZG93c1xUZW1wXHJlZGNsb2FrLm1zaSIKSW52b2tlLVdlYlJlcXVlc3QgLVVyaSAkdXJsIC1PdXRGaWxlICRvdXRwdXQKbXNpZXhlYyAvaSBDOlxXaW5kb3dzXFRlbXBccmVkY2xvYWsubXNpIC9xdWlldCAvcW4KCiRwYXJhbWV0ZXJzID0gQHsKICAgICAgICBVcmkgPSAnaHR0cHM6Ly9zMy5hbWF6b25hd3MuY29tL2FtYXpvbmNsb3Vkd2F0Y2gtYWdlbnQvd2luZG93cy9hbWQ2NC9sYXRlc3QvQW1hem9uQ2xvdWRXYXRjaEFnZW50LnppcCcKICAgICAgICBPdXRGaWxlID0gIiRlbnY6VEVNUFxBbWF6b25DbG91ZFdhdGNoQWdlbnQuemlwIgp9Ckludm9rZS1XZWJSZXF1ZXN0IEBwYXJhbWV0ZXJzCgpFeHBhbmQtQXJjaGl2ZSAtUGF0aCAiJGVudjpURU1QXEFtYXpvbkNsb3VkV2F0Y2hBZ2VudC56aXAiIC1EZXN0aW5hdGlvblBhdGggIiRlbnY6VEVNUFxBbWF6b25DbG91ZFdhdGNoQWdlbnQiCgpTZXQtTG9jYXRpb24gLVBhdGggIiRlbnY6VEVNUFxBbWF6b25DbG91ZFdhdGNoQWdlbnQiCi5caW5zdGFsbC5wczEKCiRwYXJhbWV0ZXJzID0gQHsKICAgICAgICBVcmkgPSAnaHR0cHM6Ly9zeW1waG9ueS1zb2Z0d2FyZS1jYXRhbG9nLnMzLmFtYXpvbmF3cy5jb20vQWdlbnQvV2luZG93cy9DbG91ZFdhdGNoL1dpbmRvd3MrY29uZmlnLmpzb24nCiAgICAgICAgT3V0RmlsZSA9ICJDOlxQcm9ncmFtIEZpbGVzXEFtYXpvblxBbWF6b25DbG91ZFdhdGNoQWdlbnRcY29uZmlnLmpzb24iCn0KSW52b2tlLVdlYlJlcXVlc3QgQHBhcmFtZXRlcnMKClNldC1Mb2NhdGlvbiAtUGF0aCAnQzpcUHJvZ3JhbSBGaWxlc1xBbWF6b25cQW1hem9uQ2xvdWRXYXRjaEFnZW50XCcKLlxhbWF6b24tY2xvdWR3YXRjaC1hZ2VudC1jdGwucHMxIC1hIGZldGNoLWNvbmZpZyAtbSBlYzIgLWMgZmlsZTonQzpcUHJvZ3JhbSBGaWxlc1xBbWF6b25cQW1hem9uQ2xvdWRXYXRjaEFnZW50XGNvbmZpZy5qc29uJyAtcwoKCnJlZnJlc2hlbnYKCjwvcG93ZXJzaGVsbD4K",
            "vpc_security_group_ids": null
          },
          "private": "bnVsbA==",
          "dependencies": [
            "aws_ecs_cluster.ecs_cluster",
            "aws_iam_instance_profile.ecs-ec2-role",
            "aws_security_group.security_group"
          ]
        }
      ]
    },
    {
      "mode": "managed",
      "type": "aws_lb_listener",
      "name": "httptohttps",
      "provider": "provider.aws",
      "instances": [
        {
          "schema_version": 0,
          "attributes": {
            "arn": "arn:aws:elasticloadbalancing:us-east-1:945116902499:listener/app/Sym-Kan-UAT-Srv-ALB/5ee6ddd3e8520342/eb9812b93127cfdd",
            "certificate_arn": null,
            "default_action": [
              {
                "authenticate_cognito": [],
                "authenticate_oidc": [],
                "fixed_response": [],
                "order": 1,
                "redirect": [
                  {
                    "host": "#{host}",
                    "path": "/#{path}",
                    "port": "443",
                    "protocol": "HTTPS",
                    "query": "#{query}",
                    "status_code": "HTTP_301"
                  }
                ],
                "target_group_arn": "",
                "type": "redirect"
              }
            ],
            "id": "arn:aws:elasticloadbalancing:us-east-1:945116902499:listener/app/Sym-Kan-UAT-Srv-ALB/5ee6ddd3e8520342/eb9812b93127cfdd",
            "load_balancer_arn": "arn:aws:elasticloadbalancing:us-east-1:945116902499:loadbalancer/app/Sym-Kan-UAT-Srv-ALB/5ee6ddd3e8520342",
            "port": 80,
            "protocol": "HTTP",
            "ssl_policy": "",
            "timeouts": null
          },
          "private": "eyJlMmJmYjczMC1lY2FhLTExZTYtOGY4OC0zNDM2M2JjN2M0YzAiOnsicmVhZCI6NjAwMDAwMDAwMDAwfX0=",
          "dependencies": [
            "aws_alb.aws_ecs_alb",
            "aws_security_group.security_group"
          ]
        }
      ]
    },
    {
      "mode": "managed",
      "type": "aws_security_group",
      "name": "security_group",
      "provider": "provider.aws",
      "instances": [
        {
          "schema_version": 1,
          "attributes": {
            "arn": "arn:aws:ec2:us-east-1:945116902499:security-group/sg-0aad1299d0b162f0f",
            "description": "Security Group for ECS Security Group",
            "egress": [
              {
                "cidr_blocks": [
                  "0.0.0.0/0"
                ],
                "description": "",
                "from_port": 0,
                "ipv6_cidr_blocks": [],
                "prefix_list_ids": [],
                "protocol": "-1",
                "security_groups": [],
                "self": false,
                "to_port": 0
              }
            ],
            "id": "sg-0aad1299d0b162f0f",
            "ingress": [
              {
                "cidr_blocks": [
                  "0.0.0.0/0"
                ],
                "description": "",
                "from_port": 0,
                "ipv6_cidr_blocks": [],
                "prefix_list_ids": [],
                "protocol": "-1",
                "security_groups": [],
                "self": false,
                "to_port": 0
              }
            ],
            "name": "Sym-Kan-UAT-Srv-SG",
            "name_prefix": null,
            "owner_id": "945116902499",
            "revoke_rules_on_delete": false,
            "tags": {
              "app_version": "3.4.0",
              "backup_frequency": "Never",
              "backup_vault": "-N/A-",
              "billing_type": "Client",
              "client_name": "Kansas",
              "environment_name": "Production",
              "project_name": "Symphony",
              "security_zone": "DMZ",
              "service_name": "SG",
              "service_role": "ECS"
            },
            "timeouts": null,
            "vpc_id": "vpc-06c13c9b668bf9b10"
          },
          "private": "eyJlMmJmYjczMC1lY2FhLTExZTYtOGY4OC0zNDM2M2JjN2M0YzAiOnsiY3JlYXRlIjo2MDAwMDAwMDAwMDAsImRlbGV0ZSI6NjAwMDAwMDAwMDAwfSwic2NoZW1hX3ZlcnNpb24iOiIxIn0="
        }
      ]
    }
  ]
}
