{
  "version": 4,
  "terraform_version": "0.12.18",
  "serial": 120,
  "lineage": "da806a0e-69a3-0af3-c0fb-8392533998da",
  "outputs": {
    "alb_output": {
      "value": "internal-Symphony-Kansas-Linux-ECS-ALB-66100740.us-east-1.elb.amazonaws.com",
      "type": "string"
    }
  },
  "resources": [
    {
      "mode": "data",
      "type": "template_file",
      "name": "ecs-cluster",
      "provider": "provider.template",
      "instances": [
        {
          "schema_version": 0,
          "attributes": {
            "filename": null,
            "id": "8d3e38e35e5731a3ad98cc8567573c4334fee71f4616f69eb04f7239e457de87",
            "rendered": "#!/bin/bash\nsudo mkdir -p /etc/ecs\nsudo echo ECS_CLUSTER=Symphony-Kansas-Linux-ECS \u003e\u003e /etc/ecs/ecs.config\n\nsudo yum install -y wget unzip zip\n\necho -e \"INFO: Downloading RedCloak Agent ... \\c\"\nsudo wget -q http://jenkins-awsops-prod.sym-adv.com:8000/redcloak-1.2.8.0-0.x86_64.rpm\n[ $? -ne 0 ] \u0026\u0026 echo \"Failed.\" || echo \"Success.\"\n\necho -e \"INFO: Installing RedCloak Agent ... \\c\"\nsudo yum localinstall -y redcloak-1.2.8.0-0.x86_64.rpm \u003e/tmp/redcloak-1.2.8.0-0.x86_64.log 2\u003e\u00261\n[ $? -ne 0 ] \u0026\u0026 echo \"Failed.\" || echo \"Success.\"\ncat /tmp/redcloak-1.2.8.0-0.x86_64.log\n\nsudo service redcloak status\nsudo /var/opt/secureworks/redcloak/bin/redcloak --check\n\n",
            "template": "#!/bin/bash\nsudo mkdir -p /etc/ecs\nsudo echo ECS_CLUSTER=${ecs_cluster} \u003e\u003e /etc/ecs/ecs.config\n\nsudo yum install -y wget unzip zip\n\necho -e \"INFO: Downloading RedCloak Agent ... \\c\"\nsudo wget -q http://jenkins-awsops-prod.sym-adv.com:8000/redcloak-1.2.8.0-0.x86_64.rpm\n[ $? -ne 0 ] \u0026\u0026 echo \"Failed.\" || echo \"Success.\"\n\necho -e \"INFO: Installing RedCloak Agent ... \\c\"\nsudo yum localinstall -y redcloak-1.2.8.0-0.x86_64.rpm \u003e/tmp/redcloak-1.2.8.0-0.x86_64.log 2\u003e\u00261\n[ $? -ne 0 ] \u0026\u0026 echo \"Failed.\" || echo \"Success.\"\ncat /tmp/redcloak-1.2.8.0-0.x86_64.log\n\nsudo service redcloak status\nsudo /var/opt/secureworks/redcloak/bin/redcloak --check\n\n",
            "vars": {
              "ecs_cluster": "Symphony-Kansas-Linux-ECS"
            }
          }
        }
      ]
    },
    {
      "mode": "managed",
      "type": "aws_alb",
      "name": "aws_ecs_alb",
      "provider": "provider.aws",
      "instances": [
        {
          "schema_version": 0,
          "attributes": {
            "access_logs": [
              {
                "bucket": "",
                "enabled": false,
                "prefix": ""
              }
            ],
            "arn": "arn:aws:elasticloadbalancing:us-east-1:945116902499:loadbalancer/app/Symphony-Kansas-Linux-ECS-ALB/e28156abc529e953",
            "arn_suffix": "app/Symphony-Kansas-Linux-ECS-ALB/e28156abc529e953",
            "dns_name": "internal-Symphony-Kansas-Linux-ECS-ALB-66100740.us-east-1.elb.amazonaws.com",
            "enable_cross_zone_load_balancing": null,
            "enable_deletion_protection": false,
            "enable_http2": true,
            "id": "arn:aws:elasticloadbalancing:us-east-1:945116902499:loadbalancer/app/Symphony-Kansas-Linux-ECS-ALB/e28156abc529e953",
            "idle_timeout": 600,
            "internal": true,
            "ip_address_type": "ipv4",
            "load_balancer_type": "application",
            "name": "Symphony-Kansas-Linux-ECS-ALB",
            "name_prefix": null,
            "security_groups": [
              "sg-09a4c12052a8fa6c6"
            ],
            "subnet_mapping": [
              {
                "allocation_id": "",
                "subnet_id": "subnet-045f15dc2d848718a"
              },
              {
                "allocation_id": "",
                "subnet_id": "subnet-0c4816f7842153167"
              }
            ],
            "subnets": [
              "subnet-045f15dc2d848718a",
              "subnet-0c4816f7842153167"
            ],
            "tags": {
              "Client": "Kansas",
              "Environment": "UAT-DMZ",
              "Name": "Symphony-Kansas-Linux-ECS-ALB",
              "Project": "Symphony",
              "Region": "us-east-1"
            },
            "timeouts": null,
            "vpc_id": "vpc-069d202f6c6abf29a",
            "zone_id": "Z35SXDOTRQ7X7K"
          },
          "private": "eyJlMmJmYjczMC1lY2FhLTExZTYtOGY4OC0zNDM2M2JjN2M0YzAiOnsiY3JlYXRlIjo2MDAwMDAwMDAwMDAsImRlbGV0ZSI6NjAwMDAwMDAwMDAwLCJ1cGRhdGUiOjYwMDAwMDAwMDAwMH19"
        }
      ]
    },
    {
      "mode": "managed",
      "type": "aws_alb_listener",
      "name": "front_end",
      "provider": "provider.aws",
      "instances": [
        {
          "schema_version": 0,
          "attributes": {
            "arn": "arn:aws:elasticloadbalancing:us-east-1:945116902499:listener/app/Symphony-Kansas-Linux-ECS-ALB/e28156abc529e953/e50b0c19f3274929",
            "certificate_arn": null,
            "default_action": [
              {
                "authenticate_cognito": [],
                "authenticate_oidc": [],
                "fixed_response": [],
                "order": 1,
                "redirect": [],
                "target_group_arn": "arn:aws:elasticloadbalancing:us-east-1:945116902499:targetgroup/Symphony-Kansas-Linux-ECS-ALB-TG/3e86ebc4a51ce10b",
                "type": "forward"
              }
            ],
            "id": "arn:aws:elasticloadbalancing:us-east-1:945116902499:listener/app/Symphony-Kansas-Linux-ECS-ALB/e28156abc529e953/e50b0c19f3274929",
            "load_balancer_arn": "arn:aws:elasticloadbalancing:us-east-1:945116902499:loadbalancer/app/Symphony-Kansas-Linux-ECS-ALB/e28156abc529e953",
            "port": 80,
            "protocol": "HTTP",
            "ssl_policy": "",
            "timeouts": null
          },
          "private": "eyJlMmJmYjczMC1lY2FhLTExZTYtOGY4OC0zNDM2M2JjN2M0YzAiOnsicmVhZCI6NjAwMDAwMDAwMDAwfX0=",
          "dependencies": [
            "aws_alb.aws_ecs_alb",
            "aws_alb_target_group.ecs-group"
          ]
        }
      ]
    },
    {
      "mode": "managed",
      "type": "aws_alb_target_group",
      "name": "ecs-group",
      "provider": "provider.aws",
      "instances": [
        {
          "schema_version": 0,
          "attributes": {
            "arn": "arn:aws:elasticloadbalancing:us-east-1:945116902499:targetgroup/Symphony-Kansas-Linux-ECS-ALB-TG/3e86ebc4a51ce10b",
            "arn_suffix": "targetgroup/Symphony-Kansas-Linux-ECS-ALB-TG/3e86ebc4a51ce10b",
            "deregistration_delay": 300,
            "health_check": [
              {
                "enabled": true,
                "healthy_threshold": 2,
                "interval": 300,
                "matcher": "200,301,302",
                "path": "/",
                "port": "traffic-port",
                "protocol": "HTTP",
                "timeout": 60,
                "unhealthy_threshold": 10
              }
            ],
            "id": "arn:aws:elasticloadbalancing:us-east-1:945116902499:targetgroup/Symphony-Kansas-Linux-ECS-ALB-TG/3e86ebc4a51ce10b",
            "lambda_multi_value_headers_enabled": false,
            "name": "Symphony-Kansas-Linux-ECS-ALB-TG",
            "name_prefix": null,
            "port": 80,
            "protocol": "HTTP",
            "proxy_protocol_v2": false,
            "slow_start": 0,
            "stickiness": [
              {
                "cookie_duration": 86400,
                "enabled": true,
                "type": "lb_cookie"
              }
            ],
            "tags": {
              "Client": "Kansas",
              "Environment": "UAT-DMZ",
              "Name": "Symphony-Kansas-Linux-ECS-ALB-TG",
              "Project": "Symphony",
              "Region": "us-east-1"
            },
            "target_type": "instance",
            "vpc_id": "vpc-069d202f6c6abf29a"
          },
          "private": "bnVsbA==",
          "dependencies": [
            "aws_alb.aws_ecs_alb"
          ]
        }
      ]
    },
    {
      "mode": "managed",
      "type": "aws_autoscaling_group",
      "name": "ecs-cluster",
      "provider": "provider.aws",
      "instances": [
        {
          "schema_version": 0,
          "attributes": {
            "arn": "arn:aws:autoscaling:us-east-1:945116902499:autoScalingGroup:dad0c2db-d231-4bc0-89a7-819f38110cf4:autoScalingGroupName/Symphony-Kansas-Linux-ECS-ASG",
            "availability_zones": [
              "us-east-1a",
              "us-east-1b"
            ],
            "default_cooldown": 30,
            "desired_capacity": 2,
            "enabled_metrics": null,
            "force_delete": false,
            "health_check_grace_period": 120,
            "health_check_type": "EC2",
            "id": "Symphony-Kansas-Linux-ECS-ASG",
            "initial_lifecycle_hook": [],
            "launch_configuration": "Symphony-Kansas-Linux-ECS_LC20200106014130774700000002",
            "launch_template": [],
            "load_balancers": [],
            "max_instance_lifetime": 0,
            "max_size": 4,
            "metrics_granularity": "1Minute",
            "min_elb_capacity": null,
            "min_size": 2,
            "mixed_instances_policy": [],
            "name": "Symphony-Kansas-Linux-ECS-ASG",
            "name_prefix": null,
            "placement_group": "",
            "protect_from_scale_in": false,
            "service_linked_role_arn": "arn:aws:iam::945116902499:role/aws-service-role/autoscaling.amazonaws.com/AWSServiceRoleForAutoScaling",
            "suspended_processes": null,
            "tag": [
              {
                "key": "Name",
                "propagate_at_launch": true,
                "value": "Symphony-Kansas-Linux-ECS-ASG"
              }
            ],
            "tags": null,
            "target_group_arns": [],
            "termination_policies": [
              "OldestInstance"
            ],
            "timeouts": null,
            "vpc_zone_identifier": [
              "subnet-045f15dc2d848718a",
              "subnet-0c4816f7842153167"
            ],
            "wait_for_capacity_timeout": "10m",
            "wait_for_elb_capacity": null
          },
          "private": "eyJlMmJmYjczMC1lY2FhLTExZTYtOGY4OC0zNDM2M2JjN2M0YzAiOnsiZGVsZXRlIjo2MDAwMDAwMDAwMDB9fQ==",
          "dependencies": [
            "aws_ecs_cluster.ecs_cluster",
            "aws_iam_instance_profile.ecs-ec2-role",
            "aws_launch_configuration.ecs-cluster-lc"
          ]
        }
      ]
    },
    {
      "mode": "managed",
      "type": "aws_autoscaling_policy",
      "name": "ecs-cluster",
      "provider": "provider.aws",
      "instances": [
        {
          "schema_version": 0,
          "attributes": {
            "adjustment_type": "",
            "arn": "arn:aws:autoscaling:us-east-1:945116902499:scalingPolicy:adbe5ba0-af9f-40b6-a9d7-cab171ce9010:autoScalingGroupName/Symphony-Kansas-Linux-ECS-ASG:policyName/Symphony-Kansas-Linux-ECS_ASP",
            "autoscaling_group_name": "Symphony-Kansas-Linux-ECS-ASG",
            "cooldown": 0,
            "estimated_instance_warmup": 90,
            "id": "Symphony-Kansas-Linux-ECS_ASP",
            "metric_aggregation_type": "",
            "min_adjustment_magnitude": null,
            "min_adjustment_step": null,
            "name": "Symphony-Kansas-Linux-ECS_ASP",
            "policy_type": "TargetTrackingScaling",
            "scaling_adjustment": 0,
            "step_adjustment": [],
            "target_tracking_configuration": [
              {
                "customized_metric_specification": [],
                "disable_scale_in": false,
                "predefined_metric_specification": [
                  {
                    "predefined_metric_type": "ASGAverageCPUUtilization",
                    "resource_label": ""
                  }
                ],
                "target_value": 70
              }
            ]
          },
          "private": "bnVsbA==",
          "dependencies": [
            "aws_autoscaling_group.ecs-cluster",
            "aws_ecs_cluster.ecs_cluster",
            "aws_iam_instance_profile.ecs-ec2-role",
            "aws_launch_configuration.ecs-cluster-lc"
          ]
        }
      ]
    },
    {
      "mode": "managed",
      "type": "aws_cloudwatch_log_group",
      "name": "ecs_service",
      "provider": "provider.aws",
      "instances": [
        {
          "schema_version": 0,
          "attributes": {
            "arn": "arn:aws:logs:us-east-1:945116902499:log-group:/Symphony-Kansas-Linux-ECS/httpd:*",
            "id": "/Symphony-Kansas-Linux-ECS/httpd",
            "kms_key_id": "",
            "name": "/Symphony-Kansas-Linux-ECS/httpd",
            "name_prefix": null,
            "retention_in_days": 0,
            "tags": null
          },
          "private": "bnVsbA=="
        }
      ]
    },
    {
      "mode": "managed",
      "type": "aws_ecs_cluster",
      "name": "ecs_cluster",
      "provider": "provider.aws",
      "instances": [
        {
          "schema_version": 0,
          "attributes": {
            "arn": "arn:aws:ecs:us-east-1:945116902499:cluster/Symphony-Kansas-Linux-ECS",
            "capacity_providers": null,
            "default_capacity_provider_strategy": [],
            "id": "arn:aws:ecs:us-east-1:945116902499:cluster/Symphony-Kansas-Linux-ECS",
            "name": "Symphony-Kansas-Linux-ECS",
            "setting": [
              {
                "name": "containerInsights",
                "value": "disabled"
              }
            ],
            "tags": {
              "Client": "Kansas",
              "Environment": "UAT-DMZ",
              "Name": "Symphony-Kansas-Linux-ECS",
              "Project": "Symphony",
              "Region": "us-east-1"
            }
          },
          "private": "bnVsbA=="
        }
      ]
    },
    {
      "mode": "managed",
      "type": "aws_ecs_service",
      "name": "ecs_service",
      "provider": "provider.aws",
      "instances": [
        {
          "schema_version": 0,
          "attributes": {
            "capacity_provider_strategy": [],
            "cluster": "arn:aws:ecs:us-east-1:945116902499:cluster/Symphony-Kansas-Linux-ECS",
            "deployment_controller": [
              {
                "type": "ECS"
              }
            ],
            "deployment_maximum_percent": 200,
            "deployment_minimum_healthy_percent": 100,
            "desired_count": 2,
            "enable_ecs_managed_tags": false,
            "health_check_grace_period_seconds": 0,
            "iam_role": "ecs-service-role",
            "id": "arn:aws:ecs:us-east-1:945116902499:service/httpd",
            "launch_type": "EC2",
            "load_balancer": [
              {
                "container_name": "httpd",
                "container_port": 80,
                "elb_name": "",
                "target_group_arn": "arn:aws:elasticloadbalancing:us-east-1:945116902499:targetgroup/Symphony-Kansas-Linux-ECS-ALB-TG/3e86ebc4a51ce10b"
              }
            ],
            "name": "httpd",
            "network_configuration": [],
            "ordered_placement_strategy": [],
            "placement_constraints": [],
            "placement_strategy": [],
            "platform_version": "",
            "propagate_tags": "NONE",
            "scheduling_strategy": "REPLICA",
            "service_registries": [],
            "tags": null,
            "task_definition": "arn:aws:ecs:us-east-1:945116902499:task-definition/httpd:22"
          },
          "private": "bnVsbA==",
          "dependencies": [
            "aws_alb.aws_ecs_alb",
            "aws_alb_target_group.ecs-group",
            "aws_ecs_cluster.ecs_cluster",
            "aws_ecs_task_definition.ecs_service",
            "aws_iam_role_policy_attachment.ecs-service-attach"
          ]
        }
      ]
    },
    {
      "mode": "managed",
      "type": "aws_ecs_task_definition",
      "name": "ecs_service",
      "provider": "provider.aws",
      "instances": [
        {
          "schema_version": 1,
          "attributes": {
            "arn": "arn:aws:ecs:us-east-1:945116902499:task-definition/httpd:22",
            "container_definitions": "[{\"cpu\":0,\"environment\":[],\"essential\":true,\"image\":\"httpd:2.4\",\"logConfiguration\":{\"logDriver\":\"awslogs\",\"options\":{\"awslogs-group\":\"/Symphony-Kansas-Linux-ECS/httpd\",\"awslogs-region\":\"us-east-1\",\"awslogs-stream-prefix\":\"Symphony-Kansas-Linux-ECS\"}},\"memoryReservation\":128,\"mountPoints\":[],\"name\":\"httpd\",\"portMappings\":[{\"containerPort\":80,\"hostPort\":80,\"protocol\":\"tcp\"}],\"volumesFrom\":[]}]",
            "cpu": "",
            "execution_role_arn": "",
            "family": "httpd",
            "id": "httpd",
            "ipc_mode": null,
            "memory": "",
            "network_mode": "",
            "pid_mode": null,
            "placement_constraints": [],
            "proxy_configuration": [],
            "requires_compatibilities": null,
            "revision": 22,
            "tags": null,
            "task_role_arn": "",
            "volume": []
          },
          "private": "eyJzY2hlbWFfdmVyc2lvbiI6IjEifQ=="
        }
      ]
    },
    {
      "mode": "managed",
      "type": "aws_iam_instance_profile",
      "name": "ecs-ec2-role",
      "provider": "provider.aws",
      "instances": [
        {
          "schema_version": 0,
          "attributes": {
            "arn": "arn:aws:iam::945116902499:instance-profile/ecs-ec2-role-kansas-uat-dmz",
            "create_date": "2020-01-06T01:41:29Z",
            "id": "ecs-ec2-role-kansas-uat-dmz",
            "name": "ecs-ec2-role-kansas-uat-dmz",
            "name_prefix": null,
            "path": "/",
            "role": "ecs-ec2-role",
            "roles": [],
            "unique_id": "AIPA5YDK3ORR2TLQ36ZB6"
          },
          "private": "bnVsbA=="
        }
      ]
    },
    {
      "mode": "managed",
      "type": "aws_iam_role_policy_attachment",
      "name": "ecs-service-attach",
      "provider": "provider.aws",
      "instances": [
        {
          "schema_version": 0,
          "attributes": {
            "id": "ecs-service-role-20200106014129591700000001",
            "policy_arn": "arn:aws:iam::aws:policy/service-role/AmazonEC2ContainerServiceRole",
            "role": "ecs-service-role"
          },
          "private": "bnVsbA=="
        }
      ]
    },
    {
      "mode": "managed",
      "type": "aws_launch_configuration",
      "name": "ecs-cluster-lc",
      "provider": "provider.aws",
      "instances": [
        {
          "schema_version": 0,
          "attributes": {
            "associate_public_ip_address": false,
            "ebs_block_device": [],
            "ebs_optimized": false,
            "enable_monitoring": true,
            "ephemeral_block_device": [],
            "iam_instance_profile": "ecs-ec2-role-kansas-uat-dmz",
            "id": "Symphony-Kansas-Linux-ECS_LC20200106014130774700000002",
            "image_id": "ami-00afc256a955c31b5",
            "instance_type": "t2.micro",
            "key_name": "Kansas-UAT-ECS-Key",
            "name": "Symphony-Kansas-Linux-ECS_LC20200106014130774700000002",
            "name_prefix": "Symphony-Kansas-Linux-ECS_LC",
            "placement_tenancy": null,
            "root_block_device": [],
            "security_groups": [
              "sg-09a4c12052a8fa6c6"
            ],
            "spot_price": "",
            "user_data": "13fd740f1ecea7bf0ea193c09d8f1defccefc8e0",
            "user_data_base64": null,
            "vpc_classic_link_id": "",
            "vpc_classic_link_security_groups": null
          },
          "private": "bnVsbA==",
          "dependencies": [
            "aws_ecs_cluster.ecs_cluster",
            "aws_iam_instance_profile.ecs-ec2-role"
          ]
        }
      ]
    }
  ]
}
