{
  "version": 4,
  "terraform_version": "0.12.18",
  "serial": 24,
  "lineage": "5d02fbf5-55bf-631c-f336-72f073c9ea78",
  "outputs": {
    "alb_output": {
      "value": "internal-Kan-Sym-WebApp-ELB-2028723776.us-east-1.elb.amazonaws.com",
      "type": "string"
    }
  },
  "resources": [
    {
      "mode": "data",
      "type": "template_file",
      "name": "ecs-cluster",
      "provider": "provider.template",
      "instances": [
        {
          "schema_version": 0,
          "attributes": {
            "filename": null,
            "id": "b85397a8f174c8c103a3b1e7bba929e36ac8d13ab32cfa1940326ca35ac56acb",
            "rendered": "#!/bin/bash\necho ECS_CLUSTER=Kan-Sym-WebApp \u003e\u003e /etc/ecs/ecs.config\n",
            "template": "#!/bin/bash\necho ECS_CLUSTER=${ecs_cluster} \u003e\u003e /etc/ecs/ecs.config\n",
            "vars": {
              "ecs_cluster": "Kan-Sym-WebApp"
            }
          }
        }
      ]
    },
    {
      "mode": "data",
      "type": "template_file",
      "name": "ecs-cluster-2",
      "provider": "provider.template",
      "instances": [
        {
          "schema_version": 0,
          "attributes": {
            "filename": null,
            "id": "f5178d5fd1ce60a306aa367fb1b21904011e8bb5b5395d518c84f915cc377e53",
            "rendered": "\u003cpowershell\u003e\n[Environment]::SetEnvironmentVariable(\"ECS_ENABLE_CPU_UNBOUNDED_WINDOWS_WORKAROUND\", \"true\", \"Machine\")\n[Environment]::SetEnvironmentVariable(\"ECS_DISABLE_METRICS\", \"false\", \"Machine\")\nImport-Module ECSTools\nInitialize-ECSAgent -Cluster Kan-Sym-WebApp  -EnableTaskIAMRole\n\nSet-ExecutionPolicy Bypass -Force;\niex ((New-Object System.Net.WebClient).DownloadString('https://chocolatey.org/install.ps1'));\nchoco install python3 -y;\n\nrefreshenv\n\n\u003c/powershell\u003e\n",
            "template": "\u003cpowershell\u003e\n[Environment]::SetEnvironmentVariable(\"ECS_ENABLE_CPU_UNBOUNDED_WINDOWS_WORKAROUND\", \"true\", \"Machine\")\n[Environment]::SetEnvironmentVariable(\"ECS_DISABLE_METRICS\", \"false\", \"Machine\")\nImport-Module ECSTools\nInitialize-ECSAgent -Cluster ${ecs_cluster}  -EnableTaskIAMRole\n\nSet-ExecutionPolicy Bypass -Force;\niex ((New-Object System.Net.WebClient).DownloadString('https://chocolatey.org/install.ps1'));\nchoco install python3 -y;\n\nrefreshenv\n\n\u003c/powershell\u003e\n",
            "vars": {
              "ecs_cluster": "Kan-Sym-WebApp"
            }
          }
        }
      ]
    },
    {
      "mode": "data",
      "type": "template_file",
      "name": "ecs-tasks",
      "provider": "provider.template",
      "instances": [
        {
          "schema_version": 0,
          "attributes": {
            "filename": null,
            "id": "34333ec354d2ecb0dc566cf6fa65366201af696512986a4c3e4b6b061855da62",
            "rendered": "[\n  {\n    \"name\": \"uat-traceservice\",\n    \"image\": \"httpd:2.4\",\n    \"command\": [\n            \"/bin/sh -c \\\"echo '\u003chtml\u003e \u003chead\u003e \u003ctitle\u003euat-auditevents Sample App\u003c/title\u003e \u003cstyle\u003ebody {margin-top: 40px; background-color: #333;} \u003c/style\u003e \u003c/head\u003e\u003cbody\u003e \u003cdiv style=color:white;text-align:center\u003e \u003ch1\u003euat-auditevents\u003c/h1\u003e \u003ch2\u003eCongratulations!\u003c/h2\u003e \u003cp\u003euat-auditevents is now running on a container in Amazon ECS.\u003c/p\u003e \u003c/div\u003e\u003c/body\u003e\u003c/html\u003e' \u003e  /usr/local/apache2/htdocs/index.html \u0026\u0026 httpd-foreground\\\"\"\n    ],\n    \"entryPoint\": [\n            \"sh\",\n            \"-c\"\n    ],\n    \"memoryReservation\": 128,\n    \"essential\": true,\n    \"portMappings\": [\n      {\n        \"containerPort\": 80,\n        \"protocol\": \"tcp\",\n        \"hostPort\": 8001\n      }\n    ],\n    \"placementConstraints\": [\n      {\n        \"type\": \"memberOf\",\n        \"expression\": \"attribute:ecs.os-type == linux\"\n      }\n    ]\n  }\n]\n",
            "template": "[\n  {\n    \"name\": \"uat-traceservice\",\n    \"image\": \"httpd:2.4\",\n    \"command\": [\n            \"/bin/sh -c \\\"echo '\u003chtml\u003e \u003chead\u003e \u003ctitle\u003euat-auditevents Sample App\u003c/title\u003e \u003cstyle\u003ebody {margin-top: 40px; background-color: #333;} \u003c/style\u003e \u003c/head\u003e\u003cbody\u003e \u003cdiv style=color:white;text-align:center\u003e \u003ch1\u003euat-auditevents\u003c/h1\u003e \u003ch2\u003eCongratulations!\u003c/h2\u003e \u003cp\u003euat-auditevents is now running on a container in Amazon ECS.\u003c/p\u003e \u003c/div\u003e\u003c/body\u003e\u003c/html\u003e' \u003e  /usr/local/apache2/htdocs/index.html \u0026\u0026 httpd-foreground\\\"\"\n    ],\n    \"entryPoint\": [\n            \"sh\",\n            \"-c\"\n    ],\n    \"memoryReservation\": 128,\n    \"essential\": true,\n    \"portMappings\": [\n      {\n        \"containerPort\": 80,\n        \"protocol\": \"tcp\",\n        \"hostPort\": 8001\n      }\n    ],\n    \"placementConstraints\": [\n      {\n        \"type\": \"memberOf\",\n        \"expression\": \"attribute:ecs.os-type == linux\"\n      }\n    ]\n  }\n]\n",
            "vars": {
              "ecs_cluster": "Kan-Sym-WebApp",
              "which_region": "us-east-1"
            }
          }
        }
      ]
    },
    {
      "mode": "data",
      "type": "template_file",
      "name": "ecs-tasks-2",
      "provider": "provider.template",
      "instances": [
        {
          "schema_version": 0,
          "attributes": {
            "filename": null,
            "id": "9105be5ec8fa3cea73dce0dbf70709bc9e20df9d2f5caa62df67c8d8fc22861f",
            "rendered": "[\n  {\n    \"name\": \"uat-webapp\",\n    \"image\": \"microsoft/iis\",\n    \"memory\" : 512,\n    \"essential\": true,\n    \"portMappings\": [\n      {\n        \"containerPort\": 80,\n        \"protocol\": \"tcp\",\n        \"hostPort\": 8002\n      }\n    ],\n    \"placementConstraints\": [\n      {\n        \"type\": \"memberOf\",\n        \"expression\": \"attribute:ecs.os-type == windows\"\n      }\n    ]\n  }\n\n]\n",
            "template": "[\n  {\n    \"name\": \"uat-webapp\",\n    \"image\": \"microsoft/iis\",\n    \"memory\" : 512,\n    \"essential\": true,\n    \"portMappings\": [\n      {\n        \"containerPort\": 80,\n        \"protocol\": \"tcp\",\n        \"hostPort\": 8002\n      }\n    ],\n    \"placementConstraints\": [\n      {\n        \"type\": \"memberOf\",\n        \"expression\": \"attribute:ecs.os-type == windows\"\n      }\n    ]\n  }\n\n]\n",
            "vars": {
              "ecs_cluster": "Kan-Sym-WebApp",
              "which_region": "us-east-1"
            }
          }
        }
      ]
    },
    {
      "mode": "managed",
      "type": "aws_alb",
      "name": "aws_ecs_alb",
      "provider": "provider.aws",
      "instances": [
        {
          "schema_version": 0,
          "attributes": {
            "access_logs": [
              {
                "bucket": "",
                "enabled": false,
                "prefix": ""
              }
            ],
            "arn": "arn:aws:elasticloadbalancing:us-east-1:945116902499:loadbalancer/app/Kan-Sym-WebApp-ELB/ee128d7ceef43491",
            "arn_suffix": "app/Kan-Sym-WebApp-ELB/ee128d7ceef43491",
            "dns_name": "internal-Kan-Sym-WebApp-ELB-2028723776.us-east-1.elb.amazonaws.com",
            "enable_cross_zone_load_balancing": null,
            "enable_deletion_protection": false,
            "enable_http2": true,
            "id": "arn:aws:elasticloadbalancing:us-east-1:945116902499:loadbalancer/app/Kan-Sym-WebApp-ELB/ee128d7ceef43491",
            "idle_timeout": 600,
            "internal": true,
            "ip_address_type": "ipv4",
            "load_balancer_type": "application",
            "name": "Kan-Sym-WebApp-ELB",
            "name_prefix": null,
            "security_groups": [
              "sg-09a4c12052a8fa6c6"
            ],
            "subnet_mapping": [
              {
                "allocation_id": "",
                "subnet_id": "subnet-045f15dc2d848718a"
              },
              {
                "allocation_id": "",
                "subnet_id": "subnet-0c4816f7842153167"
              }
            ],
            "subnets": [
              "subnet-045f15dc2d848718a",
              "subnet-0c4816f7842153167"
            ],
            "tags": null,
            "timeouts": null,
            "vpc_id": "vpc-069d202f6c6abf29a",
            "zone_id": "Z35SXDOTRQ7X7K"
          },
          "private": "eyJlMmJmYjczMC1lY2FhLTExZTYtOGY4OC0zNDM2M2JjN2M0YzAiOnsiY3JlYXRlIjo2MDAwMDAwMDAwMDAsImRlbGV0ZSI6NjAwMDAwMDAwMDAwLCJ1cGRhdGUiOjYwMDAwMDAwMDAwMH19"
        }
      ]
    },
    {
      "mode": "managed",
      "type": "aws_alb_listener",
      "name": "front_end",
      "provider": "provider.aws",
      "instances": [
        {
          "schema_version": 0,
          "attributes": {
            "arn": "arn:aws:elasticloadbalancing:us-east-1:945116902499:listener/app/Kan-Sym-WebApp-ELB/ee128d7ceef43491/561c6a694fd55b1c",
            "certificate_arn": null,
            "default_action": [
              {
                "authenticate_cognito": [],
                "authenticate_oidc": [],
                "fixed_response": [],
                "order": 1,
                "redirect": [],
                "target_group_arn": "arn:aws:elasticloadbalancing:us-east-1:945116902499:targetgroup/Kan-Sym-WebApp-target-group/b8fb9ce0f2553d2c",
                "type": "forward"
              }
            ],
            "id": "arn:aws:elasticloadbalancing:us-east-1:945116902499:listener/app/Kan-Sym-WebApp-ELB/ee128d7ceef43491/561c6a694fd55b1c",
            "load_balancer_arn": "arn:aws:elasticloadbalancing:us-east-1:945116902499:loadbalancer/app/Kan-Sym-WebApp-ELB/ee128d7ceef43491",
            "port": 80,
            "protocol": "HTTP",
            "ssl_policy": "",
            "timeouts": null
          },
          "private": "eyJlMmJmYjczMC1lY2FhLTExZTYtOGY4OC0zNDM2M2JjN2M0YzAiOnsicmVhZCI6NjAwMDAwMDAwMDAwfX0=",
          "dependencies": [
            "aws_alb.aws_ecs_alb",
            "aws_alb_target_group.ecs-group"
          ]
        }
      ]
    },
    {
      "mode": "managed",
      "type": "aws_alb_listener_rule",
      "name": "traceservice",
      "provider": "provider.aws",
      "instances": [
        {
          "schema_version": 0,
          "attributes": {
            "action": [
              {
                "authenticate_cognito": [],
                "authenticate_oidc": [],
                "fixed_response": [],
                "order": 1,
                "redirect": [],
                "target_group_arn": "arn:aws:elasticloadbalancing:us-east-1:945116902499:targetgroup/Kan-Sym-WebApp-uat-traceservice/a48e0fc966842c68",
                "type": "forward"
              }
            ],
            "arn": "arn:aws:elasticloadbalancing:us-east-1:945116902499:listener-rule/app/Kan-Sym-WebApp-ELB/ee128d7ceef43491/561c6a694fd55b1c/72dc5ae1a7e28918",
            "condition": [
              {
                "field": "path-pattern",
                "host_header": [],
                "http_header": [],
                "http_request_method": [],
                "path_pattern": [
                  {
                    "values": [
                      "/api/traceservice*"
                    ]
                  }
                ],
                "query_string": [],
                "source_ip": [],
                "values": [
                  "/api/traceservice*"
                ]
              }
            ],
            "id": "arn:aws:elasticloadbalancing:us-east-1:945116902499:listener-rule/app/Kan-Sym-WebApp-ELB/ee128d7ceef43491/561c6a694fd55b1c/72dc5ae1a7e28918",
            "listener_arn": "arn:aws:elasticloadbalancing:us-east-1:945116902499:listener/app/Kan-Sym-WebApp-ELB/ee128d7ceef43491/561c6a694fd55b1c",
            "priority": 100
          },
          "private": "bnVsbA==",
          "dependencies": [
            "aws_alb.aws_ecs_alb",
            "aws_alb_listener.front_end",
            "aws_alb_target_group.ecs-group",
            "aws_alb_target_group.uat-traceservice"
          ]
        }
      ]
    },
    {
      "mode": "managed",
      "type": "aws_alb_target_group",
      "name": "ecs-group",
      "provider": "provider.aws",
      "instances": [
        {
          "schema_version": 0,
          "attributes": {
            "arn": "arn:aws:elasticloadbalancing:us-east-1:945116902499:targetgroup/Kan-Sym-WebApp-target-group/b8fb9ce0f2553d2c",
            "arn_suffix": "targetgroup/Kan-Sym-WebApp-target-group/b8fb9ce0f2553d2c",
            "deregistration_delay": 300,
            "health_check": [
              {
                "enabled": true,
                "healthy_threshold": 5,
                "interval": 30,
                "matcher": "200,301,302",
                "path": "/",
                "port": "traffic-port",
                "protocol": "HTTP",
                "timeout": 5,
                "unhealthy_threshold": 2
              }
            ],
            "id": "arn:aws:elasticloadbalancing:us-east-1:945116902499:targetgroup/Kan-Sym-WebApp-target-group/b8fb9ce0f2553d2c",
            "lambda_multi_value_headers_enabled": false,
            "name": "Kan-Sym-WebApp-target-group",
            "name_prefix": null,
            "port": 8001,
            "protocol": "HTTP",
            "proxy_protocol_v2": false,
            "slow_start": 0,
            "stickiness": [
              {
                "cookie_duration": 300,
                "enabled": true,
                "type": "lb_cookie"
              }
            ],
            "tags": null,
            "target_type": "instance",
            "vpc_id": "vpc-069d202f6c6abf29a"
          },
          "private": "bnVsbA==",
          "dependencies": [
            "aws_alb.aws_ecs_alb"
          ]
        }
      ]
    },
    {
      "mode": "managed",
      "type": "aws_alb_target_group",
      "name": "uat-traceservice",
      "provider": "provider.aws",
      "instances": [
        {
          "schema_version": 0,
          "attributes": {
            "arn": "arn:aws:elasticloadbalancing:us-east-1:945116902499:targetgroup/Kan-Sym-WebApp-uat-traceservice/a48e0fc966842c68",
            "arn_suffix": "targetgroup/Kan-Sym-WebApp-uat-traceservice/a48e0fc966842c68",
            "deregistration_delay": 300,
            "health_check": [
              {
                "enabled": true,
                "healthy_threshold": 5,
                "interval": 30,
                "matcher": "200,301,302",
                "path": "/",
                "port": "traffic-port",
                "protocol": "HTTP",
                "timeout": 5,
                "unhealthy_threshold": 2
              }
            ],
            "id": "arn:aws:elasticloadbalancing:us-east-1:945116902499:targetgroup/Kan-Sym-WebApp-uat-traceservice/a48e0fc966842c68",
            "lambda_multi_value_headers_enabled": false,
            "name": "Kan-Sym-WebApp-uat-traceservice",
            "name_prefix": null,
            "port": 8001,
            "protocol": "HTTP",
            "proxy_protocol_v2": false,
            "slow_start": 0,
            "stickiness": [
              {
                "cookie_duration": 300,
                "enabled": true,
                "type": "lb_cookie"
              }
            ],
            "tags": null,
            "target_type": "instance",
            "vpc_id": "vpc-069d202f6c6abf29a"
          },
          "private": "bnVsbA==",
          "dependencies": [
            "aws_alb.aws_ecs_alb"
          ]
        }
      ]
    },
    {
      "mode": "managed",
      "type": "aws_autoscaling_attachment",
      "name": "uat-traceservice",
      "provider": "provider.aws",
      "instances": [
        {
          "schema_version": 0,
          "attributes": {
            "alb_target_group_arn": "arn:aws:elasticloadbalancing:us-east-1:945116902499:targetgroup/Kan-Sym-WebApp-uat-traceservice/a48e0fc966842c68",
            "autoscaling_group_name": "Kan-Sym-WebApp_asg_Linux",
            "elb": null,
            "id": "Kan-Sym-WebApp_asg_Linux-20200109175647240700000006"
          },
          "private": "bnVsbA==",
          "dependencies": [
            "aws_alb.aws_ecs_alb",
            "aws_alb_target_group.uat-traceservice",
            "aws_autoscaling_group.ecs-cluster",
            "aws_ecs_cluster.ecs_cluster",
            "aws_iam_instance_profile.ecs-ec2-role",
            "aws_launch_configuration.ecs-cluster-lc"
          ]
        }
      ]
    },
    {
      "mode": "managed",
      "type": "aws_autoscaling_group",
      "name": "ecs-cluster",
      "provider": "provider.aws",
      "instances": [
        {
          "schema_version": 0,
          "attributes": {
            "arn": "arn:aws:autoscaling:us-east-1:945116902499:autoScalingGroup:b259577c-8548-43c4-9e9a-022466f7bd56:autoScalingGroupName/Kan-Sym-WebApp_asg_Linux",
            "availability_zones": [
              "us-east-1a",
              "us-east-1b"
            ],
            "default_cooldown": 30,
            "desired_capacity": 2,
            "enabled_metrics": null,
            "force_delete": false,
            "health_check_grace_period": 120,
            "health_check_type": "EC2",
            "id": "Kan-Sym-WebApp_asg_Linux",
            "initial_lifecycle_hook": [],
            "launch_configuration": "Kan-Sym-WebApp-lc-Linux20200109175323705900000002",
            "launch_template": [],
            "load_balancers": [],
            "max_instance_lifetime": 0,
            "max_size": 4,
            "metrics_granularity": "1Minute",
            "min_elb_capacity": null,
            "min_size": 2,
            "mixed_instances_policy": [],
            "name": "Kan-Sym-WebApp_asg_Linux",
            "name_prefix": null,
            "placement_group": "",
            "protect_from_scale_in": false,
            "service_linked_role_arn": "arn:aws:iam::945116902499:role/aws-service-role/autoscaling.amazonaws.com/AWSServiceRoleForAutoScaling",
            "suspended_processes": null,
            "tag": [
              {
                "key": "Name",
                "propagate_at_launch": true,
                "value": "Kan-Sym-WebApp_asg_Linux"
              }
            ],
            "tags": null,
            "target_group_arns": [],
            "termination_policies": [
              "OldestInstance"
            ],
            "timeouts": null,
            "vpc_zone_identifier": [
              "subnet-045f15dc2d848718a",
              "subnet-0c4816f7842153167"
            ],
            "wait_for_capacity_timeout": "10m",
            "wait_for_elb_capacity": null
          },
          "private": "eyJlMmJmYjczMC1lY2FhLTExZTYtOGY4OC0zNDM2M2JjN2M0YzAiOnsiZGVsZXRlIjo2MDAwMDAwMDAwMDB9fQ==",
          "dependencies": [
            "aws_ecs_cluster.ecs_cluster",
            "aws_iam_instance_profile.ecs-ec2-role",
            "aws_launch_configuration.ecs-cluster-lc"
          ]
        }
      ]
    },
    {
      "mode": "managed",
      "type": "aws_autoscaling_group",
      "name": "ecs-cluster-2",
      "each": "list",
      "provider": "provider.aws",
      "instances": [
        {
          "index_key": 0,
          "schema_version": 0,
          "attributes": {
            "arn": "arn:aws:autoscaling:us-east-1:945116902499:autoScalingGroup:bfe5a754-2d28-4237-a391-c5aa8b65c47a:autoScalingGroupName/Kan-Sym-WebApp_asg_Windows",
            "availability_zones": [
              "us-east-1a",
              "us-east-1b"
            ],
            "default_cooldown": 30,
            "desired_capacity": 2,
            "enabled_metrics": null,
            "force_delete": false,
            "health_check_grace_period": 120,
            "health_check_type": "EC2",
            "id": "Kan-Sym-WebApp_asg_Windows",
            "initial_lifecycle_hook": [],
            "launch_configuration": "Kan-Sym-WebApp-lc-Windows20200109175323707200000003",
            "launch_template": [],
            "load_balancers": [],
            "max_instance_lifetime": 0,
            "max_size": 4,
            "metrics_granularity": "1Minute",
            "min_elb_capacity": null,
            "min_size": 2,
            "mixed_instances_policy": [],
            "name": "Kan-Sym-WebApp_asg_Windows",
            "name_prefix": null,
            "placement_group": "",
            "protect_from_scale_in": false,
            "service_linked_role_arn": "arn:aws:iam::945116902499:role/aws-service-role/autoscaling.amazonaws.com/AWSServiceRoleForAutoScaling",
            "suspended_processes": null,
            "tag": [
              {
                "key": "Name",
                "propagate_at_launch": true,
                "value": "Kan-Sym-WebApp_asg_Windows"
              }
            ],
            "tags": null,
            "target_group_arns": [],
            "termination_policies": [
              "OldestInstance"
            ],
            "timeouts": null,
            "vpc_zone_identifier": [
              "subnet-045f15dc2d848718a",
              "subnet-0c4816f7842153167"
            ],
            "wait_for_capacity_timeout": "10m",
            "wait_for_elb_capacity": null
          },
          "private": "eyJlMmJmYjczMC1lY2FhLTExZTYtOGY4OC0zNDM2M2JjN2M0YzAiOnsiZGVsZXRlIjo2MDAwMDAwMDAwMDB9fQ==",
          "dependencies": [
            "aws_ecs_cluster.ecs_cluster",
            "aws_iam_instance_profile.ecs-ec2-role",
            "aws_launch_configuration.ecs-cluster-lc-2"
          ]
        }
      ]
    },
    {
      "mode": "managed",
      "type": "aws_autoscaling_policy",
      "name": "ecs-cluster",
      "provider": "provider.aws",
      "instances": [
        {
          "schema_version": 0,
          "attributes": {
            "adjustment_type": "",
            "arn": "arn:aws:autoscaling:us-east-1:945116902499:scalingPolicy:198d088d-0152-4ce2-a432-8481c2099ea1:autoScalingGroupName/Kan-Sym-WebApp_asg_Linux:policyName/Kan-Sym-WebApp_autoscaling_Linux",
            "autoscaling_group_name": "Kan-Sym-WebApp_asg_Linux",
            "cooldown": 0,
            "estimated_instance_warmup": 90,
            "id": "Kan-Sym-WebApp_autoscaling_Linux",
            "metric_aggregation_type": "",
            "min_adjustment_magnitude": null,
            "min_adjustment_step": null,
            "name": "Kan-Sym-WebApp_autoscaling_Linux",
            "policy_type": "TargetTrackingScaling",
            "scaling_adjustment": 0,
            "step_adjustment": [],
            "target_tracking_configuration": [
              {
                "customized_metric_specification": [],
                "disable_scale_in": false,
                "predefined_metric_specification": [
                  {
                    "predefined_metric_type": "ASGAverageCPUUtilization",
                    "resource_label": ""
                  }
                ],
                "target_value": 70
              }
            ]
          },
          "private": "bnVsbA==",
          "dependencies": [
            "aws_autoscaling_group.ecs-cluster",
            "aws_ecs_cluster.ecs_cluster",
            "aws_iam_instance_profile.ecs-ec2-role",
            "aws_launch_configuration.ecs-cluster-lc"
          ]
        }
      ]
    },
    {
      "mode": "managed",
      "type": "aws_autoscaling_policy",
      "name": "ecs-cluster-2",
      "each": "list",
      "provider": "provider.aws",
      "instances": [
        {
          "index_key": 0,
          "schema_version": 0,
          "attributes": {
            "adjustment_type": "",
            "arn": "arn:aws:autoscaling:us-east-1:945116902499:scalingPolicy:f7fe3f1f-8fbb-4f67-8bf2-8f39d1b45d00:autoScalingGroupName/Kan-Sym-WebApp_asg_Windows:policyName/Kan-Sym-WebApp_autoscaling_Windows",
            "autoscaling_group_name": "Kan-Sym-WebApp_asg_Windows",
            "cooldown": 0,
            "estimated_instance_warmup": 90,
            "id": "Kan-Sym-WebApp_autoscaling_Windows",
            "metric_aggregation_type": "",
            "min_adjustment_magnitude": null,
            "min_adjustment_step": null,
            "name": "Kan-Sym-WebApp_autoscaling_Windows",
            "policy_type": "TargetTrackingScaling",
            "scaling_adjustment": 0,
            "step_adjustment": [],
            "target_tracking_configuration": [
              {
                "customized_metric_specification": [],
                "disable_scale_in": false,
                "predefined_metric_specification": [
                  {
                    "predefined_metric_type": "ASGAverageCPUUtilization",
                    "resource_label": ""
                  }
                ],
                "target_value": 70
              }
            ]
          },
          "private": "bnVsbA==",
          "dependencies": [
            "aws_autoscaling_group.ecs-cluster-2",
            "aws_ecs_cluster.ecs_cluster",
            "aws_iam_instance_profile.ecs-ec2-role",
            "aws_launch_configuration.ecs-cluster-lc-2"
          ]
        }
      ]
    },
    {
      "mode": "managed",
      "type": "aws_ecs_cluster",
      "name": "ecs_cluster",
      "provider": "provider.aws",
      "instances": [
        {
          "schema_version": 0,
          "attributes": {
            "arn": "arn:aws:ecs:us-east-1:945116902499:cluster/Kan-Sym-WebApp",
            "capacity_providers": null,
            "default_capacity_provider_strategy": [],
            "id": "arn:aws:ecs:us-east-1:945116902499:cluster/Kan-Sym-WebApp",
            "name": "Kan-Sym-WebApp",
            "setting": [
              {
                "name": "containerInsights",
                "value": "disabled"
              }
            ],
            "tags": null
          },
          "private": "bnVsbA=="
        }
      ]
    },
    {
      "mode": "managed",
      "type": "aws_ecs_service",
      "name": "ecs_service",
      "provider": "provider.aws",
      "instances": [
        {
          "schema_version": 0,
          "attributes": {
            "capacity_provider_strategy": [],
            "cluster": "arn:aws:ecs:us-east-1:945116902499:cluster/Kan-Sym-WebApp",
            "deployment_controller": [
              {
                "type": "ECS"
              }
            ],
            "deployment_maximum_percent": 200,
            "deployment_minimum_healthy_percent": 100,
            "desired_count": 2,
            "enable_ecs_managed_tags": false,
            "health_check_grace_period_seconds": 0,
            "iam_role": null,
            "id": "arn:aws:ecs:us-east-1:945116902499:service/Kan-Sym-WebApp-Linux-service",
            "launch_type": "EC2",
            "load_balancer": [],
            "name": "Kan-Sym-WebApp-Linux-service",
            "network_configuration": [],
            "ordered_placement_strategy": [],
            "placement_constraints": [],
            "placement_strategy": [],
            "platform_version": "",
            "propagate_tags": "NONE",
            "scheduling_strategy": "REPLICA",
            "service_registries": [],
            "tags": null,
            "task_definition": "arn:aws:ecs:us-east-1:945116902499:task-definition/Kan-Sym-WebApp-Linux-service:1"
          },
          "private": "bnVsbA==",
          "dependencies": [
            "aws_ecs_cluster.ecs_cluster",
            "aws_ecs_task_definition.ecs_service",
            "aws_iam_role_policy_attachment.ecs-service-attach"
          ]
        }
      ]
    },
    {
      "mode": "managed",
      "type": "aws_ecs_service",
      "name": "ecs_service_2",
      "each": "list",
      "provider": "provider.aws",
      "instances": [
        {
          "index_key": 0,
          "schema_version": 0,
          "attributes": {
            "capacity_provider_strategy": [],
            "cluster": "arn:aws:ecs:us-east-1:945116902499:cluster/Kan-Sym-WebApp",
            "deployment_controller": [
              {
                "type": "ECS"
              }
            ],
            "deployment_maximum_percent": 200,
            "deployment_minimum_healthy_percent": 100,
            "desired_count": 2,
            "enable_ecs_managed_tags": false,
            "health_check_grace_period_seconds": 0,
            "iam_role": null,
            "id": "arn:aws:ecs:us-east-1:945116902499:service/Kan-Sym-WebApp-Windows-service",
            "launch_type": "EC2",
            "load_balancer": [],
            "name": "Kan-Sym-WebApp-Windows-service",
            "network_configuration": [],
            "ordered_placement_strategy": [],
            "placement_constraints": [],
            "placement_strategy": [],
            "platform_version": "",
            "propagate_tags": "NONE",
            "scheduling_strategy": "REPLICA",
            "service_registries": [],
            "tags": null,
            "task_definition": "arn:aws:ecs:us-east-1:945116902499:task-definition/Kan-Sym-WebApp-Windows-service:1"
          },
          "private": "bnVsbA==",
          "dependencies": [
            "aws_ecs_cluster.ecs_cluster",
            "aws_ecs_task_definition.ecs_service_2",
            "aws_iam_role_policy_attachment.ecs-service-attach"
          ]
        }
      ]
    },
    {
      "mode": "managed",
      "type": "aws_ecs_task_definition",
      "name": "ecs_service",
      "provider": "provider.aws",
      "instances": [
        {
          "schema_version": 1,
          "attributes": {
            "arn": "arn:aws:ecs:us-east-1:945116902499:task-definition/Kan-Sym-WebApp-Linux-service:1",
            "container_definitions": "[{\"command\":[\"/bin/sh -c \\\"echo '\u003chtml\u003e \u003chead\u003e \u003ctitle\u003euat-auditevents Sample App\u003c/title\u003e \u003cstyle\u003ebody {margin-top: 40px; background-color: #333;} \u003c/style\u003e \u003c/head\u003e\u003cbody\u003e \u003cdiv style=color:white;text-align:center\u003e \u003ch1\u003euat-auditevents\u003c/h1\u003e \u003ch2\u003eCongratulations!\u003c/h2\u003e \u003cp\u003euat-auditevents is now running on a container in Amazon ECS.\u003c/p\u003e \u003c/div\u003e\u003c/body\u003e\u003c/html\u003e' \u003e  /usr/local/apache2/htdocs/index.html \u0026\u0026 httpd-foreground\\\"\"],\"cpu\":0,\"entryPoint\":[\"sh\",\"-c\"],\"environment\":[],\"essential\":true,\"image\":\"httpd:2.4\",\"memoryReservation\":128,\"mountPoints\":[],\"name\":\"uat-traceservice\",\"portMappings\":[{\"containerPort\":80,\"hostPort\":8001,\"protocol\":\"tcp\"}],\"volumesFrom\":[]}]",
            "cpu": "",
            "execution_role_arn": "",
            "family": "Kan-Sym-WebApp-Linux-service",
            "id": "Kan-Sym-WebApp-Linux-service",
            "ipc_mode": null,
            "memory": "",
            "network_mode": "",
            "pid_mode": null,
            "placement_constraints": [],
            "proxy_configuration": [],
            "requires_compatibilities": null,
            "revision": 1,
            "tags": null,
            "task_role_arn": "",
            "volume": []
          },
          "private": "eyJzY2hlbWFfdmVyc2lvbiI6IjEifQ==",
          "dependencies": [
            "aws_ecs_cluster.ecs_cluster"
          ]
        }
      ]
    },
    {
      "mode": "managed",
      "type": "aws_ecs_task_definition",
      "name": "ecs_service_2",
      "each": "list",
      "provider": "provider.aws",
      "instances": [
        {
          "index_key": 0,
          "schema_version": 1,
          "attributes": {
            "arn": "arn:aws:ecs:us-east-1:945116902499:task-definition/Kan-Sym-WebApp-Windows-service:1",
            "container_definitions": "[{\"cpu\":0,\"environment\":[],\"essential\":true,\"image\":\"microsoft/iis\",\"memory\":512,\"mountPoints\":[],\"name\":\"uat-webapp\",\"portMappings\":[{\"containerPort\":80,\"hostPort\":8002,\"protocol\":\"tcp\"}],\"volumesFrom\":[]}]",
            "cpu": "",
            "execution_role_arn": "",
            "family": "Kan-Sym-WebApp-Windows-service",
            "id": "Kan-Sym-WebApp-Windows-service",
            "ipc_mode": null,
            "memory": "",
            "network_mode": "",
            "pid_mode": null,
            "placement_constraints": [],
            "proxy_configuration": [],
            "requires_compatibilities": null,
            "revision": 1,
            "tags": null,
            "task_role_arn": "",
            "volume": []
          },
          "private": "eyJzY2hlbWFfdmVyc2lvbiI6IjEifQ==",
          "dependencies": [
            "aws_ecs_cluster.ecs_cluster"
          ]
        }
      ]
    },
    {
      "mode": "managed",
      "type": "aws_iam_instance_profile",
      "name": "ecs-ec2-role",
      "provider": "provider.aws",
      "instances": [
        {
          "schema_version": 0,
          "attributes": {
            "arn": "arn:aws:iam::945116902499:instance-profile/Kan-Sym-WebApp-iam-instance-profile",
            "create_date": "2020-01-09T17:53:23Z",
            "id": "Kan-Sym-WebApp-iam-instance-profile",
            "name": "Kan-Sym-WebApp-iam-instance-profile",
            "name_prefix": null,
            "path": "/",
            "role": "ecs-ec2-role",
            "roles": [],
            "unique_id": "AIPA5YDK3ORR66SFBL626"
          },
          "private": "bnVsbA=="
        }
      ]
    },
    {
      "mode": "managed",
      "type": "aws_iam_role_policy_attachment",
      "name": "ecs-service-attach",
      "provider": "provider.aws",
      "instances": [
        {
          "schema_version": 0,
          "attributes": {
            "id": "ecs-service-role-20200109175323331900000001",
            "policy_arn": "arn:aws:iam::aws:policy/service-role/AmazonEC2ContainerServiceRole",
            "role": "ecs-service-role"
          },
          "private": "bnVsbA=="
        }
      ]
    },
    {
      "mode": "managed",
      "type": "aws_launch_configuration",
      "name": "ecs-cluster-lc",
      "provider": "provider.aws",
      "instances": [
        {
          "schema_version": 0,
          "attributes": {
            "associate_public_ip_address": false,
            "ebs_block_device": [],
            "ebs_optimized": false,
            "enable_monitoring": true,
            "ephemeral_block_device": [],
            "iam_instance_profile": "Kan-Sym-WebApp-iam-instance-profile",
            "id": "Kan-Sym-WebApp-lc-Linux20200109175323705900000002",
            "image_id": "ami-00afc256a955c31b5",
            "instance_type": "t3.medium",
            "key_name": "Kansas-UAT-ECS-Key",
            "name": "Kan-Sym-WebApp-lc-Linux20200109175323705900000002",
            "name_prefix": "Kan-Sym-WebApp-lc-Linux",
            "placement_tenancy": null,
            "root_block_device": [],
            "security_groups": [
              "sg-09a4c12052a8fa6c6"
            ],
            "spot_price": "",
            "user_data": "8bb2f8b8acc0e86540cb74f930541acb6dc3c8ad",
            "user_data_base64": null,
            "vpc_classic_link_id": "",
            "vpc_classic_link_security_groups": null
          },
          "private": "bnVsbA==",
          "dependencies": [
            "aws_ecs_cluster.ecs_cluster",
            "aws_iam_instance_profile.ecs-ec2-role"
          ]
        }
      ]
    },
    {
      "mode": "managed",
      "type": "aws_launch_configuration",
      "name": "ecs-cluster-lc-2",
      "each": "list",
      "provider": "provider.aws",
      "instances": [
        {
          "index_key": 0,
          "schema_version": 0,
          "attributes": {
            "associate_public_ip_address": false,
            "ebs_block_device": [],
            "ebs_optimized": false,
            "enable_monitoring": true,
            "ephemeral_block_device": [],
            "iam_instance_profile": "Kan-Sym-WebApp-iam-instance-profile",
            "id": "Kan-Sym-WebApp-lc-Windows20200109175323707200000003",
            "image_id": "ami-0eb7093437bbdc227",
            "instance_type": "t3.medium",
            "key_name": "Kansas-UAT-ECS-Key",
            "name": "Kan-Sym-WebApp-lc-Windows20200109175323707200000003",
            "name_prefix": "Kan-Sym-WebApp-lc-Windows",
            "placement_tenancy": null,
            "root_block_device": [],
            "security_groups": [
              "sg-09a4c12052a8fa6c6"
            ],
            "spot_price": "",
            "user_data": "ee05dfbc4a64c42448f764e61490f55ec621003a",
            "user_data_base64": null,
            "vpc_classic_link_id": "",
            "vpc_classic_link_security_groups": null
          },
          "private": "bnVsbA==",
          "dependencies": [
            "aws_ecs_cluster.ecs_cluster",
            "aws_iam_instance_profile.ecs-ec2-role"
          ]
        }
      ]
    }
  ]
}
