{
  "version": 4,
  "terraform_version": "0.12.18",
  "serial": 41,
  "lineage": "8279350c-3035-cede-2be9-be9fa6494eb0",
  "outputs": {
    "alb_output": {
      "value": "internal-Kan-Sym-Services-ELB-1037964722.us-east-1.elb.amazonaws.com",
      "type": "string"
    }
  },
  "resources": [
    {
      "mode": "data",
      "type": "template_file",
      "name": "ecs-cluster",
      "provider": "provider.template",
      "instances": [
        {
          "schema_version": 0,
          "attributes": {
            "filename": null,
            "id": "96c26d189564d0cfb5888cc805e8eae581a3447c5630d792651130dde5451ee5",
            "rendered": "#!/bin/bash\necho ECS_CLUSTER=Kan-Sym-Services \u003e\u003e /etc/ecs/ecs.config\n",
            "template": "#!/bin/bash\necho ECS_CLUSTER=${ecs_cluster} \u003e\u003e /etc/ecs/ecs.config\n",
            "vars": {
              "ecs_cluster": "Kan-Sym-Services"
            }
          }
        }
      ]
    },
    {
      "mode": "data",
      "type": "template_file",
      "name": "ecs-cluster-2",
      "provider": "provider.template",
      "instances": [
        {
          "schema_version": 0,
          "attributes": {
            "filename": null,
            "id": "16cda0146f7863bd19d60e0cd56a845bbead27b48e7079d1a1d71983ea25da45",
            "rendered": "\u003cpowershell\u003e\n[Environment]::SetEnvironmentVariable(\"ECS_ENABLE_CPU_UNBOUNDED_WINDOWS_WORKAROUND\", \"true\", \"Machine\")\n[Environment]::SetEnvironmentVariable(\"ECS_DISABLE_METRICS\", \"false\", \"Machine\")\nImport-Module ECSTools\nInitialize-ECSAgent -Cluster Kan-Sym-Services  -EnableTaskIAMRole\n\nSet-ExecutionPolicy Bypass -Force;\niex ((New-Object System.Net.WebClient).DownloadString('https://chocolatey.org/install.ps1'));\nchoco install python3 -y;\n\nrefreshenv\n\n\u003c/powershell\u003e\n",
            "template": "\u003cpowershell\u003e\n[Environment]::SetEnvironmentVariable(\"ECS_ENABLE_CPU_UNBOUNDED_WINDOWS_WORKAROUND\", \"true\", \"Machine\")\n[Environment]::SetEnvironmentVariable(\"ECS_DISABLE_METRICS\", \"false\", \"Machine\")\nImport-Module ECSTools\nInitialize-ECSAgent -Cluster ${ecs_cluster}  -EnableTaskIAMRole\n\nSet-ExecutionPolicy Bypass -Force;\niex ((New-Object System.Net.WebClient).DownloadString('https://chocolatey.org/install.ps1'));\nchoco install python3 -y;\n\nrefreshenv\n\n\u003c/powershell\u003e\n",
            "vars": {
              "ecs_cluster": "Kan-Sym-Services"
            }
          }
        }
      ]
    },
    {
      "mode": "data",
      "type": "template_file",
      "name": "ecs-tasks",
      "provider": "provider.template",
      "instances": [
        {
          "schema_version": 0,
          "attributes": {
            "filename": null,
            "id": "0a9ca29c622090c746e2f9635ac9997f47fa1990c9132ecb8a354bc5ccdec986",
            "rendered": "[\n  {\n    \"name\": \"uat-auditevents\",\n    \"image\": \"httpd:2.4\",\n    \"command\": [\n            \"/bin/sh -c \\\"echo '\u003chtml\u003e \u003chead\u003e \u003ctitle\u003euat-auditevents Sample App\u003c/title\u003e \u003cstyle\u003ebody {margin-top: 40px; background-color: #333;} \u003c/style\u003e \u003c/head\u003e\u003cbody\u003e \u003cdiv style=color:white;text-align:center\u003e \u003ch1\u003euat-auditevents\u003c/h1\u003e \u003ch2\u003eCongratulations!\u003c/h2\u003e \u003cp\u003euat-auditevents is now running on a container in Amazon ECS.\u003c/p\u003e \u003c/div\u003e\u003c/body\u003e\u003c/html\u003e' \u003e  /usr/local/apache2/htdocs/index.html \u0026\u0026 httpd-foreground\\\"\"\n    ],\n    \"entryPoint\": [\n            \"sh\",\n            \"-c\"\n    ],\n    \"memoryReservation\": 128,\n    \"essential\": true,\n    \"portMappings\": [\n      {\n        \"containerPort\": 80,\n        \"protocol\": \"tcp\",\n        \"hostPort\": 8001\n      }\n    ],\n    \"placementConstraints\": [\n      {\n        \"type\": \"memberOf\",\n        \"expression\": \"attribute:ecs.os-type == linux\"\n      }\n    ]\n  },\n\n  {\n    \"name\": \"uat-checklistcrawler\",\n    \"image\": \"httpd:2.4\",\n    \"command\": [\n            \"/bin/sh -c \\\"echo '\u003chtml\u003e \u003chead\u003e \u003ctitle\u003euat-checklistcrawler Sample App\u003c/title\u003e \u003cstyle\u003ebody {margin-top: 40px; background-color: #333;} \u003c/style\u003e \u003c/head\u003e\u003cbody\u003e \u003cdiv style=color:white;text-align:center\u003e \u003ch1\u003euat-checklistcrawler\u003c/h1\u003e \u003ch2\u003eCongratulations!\u003c/h2\u003e \u003cp\u003euat-checklistcrawler is now running on a container in Amazon ECS.\u003c/p\u003e \u003c/div\u003e\u003c/body\u003e\u003c/html\u003e' \u003e  /usr/local/apache2/htdocs/index.html \u0026\u0026 httpd-foreground\\\"\"\n    ],\n    \"entryPoint\": [\n            \"sh\",\n            \"-c\"\n    ],\n    \"memoryReservation\": 128,\n    \"essential\": true,\n    \"portMappings\": [\n      {\n        \"containerPort\": 80,\n        \"protocol\": \"tcp\",\n        \"hostPort\": 8002\n      }\n    ],\n    \"placementConstraints\": [\n      {\n        \"type\": \"memberOf\",\n        \"expression\": \"attribute:ecs.os-type == linux\"\n      }\n    ]\n  },\n\n  {\n    \"name\": \"uat-dataaudit\",\n    \"image\": \"httpd:2.4\",\n    \"command\": [\n            \"/bin/sh -c \\\"echo '\u003chtml\u003e \u003chead\u003e \u003ctitle\u003euat-dataaudit Sample App\u003c/title\u003e \u003cstyle\u003ebody {margin-top: 40px; background-color: #333;} \u003c/style\u003e \u003c/head\u003e\u003cbody\u003e \u003cdiv style=color:white;text-align:center\u003e \u003ch1\u003euat-dataaudit\u003c/h1\u003e \u003ch2\u003eCongratulations!\u003c/h2\u003e \u003cp\u003euat-dataaudit is now running on a container in Amazon ECS.\u003c/p\u003e \u003c/div\u003e\u003c/body\u003e\u003c/html\u003e' \u003e  /usr/local/apache2/htdocs/index.html \u0026\u0026 httpd-foreground\\\"\"\n    ],\n    \"entryPoint\": [\n            \"sh\",\n            \"-c\"\n    ],\n    \"memoryReservation\": 128,\n    \"essential\": true,\n    \"portMappings\": [\n      {\n        \"containerPort\": 80,\n        \"protocol\": \"tcp\",\n        \"hostPort\": 8003\n      }\n    ],\n    \"placementConstraints\": [\n      {\n        \"type\": \"memberOf\",\n        \"expression\": \"attribute:ecs.os-type == linux\"\n      }\n    ]\n  },\n\n  {\n    \"name\": \"uat-elasticsearchindexer\",\n    \"image\": \"httpd:2.4\",\n    \"command\": [\n            \"/bin/sh -c \\\"echo '\u003chtml\u003e \u003chead\u003e \u003ctitle\u003euat-elasticsearchindexer Sample App\u003c/title\u003e \u003cstyle\u003ebody {margin-top: 40px; background-color: #333;} \u003c/style\u003e \u003c/head\u003e\u003cbody\u003e \u003cdiv style=color:white;text-align:center\u003e \u003ch1\u003euat-elasticsearchindexer\u003c/h1\u003e \u003ch2\u003eCongratulations!\u003c/h2\u003e \u003cp\u003euat-elasticsearchindexer is now running on a container in Amazon ECS.\u003c/p\u003e \u003c/div\u003e\u003c/body\u003e\u003c/html\u003e' \u003e  /usr/local/apache2/htdocs/index.html \u0026\u0026 httpd-foreground\\\"\"\n    ],\n    \"entryPoint\": [\n            \"sh\",\n            \"-c\"\n    ],\n    \"memoryReservation\": 128,\n    \"essential\": true,\n    \"portMappings\": [\n      {\n        \"containerPort\": 80,\n        \"protocol\": \"tcp\",\n        \"hostPort\": 8004\n      }\n    ],\n    \"placementConstraints\": [\n      {\n        \"type\": \"memberOf\",\n        \"expression\": \"attribute:ecs.os-type == linux\"\n      }\n    ]\n  }\n\n]\n",
            "template": "[\n  {\n    \"name\": \"uat-auditevents\",\n    \"image\": \"httpd:2.4\",\n    \"command\": [\n            \"/bin/sh -c \\\"echo '\u003chtml\u003e \u003chead\u003e \u003ctitle\u003euat-auditevents Sample App\u003c/title\u003e \u003cstyle\u003ebody {margin-top: 40px; background-color: #333;} \u003c/style\u003e \u003c/head\u003e\u003cbody\u003e \u003cdiv style=color:white;text-align:center\u003e \u003ch1\u003euat-auditevents\u003c/h1\u003e \u003ch2\u003eCongratulations!\u003c/h2\u003e \u003cp\u003euat-auditevents is now running on a container in Amazon ECS.\u003c/p\u003e \u003c/div\u003e\u003c/body\u003e\u003c/html\u003e' \u003e  /usr/local/apache2/htdocs/index.html \u0026\u0026 httpd-foreground\\\"\"\n    ],\n    \"entryPoint\": [\n            \"sh\",\n            \"-c\"\n    ],\n    \"memoryReservation\": 128,\n    \"essential\": true,\n    \"portMappings\": [\n      {\n        \"containerPort\": 80,\n        \"protocol\": \"tcp\",\n        \"hostPort\": 8001\n      }\n    ],\n    \"placementConstraints\": [\n      {\n        \"type\": \"memberOf\",\n        \"expression\": \"attribute:ecs.os-type == linux\"\n      }\n    ]\n  },\n\n  {\n    \"name\": \"uat-checklistcrawler\",\n    \"image\": \"httpd:2.4\",\n    \"command\": [\n            \"/bin/sh -c \\\"echo '\u003chtml\u003e \u003chead\u003e \u003ctitle\u003euat-checklistcrawler Sample App\u003c/title\u003e \u003cstyle\u003ebody {margin-top: 40px; background-color: #333;} \u003c/style\u003e \u003c/head\u003e\u003cbody\u003e \u003cdiv style=color:white;text-align:center\u003e \u003ch1\u003euat-checklistcrawler\u003c/h1\u003e \u003ch2\u003eCongratulations!\u003c/h2\u003e \u003cp\u003euat-checklistcrawler is now running on a container in Amazon ECS.\u003c/p\u003e \u003c/div\u003e\u003c/body\u003e\u003c/html\u003e' \u003e  /usr/local/apache2/htdocs/index.html \u0026\u0026 httpd-foreground\\\"\"\n    ],\n    \"entryPoint\": [\n            \"sh\",\n            \"-c\"\n    ],\n    \"memoryReservation\": 128,\n    \"essential\": true,\n    \"portMappings\": [\n      {\n        \"containerPort\": 80,\n        \"protocol\": \"tcp\",\n        \"hostPort\": 8002\n      }\n    ],\n    \"placementConstraints\": [\n      {\n        \"type\": \"memberOf\",\n        \"expression\": \"attribute:ecs.os-type == linux\"\n      }\n    ]\n  },\n\n  {\n    \"name\": \"uat-dataaudit\",\n    \"image\": \"httpd:2.4\",\n    \"command\": [\n            \"/bin/sh -c \\\"echo '\u003chtml\u003e \u003chead\u003e \u003ctitle\u003euat-dataaudit Sample App\u003c/title\u003e \u003cstyle\u003ebody {margin-top: 40px; background-color: #333;} \u003c/style\u003e \u003c/head\u003e\u003cbody\u003e \u003cdiv style=color:white;text-align:center\u003e \u003ch1\u003euat-dataaudit\u003c/h1\u003e \u003ch2\u003eCongratulations!\u003c/h2\u003e \u003cp\u003euat-dataaudit is now running on a container in Amazon ECS.\u003c/p\u003e \u003c/div\u003e\u003c/body\u003e\u003c/html\u003e' \u003e  /usr/local/apache2/htdocs/index.html \u0026\u0026 httpd-foreground\\\"\"\n    ],\n    \"entryPoint\": [\n            \"sh\",\n            \"-c\"\n    ],\n    \"memoryReservation\": 128,\n    \"essential\": true,\n    \"portMappings\": [\n      {\n        \"containerPort\": 80,\n        \"protocol\": \"tcp\",\n        \"hostPort\": 8003\n      }\n    ],\n    \"placementConstraints\": [\n      {\n        \"type\": \"memberOf\",\n        \"expression\": \"attribute:ecs.os-type == linux\"\n      }\n    ]\n  },\n\n  {\n    \"name\": \"uat-elasticsearchindexer\",\n    \"image\": \"httpd:2.4\",\n    \"command\": [\n            \"/bin/sh -c \\\"echo '\u003chtml\u003e \u003chead\u003e \u003ctitle\u003euat-elasticsearchindexer Sample App\u003c/title\u003e \u003cstyle\u003ebody {margin-top: 40px; background-color: #333;} \u003c/style\u003e \u003c/head\u003e\u003cbody\u003e \u003cdiv style=color:white;text-align:center\u003e \u003ch1\u003euat-elasticsearchindexer\u003c/h1\u003e \u003ch2\u003eCongratulations!\u003c/h2\u003e \u003cp\u003euat-elasticsearchindexer is now running on a container in Amazon ECS.\u003c/p\u003e \u003c/div\u003e\u003c/body\u003e\u003c/html\u003e' \u003e  /usr/local/apache2/htdocs/index.html \u0026\u0026 httpd-foreground\\\"\"\n    ],\n    \"entryPoint\": [\n            \"sh\",\n            \"-c\"\n    ],\n    \"memoryReservation\": 128,\n    \"essential\": true,\n    \"portMappings\": [\n      {\n        \"containerPort\": 80,\n        \"protocol\": \"tcp\",\n        \"hostPort\": 8004\n      }\n    ],\n    \"placementConstraints\": [\n      {\n        \"type\": \"memberOf\",\n        \"expression\": \"attribute:ecs.os-type == linux\"\n      }\n    ]\n  }\n\n]\n",
            "vars": {
              "ecs_cluster": "Kan-Sym-Services",
              "which_region": "us-east-1"
            }
          }
        }
      ]
    },
    {
      "mode": "data",
      "type": "template_file",
      "name": "ecs-tasks-2",
      "provider": "provider.template",
      "instances": [
        {
          "schema_version": 0,
          "attributes": {
            "filename": null,
            "id": "4984b41a23242c6f86c1c4ab261d1a72b8aed2a0fb6ed32cc25eb674c786690d",
            "rendered": "[\n  {\n    \"name\": \"uat-jobs\",\n    \"image\": \"microsoft/iis\",\n    \"memory\" : 512,\n    \"essential\": true,\n    \"portMappings\": [\n      {\n        \"containerPort\": 80,\n        \"protocol\": \"tcp\",\n        \"hostPort\": 8005\n      }\n    ],\n    \"placementConstraints\": [\n      {\n        \"type\": \"memberOf\",\n        \"expression\": \"attribute:ecs.os-type == windows\"\n      }\n    ]\n  }\n\n]\n",
            "template": "[\n  {\n    \"name\": \"uat-jobs\",\n    \"image\": \"microsoft/iis\",\n    \"memory\" : 512,\n    \"essential\": true,\n    \"portMappings\": [\n      {\n        \"containerPort\": 80,\n        \"protocol\": \"tcp\",\n        \"hostPort\": 8005\n      }\n    ],\n    \"placementConstraints\": [\n      {\n        \"type\": \"memberOf\",\n        \"expression\": \"attribute:ecs.os-type == windows\"\n      }\n    ]\n  }\n\n]\n",
            "vars": {
              "ecs_cluster": "Kan-Sym-Services",
              "which_region": "us-east-1"
            }
          }
        }
      ]
    },
    {
      "mode": "managed",
      "type": "aws_alb",
      "name": "aws_ecs_alb",
      "provider": "provider.aws",
      "instances": [
        {
          "schema_version": 0,
          "attributes": {
            "access_logs": [
              {
                "bucket": "",
                "enabled": false,
                "prefix": ""
              }
            ],
            "arn": "arn:aws:elasticloadbalancing:us-east-1:945116902499:loadbalancer/app/Kan-Sym-Services-ELB/07f21324b1e06a93",
            "arn_suffix": "app/Kan-Sym-Services-ELB/07f21324b1e06a93",
            "dns_name": "internal-Kan-Sym-Services-ELB-1037964722.us-east-1.elb.amazonaws.com",
            "enable_cross_zone_load_balancing": null,
            "enable_deletion_protection": false,
            "enable_http2": true,
            "id": "arn:aws:elasticloadbalancing:us-east-1:945116902499:loadbalancer/app/Kan-Sym-Services-ELB/07f21324b1e06a93",
            "idle_timeout": 600,
            "internal": true,
            "ip_address_type": "ipv4",
            "load_balancer_type": "application",
            "name": "Kan-Sym-Services-ELB",
            "name_prefix": null,
            "security_groups": [
              "sg-09a4c12052a8fa6c6"
            ],
            "subnet_mapping": [
              {
                "allocation_id": "",
                "subnet_id": "subnet-045f15dc2d848718a"
              },
              {
                "allocation_id": "",
                "subnet_id": "subnet-0c4816f7842153167"
              }
            ],
            "subnets": [
              "subnet-045f15dc2d848718a",
              "subnet-0c4816f7842153167"
            ],
            "tags": {},
            "timeouts": null,
            "vpc_id": "vpc-069d202f6c6abf29a",
            "zone_id": "Z35SXDOTRQ7X7K"
          },
          "private": "eyJlMmJmYjczMC1lY2FhLTExZTYtOGY4OC0zNDM2M2JjN2M0YzAiOnsiY3JlYXRlIjo2MDAwMDAwMDAwMDAsImRlbGV0ZSI6NjAwMDAwMDAwMDAwLCJ1cGRhdGUiOjYwMDAwMDAwMDAwMH19"
        }
      ]
    },
    {
      "mode": "managed",
      "type": "aws_alb_listener",
      "name": "front_end",
      "provider": "provider.aws",
      "instances": [
        {
          "schema_version": 0,
          "attributes": {
            "arn": "arn:aws:elasticloadbalancing:us-east-1:945116902499:listener/app/Kan-Sym-Services-ELB/07f21324b1e06a93/d87f25f293634f68",
            "certificate_arn": null,
            "default_action": [
              {
                "authenticate_cognito": [],
                "authenticate_oidc": [],
                "fixed_response": [],
                "order": 1,
                "redirect": [],
                "target_group_arn": "arn:aws:elasticloadbalancing:us-east-1:945116902499:targetgroup/Kan-Sym-Services-target-group/34a178b67fdbc4c8",
                "type": "forward"
              }
            ],
            "id": "arn:aws:elasticloadbalancing:us-east-1:945116902499:listener/app/Kan-Sym-Services-ELB/07f21324b1e06a93/d87f25f293634f68",
            "load_balancer_arn": "arn:aws:elasticloadbalancing:us-east-1:945116902499:loadbalancer/app/Kan-Sym-Services-ELB/07f21324b1e06a93",
            "port": 80,
            "protocol": "HTTP",
            "ssl_policy": "",
            "timeouts": null
          },
          "private": "eyJlMmJmYjczMC1lY2FhLTExZTYtOGY4OC0zNDM2M2JjN2M0YzAiOnsicmVhZCI6NjAwMDAwMDAwMDAwfX0=",
          "dependencies": [
            "aws_alb.aws_ecs_alb",
            "aws_alb_target_group.ecs-group"
          ]
        }
      ]
    },
    {
      "mode": "managed",
      "type": "aws_alb_listener_rule",
      "name": "auditevents",
      "provider": "provider.aws",
      "instances": [
        {
          "schema_version": 0,
          "attributes": {
            "action": [
              {
                "authenticate_cognito": [],
                "authenticate_oidc": [],
                "fixed_response": [],
                "order": 1,
                "redirect": [],
                "target_group_arn": "arn:aws:elasticloadbalancing:us-east-1:945116902499:targetgroup/Kan-Sym-Services-uat-audit/a66e0af9b3987996",
                "type": "forward"
              }
            ],
            "arn": "arn:aws:elasticloadbalancing:us-east-1:945116902499:listener-rule/app/Kan-Sym-Services-ELB/07f21324b1e06a93/d87f25f293634f68/e16eee4e65532f03",
            "condition": [
              {
                "field": "path-pattern",
                "host_header": [],
                "http_header": [],
                "http_request_method": [],
                "path_pattern": [
                  {
                    "values": [
                      "/api/auditevents*"
                    ]
                  }
                ],
                "query_string": [],
                "source_ip": [],
                "values": [
                  "/api/auditevents*"
                ]
              }
            ],
            "id": "arn:aws:elasticloadbalancing:us-east-1:945116902499:listener-rule/app/Kan-Sym-Services-ELB/07f21324b1e06a93/d87f25f293634f68/e16eee4e65532f03",
            "listener_arn": "arn:aws:elasticloadbalancing:us-east-1:945116902499:listener/app/Kan-Sym-Services-ELB/07f21324b1e06a93/d87f25f293634f68",
            "priority": 100
          },
          "private": "bnVsbA==",
          "dependencies": [
            "aws_alb.aws_ecs_alb",
            "aws_alb_listener.front_end",
            "aws_alb_target_group.ecs-group",
            "aws_alb_target_group.uat-auditevents"
          ]
        }
      ]
    },
    {
      "mode": "managed",
      "type": "aws_alb_listener_rule",
      "name": "checklistcrawler",
      "provider": "provider.aws",
      "instances": [
        {
          "schema_version": 0,
          "attributes": {
            "action": [
              {
                "authenticate_cognito": [],
                "authenticate_oidc": [],
                "fixed_response": [],
                "order": 1,
                "redirect": [],
                "target_group_arn": "arn:aws:elasticloadbalancing:us-east-1:945116902499:targetgroup/Kan-Sym-Services-uat-check/db7f501034cf2f37",
                "type": "forward"
              }
            ],
            "arn": "arn:aws:elasticloadbalancing:us-east-1:945116902499:listener-rule/app/Kan-Sym-Services-ELB/07f21324b1e06a93/d87f25f293634f68/9eef125e07cdb9f1",
            "condition": [
              {
                "field": "path-pattern",
                "host_header": [],
                "http_header": [],
                "http_request_method": [],
                "path_pattern": [
                  {
                    "values": [
                      "/api/checklistcrawler*"
                    ]
                  }
                ],
                "query_string": [],
                "source_ip": [],
                "values": [
                  "/api/checklistcrawler*"
                ]
              }
            ],
            "id": "arn:aws:elasticloadbalancing:us-east-1:945116902499:listener-rule/app/Kan-Sym-Services-ELB/07f21324b1e06a93/d87f25f293634f68/9eef125e07cdb9f1",
            "listener_arn": "arn:aws:elasticloadbalancing:us-east-1:945116902499:listener/app/Kan-Sym-Services-ELB/07f21324b1e06a93/d87f25f293634f68",
            "priority": 120
          },
          "private": "bnVsbA==",
          "dependencies": [
            "aws_alb.aws_ecs_alb",
            "aws_alb_listener.front_end",
            "aws_alb_target_group.ecs-group",
            "aws_alb_target_group.uat-checklistcrawler"
          ]
        }
      ]
    },
    {
      "mode": "managed",
      "type": "aws_alb_listener_rule",
      "name": "dataaudit",
      "provider": "provider.aws",
      "instances": [
        {
          "schema_version": 0,
          "attributes": {
            "action": [
              {
                "authenticate_cognito": [],
                "authenticate_oidc": [],
                "fixed_response": [],
                "order": 1,
                "redirect": [],
                "target_group_arn": "arn:aws:elasticloadbalancing:us-east-1:945116902499:targetgroup/Kan-Sym-Services-uat-dataaudit/db55bcd13df6bfb2",
                "type": "forward"
              }
            ],
            "arn": "arn:aws:elasticloadbalancing:us-east-1:945116902499:listener-rule/app/Kan-Sym-Services-ELB/07f21324b1e06a93/d87f25f293634f68/10e0376a9f35db3e",
            "condition": [
              {
                "field": "path-pattern",
                "host_header": [],
                "http_header": [],
                "http_request_method": [],
                "path_pattern": [
                  {
                    "values": [
                      "/api/dataaudit*"
                    ]
                  }
                ],
                "query_string": [],
                "source_ip": [],
                "values": [
                  "/api/dataaudit*"
                ]
              }
            ],
            "id": "arn:aws:elasticloadbalancing:us-east-1:945116902499:listener-rule/app/Kan-Sym-Services-ELB/07f21324b1e06a93/d87f25f293634f68/10e0376a9f35db3e",
            "listener_arn": "arn:aws:elasticloadbalancing:us-east-1:945116902499:listener/app/Kan-Sym-Services-ELB/07f21324b1e06a93/d87f25f293634f68",
            "priority": 130
          },
          "private": "bnVsbA==",
          "dependencies": [
            "aws_alb.aws_ecs_alb",
            "aws_alb_listener.front_end",
            "aws_alb_target_group.ecs-group",
            "aws_alb_target_group.uat-dataaudit"
          ]
        }
      ]
    },
    {
      "mode": "managed",
      "type": "aws_alb_listener_rule",
      "name": "elasticsearchindexer",
      "provider": "provider.aws",
      "instances": [
        {
          "schema_version": 0,
          "attributes": {
            "action": [
              {
                "authenticate_cognito": [],
                "authenticate_oidc": [],
                "fixed_response": [],
                "order": 1,
                "redirect": [],
                "target_group_arn": "arn:aws:elasticloadbalancing:us-east-1:945116902499:targetgroup/Kan-Sym-Services-uat-elastic/5f50bc959462b67f",
                "type": "forward"
              }
            ],
            "arn": "arn:aws:elasticloadbalancing:us-east-1:945116902499:listener-rule/app/Kan-Sym-Services-ELB/07f21324b1e06a93/d87f25f293634f68/eb74f7fc73660f46",
            "condition": [
              {
                "field": "path-pattern",
                "host_header": [],
                "http_header": [],
                "http_request_method": [],
                "path_pattern": [
                  {
                    "values": [
                      "/api/elasticsearchindexer*"
                    ]
                  }
                ],
                "query_string": [],
                "source_ip": [],
                "values": [
                  "/api/elasticsearchindexer*"
                ]
              }
            ],
            "id": "arn:aws:elasticloadbalancing:us-east-1:945116902499:listener-rule/app/Kan-Sym-Services-ELB/07f21324b1e06a93/d87f25f293634f68/eb74f7fc73660f46",
            "listener_arn": "arn:aws:elasticloadbalancing:us-east-1:945116902499:listener/app/Kan-Sym-Services-ELB/07f21324b1e06a93/d87f25f293634f68",
            "priority": 140
          },
          "private": "bnVsbA==",
          "dependencies": [
            "aws_alb.aws_ecs_alb",
            "aws_alb_listener.front_end",
            "aws_alb_target_group.ecs-group",
            "aws_alb_target_group.uat-elasticsearchindexer"
          ]
        }
      ]
    },
    {
      "mode": "managed",
      "type": "aws_alb_target_group",
      "name": "ecs-group",
      "provider": "provider.aws",
      "instances": [
        {
          "schema_version": 0,
          "attributes": {
            "arn": "arn:aws:elasticloadbalancing:us-east-1:945116902499:targetgroup/Kan-Sym-Services-target-group/34a178b67fdbc4c8",
            "arn_suffix": "targetgroup/Kan-Sym-Services-target-group/34a178b67fdbc4c8",
            "deregistration_delay": 300,
            "health_check": [
              {
                "enabled": true,
                "healthy_threshold": 5,
                "interval": 30,
                "matcher": "200,301,302",
                "path": "/",
                "port": "traffic-port",
                "protocol": "HTTP",
                "timeout": 5,
                "unhealthy_threshold": 2
              }
            ],
            "id": "arn:aws:elasticloadbalancing:us-east-1:945116902499:targetgroup/Kan-Sym-Services-target-group/34a178b67fdbc4c8",
            "lambda_multi_value_headers_enabled": false,
            "name": "Kan-Sym-Services-target-group",
            "name_prefix": null,
            "port": 8005,
            "protocol": "HTTP",
            "proxy_protocol_v2": false,
            "slow_start": 0,
            "stickiness": [
              {
                "cookie_duration": 300,
                "enabled": true,
                "type": "lb_cookie"
              }
            ],
            "tags": {},
            "target_type": "instance",
            "vpc_id": "vpc-069d202f6c6abf29a"
          },
          "private": "bnVsbA==",
          "dependencies": [
            "aws_alb.aws_ecs_alb"
          ]
        }
      ]
    },
    {
      "mode": "managed",
      "type": "aws_alb_target_group",
      "name": "uat-auditevents",
      "provider": "provider.aws",
      "instances": [
        {
          "schema_version": 0,
          "attributes": {
            "arn": "arn:aws:elasticloadbalancing:us-east-1:945116902499:targetgroup/Kan-Sym-Services-uat-audit/a66e0af9b3987996",
            "arn_suffix": "targetgroup/Kan-Sym-Services-uat-audit/a66e0af9b3987996",
            "deregistration_delay": 300,
            "health_check": [
              {
                "enabled": true,
                "healthy_threshold": 5,
                "interval": 30,
                "matcher": "200,301,302",
                "path": "/",
                "port": "traffic-port",
                "protocol": "HTTP",
                "timeout": 5,
                "unhealthy_threshold": 2
              }
            ],
            "id": "arn:aws:elasticloadbalancing:us-east-1:945116902499:targetgroup/Kan-Sym-Services-uat-audit/a66e0af9b3987996",
            "lambda_multi_value_headers_enabled": false,
            "name": "Kan-Sym-Services-uat-audit",
            "name_prefix": null,
            "port": 8001,
            "protocol": "HTTP",
            "proxy_protocol_v2": false,
            "slow_start": 0,
            "stickiness": [
              {
                "cookie_duration": 300,
                "enabled": true,
                "type": "lb_cookie"
              }
            ],
            "tags": {},
            "target_type": "instance",
            "vpc_id": "vpc-069d202f6c6abf29a"
          },
          "private": "bnVsbA==",
          "dependencies": [
            "aws_alb.aws_ecs_alb"
          ]
        }
      ]
    },
    {
      "mode": "managed",
      "type": "aws_alb_target_group",
      "name": "uat-checklistcrawler",
      "provider": "provider.aws",
      "instances": [
        {
          "schema_version": 0,
          "attributes": {
            "arn": "arn:aws:elasticloadbalancing:us-east-1:945116902499:targetgroup/Kan-Sym-Services-uat-check/db7f501034cf2f37",
            "arn_suffix": "targetgroup/Kan-Sym-Services-uat-check/db7f501034cf2f37",
            "deregistration_delay": 300,
            "health_check": [
              {
                "enabled": true,
                "healthy_threshold": 5,
                "interval": 30,
                "matcher": "200,301,302",
                "path": "/",
                "port": "traffic-port",
                "protocol": "HTTP",
                "timeout": 5,
                "unhealthy_threshold": 2
              }
            ],
            "id": "arn:aws:elasticloadbalancing:us-east-1:945116902499:targetgroup/Kan-Sym-Services-uat-check/db7f501034cf2f37",
            "lambda_multi_value_headers_enabled": false,
            "name": "Kan-Sym-Services-uat-check",
            "name_prefix": null,
            "port": 8002,
            "protocol": "HTTP",
            "proxy_protocol_v2": false,
            "slow_start": 0,
            "stickiness": [
              {
                "cookie_duration": 300,
                "enabled": true,
                "type": "lb_cookie"
              }
            ],
            "tags": {},
            "target_type": "instance",
            "vpc_id": "vpc-069d202f6c6abf29a"
          },
          "private": "bnVsbA==",
          "dependencies": [
            "aws_alb.aws_ecs_alb"
          ]
        }
      ]
    },
    {
      "mode": "managed",
      "type": "aws_alb_target_group",
      "name": "uat-dataaudit",
      "provider": "provider.aws",
      "instances": [
        {
          "schema_version": 0,
          "attributes": {
            "arn": "arn:aws:elasticloadbalancing:us-east-1:945116902499:targetgroup/Kan-Sym-Services-uat-dataaudit/db55bcd13df6bfb2",
            "arn_suffix": "targetgroup/Kan-Sym-Services-uat-dataaudit/db55bcd13df6bfb2",
            "deregistration_delay": 300,
            "health_check": [
              {
                "enabled": true,
                "healthy_threshold": 5,
                "interval": 30,
                "matcher": "200,301,302",
                "path": "/",
                "port": "traffic-port",
                "protocol": "HTTP",
                "timeout": 5,
                "unhealthy_threshold": 2
              }
            ],
            "id": "arn:aws:elasticloadbalancing:us-east-1:945116902499:targetgroup/Kan-Sym-Services-uat-dataaudit/db55bcd13df6bfb2",
            "lambda_multi_value_headers_enabled": false,
            "name": "Kan-Sym-Services-uat-dataaudit",
            "name_prefix": null,
            "port": 8003,
            "protocol": "HTTP",
            "proxy_protocol_v2": false,
            "slow_start": 0,
            "stickiness": [
              {
                "cookie_duration": 300,
                "enabled": true,
                "type": "lb_cookie"
              }
            ],
            "tags": {},
            "target_type": "instance",
            "vpc_id": "vpc-069d202f6c6abf29a"
          },
          "private": "bnVsbA==",
          "dependencies": [
            "aws_alb.aws_ecs_alb"
          ]
        }
      ]
    },
    {
      "mode": "managed",
      "type": "aws_alb_target_group",
      "name": "uat-elasticsearchindexer",
      "provider": "provider.aws",
      "instances": [
        {
          "schema_version": 0,
          "attributes": {
            "arn": "arn:aws:elasticloadbalancing:us-east-1:945116902499:targetgroup/Kan-Sym-Services-uat-elastic/5f50bc959462b67f",
            "arn_suffix": "targetgroup/Kan-Sym-Services-uat-elastic/5f50bc959462b67f",
            "deregistration_delay": 300,
            "health_check": [
              {
                "enabled": true,
                "healthy_threshold": 5,
                "interval": 30,
                "matcher": "200,301,302",
                "path": "/",
                "port": "traffic-port",
                "protocol": "HTTP",
                "timeout": 5,
                "unhealthy_threshold": 2
              }
            ],
            "id": "arn:aws:elasticloadbalancing:us-east-1:945116902499:targetgroup/Kan-Sym-Services-uat-elastic/5f50bc959462b67f",
            "lambda_multi_value_headers_enabled": false,
            "name": "Kan-Sym-Services-uat-elastic",
            "name_prefix": null,
            "port": 8004,
            "protocol": "HTTP",
            "proxy_protocol_v2": false,
            "slow_start": 0,
            "stickiness": [
              {
                "cookie_duration": 300,
                "enabled": true,
                "type": "lb_cookie"
              }
            ],
            "tags": {},
            "target_type": "instance",
            "vpc_id": "vpc-069d202f6c6abf29a"
          },
          "private": "bnVsbA==",
          "dependencies": [
            "aws_alb.aws_ecs_alb"
          ]
        }
      ]
    },
    {
      "mode": "managed",
      "type": "aws_autoscaling_attachment",
      "name": "checklistcrawler",
      "provider": "provider.aws",
      "instances": [
        {
          "schema_version": 0,
          "attributes": {
            "alb_target_group_arn": "arn:aws:elasticloadbalancing:us-east-1:945116902499:targetgroup/Kan-Sym-Services-uat-check/db7f501034cf2f37",
            "autoscaling_group_name": "Kan-Sym-Services_asg_Linux",
            "elb": null,
            "id": "Kan-Sym-Services_asg_Linux-20200109144659479400000008"
          },
          "private": "bnVsbA==",
          "dependencies": [
            "aws_alb.aws_ecs_alb",
            "aws_alb_target_group.uat-checklistcrawler",
            "aws_autoscaling_group.ecs-cluster",
            "aws_ecs_cluster.ecs_cluster",
            "aws_iam_instance_profile.ecs-ec2-role",
            "aws_launch_configuration.ecs-cluster-lc"
          ]
        }
      ]
    },
    {
      "mode": "managed",
      "type": "aws_autoscaling_attachment",
      "name": "dataaudit",
      "provider": "provider.aws",
      "instances": [
        {
          "schema_version": 0,
          "attributes": {
            "alb_target_group_arn": "arn:aws:elasticloadbalancing:us-east-1:945116902499:targetgroup/Kan-Sym-Services-uat-dataaudit/db55bcd13df6bfb2",
            "autoscaling_group_name": "Kan-Sym-Services_asg_Linux",
            "elb": null,
            "id": "Kan-Sym-Services_asg_Linux-20200109144659255300000007"
          },
          "private": "bnVsbA==",
          "dependencies": [
            "aws_alb.aws_ecs_alb",
            "aws_alb_target_group.uat-dataaudit",
            "aws_autoscaling_group.ecs-cluster",
            "aws_ecs_cluster.ecs_cluster",
            "aws_iam_instance_profile.ecs-ec2-role",
            "aws_launch_configuration.ecs-cluster-lc"
          ]
        }
      ]
    },
    {
      "mode": "managed",
      "type": "aws_autoscaling_attachment",
      "name": "elasticsearchindexer",
      "provider": "provider.aws",
      "instances": [
        {
          "schema_version": 0,
          "attributes": {
            "alb_target_group_arn": "arn:aws:elasticloadbalancing:us-east-1:945116902499:targetgroup/Kan-Sym-Services-uat-elastic/5f50bc959462b67f",
            "autoscaling_group_name": "Kan-Sym-Services_asg_Linux",
            "elb": null,
            "id": "Kan-Sym-Services_asg_Linux-20200109144659507800000009"
          },
          "private": "bnVsbA==",
          "dependencies": [
            "aws_alb.aws_ecs_alb",
            "aws_alb_target_group.uat-elasticsearchindexer",
            "aws_autoscaling_group.ecs-cluster",
            "aws_ecs_cluster.ecs_cluster",
            "aws_iam_instance_profile.ecs-ec2-role",
            "aws_launch_configuration.ecs-cluster-lc"
          ]
        }
      ]
    },
    {
      "mode": "managed",
      "type": "aws_autoscaling_attachment",
      "name": "uat-auditevents",
      "provider": "provider.aws",
      "instances": [
        {
          "schema_version": 0,
          "attributes": {
            "alb_target_group_arn": "arn:aws:elasticloadbalancing:us-east-1:945116902499:targetgroup/Kan-Sym-Services-uat-audit/a66e0af9b3987996",
            "autoscaling_group_name": "Kan-Sym-Services_asg_Linux",
            "elb": null,
            "id": "Kan-Sym-Services_asg_Linux-2020010914465951040000000a"
          },
          "private": "bnVsbA==",
          "dependencies": [
            "aws_alb.aws_ecs_alb",
            "aws_alb_target_group.uat-auditevents",
            "aws_autoscaling_group.ecs-cluster",
            "aws_ecs_cluster.ecs_cluster",
            "aws_iam_instance_profile.ecs-ec2-role",
            "aws_launch_configuration.ecs-cluster-lc"
          ]
        }
      ]
    },
    {
      "mode": "managed",
      "type": "aws_autoscaling_attachment",
      "name": "uat-jobs",
      "provider": "provider.aws",
      "instances": [
        {
          "schema_version": 0,
          "attributes": {
            "alb_target_group_arn": "arn:aws:elasticloadbalancing:us-east-1:945116902499:targetgroup/Kan-Sym-Services-target-group/34a178b67fdbc4c8",
            "autoscaling_group_name": "Kan-Sym-Services_asg_Windows",
            "elb": null,
            "id": "Kan-Sym-Services_asg_Windows-20200109171836979600000001"
          },
          "private": "bnVsbA==",
          "dependencies": [
            "aws_alb_target_group.ecs-group",
            "aws_autoscaling_group.ecs-cluster-2"
          ]
        }
      ]
    },
    {
      "mode": "managed",
      "type": "aws_autoscaling_group",
      "name": "ecs-cluster",
      "provider": "provider.aws",
      "instances": [
        {
          "schema_version": 0,
          "attributes": {
            "arn": "arn:aws:autoscaling:us-east-1:945116902499:autoScalingGroup:192952c4-6326-4c4e-9eaf-9b9e5065270c:autoScalingGroupName/Kan-Sym-Services_asg_Linux",
            "availability_zones": [
              "us-east-1a",
              "us-east-1b"
            ],
            "default_cooldown": 30,
            "desired_capacity": 2,
            "enabled_metrics": [],
            "force_delete": false,
            "health_check_grace_period": 120,
            "health_check_type": "EC2",
            "id": "Kan-Sym-Services_asg_Linux",
            "initial_lifecycle_hook": [],
            "launch_configuration": "Kan-Sym-Services-lc-Linux20200109144346242500000005",
            "launch_template": [],
            "load_balancers": [],
            "max_instance_lifetime": 0,
            "max_size": 4,
            "metrics_granularity": "1Minute",
            "min_elb_capacity": null,
            "min_size": 2,
            "mixed_instances_policy": [],
            "name": "Kan-Sym-Services_asg_Linux",
            "name_prefix": null,
            "placement_group": "",
            "protect_from_scale_in": false,
            "service_linked_role_arn": "arn:aws:iam::945116902499:role/aws-service-role/autoscaling.amazonaws.com/AWSServiceRoleForAutoScaling",
            "suspended_processes": [],
            "tag": [
              {
                "key": "Name",
                "propagate_at_launch": true,
                "value": "Kan-Sym-Services_asg_Linux"
              }
            ],
            "tags": null,
            "target_group_arns": [
              "arn:aws:elasticloadbalancing:us-east-1:945116902499:targetgroup/Kan-Sym-Services-uat-audit/a66e0af9b3987996",
              "arn:aws:elasticloadbalancing:us-east-1:945116902499:targetgroup/Kan-Sym-Services-uat-check/db7f501034cf2f37",
              "arn:aws:elasticloadbalancing:us-east-1:945116902499:targetgroup/Kan-Sym-Services-uat-dataaudit/db55bcd13df6bfb2",
              "arn:aws:elasticloadbalancing:us-east-1:945116902499:targetgroup/Kan-Sym-Services-uat-elastic/5f50bc959462b67f"
            ],
            "termination_policies": [
              "OldestInstance"
            ],
            "timeouts": null,
            "vpc_zone_identifier": [
              "subnet-045f15dc2d848718a",
              "subnet-0c4816f7842153167"
            ],
            "wait_for_capacity_timeout": "10m",
            "wait_for_elb_capacity": null
          },
          "private": "eyJlMmJmYjczMC1lY2FhLTExZTYtOGY4OC0zNDM2M2JjN2M0YzAiOnsiZGVsZXRlIjo2MDAwMDAwMDAwMDB9fQ==",
          "dependencies": [
            "aws_ecs_cluster.ecs_cluster",
            "aws_iam_instance_profile.ecs-ec2-role",
            "aws_launch_configuration.ecs-cluster-lc"
          ]
        }
      ]
    },
    {
      "mode": "managed",
      "type": "aws_autoscaling_group",
      "name": "ecs-cluster-2",
      "each": "list",
      "provider": "provider.aws",
      "instances": [
        {
          "index_key": 0,
          "schema_version": 0,
          "attributes": {
            "arn": "arn:aws:autoscaling:us-east-1:945116902499:autoScalingGroup:55e712a6-a740-4dc9-98df-60428b2a2848:autoScalingGroupName/Kan-Sym-Services_asg_Windows",
            "availability_zones": [
              "us-east-1a",
              "us-east-1b"
            ],
            "default_cooldown": 30,
            "desired_capacity": 2,
            "enabled_metrics": [],
            "force_delete": false,
            "health_check_grace_period": 120,
            "health_check_type": "EC2",
            "id": "Kan-Sym-Services_asg_Windows",
            "initial_lifecycle_hook": [],
            "launch_configuration": "Kan-Sym-Services-lc-Windows20200109144346102900000002",
            "launch_template": [],
            "load_balancers": [],
            "max_instance_lifetime": 0,
            "max_size": 4,
            "metrics_granularity": "1Minute",
            "min_elb_capacity": null,
            "min_size": 2,
            "mixed_instances_policy": [],
            "name": "Kan-Sym-Services_asg_Windows",
            "name_prefix": null,
            "placement_group": "",
            "protect_from_scale_in": false,
            "service_linked_role_arn": "arn:aws:iam::945116902499:role/aws-service-role/autoscaling.amazonaws.com/AWSServiceRoleForAutoScaling",
            "suspended_processes": [],
            "tag": [
              {
                "key": "Name",
                "propagate_at_launch": true,
                "value": "Kan-Sym-Services_asg_Windows"
              }
            ],
            "tags": null,
            "target_group_arns": [
              "arn:aws:elasticloadbalancing:us-east-1:945116902499:targetgroup/Kan-Sym-Services-uat-jobs/df166fd1262e3399"
            ],
            "termination_policies": [
              "OldestInstance"
            ],
            "timeouts": null,
            "vpc_zone_identifier": [
              "subnet-045f15dc2d848718a",
              "subnet-0c4816f7842153167"
            ],
            "wait_for_capacity_timeout": "10m",
            "wait_for_elb_capacity": null
          },
          "private": "eyJlMmJmYjczMC1lY2FhLTExZTYtOGY4OC0zNDM2M2JjN2M0YzAiOnsiZGVsZXRlIjo2MDAwMDAwMDAwMDB9fQ==",
          "dependencies": [
            "aws_ecs_cluster.ecs_cluster",
            "aws_iam_instance_profile.ecs-ec2-role",
            "aws_launch_configuration.ecs-cluster-lc-2"
          ]
        }
      ]
    },
    {
      "mode": "managed",
      "type": "aws_autoscaling_policy",
      "name": "ecs-cluster",
      "provider": "provider.aws",
      "instances": [
        {
          "schema_version": 0,
          "attributes": {
            "adjustment_type": "",
            "arn": "arn:aws:autoscaling:us-east-1:945116902499:scalingPolicy:8eb6e907-08f2-48a2-a88f-24b2d185ac72:autoScalingGroupName/Kan-Sym-Services_asg_Linux:policyName/Kan-Sym-Services_autoscaling_Linux",
            "autoscaling_group_name": "Kan-Sym-Services_asg_Linux",
            "cooldown": 0,
            "estimated_instance_warmup": 90,
            "id": "Kan-Sym-Services_autoscaling_Linux",
            "metric_aggregation_type": "",
            "min_adjustment_magnitude": null,
            "min_adjustment_step": null,
            "name": "Kan-Sym-Services_autoscaling_Linux",
            "policy_type": "TargetTrackingScaling",
            "scaling_adjustment": 0,
            "step_adjustment": [],
            "target_tracking_configuration": [
              {
                "customized_metric_specification": [],
                "disable_scale_in": false,
                "predefined_metric_specification": [
                  {
                    "predefined_metric_type": "ASGAverageCPUUtilization",
                    "resource_label": ""
                  }
                ],
                "target_value": 70
              }
            ]
          },
          "private": "bnVsbA==",
          "dependencies": [
            "aws_autoscaling_group.ecs-cluster"
          ]
        }
      ]
    },
    {
      "mode": "managed",
      "type": "aws_autoscaling_policy",
      "name": "ecs-cluster-2",
      "each": "list",
      "provider": "provider.aws",
      "instances": [
        {
          "index_key": 0,
          "schema_version": 0,
          "attributes": {
            "adjustment_type": "",
            "arn": "arn:aws:autoscaling:us-east-1:945116902499:scalingPolicy:0d643121-7150-4709-a012-419109d36eea:autoScalingGroupName/Kan-Sym-Services_asg_Windows:policyName/Kan-Sym-Services_autoscaling_Windows",
            "autoscaling_group_name": "Kan-Sym-Services_asg_Windows",
            "cooldown": 0,
            "estimated_instance_warmup": 90,
            "id": "Kan-Sym-Services_autoscaling_Windows",
            "metric_aggregation_type": "",
            "min_adjustment_magnitude": null,
            "min_adjustment_step": null,
            "name": "Kan-Sym-Services_autoscaling_Windows",
            "policy_type": "TargetTrackingScaling",
            "scaling_adjustment": 0,
            "step_adjustment": [],
            "target_tracking_configuration": [
              {
                "customized_metric_specification": [],
                "disable_scale_in": false,
                "predefined_metric_specification": [
                  {
                    "predefined_metric_type": "ASGAverageCPUUtilization",
                    "resource_label": ""
                  }
                ],
                "target_value": 70
              }
            ]
          },
          "private": "bnVsbA==",
          "dependencies": [
            "aws_autoscaling_group.ecs-cluster-2"
          ]
        }
      ]
    },
    {
      "mode": "managed",
      "type": "aws_ecs_cluster",
      "name": "ecs_cluster",
      "provider": "provider.aws",
      "instances": [
        {
          "schema_version": 0,
          "attributes": {
            "arn": "arn:aws:ecs:us-east-1:945116902499:cluster/Kan-Sym-Services",
            "capacity_providers": [],
            "default_capacity_provider_strategy": [],
            "id": "arn:aws:ecs:us-east-1:945116902499:cluster/Kan-Sym-Services",
            "name": "Kan-Sym-Services",
            "setting": [
              {
                "name": "containerInsights",
                "value": "disabled"
              }
            ],
            "tags": {}
          },
          "private": "bnVsbA=="
        }
      ]
    },
    {
      "mode": "managed",
      "type": "aws_ecs_service",
      "name": "ecs_service",
      "provider": "provider.aws",
      "instances": [
        {
          "schema_version": 0,
          "attributes": {
            "capacity_provider_strategy": [],
            "cluster": "arn:aws:ecs:us-east-1:945116902499:cluster/Kan-Sym-Services",
            "deployment_controller": [
              {
                "type": "ECS"
              }
            ],
            "deployment_maximum_percent": 200,
            "deployment_minimum_healthy_percent": 100,
            "desired_count": 2,
            "enable_ecs_managed_tags": false,
            "health_check_grace_period_seconds": 0,
            "iam_role": null,
            "id": "arn:aws:ecs:us-east-1:945116902499:service/Kan-Sym-Services-Linux-service",
            "launch_type": "EC2",
            "load_balancer": [],
            "name": "Kan-Sym-Services-Linux-service",
            "network_configuration": [],
            "ordered_placement_strategy": [],
            "placement_constraints": [],
            "placement_strategy": [],
            "platform_version": "",
            "propagate_tags": "NONE",
            "scheduling_strategy": "REPLICA",
            "service_registries": [],
            "tags": {},
            "task_definition": "arn:aws:ecs:us-east-1:945116902499:task-definition/Kan-Sym-Services-Linux-service:2"
          },
          "private": "bnVsbA==",
          "dependencies": [
            "aws_ecs_cluster.ecs_cluster",
            "aws_ecs_task_definition.ecs_service",
            "aws_iam_role_policy_attachment.ecs-service-attach"
          ]
        }
      ]
    },
    {
      "mode": "managed",
      "type": "aws_ecs_service",
      "name": "ecs_service_2",
      "each": "list",
      "provider": "provider.aws",
      "instances": [
        {
          "index_key": 0,
          "schema_version": 0,
          "attributes": {
            "capacity_provider_strategy": [],
            "cluster": "arn:aws:ecs:us-east-1:945116902499:cluster/Kan-Sym-Services",
            "deployment_controller": [
              {
                "type": "ECS"
              }
            ],
            "deployment_maximum_percent": 200,
            "deployment_minimum_healthy_percent": 100,
            "desired_count": 2,
            "enable_ecs_managed_tags": false,
            "health_check_grace_period_seconds": 0,
            "iam_role": null,
            "id": "arn:aws:ecs:us-east-1:945116902499:service/Kan-Sym-Services-Windows-service",
            "launch_type": "EC2",
            "load_balancer": [],
            "name": "Kan-Sym-Services-Windows-service",
            "network_configuration": [],
            "ordered_placement_strategy": [],
            "placement_constraints": [],
            "placement_strategy": [],
            "platform_version": "",
            "propagate_tags": "NONE",
            "scheduling_strategy": "REPLICA",
            "service_registries": [],
            "tags": {},
            "task_definition": "arn:aws:ecs:us-east-1:945116902499:task-definition/Kan-Sym-Services-Windows-service:2"
          },
          "private": "bnVsbA==",
          "dependencies": [
            "aws_ecs_cluster.ecs_cluster",
            "aws_ecs_task_definition.ecs_service_2",
            "aws_iam_role_policy_attachment.ecs-service-attach"
          ]
        }
      ]
    },
    {
      "mode": "managed",
      "type": "aws_ecs_task_definition",
      "name": "ecs_service",
      "provider": "provider.aws",
      "instances": [
        {
          "schema_version": 1,
          "attributes": {
            "arn": "arn:aws:ecs:us-east-1:945116902499:task-definition/Kan-Sym-Services-Linux-service:2",
            "container_definitions": "[{\"command\":[\"/bin/sh -c \\\"echo '\u003chtml\u003e \u003chead\u003e \u003ctitle\u003euat-auditevents Sample App\u003c/title\u003e \u003cstyle\u003ebody {margin-top: 40px; background-color: #333;} \u003c/style\u003e \u003c/head\u003e\u003cbody\u003e \u003cdiv style=color:white;text-align:center\u003e \u003ch1\u003euat-auditevents\u003c/h1\u003e \u003ch2\u003eCongratulations!\u003c/h2\u003e \u003cp\u003euat-auditevents is now running on a container in Amazon ECS.\u003c/p\u003e \u003c/div\u003e\u003c/body\u003e\u003c/html\u003e' \u003e  /usr/local/apache2/htdocs/index.html \u0026\u0026 httpd-foreground\\\"\"],\"cpu\":0,\"entryPoint\":[\"sh\",\"-c\"],\"environment\":[],\"essential\":true,\"image\":\"httpd:2.4\",\"memoryReservation\":128,\"mountPoints\":[],\"name\":\"uat-auditevents\",\"portMappings\":[{\"containerPort\":80,\"hostPort\":8001,\"protocol\":\"tcp\"}],\"volumesFrom\":[]},{\"command\":[\"/bin/sh -c \\\"echo '\u003chtml\u003e \u003chead\u003e \u003ctitle\u003euat-checklistcrawler Sample App\u003c/title\u003e \u003cstyle\u003ebody {margin-top: 40px; background-color: #333;} \u003c/style\u003e \u003c/head\u003e\u003cbody\u003e \u003cdiv style=color:white;text-align:center\u003e \u003ch1\u003euat-checklistcrawler\u003c/h1\u003e \u003ch2\u003eCongratulations!\u003c/h2\u003e \u003cp\u003euat-checklistcrawler is now running on a container in Amazon ECS.\u003c/p\u003e \u003c/div\u003e\u003c/body\u003e\u003c/html\u003e' \u003e  /usr/local/apache2/htdocs/index.html \u0026\u0026 httpd-foreground\\\"\"],\"cpu\":0,\"entryPoint\":[\"sh\",\"-c\"],\"environment\":[],\"essential\":true,\"image\":\"httpd:2.4\",\"memoryReservation\":128,\"mountPoints\":[],\"name\":\"uat-checklistcrawler\",\"portMappings\":[{\"containerPort\":80,\"hostPort\":8002,\"protocol\":\"tcp\"}],\"volumesFrom\":[]},{\"command\":[\"/bin/sh -c \\\"echo '\u003chtml\u003e \u003chead\u003e \u003ctitle\u003euat-dataaudit Sample App\u003c/title\u003e \u003cstyle\u003ebody {margin-top: 40px; background-color: #333;} \u003c/style\u003e \u003c/head\u003e\u003cbody\u003e \u003cdiv style=color:white;text-align:center\u003e \u003ch1\u003euat-dataaudit\u003c/h1\u003e \u003ch2\u003eCongratulations!\u003c/h2\u003e \u003cp\u003euat-dataaudit is now running on a container in Amazon ECS.\u003c/p\u003e \u003c/div\u003e\u003c/body\u003e\u003c/html\u003e' \u003e  /usr/local/apache2/htdocs/index.html \u0026\u0026 httpd-foreground\\\"\"],\"cpu\":0,\"entryPoint\":[\"sh\",\"-c\"],\"environment\":[],\"essential\":true,\"image\":\"httpd:2.4\",\"memoryReservation\":128,\"mountPoints\":[],\"name\":\"uat-dataaudit\",\"portMappings\":[{\"containerPort\":80,\"hostPort\":8003,\"protocol\":\"tcp\"}],\"volumesFrom\":[]},{\"command\":[\"/bin/sh -c \\\"echo '\u003chtml\u003e \u003chead\u003e \u003ctitle\u003euat-elasticsearchindexer Sample App\u003c/title\u003e \u003cstyle\u003ebody {margin-top: 40px; background-color: #333;} \u003c/style\u003e \u003c/head\u003e\u003cbody\u003e \u003cdiv style=color:white;text-align:center\u003e \u003ch1\u003euat-elasticsearchindexer\u003c/h1\u003e \u003ch2\u003eCongratulations!\u003c/h2\u003e \u003cp\u003euat-elasticsearchindexer is now running on a container in Amazon ECS.\u003c/p\u003e \u003c/div\u003e\u003c/body\u003e\u003c/html\u003e' \u003e  /usr/local/apache2/htdocs/index.html \u0026\u0026 httpd-foreground\\\"\"],\"cpu\":0,\"entryPoint\":[\"sh\",\"-c\"],\"environment\":[],\"essential\":true,\"image\":\"httpd:2.4\",\"memoryReservation\":128,\"mountPoints\":[],\"name\":\"uat-elasticsearchindexer\",\"portMappings\":[{\"containerPort\":80,\"hostPort\":8004,\"protocol\":\"tcp\"}],\"volumesFrom\":[]}]",
            "cpu": "",
            "execution_role_arn": "",
            "family": "Kan-Sym-Services-Linux-service",
            "id": "Kan-Sym-Services-Linux-service",
            "ipc_mode": null,
            "memory": "",
            "network_mode": "",
            "pid_mode": null,
            "placement_constraints": [],
            "proxy_configuration": [],
            "requires_compatibilities": [],
            "revision": 2,
            "tags": {},
            "task_role_arn": "",
            "volume": []
          },
          "private": "eyJzY2hlbWFfdmVyc2lvbiI6IjEifQ==",
          "dependencies": [
            "aws_ecs_cluster.ecs_cluster"
          ]
        }
      ]
    },
    {
      "mode": "managed",
      "type": "aws_ecs_task_definition",
      "name": "ecs_service_2",
      "each": "list",
      "provider": "provider.aws",
      "instances": [
        {
          "index_key": 0,
          "schema_version": 1,
          "attributes": {
            "arn": "arn:aws:ecs:us-east-1:945116902499:task-definition/Kan-Sym-Services-Windows-service:2",
            "container_definitions": "[{\"cpu\":0,\"environment\":[],\"essential\":true,\"image\":\"microsoft/iis\",\"memory\":512,\"mountPoints\":[],\"name\":\"uat-jobs\",\"portMappings\":[{\"containerPort\":80,\"hostPort\":8005,\"protocol\":\"tcp\"}],\"volumesFrom\":[]}]",
            "cpu": "",
            "execution_role_arn": "",
            "family": "Kan-Sym-Services-Windows-service",
            "id": "Kan-Sym-Services-Windows-service",
            "ipc_mode": null,
            "memory": "",
            "network_mode": "",
            "pid_mode": null,
            "placement_constraints": [],
            "proxy_configuration": [],
            "requires_compatibilities": [],
            "revision": 2,
            "tags": {},
            "task_role_arn": "",
            "volume": []
          },
          "private": "eyJzY2hlbWFfdmVyc2lvbiI6IjEifQ==",
          "dependencies": [
            "aws_ecs_cluster.ecs_cluster"
          ]
        }
      ]
    },
    {
      "mode": "managed",
      "type": "aws_iam_instance_profile",
      "name": "ecs-ec2-role",
      "provider": "provider.aws",
      "instances": [
        {
          "schema_version": 0,
          "attributes": {
            "arn": "arn:aws:iam::945116902499:instance-profile/Kan-Sym-Services-iam-instance-profile",
            "create_date": "2020-01-09T14:43:45Z",
            "id": "Kan-Sym-Services-iam-instance-profile",
            "name": "Kan-Sym-Services-iam-instance-profile",
            "name_prefix": null,
            "path": "/",
            "role": "ecs-ec2-role",
            "roles": [
              "ecs-ec2-role"
            ],
            "unique_id": "AIPA5YDK3ORR3C4XRWMLK"
          },
          "private": "bnVsbA=="
        }
      ]
    },
    {
      "mode": "managed",
      "type": "aws_iam_role_policy_attachment",
      "name": "ecs-service-attach",
      "provider": "provider.aws",
      "instances": [
        {
          "schema_version": 0,
          "attributes": {
            "id": "ecs-service-role-20200109144345670000000001",
            "policy_arn": "arn:aws:iam::aws:policy/service-role/AmazonEC2ContainerServiceRole",
            "role": "ecs-service-role"
          },
          "private": "bnVsbA=="
        }
      ]
    },
    {
      "mode": "managed",
      "type": "aws_launch_configuration",
      "name": "ecs-cluster-lc",
      "provider": "provider.aws",
      "instances": [
        {
          "schema_version": 0,
          "attributes": {
            "associate_public_ip_address": false,
            "ebs_block_device": [],
            "ebs_optimized": false,
            "enable_monitoring": true,
            "ephemeral_block_device": [],
            "iam_instance_profile": "Kan-Sym-Services-iam-instance-profile",
            "id": "Kan-Sym-Services-lc-Linux20200109144346242500000005",
            "image_id": "ami-00afc256a955c31b5",
            "instance_type": "t3.medium",
            "key_name": "Kansas-UAT-ECS-Key",
            "name": "Kan-Sym-Services-lc-Linux20200109144346242500000005",
            "name_prefix": "Kan-Sym-Services-lc-Linux",
            "placement_tenancy": null,
            "root_block_device": [],
            "security_groups": [
              "sg-09a4c12052a8fa6c6"
            ],
            "spot_price": "",
            "user_data": "0ea3a13822072505977bf1ffaa0729213db945a2",
            "user_data_base64": null,
            "vpc_classic_link_id": "",
            "vpc_classic_link_security_groups": []
          },
          "private": "bnVsbA==",
          "dependencies": [
            "aws_ecs_cluster.ecs_cluster",
            "aws_iam_instance_profile.ecs-ec2-role"
          ]
        }
      ]
    },
    {
      "mode": "managed",
      "type": "aws_launch_configuration",
      "name": "ecs-cluster-lc-2",
      "each": "list",
      "provider": "provider.aws",
      "instances": [
        {
          "index_key": 0,
          "schema_version": 0,
          "attributes": {
            "associate_public_ip_address": false,
            "ebs_block_device": [],
            "ebs_optimized": false,
            "enable_monitoring": true,
            "ephemeral_block_device": [],
            "iam_instance_profile": "Kan-Sym-Services-iam-instance-profile",
            "id": "Kan-Sym-Services-lc-Windows20200109144346102900000002",
            "image_id": "ami-0eb7093437bbdc227",
            "instance_type": "t3.medium",
            "key_name": "Kansas-UAT-ECS-Key",
            "name": "Kan-Sym-Services-lc-Windows20200109144346102900000002",
            "name_prefix": "Kan-Sym-Services-lc-Windows",
            "placement_tenancy": null,
            "root_block_device": [],
            "security_groups": [
              "sg-09a4c12052a8fa6c6"
            ],
            "spot_price": "",
            "user_data": "28c93b681ba2ab2143647d98f3bf35c07c83a1ee",
            "user_data_base64": null,
            "vpc_classic_link_id": "",
            "vpc_classic_link_security_groups": []
          },
          "private": "bnVsbA==",
          "dependencies": [
            "aws_ecs_cluster.ecs_cluster",
            "aws_iam_instance_profile.ecs-ec2-role"
          ]
        }
      ]
    }
  ]
}
